{
  "version": 4,
  "terraform_version": "1.8.4",
  "serial": 95,
  "lineage": "da80b87b-8380-03fc-f97a-d940afa01871",
  "outputs": {
    "configure_kubectl": {
      "value": "aws eks --region ap-south-1 update-kubeconfig --name testing-innovation-poc",
      "type": "string"
    }
  },
  "resources": [
    {
      "mode": "data",
      "type": "aws_availability_zones",
      "name": "available",
      "provider": "provider[\"registry.terraform.io/hashicorp/aws\"]",
      "instances": [
        {
          "schema_version": 0,
          "attributes": {
            "all_availability_zones": null,
            "exclude_names": null,
            "exclude_zone_ids": null,
            "filter": null,
            "group_names": [
              "ap-south-1"
            ],
            "id": "ap-south-1",
            "names": [
              "ap-south-1a",
              "ap-south-1b",
              "ap-south-1c"
            ],
            "state": null,
            "timeouts": null,
            "zone_ids": [
              "aps1-az1",
              "aps1-az3",
              "aps1-az2"
            ]
          },
          "sensitive_attributes": []
        }
      ]
    },
    {
      "mode": "data",
      "type": "aws_caller_identity",
      "name": "current",
      "provider": "provider[\"registry.terraform.io/hashicorp/aws\"]",
      "instances": [
        {
          "schema_version": 0,
          "attributes": {
            "account_id": "954503069243",
            "arn": "arn:aws:iam::954503069243:user/Demo",
            "id": "954503069243",
            "user_id": "AIDA54PGQ7Y5RSB6FDGGF"
          },
          "sensitive_attributes": []
        }
      ]
    },
    {
      "mode": "data",
      "type": "aws_eks_cluster_auth",
      "name": "this",
      "provider": "provider[\"registry.terraform.io/hashicorp/aws\"]",
      "instances": [
        {
          "schema_version": 0,
          "attributes": {
            "id": "testing-innovation-poc",
            "name": "testing-innovation-poc",
            "token": "k8s-aws-v1.aHR0cHM6Ly9zdHMuYXAtc291dGgtMS5hbWF6b25hd3MuY29tLz9BY3Rpb249R2V0Q2FsbGVySWRlbnRpdHkmVmVyc2lvbj0yMDExLTA2LTE1JlgtQW16LUFsZ29yaXRobT1BV1M0LUhNQUMtU0hBMjU2JlgtQW16LUNyZWRlbnRpYWw9QUtJQTU0UEdRN1k1UU9IWE9SRFUlMkYyMDI0MDYwNSUyRmFwLXNvdXRoLTElMkZzdHMlMkZhd3M0X3JlcXVlc3QmWC1BbXotRGF0ZT0yMDI0MDYwNVQxMTE3NTRaJlgtQW16LUV4cGlyZXM9MCZYLUFtei1TaWduZWRIZWFkZXJzPWhvc3QlM0J4LWs4cy1hd3MtaWQmWC1BbXotU2lnbmF0dXJlPWU2MWRjYTQ1MTQwNDUzYzI5ZDg3ZDdmNDZiODRkNGMwZDU0ODMzMTM3MzQ0NTU1NTQ3Y2Q0NGYwYjg3NDBlZDU"
          },
          "sensitive_attributes": [
            [
              {
                "type": "get_attr",
                "value": "token"
              }
            ]
          ]
        }
      ]
    },
    {
      "mode": "data",
      "type": "aws_partition",
      "name": "current",
      "provider": "provider[\"registry.terraform.io/hashicorp/aws\"]",
      "instances": [
        {
          "schema_version": 0,
          "attributes": {
            "dns_suffix": "amazonaws.com",
            "id": "aws",
            "partition": "aws",
            "reverse_dns_prefix": "com.amazonaws"
          },
          "sensitive_attributes": []
        }
      ]
    },
    {
      "mode": "data",
      "type": "aws_region",
      "name": "current",
      "provider": "provider[\"registry.terraform.io/hashicorp/aws\"]",
      "instances": [
        {
          "schema_version": 0,
          "attributes": {
            "description": "Asia Pacific (Mumbai)",
            "endpoint": "ec2.ap-south-1.amazonaws.com",
            "id": "ap-south-1",
            "name": "ap-south-1"
          },
          "sensitive_attributes": []
        }
      ]
    },
    {
      "module": "module.ebs_csi_driver_irsa",
      "mode": "data",
      "type": "aws_caller_identity",
      "name": "current",
      "provider": "provider[\"registry.terraform.io/hashicorp/aws\"]",
      "instances": [
        {
          "schema_version": 0,
          "attributes": {
            "account_id": "954503069243",
            "arn": "arn:aws:iam::954503069243:user/Demo",
            "id": "954503069243",
            "user_id": "AIDA54PGQ7Y5RSB6FDGGF"
          },
          "sensitive_attributes": []
        }
      ]
    },
    {
      "module": "module.ebs_csi_driver_irsa",
      "mode": "data",
      "type": "aws_iam_policy_document",
      "name": "ebs_csi",
      "provider": "provider[\"registry.terraform.io/hashicorp/aws\"]",
      "instances": [
        {
          "index_key": 0,
          "schema_version": 0,
          "attributes": {
            "id": "212299854",
            "json": "{\n  \"Version\": \"2012-10-17\",\n  \"Statement\": [\n    {\n      \"Effect\": \"Allow\",\n      \"Action\": [\n        \"ec2:ModifyVolume\",\n        \"ec2:EnableFastSnapshotRestores\",\n        \"ec2:DetachVolume\",\n        \"ec2:DescribeVolumesModifications\",\n        \"ec2:DescribeVolumes\",\n        \"ec2:DescribeTags\",\n        \"ec2:DescribeSnapshots\",\n        \"ec2:DescribeInstances\",\n        \"ec2:DescribeAvailabilityZones\",\n        \"ec2:CreateSnapshot\",\n        \"ec2:AttachVolume\"\n      ],\n      \"Resource\": \"*\"\n    },\n    {\n      \"Effect\": \"Allow\",\n      \"Action\": \"ec2:CreateTags\",\n      \"Resource\": [\n        \"arn:aws:ec2:*:*:volume/*\",\n        \"arn:aws:ec2:*:*:snapshot/*\"\n      ],\n      \"Condition\": {\n        \"StringEquals\": {\n          \"ec2:CreateAction\": [\n            \"CreateVolume\",\n            \"CreateSnapshot\"\n          ]\n        }\n      }\n    },\n    {\n      \"Effect\": \"Allow\",\n      \"Action\": \"ec2:DeleteTags\",\n      \"Resource\": [\n        \"arn:aws:ec2:*:*:volume/*\",\n        \"arn:aws:ec2:*:*:snapshot/*\"\n      ]\n    },\n    {\n      \"Effect\": \"Allow\",\n      \"Action\": \"ec2:CreateVolume\",\n      \"Resource\": \"*\",\n      \"Condition\": {\n        \"StringLike\": {\n          \"aws:RequestTag/ebs.csi.aws.com/cluster\": \"true\"\n        }\n      }\n    },\n    {\n      \"Effect\": \"Allow\",\n      \"Action\": \"ec2:CreateVolume\",\n      \"Resource\": \"*\",\n      \"Condition\": {\n        \"StringLike\": {\n          \"aws:RequestTag/CSIVolumeName\": \"*\"\n        }\n      }\n    },\n    {\n      \"Effect\": \"Allow\",\n      \"Action\": \"ec2:CreateVolume\",\n      \"Resource\": \"*\",\n      \"Condition\": {\n        \"StringLike\": {\n          \"aws:RequestTag/kubernetes.io/cluster/*\": \"owned\"\n        }\n      }\n    },\n    {\n      \"Effect\": \"Allow\",\n      \"Action\": \"ec2:DeleteVolume\",\n      \"Resource\": \"*\",\n      \"Condition\": {\n        \"StringLike\": {\n          \"ec2:ResourceTag/ebs.csi.aws.com/cluster\": \"true\"\n        }\n      }\n    },\n    {\n      \"Effect\": \"Allow\",\n      \"Action\": \"ec2:DeleteVolume\",\n      \"Resource\": \"*\",\n      \"Condition\": {\n        \"StringLike\": {\n          \"ec2:ResourceTag/CSIVolumeName\": \"*\"\n        }\n      }\n    },\n    {\n      \"Effect\": \"Allow\",\n      \"Action\": \"ec2:DeleteVolume\",\n      \"Resource\": \"*\",\n      \"Condition\": {\n        \"StringLike\": {\n          \"ec2:ResourceTag/kubernetes.io/cluster/*\": \"owned\"\n        }\n      }\n    },\n    {\n      \"Effect\": \"Allow\",\n      \"Action\": \"ec2:DeleteVolume\",\n      \"Resource\": \"*\",\n      \"Condition\": {\n        \"StringLike\": {\n          \"ec2:ResourceTag/kubernetes.io/created-for/pvc/name\": \"*\"\n        }\n      }\n    },\n    {\n      \"Effect\": \"Allow\",\n      \"Action\": \"ec2:DeleteSnapshot\",\n      \"Resource\": \"*\",\n      \"Condition\": {\n        \"StringLike\": {\n          \"ec2:ResourceTag/CSIVolumeSnapshotName\": \"*\"\n        }\n      }\n    },\n    {\n      \"Effect\": \"Allow\",\n      \"Action\": \"ec2:DeleteSnapshot\",\n      \"Resource\": \"*\",\n      \"Condition\": {\n        \"StringLike\": {\n          \"ec2:ResourceTag/ebs.csi.aws.com/cluster\": \"true\"\n        }\n      }\n    }\n  ]\n}",
            "override_json": null,
            "override_policy_documents": null,
            "policy_id": null,
            "source_json": null,
            "source_policy_documents": null,
            "statement": [
              {
                "actions": [
                  "ec2:AttachVolume",
                  "ec2:CreateSnapshot",
                  "ec2:DescribeAvailabilityZones",
                  "ec2:DescribeInstances",
                  "ec2:DescribeSnapshots",
                  "ec2:DescribeTags",
                  "ec2:DescribeVolumes",
                  "ec2:DescribeVolumesModifications",
                  "ec2:DetachVolume",
                  "ec2:EnableFastSnapshotRestores",
                  "ec2:ModifyVolume"
                ],
                "condition": [],
                "effect": "Allow",
                "not_actions": [],
                "not_principals": [],
                "not_resources": [],
                "principals": [],
                "resources": [
                  "*"
                ],
                "sid": ""
              },
              {
                "actions": [
                  "ec2:CreateTags"
                ],
                "condition": [
                  {
                    "test": "StringEquals",
                    "values": [
                      "CreateVolume",
                      "CreateSnapshot"
                    ],
                    "variable": "ec2:CreateAction"
                  }
                ],
                "effect": "Allow",
                "not_actions": [],
                "not_principals": [],
                "not_resources": [],
                "principals": [],
                "resources": [
                  "arn:aws:ec2:*:*:snapshot/*",
                  "arn:aws:ec2:*:*:volume/*"
                ],
                "sid": ""
              },
              {
                "actions": [
                  "ec2:DeleteTags"
                ],
                "condition": [],
                "effect": "Allow",
                "not_actions": [],
                "not_principals": [],
                "not_resources": [],
                "principals": [],
                "resources": [
                  "arn:aws:ec2:*:*:snapshot/*",
                  "arn:aws:ec2:*:*:volume/*"
                ],
                "sid": ""
              },
              {
                "actions": [
                  "ec2:CreateVolume"
                ],
                "condition": [
                  {
                    "test": "StringLike",
                    "values": [
                      "true"
                    ],
                    "variable": "aws:RequestTag/ebs.csi.aws.com/cluster"
                  }
                ],
                "effect": "Allow",
                "not_actions": [],
                "not_principals": [],
                "not_resources": [],
                "principals": [],
                "resources": [
                  "*"
                ],
                "sid": ""
              },
              {
                "actions": [
                  "ec2:CreateVolume"
                ],
                "condition": [
                  {
                    "test": "StringLike",
                    "values": [
                      "*"
                    ],
                    "variable": "aws:RequestTag/CSIVolumeName"
                  }
                ],
                "effect": "Allow",
                "not_actions": [],
                "not_principals": [],
                "not_resources": [],
                "principals": [],
                "resources": [
                  "*"
                ],
                "sid": ""
              },
              {
                "actions": [
                  "ec2:CreateVolume"
                ],
                "condition": [
                  {
                    "test": "StringLike",
                    "values": [
                      "owned"
                    ],
                    "variable": "aws:RequestTag/kubernetes.io/cluster/*"
                  }
                ],
                "effect": "Allow",
                "not_actions": [],
                "not_principals": [],
                "not_resources": [],
                "principals": [],
                "resources": [
                  "*"
                ],
                "sid": ""
              },
              {
                "actions": [
                  "ec2:DeleteVolume"
                ],
                "condition": [
                  {
                    "test": "StringLike",
                    "values": [
                      "true"
                    ],
                    "variable": "ec2:ResourceTag/ebs.csi.aws.com/cluster"
                  }
                ],
                "effect": "Allow",
                "not_actions": [],
                "not_principals": [],
                "not_resources": [],
                "principals": [],
                "resources": [
                  "*"
                ],
                "sid": ""
              },
              {
                "actions": [
                  "ec2:DeleteVolume"
                ],
                "condition": [
                  {
                    "test": "StringLike",
                    "values": [
                      "*"
                    ],
                    "variable": "ec2:ResourceTag/CSIVolumeName"
                  }
                ],
                "effect": "Allow",
                "not_actions": [],
                "not_principals": [],
                "not_resources": [],
                "principals": [],
                "resources": [
                  "*"
                ],
                "sid": ""
              },
              {
                "actions": [
                  "ec2:DeleteVolume"
                ],
                "condition": [
                  {
                    "test": "StringLike",
                    "values": [
                      "owned"
                    ],
                    "variable": "ec2:ResourceTag/kubernetes.io/cluster/*"
                  }
                ],
                "effect": "Allow",
                "not_actions": [],
                "not_principals": [],
                "not_resources": [],
                "principals": [],
                "resources": [
                  "*"
                ],
                "sid": ""
              },
              {
                "actions": [
                  "ec2:DeleteVolume"
                ],
                "condition": [
                  {
                    "test": "StringLike",
                    "values": [
                      "*"
                    ],
                    "variable": "ec2:ResourceTag/kubernetes.io/created-for/pvc/name"
                  }
                ],
                "effect": "Allow",
                "not_actions": [],
                "not_principals": [],
                "not_resources": [],
                "principals": [],
                "resources": [
                  "*"
                ],
                "sid": ""
              },
              {
                "actions": [
                  "ec2:DeleteSnapshot"
                ],
                "condition": [
                  {
                    "test": "StringLike",
                    "values": [
                      "*"
                    ],
                    "variable": "ec2:ResourceTag/CSIVolumeSnapshotName"
                  }
                ],
                "effect": "Allow",
                "not_actions": [],
                "not_principals": [],
                "not_resources": [],
                "principals": [],
                "resources": [
                  "*"
                ],
                "sid": ""
              },
              {
                "actions": [
                  "ec2:DeleteSnapshot"
                ],
                "condition": [
                  {
                    "test": "StringLike",
                    "values": [
                      "true"
                    ],
                    "variable": "ec2:ResourceTag/ebs.csi.aws.com/cluster"
                  }
                ],
                "effect": "Allow",
                "not_actions": [],
                "not_principals": [],
                "not_resources": [],
                "principals": [],
                "resources": [
                  "*"
                ],
                "sid": ""
              }
            ],
            "version": "2012-10-17"
          },
          "sensitive_attributes": []
        }
      ]
    },
    {
      "module": "module.ebs_csi_driver_irsa",
      "mode": "data",
      "type": "aws_iam_policy_document",
      "name": "this",
      "provider": "provider[\"registry.terraform.io/hashicorp/aws\"]",
      "instances": [
        {
          "index_key": 0,
          "schema_version": 0,
          "attributes": {
            "id": "2823332414",
            "json": "{\n  \"Version\": \"2012-10-17\",\n  \"Statement\": [\n    {\n      \"Effect\": \"Allow\",\n      \"Action\": \"sts:AssumeRoleWithWebIdentity\",\n      \"Principal\": {\n        \"Federated\": \"arn:aws:iam::954503069243:oidc-provider/oidc.eks.ap-south-1.amazonaws.com/id/838B948F7EB2EE1D3127DC04A1B9A280\"\n      },\n      \"Condition\": {\n        \"StringEquals\": {\n          \"oidc.eks.ap-south-1.amazonaws.com/id/838B948F7EB2EE1D3127DC04A1B9A280:aud\": \"sts.amazonaws.com\",\n          \"oidc.eks.ap-south-1.amazonaws.com/id/838B948F7EB2EE1D3127DC04A1B9A280:sub\": \"system:serviceaccount:kube-system:ebs-csi-controller-sa\"\n        }\n      }\n    }\n  ]\n}",
            "override_json": null,
            "override_policy_documents": null,
            "policy_id": null,
            "source_json": null,
            "source_policy_documents": null,
            "statement": [
              {
                "actions": [
                  "sts:AssumeRoleWithWebIdentity"
                ],
                "condition": [
                  {
                    "test": "StringEquals",
                    "values": [
                      "sts.amazonaws.com"
                    ],
                    "variable": "oidc.eks.ap-south-1.amazonaws.com/id/838B948F7EB2EE1D3127DC04A1B9A280:aud"
                  },
                  {
                    "test": "StringEquals",
                    "values": [
                      "system:serviceaccount:kube-system:ebs-csi-controller-sa"
                    ],
                    "variable": "oidc.eks.ap-south-1.amazonaws.com/id/838B948F7EB2EE1D3127DC04A1B9A280:sub"
                  }
                ],
                "effect": "Allow",
                "not_actions": [],
                "not_principals": [],
                "not_resources": [],
                "principals": [
                  {
                    "identifiers": [
                      "arn:aws:iam::954503069243:oidc-provider/oidc.eks.ap-south-1.amazonaws.com/id/838B948F7EB2EE1D3127DC04A1B9A280"
                    ],
                    "type": "Federated"
                  }
                ],
                "resources": [],
                "sid": ""
              }
            ],
            "version": "2012-10-17"
          },
          "sensitive_attributes": []
        }
      ]
    },
    {
      "module": "module.ebs_csi_driver_irsa",
      "mode": "data",
      "type": "aws_partition",
      "name": "current",
      "provider": "provider[\"registry.terraform.io/hashicorp/aws\"]",
      "instances": [
        {
          "schema_version": 0,
          "attributes": {
            "dns_suffix": "amazonaws.com",
            "id": "aws",
            "partition": "aws",
            "reverse_dns_prefix": "com.amazonaws"
          },
          "sensitive_attributes": []
        }
      ]
    },
    {
      "module": "module.ebs_csi_driver_irsa",
      "mode": "data",
      "type": "aws_region",
      "name": "current",
      "provider": "provider[\"registry.terraform.io/hashicorp/aws\"]",
      "instances": [
        {
          "schema_version": 0,
          "attributes": {
            "description": "Asia Pacific (Mumbai)",
            "endpoint": "ec2.ap-south-1.amazonaws.com",
            "id": "ap-south-1",
            "name": "ap-south-1"
          },
          "sensitive_attributes": []
        }
      ]
    },
    {
      "module": "module.ebs_csi_driver_irsa",
      "mode": "managed",
      "type": "aws_iam_policy",
      "name": "ebs_csi",
      "provider": "provider[\"registry.terraform.io/hashicorp/aws\"]",
      "instances": [
        {
          "index_key": 0,
          "schema_version": 0,
          "attributes": {
            "arn": "arn:aws:iam::954503069243:policy/AmazonEKS_EBS_CSI_Policy-20240605085105318300000001",
            "description": "Provides permissions to manage EBS volumes via the container storage interface driver",
            "id": "arn:aws:iam::954503069243:policy/AmazonEKS_EBS_CSI_Policy-20240605085105318300000001",
            "name": "AmazonEKS_EBS_CSI_Policy-20240605085105318300000001",
            "name_prefix": "AmazonEKS_EBS_CSI_Policy-",
            "path": "/",
            "policy": "{\"Statement\":[{\"Action\":[\"ec2:ModifyVolume\",\"ec2:EnableFastSnapshotRestores\",\"ec2:DetachVolume\",\"ec2:DescribeVolumesModifications\",\"ec2:DescribeVolumes\",\"ec2:DescribeTags\",\"ec2:DescribeSnapshots\",\"ec2:DescribeInstances\",\"ec2:DescribeAvailabilityZones\",\"ec2:CreateSnapshot\",\"ec2:AttachVolume\"],\"Effect\":\"Allow\",\"Resource\":\"*\"},{\"Action\":\"ec2:CreateTags\",\"Condition\":{\"StringEquals\":{\"ec2:CreateAction\":[\"CreateVolume\",\"CreateSnapshot\"]}},\"Effect\":\"Allow\",\"Resource\":[\"arn:aws:ec2:*:*:volume/*\",\"arn:aws:ec2:*:*:snapshot/*\"]},{\"Action\":\"ec2:DeleteTags\",\"Effect\":\"Allow\",\"Resource\":[\"arn:aws:ec2:*:*:volume/*\",\"arn:aws:ec2:*:*:snapshot/*\"]},{\"Action\":\"ec2:CreateVolume\",\"Condition\":{\"StringLike\":{\"aws:RequestTag/ebs.csi.aws.com/cluster\":\"true\"}},\"Effect\":\"Allow\",\"Resource\":\"*\"},{\"Action\":\"ec2:CreateVolume\",\"Condition\":{\"StringLike\":{\"aws:RequestTag/CSIVolumeName\":\"*\"}},\"Effect\":\"Allow\",\"Resource\":\"*\"},{\"Action\":\"ec2:CreateVolume\",\"Condition\":{\"StringLike\":{\"aws:RequestTag/kubernetes.io/cluster/*\":\"owned\"}},\"Effect\":\"Allow\",\"Resource\":\"*\"},{\"Action\":\"ec2:DeleteVolume\",\"Condition\":{\"StringLike\":{\"ec2:ResourceTag/ebs.csi.aws.com/cluster\":\"true\"}},\"Effect\":\"Allow\",\"Resource\":\"*\"},{\"Action\":\"ec2:DeleteVolume\",\"Condition\":{\"StringLike\":{\"ec2:ResourceTag/CSIVolumeName\":\"*\"}},\"Effect\":\"Allow\",\"Resource\":\"*\"},{\"Action\":\"ec2:DeleteVolume\",\"Condition\":{\"StringLike\":{\"ec2:ResourceTag/kubernetes.io/cluster/*\":\"owned\"}},\"Effect\":\"Allow\",\"Resource\":\"*\"},{\"Action\":\"ec2:DeleteVolume\",\"Condition\":{\"StringLike\":{\"ec2:ResourceTag/kubernetes.io/created-for/pvc/name\":\"*\"}},\"Effect\":\"Allow\",\"Resource\":\"*\"},{\"Action\":\"ec2:DeleteSnapshot\",\"Condition\":{\"StringLike\":{\"ec2:ResourceTag/CSIVolumeSnapshotName\":\"*\"}},\"Effect\":\"Allow\",\"Resource\":\"*\"},{\"Action\":\"ec2:DeleteSnapshot\",\"Condition\":{\"StringLike\":{\"ec2:ResourceTag/ebs.csi.aws.com/cluster\":\"true\"}},\"Effect\":\"Allow\",\"Resource\":\"*\"}],\"Version\":\"2012-10-17\"}",
            "policy_id": "ANPA54PGQ7Y55BFKTDIAW",
            "tags": {
              "Businessunit": "testing",
              "Environment": "poc",
              "Managedby": "Terraform",
              "TeamName": "RnD"
            },
            "tags_all": {
              "Businessunit": "testing",
              "Environment": "poc",
              "Managedby": "Terraform",
              "TeamName": "RnD"
            }
          },
          "sensitive_attributes": [],
          "private": "bnVsbA==",
          "dependencies": [
            "module.ebs_csi_driver_irsa.data.aws_iam_policy_document.ebs_csi",
            "module.ebs_csi_driver_irsa.data.aws_partition.current"
          ]
        }
      ]
    },
    {
      "module": "module.ebs_csi_driver_irsa",
      "mode": "managed",
      "type": "aws_iam_role",
      "name": "this",
      "provider": "provider[\"registry.terraform.io/hashicorp/aws\"]",
      "instances": [
        {
          "index_key": 0,
          "schema_version": 0,
          "attributes": {
            "arn": "arn:aws:iam::954503069243:role/testing-innovation-ebs-csi-driver20240605085921795700000012",
            "assume_role_policy": "{\"Statement\":[{\"Action\":\"sts:AssumeRoleWithWebIdentity\",\"Condition\":{\"StringEquals\":{\"oidc.eks.ap-south-1.amazonaws.com/id/838B948F7EB2EE1D3127DC04A1B9A280:aud\":\"sts.amazonaws.com\",\"oidc.eks.ap-south-1.amazonaws.com/id/838B948F7EB2EE1D3127DC04A1B9A280:sub\":\"system:serviceaccount:kube-system:ebs-csi-controller-sa\"}},\"Effect\":\"Allow\",\"Principal\":{\"Federated\":\"arn:aws:iam::954503069243:oidc-provider/oidc.eks.ap-south-1.amazonaws.com/id/838B948F7EB2EE1D3127DC04A1B9A280\"}}],\"Version\":\"2012-10-17\"}",
            "create_date": "2024-06-05T08:59:21Z",
            "description": "",
            "force_detach_policies": true,
            "id": "testing-innovation-ebs-csi-driver20240605085921795700000012",
            "inline_policy": [],
            "managed_policy_arns": [
              "arn:aws:iam::954503069243:policy/AmazonEKS_EBS_CSI_Policy-20240605085105318300000001"
            ],
            "max_session_duration": 3600,
            "name": "testing-innovation-ebs-csi-driver20240605085921795700000012",
            "name_prefix": "testing-innovation-ebs-csi-driver",
            "path": "/",
            "permissions_boundary": "",
            "tags": {
              "Businessunit": "testing",
              "Environment": "poc",
              "Managedby": "Terraform",
              "TeamName": "RnD"
            },
            "tags_all": {
              "Businessunit": "testing",
              "Environment": "poc",
              "Managedby": "Terraform",
              "TeamName": "RnD"
            },
            "unique_id": "AROA54PGQ7Y5YZJW55WWT"
          },
          "sensitive_attributes": [],
          "private": "bnVsbA==",
          "dependencies": [
            "data.aws_availability_zones.available",
            "module.ebs_csi_driver_irsa.data.aws_caller_identity.current",
            "module.ebs_csi_driver_irsa.data.aws_iam_policy_document.this",
            "module.ebs_csi_driver_irsa.data.aws_partition.current",
            "module.eks.aws_cloudwatch_log_group.this",
            "module.eks.aws_eks_cluster.this",
            "module.eks.aws_iam_openid_connect_provider.oidc_provider",
            "module.eks.aws_iam_policy.cni_ipv6_policy",
            "module.eks.aws_iam_role.this",
            "module.eks.aws_iam_role_policy_attachment.this",
            "module.eks.aws_security_group.cluster",
            "module.eks.aws_security_group.node",
            "module.eks.aws_security_group_rule.cluster",
            "module.eks.aws_security_group_rule.node",
            "module.eks.data.aws_caller_identity.current",
            "module.eks.data.aws_iam_policy_document.assume_role_policy",
            "module.eks.data.aws_iam_policy_document.cni_ipv6_policy",
            "module.eks.data.aws_iam_session_context.current",
            "module.eks.data.aws_partition.current",
            "module.eks.data.tls_certificate.this",
            "module.eks.module.kms.aws_kms_external_key.this",
            "module.eks.module.kms.aws_kms_key.this",
            "module.eks.module.kms.aws_kms_replica_external_key.this",
            "module.eks.module.kms.aws_kms_replica_key.this",
            "module.eks.module.kms.data.aws_caller_identity.current",
            "module.eks.module.kms.data.aws_iam_policy_document.this",
            "module.eks.module.kms.data.aws_partition.current",
            "module.vpc.aws_subnet.private",
            "module.vpc.aws_vpc.this",
            "module.vpc.aws_vpc_ipv4_cidr_block_association.this"
          ]
        }
      ]
    },
    {
      "module": "module.ebs_csi_driver_irsa",
      "mode": "managed",
      "type": "aws_iam_role_policy_attachment",
      "name": "ebs_csi",
      "provider": "provider[\"registry.terraform.io/hashicorp/aws\"]",
      "instances": [
        {
          "index_key": 0,
          "schema_version": 0,
          "attributes": {
            "id": "testing-innovation-ebs-csi-driver20240605085921795700000012-20240605085922993800000013",
            "policy_arn": "arn:aws:iam::954503069243:policy/AmazonEKS_EBS_CSI_Policy-20240605085105318300000001",
            "role": "testing-innovation-ebs-csi-driver20240605085921795700000012"
          },
          "sensitive_attributes": [],
          "private": "bnVsbA==",
          "dependencies": [
            "data.aws_availability_zones.available",
            "module.ebs_csi_driver_irsa.aws_iam_policy.ebs_csi",
            "module.ebs_csi_driver_irsa.aws_iam_role.this",
            "module.ebs_csi_driver_irsa.data.aws_caller_identity.current",
            "module.ebs_csi_driver_irsa.data.aws_iam_policy_document.ebs_csi",
            "module.ebs_csi_driver_irsa.data.aws_iam_policy_document.this",
            "module.ebs_csi_driver_irsa.data.aws_partition.current",
            "module.eks.aws_cloudwatch_log_group.this",
            "module.eks.aws_eks_cluster.this",
            "module.eks.aws_iam_openid_connect_provider.oidc_provider",
            "module.eks.aws_iam_policy.cni_ipv6_policy",
            "module.eks.aws_iam_role.this",
            "module.eks.aws_iam_role_policy_attachment.this",
            "module.eks.aws_security_group.cluster",
            "module.eks.aws_security_group.node",
            "module.eks.aws_security_group_rule.cluster",
            "module.eks.aws_security_group_rule.node",
            "module.eks.data.aws_caller_identity.current",
            "module.eks.data.aws_iam_policy_document.assume_role_policy",
            "module.eks.data.aws_iam_policy_document.cni_ipv6_policy",
            "module.eks.data.aws_iam_session_context.current",
            "module.eks.data.aws_partition.current",
            "module.eks.data.tls_certificate.this",
            "module.eks.module.kms.aws_kms_external_key.this",
            "module.eks.module.kms.aws_kms_key.this",
            "module.eks.module.kms.aws_kms_replica_external_key.this",
            "module.eks.module.kms.aws_kms_replica_key.this",
            "module.eks.module.kms.data.aws_caller_identity.current",
            "module.eks.module.kms.data.aws_iam_policy_document.this",
            "module.eks.module.kms.data.aws_partition.current",
            "module.vpc.aws_subnet.private",
            "module.vpc.aws_vpc.this",
            "module.vpc.aws_vpc_ipv4_cidr_block_association.this"
          ]
        }
      ]
    },
    {
      "module": "module.eks",
      "mode": "data",
      "type": "aws_caller_identity",
      "name": "current",
      "provider": "provider[\"registry.terraform.io/hashicorp/aws\"]",
      "instances": [
        {
          "schema_version": 0,
          "attributes": {
            "account_id": "954503069243",
            "arn": "arn:aws:iam::954503069243:user/Demo",
            "id": "954503069243",
            "user_id": "AIDA54PGQ7Y5RSB6FDGGF"
          },
          "sensitive_attributes": []
        }
      ]
    },
    {
      "module": "module.eks",
      "mode": "data",
      "type": "aws_eks_addon_version",
      "name": "this",
      "provider": "provider[\"registry.terraform.io/hashicorp/aws\"]",
      "instances": [
        {
          "index_key": "aws-ebs-csi-driver",
          "schema_version": 0,
          "attributes": {
            "addon_name": "aws-ebs-csi-driver",
            "id": "aws-ebs-csi-driver",
            "kubernetes_version": "1.29",
            "most_recent": true,
            "version": "v1.31.0-eksbuild.1"
          },
          "sensitive_attributes": []
        },
        {
          "index_key": "coredns",
          "schema_version": 0,
          "attributes": {
            "addon_name": "coredns",
            "id": "coredns",
            "kubernetes_version": "1.29",
            "most_recent": true,
            "version": "v1.11.1-eksbuild.9"
          },
          "sensitive_attributes": []
        },
        {
          "index_key": "eks-pod-identity-agent",
          "schema_version": 0,
          "attributes": {
            "addon_name": "eks-pod-identity-agent",
            "id": "eks-pod-identity-agent",
            "kubernetes_version": "1.29",
            "most_recent": true,
            "version": "v1.2.0-eksbuild.1"
          },
          "sensitive_attributes": []
        },
        {
          "index_key": "kube-proxy",
          "schema_version": 0,
          "attributes": {
            "addon_name": "kube-proxy",
            "id": "kube-proxy",
            "kubernetes_version": "1.29",
            "most_recent": true,
            "version": "v1.29.3-eksbuild.5"
          },
          "sensitive_attributes": []
        },
        {
          "index_key": "vpc-cni",
          "schema_version": 0,
          "attributes": {
            "addon_name": "vpc-cni",
            "id": "vpc-cni",
            "kubernetes_version": "1.29",
            "most_recent": true,
            "version": "v1.18.1-eksbuild.3"
          },
          "sensitive_attributes": []
        }
      ]
    },
    {
      "module": "module.eks",
      "mode": "data",
      "type": "aws_iam_policy_document",
      "name": "assume_role_policy",
      "provider": "provider[\"registry.terraform.io/hashicorp/aws\"]",
      "instances": [
        {
          "index_key": 0,
          "schema_version": 0,
          "attributes": {
            "id": "2764486067",
            "json": "{\n  \"Version\": \"2012-10-17\",\n  \"Statement\": [\n    {\n      \"Sid\": \"EKSClusterAssumeRole\",\n      \"Effect\": \"Allow\",\n      \"Action\": \"sts:AssumeRole\",\n      \"Principal\": {\n        \"Service\": \"eks.amazonaws.com\"\n      }\n    }\n  ]\n}",
            "override_json": null,
            "override_policy_documents": null,
            "policy_id": null,
            "source_json": null,
            "source_policy_documents": null,
            "statement": [
              {
                "actions": [
                  "sts:AssumeRole"
                ],
                "condition": [],
                "effect": "Allow",
                "not_actions": [],
                "not_principals": [],
                "not_resources": [],
                "principals": [
                  {
                    "identifiers": [
                      "eks.amazonaws.com"
                    ],
                    "type": "Service"
                  }
                ],
                "resources": [],
                "sid": "EKSClusterAssumeRole"
              }
            ],
            "version": "2012-10-17"
          },
          "sensitive_attributes": []
        }
      ]
    },
    {
      "module": "module.eks",
      "mode": "data",
      "type": "aws_iam_session_context",
      "name": "current",
      "provider": "provider[\"registry.terraform.io/hashicorp/aws\"]",
      "instances": [
        {
          "schema_version": 0,
          "attributes": {
            "arn": "arn:aws:iam::954503069243:user/Demo",
            "id": "arn:aws:iam::954503069243:user/Demo",
            "issuer_arn": "arn:aws:iam::954503069243:user/Demo",
            "issuer_id": "",
            "issuer_name": "",
            "session_name": ""
          },
          "sensitive_attributes": []
        }
      ]
    },
    {
      "module": "module.eks",
      "mode": "data",
      "type": "aws_partition",
      "name": "current",
      "provider": "provider[\"registry.terraform.io/hashicorp/aws\"]",
      "instances": [
        {
          "schema_version": 0,
          "attributes": {
            "dns_suffix": "amazonaws.com",
            "id": "aws",
            "partition": "aws",
            "reverse_dns_prefix": "com.amazonaws"
          },
          "sensitive_attributes": []
        }
      ]
    },
    {
      "module": "module.eks",
      "mode": "data",
      "type": "tls_certificate",
      "name": "this",
      "provider": "provider[\"registry.terraform.io/hashicorp/tls\"]",
      "instances": [
        {
          "index_key": 0,
          "schema_version": 0,
          "attributes": {
            "certificates": [
              {
                "cert_pem": "-----BEGIN CERTIFICATE-----\nMIIEdTCCA12gAwIBAgIJAKcOSkw0grd/MA0GCSqGSIb3DQEBCwUAMGgxCzAJBgNV\nBAYTAlVTMSUwIwYDVQQKExxTdGFyZmllbGQgVGVjaG5vbG9naWVzLCBJbmMuMTIw\nMAYDVQQLEylTdGFyZmllbGQgQ2xhc3MgMiBDZXJ0aWZpY2F0aW9uIEF1dGhvcml0\neTAeFw0wOTA5MDIwMDAwMDBaFw0zNDA2MjgxNzM5MTZaMIGYMQswCQYDVQQGEwJV\nUzEQMA4GA1UECBMHQXJpem9uYTETMBEGA1UEBxMKU2NvdHRzZGFsZTElMCMGA1UE\nChMcU3RhcmZpZWxkIFRlY2hub2xvZ2llcywgSW5jLjE7MDkGA1UEAxMyU3RhcmZp\nZWxkIFNlcnZpY2VzIFJvb3QgQ2VydGlmaWNhdGUgQXV0aG9yaXR5IC0gRzIwggEi\nMA0GCSqGSIb3DQEBAQUAA4IBDwAwggEKAoIBAQDVDDrEKvlO4vW+GZdfjohTsR8/\ny8+fIBNtKTrID30892t2OGPZNmCom15cAICyL1l/9of5JUOG52kbUpqQ4XHj2C0N\nTm/2yEnZtvMaVq4rtnQU68/7JuMauh2WLmo7WJSJR1b/JaCTcFOD2oR0FMNnngRo\nOt+OQFodSk7PQ5E751bWAHDLUu57fa4657wx+UX2wmDPE1kCK4DMNEffud6QZW0C\nzyyRpqbn3oUYSXxmTqM6bam17jQuug0DuDPfR+uxa40l2ZvOgdFFRjKWcIfeAg5J\nQ4W2bHO7ZOphQazJ1FTfhy/HIrImzJ9ZVGif/L4qL8RVHHVAYBeFAlU5i38FAgMB\nAAGjgfAwge0wDwYDVR0TAQH/BAUwAwEB/zAOBgNVHQ8BAf8EBAMCAYYwHQYDVR0O\nBBYEFJxfAN+qAdcwKziIorhtSpzyEZGDMB8GA1UdIwQYMBaAFL9ft9HO3R+G9FtV\nrNzXEMIOqYjnME8GCCsGAQUFBwEBBEMwQTAcBggrBgEFBQcwAYYQaHR0cDovL28u\nc3MyLnVzLzAhBggrBgEFBQcwAoYVaHR0cDovL3guc3MyLnVzL3guY2VyMCYGA1Ud\nHwQfMB0wG6AZoBeGFWh0dHA6Ly9zLnNzMi51cy9yLmNybDARBgNVHSAECjAIMAYG\nBFUdIAAwDQYJKoZIhvcNAQELBQADggEBACMd44pXyn3pF3lM8R5V/cxTbj5HD9/G\nVfKyBDbtgB9TxF00KGu+x1X8Z+rLP3+QsjPNG1gQggL4+C/1E2DUBc7xgQjB3ad1\nl08YuW3e95ORCLp+QCztweq7dp4zBncdDQh/U90bZKuCJ/Fp1U1ervShw3WnWEQt\n8jxwmKy6abaVd38PMV4s/KCHOkdp8Hlf9BRUpJVeEXgSYCfOn8J3/yNTd126/+pZ\n59vPr5KW7ySaNRB6nJHGDn2Z9j8Z3/VyVOEVqQdZe4O/Ui5GjLIAZHYcSNPYeehu\nVsyuLAOQ1xk4meTKCRlb/weWsKh/NEnfVqn3sF/tM+2MR7cwA130A4w=\n-----END CERTIFICATE-----\n",
                "is_ca": true,
                "issuer": "OU=Starfield Class 2 Certification Authority,O=Starfield Technologies\\, Inc.,C=US",
                "not_after": "2034-06-28T17:39:16Z",
                "not_before": "2009-09-02T00:00:00Z",
                "public_key_algorithm": "RSA",
                "serial_number": "12037640545166866303",
                "sha1_fingerprint": "9e99a48a9960b14926bb7f3b02e22da2b0ab7280",
                "signature_algorithm": "SHA256-RSA",
                "subject": "CN=Starfield Services Root Certificate Authority - G2,O=Starfield Technologies\\, Inc.,L=Scottsdale,ST=Arizona,C=US",
                "version": 3
              },
              {
                "cert_pem": "-----BEGIN CERTIFICATE-----\nMIIEkjCCA3qgAwIBAgITBn+USionzfP6wq4rAfkI7rnExjANBgkqhkiG9w0BAQsF\nADCBmDELMAkGA1UEBhMCVVMxEDAOBgNVBAgTB0FyaXpvbmExEzARBgNVBAcTClNj\nb3R0c2RhbGUxJTAjBgNVBAoTHFN0YXJmaWVsZCBUZWNobm9sb2dpZXMsIEluYy4x\nOzA5BgNVBAMTMlN0YXJmaWVsZCBTZXJ2aWNlcyBSb290IENlcnRpZmljYXRlIEF1\ndGhvcml0eSAtIEcyMB4XDTE1MDUyNTEyMDAwMFoXDTM3MTIzMTAxMDAwMFowOTEL\nMAkGA1UEBhMCVVMxDzANBgNVBAoTBkFtYXpvbjEZMBcGA1UEAxMQQW1hem9uIFJv\nb3QgQ0EgMTCCASIwDQYJKoZIhvcNAQEBBQADggEPADCCAQoCggEBALJ4gHHKeNXj\nca9HgFB0fW7Y14h29Jlo91ghYPl0hAEvrAIthtOgQ3pOsqTQNroBvo3bSMgHFzZM\n9O6II8c+6zf1tRn4SWiw3te5djgdYZ6k/oI2peVKVuRF4fn9tBb6dNqcmzU5L/qw\nIFAGbHrQgLKm+a/sRxmPUDgH3KKHOVj4utWp+UhnMJbulHheb4mjUcAwhmahRWa6\nVOujw5H5SNz/0egwLX0tdHA114gk957EWW67c4cX8jJGKLhD+rcdqsq08p8kDi1L\n93FcXmn/6pUCyziKrlA4b9v7LWIbxcceVOF34GfID5yHI9Y/QCB/IIDEgEw+OyQm\njgSubJrIqg0CAwEAAaOCATEwggEtMA8GA1UdEwEB/wQFMAMBAf8wDgYDVR0PAQH/\nBAQDAgGGMB0GA1UdDgQWBBSEGMyFNOy8DJSULghZnMeyEE4KCDAfBgNVHSMEGDAW\ngBScXwDfqgHXMCs4iKK4bUqc8hGRgzB4BggrBgEFBQcBAQRsMGowLgYIKwYBBQUH\nMAGGImh0dHA6Ly9vY3NwLnJvb3RnMi5hbWF6b250cnVzdC5jb20wOAYIKwYBBQUH\nMAKGLGh0dHA6Ly9jcnQucm9vdGcyLmFtYXpvbnRydXN0LmNvbS9yb290ZzIuY2Vy\nMD0GA1UdHwQ2MDQwMqAwoC6GLGh0dHA6Ly9jcmwucm9vdGcyLmFtYXpvbnRydXN0\nLmNvbS9yb290ZzIuY3JsMBEGA1UdIAQKMAgwBgYEVR0gADANBgkqhkiG9w0BAQsF\nAAOCAQEAYjdCXLwQtT6LLOkMm2xF4gcAevnFWAu5CIw+7bMlPLVvUOTNNWqnkzSW\nMiGpSESrnO09tKpzbeR/FoCJbM8oAxiDR3mjEH4wW6w7sGDgd9QIpuEdfF7Au/ma\neyKdpwAJfqxGF4PcnCZXmTA5YpaP7dreqsXMGz7KQ2hsVxa81Q4gLv7/wmpdLqBK\nbRRYh5TmOTFffHPLkIhqhBGWJ6bt2YFGpn6jcgAKUj6DiAdjd4lpFw85hdKrCEVN\n0FE6/V1dN2RMfjCyVSRCnTawXZwXgWHxyvkQAiSr6w10kY17RSlQOYiypok1JR4U\nakcjMS9cmvqtmg5iUaQqqcT5NJ0hGA==\n-----END CERTIFICATE-----\n",
                "is_ca": true,
                "issuer": "CN=Starfield Services Root Certificate Authority - G2,O=Starfield Technologies\\, Inc.,L=Scottsdale,ST=Arizona,C=US",
                "not_after": "2037-12-31T01:00:00Z",
                "not_before": "2015-05-25T12:00:00Z",
                "public_key_algorithm": "RSA",
                "serial_number": "144918191876577076464031512351042010504348870",
                "sha1_fingerprint": "06b25927c42a721631c1efd9431e648fa62e1e39",
                "signature_algorithm": "SHA256-RSA",
                "subject": "CN=Amazon Root CA 1,O=Amazon,C=US",
                "version": 3
              },
              {
                "cert_pem": "-----BEGIN CERTIFICATE-----\nMIIEXjCCA0agAwIBAgITB3MSTNQG0mfAmRzdKZqfODF5hTANBgkqhkiG9w0BAQsF\nADA5MQswCQYDVQQGEwJVUzEPMA0GA1UEChMGQW1hem9uMRkwFwYDVQQDExBBbWF6\nb24gUm9vdCBDQSAxMB4XDTIyMDgyMzIyMjYwNFoXDTMwMDgyMzIyMjYwNFowPDEL\nMAkGA1UEBhMCVVMxDzANBgNVBAoTBkFtYXpvbjEcMBoGA1UEAxMTQW1hem9uIFJT\nQSAyMDQ4IE0wMzCCASIwDQYJKoZIhvcNAQEBBQADggEPADCCAQoCggEBALd/pVko\n8vuM475Tf45HV3BbCl/B9Jy89G1CRkFjcPY06WA9lS+7dWbUA7GtWUKoksr69hKM\nwcMsNpxlw7b3jeXFgxB09/nmalcAWtnLzF+LaDKEA5DQmvKzuh1nfIfqEiKCQSmX\nXh09Xs+dO7cm5qbaL2hhNJCSAejciwcvOFgFNgEMR42wm6KIFHsQW28jhA+1u/M0\np6fVwReuEgZfLfdx82Px0LJck3lST3EB/JfbdsdOzzzg5YkY1dfuqf8y5fUeZ7Cz\nWXbTjujwX/TovmeWKA36VLCz75azW6tDNuDn66FOpADZZ9omVaF6BqNJiLMVl6P3\n/c0OiUMC6Z5OfKcCAwEAAaOCAVowggFWMBIGA1UdEwEB/wQIMAYBAf8CAQAwDgYD\nVR0PAQH/BAQDAgGGMB0GA1UdJQQWMBQGCCsGAQUFBwMBBggrBgEFBQcDAjAdBgNV\nHQ4EFgQUVdkYX9IczAHhWLS+q9lVQgHXLgIwHwYDVR0jBBgwFoAUhBjMhTTsvAyU\nlC4IWZzHshBOCggwewYIKwYBBQUHAQEEbzBtMC8GCCsGAQUFBzABhiNodHRwOi8v\nb2NzcC5yb290Y2ExLmFtYXpvbnRydXN0LmNvbTA6BggrBgEFBQcwAoYuaHR0cDov\nL2NydC5yb290Y2ExLmFtYXpvbnRydXN0LmNvbS9yb290Y2ExLmNlcjA/BgNVHR8E\nODA2MDSgMqAwhi5odHRwOi8vY3JsLnJvb3RjYTEuYW1hem9udHJ1c3QuY29tL3Jv\nb3RjYTEuY3JsMBMGA1UdIAQMMAowCAYGZ4EMAQIBMA0GCSqGSIb3DQEBCwUAA4IB\nAQAGjeWm2cC+3z2MzSCnte46/7JZvj3iQZDY7EvODNdZF41n71Lrk9kbfNwerK0d\nVNzW36Wefr7j7ZSwBVg50W5ay65jNSN74TTQV1yt4WnSbVvN6KlMs1hiyOZdoHKs\nKDV2UGNxbdoBYCQNa2GYF8FQIWLugNp35aSOpMy6cFlymFQomIrnOQHwK1nvVY4q\nxDSJMU/gNJz17D8ArPN3ngnyZ2TwepJ0uBINz3G5te2rdFUF4i4Y3Bb7FUlHDYm4\nu8aIRGpk2ZpfXmxaoxnbIBZRvGLPSUuPwnwoUOMsJ8jirI5vs2dvchPb7MtI1rle\ni02f2ivH2vxkjDLltSpe2fiC\n-----END CERTIFICATE-----\n",
                "is_ca": true,
                "issuer": "CN=Amazon Root CA 1,O=Amazon,C=US",
                "not_after": "2030-08-23T22:26:04Z",
                "not_before": "2022-08-23T22:26:04Z",
                "public_key_algorithm": "RSA",
                "serial_number": "166129356476704345391986644047206454194698629",
                "sha1_fingerprint": "d9fe0a65fa00cabf61f5120d373a8135e1461f15",
                "signature_algorithm": "SHA256-RSA",
                "subject": "CN=Amazon RSA 2048 M03,O=Amazon,C=US",
                "version": 3
              },
              {
                "cert_pem": "-----BEGIN CERTIFICATE-----\nMIIF5jCCBM6gAwIBAgIQAXLcQBe7tPBc6GuB+yBBqzANBgkqhkiG9w0BAQsFADA8\nMQswCQYDVQQGEwJVUzEPMA0GA1UEChMGQW1hem9uMRwwGgYDVQQDExNBbWF6b24g\nUlNBIDIwNDggTTAzMB4XDTI0MDMyNzAwMDAwMFoXDTI1MDQyNTIzNTk1OVowKTEn\nMCUGA1UEAwweKi5la3MuYXAtc291dGgtMS5hbWF6b25hd3MuY29tMIIBIjANBgkq\nhkiG9w0BAQEFAAOCAQ8AMIIBCgKCAQEAtGQywB9i0CSmjSAwUSmErAt9ATOS/ne5\nFFsUrjS4vuBLXT3S/X97lDKm2spvdAJsXMDyWq5R60Va0X/Zr4td/oSl3cNy2CFp\nDQw2kG0RMugBMNVaR/2B6RH+kIErxlYyBNMuBA62SEqk5kGemmXBTznU5NsynXss\nN1Lmdbi92EszLsGw2HLlEwZt0DwcRRkrg0ZMo+cQhx1C4b/YFXCAaPLe9gEQDSYA\n3lgTRhUfQS7xWh4LaSxU7PG8C+/cXJ8BYdWOF6TsdBKDXhTccvd7QReSpF5tDiCF\nT6B8L4y5wKX2VMKqENSrwn3hAporXi6J4laE6Tx1Y/A2DN87FHukNwIDAQABo4IC\n9TCCAvEwHwYDVR0jBBgwFoAUVdkYX9IczAHhWLS+q9lVQgHXLgIwHQYDVR0OBBYE\nFCA2a4roh/mOKjmoAhAJrTURFH2HMCkGA1UdEQQiMCCCHiouZWtzLmFwLXNvdXRo\nLTEuYW1hem9uYXdzLmNvbTATBgNVHSAEDDAKMAgGBmeBDAECATAOBgNVHQ8BAf8E\nBAMCBaAwHQYDVR0lBBYwFAYIKwYBBQUHAwEGCCsGAQUFBwMCMDsGA1UdHwQ0MDIw\nMKAuoCyGKmh0dHA6Ly9jcmwucjJtMDMuYW1hem9udHJ1c3QuY29tL3IybTAzLmNy\nbDB1BggrBgEFBQcBAQRpMGcwLQYIKwYBBQUHMAGGIWh0dHA6Ly9vY3NwLnIybTAz\nLmFtYXpvbnRydXN0LmNvbTA2BggrBgEFBQcwAoYqaHR0cDovL2NydC5yMm0wMy5h\nbWF6b250cnVzdC5jb20vcjJtMDMuY2VyMAwGA1UdEwEB/wQCMAAwggF8BgorBgEE\nAdZ5AgQCBIIBbASCAWgBZgB2AM8RVu7VLnyv84db2Wkum+kacWdKsBfsrAHSW3fO\nzDsIAAABjoEqaRgAAAQDAEcwRQIgafsuKU5xj/dXLQ3SPdWzndJwLyEfm+JryIYe\nPWZJKLMCIQCNfmISGAa5KgyKPZ8xG6e3jLbHiwMd3UfNw2/f0fA+agB1AH1ZHhLh\neCp7HGFnfF79+NCHXBSgTpWeuQMv2Q6MLnm4AAABjoEqaHUAAAQDAEYwRAIgAgNI\nq6UYuEQejzm3s9LMJm4+ntuC4SHzW+cXtbBGJ/MCIC14jKeXKIEc1xRsYA3az65F\niAXRScw6ZRufvETqJO1/AHUA5tIxY0B3jMEQQQbXcbnOwdJA9paEhvu6hzId/R43\njlAAAAGOgSpoiQAABAMARjBEAiANbZ6RIkz/AOtZdJnPuPMlA0zjJIB2UxkJkN69\ntCtQEQIgRHt4maRYhich1qGcBcGDgL2QeUehPp6yWnpgPItV33IwDQYJKoZIhvcN\nAQELBQADggEBAFHCpoKhkGL7unnDkg6JykJauAU+DW1sN/8xuwfAiBzL07ZOb3ao\nc34h51Wr+LIsBiXq9kEy0iduzS8F72SbfDXrz0dpESoe6faNZ9UEfNvqkLRmHDcU\nea3M+4v+tacD/uqEvtJI0aEcLP1yKencXCwBOqy8O7lLEJUhYc8yVAJChmoJAowy\nOwS9PjMdXb2UAMl4aJt7oF+nvzdjBtQ7uNctV2rsMZ1HZQSdgMMhqJNWXufVPmRm\nuPnGTtYK8Y0MsCJqEvmi9jE8m30oRhugZ/9ckJo7CnO43VJcE4IT+/AObav3iNfU\nlS1MThMhwV4UxcawWxE68Y3QZhhym4+HwQw=\n-----END CERTIFICATE-----\n",
                "is_ca": false,
                "issuer": "CN=Amazon RSA 2048 M03,O=Amazon,C=US",
                "not_after": "2025-04-25T23:59:59Z",
                "not_before": "2024-03-27T00:00:00Z",
                "public_key_algorithm": "RSA",
                "serial_number": "1925617045718169317006243538772443563",
                "sha1_fingerprint": "66c52a14da1484b5a2aec2e90e2ee44fb3030459",
                "signature_algorithm": "SHA256-RSA",
                "subject": "CN=*.eks.ap-south-1.amazonaws.com",
                "version": 3
              }
            ],
            "content": null,
            "id": "8620fd676f1f5fb482fb77207743ac75042750fa",
            "url": "https://oidc.eks.ap-south-1.amazonaws.com/id/838B948F7EB2EE1D3127DC04A1B9A280",
            "verify_chain": true
          },
          "sensitive_attributes": []
        }
      ]
    },
    {
      "module": "module.eks",
      "mode": "managed",
      "type": "aws_cloudwatch_log_group",
      "name": "this",
      "provider": "provider[\"registry.terraform.io/hashicorp/aws\"]",
      "instances": [
        {
          "index_key": 0,
          "schema_version": 0,
          "attributes": {
            "arn": "arn:aws:logs:ap-south-1:954503069243:log-group:/aws/eks/testing-innovation-poc/cluster",
            "id": "/aws/eks/testing-innovation-poc/cluster",
            "kms_key_id": "",
            "log_group_class": "STANDARD",
            "name": "/aws/eks/testing-innovation-poc/cluster",
            "name_prefix": "",
            "retention_in_days": 90,
            "skip_destroy": false,
            "tags": {
              "Name": "/aws/eks/testing-innovation-poc/cluster"
            },
            "tags_all": {
              "Name": "/aws/eks/testing-innovation-poc/cluster"
            }
          },
          "sensitive_attributes": [],
          "private": "bnVsbA==",
          "create_before_destroy": true
        }
      ]
    },
    {
      "module": "module.eks",
      "mode": "managed",
      "type": "aws_eks_access_entry",
      "name": "this",
      "provider": "provider[\"registry.terraform.io/hashicorp/aws\"]",
      "instances": [
        {
          "index_key": "training",
          "schema_version": 0,
          "attributes": {
            "access_entry_arn": "arn:aws:eks:ap-south-1:954503069243:access-entry/testing-innovation-poc/user/954503069243/Demo/c2c7f3cf-e681-4e63-8fe1-ea55cb57bdfe",
            "cluster_name": "testing-innovation-poc",
            "created_at": "2024-06-05T08:59:20Z",
            "id": "testing-innovation-poc:arn:aws:iam::954503069243:user/Demo",
            "kubernetes_groups": [],
            "modified_at": "2024-06-05T08:59:20Z",
            "principal_arn": "arn:aws:iam::954503069243:user/Demo",
            "tags": {},
            "tags_all": {},
            "timeouts": null,
            "type": "STANDARD",
            "user_name": "arn:aws:iam::954503069243:user/Demo"
          },
          "sensitive_attributes": [],
          "private": "eyJlMmJmYjczMC1lY2FhLTExZTYtOGY4OC0zNDM2M2JjN2M0YzAiOnsiY3JlYXRlIjo2MDAwMDAwMDAwMDAsImRlbGV0ZSI6NjAwMDAwMDAwMDAwfX0=",
          "dependencies": [
            "data.aws_availability_zones.available",
            "module.eks.aws_cloudwatch_log_group.this",
            "module.eks.aws_eks_cluster.this",
            "module.eks.aws_iam_policy.cni_ipv6_policy",
            "module.eks.aws_iam_role.this",
            "module.eks.aws_iam_role_policy_attachment.this",
            "module.eks.aws_security_group.cluster",
            "module.eks.aws_security_group.node",
            "module.eks.aws_security_group_rule.cluster",
            "module.eks.aws_security_group_rule.node",
            "module.eks.data.aws_caller_identity.current",
            "module.eks.data.aws_iam_policy_document.assume_role_policy",
            "module.eks.data.aws_iam_policy_document.cni_ipv6_policy",
            "module.eks.data.aws_iam_session_context.current",
            "module.eks.data.aws_partition.current",
            "module.eks.module.kms.aws_kms_external_key.this",
            "module.eks.module.kms.aws_kms_key.this",
            "module.eks.module.kms.aws_kms_replica_external_key.this",
            "module.eks.module.kms.aws_kms_replica_key.this",
            "module.eks.module.kms.data.aws_caller_identity.current",
            "module.eks.module.kms.data.aws_iam_policy_document.this",
            "module.eks.module.kms.data.aws_partition.current",
            "module.vpc.aws_subnet.private",
            "module.vpc.aws_vpc.this",
            "module.vpc.aws_vpc_ipv4_cidr_block_association.this"
          ]
        }
      ]
    },
    {
      "module": "module.eks",
      "mode": "managed",
      "type": "aws_eks_access_policy_association",
      "name": "this",
      "provider": "provider[\"registry.terraform.io/hashicorp/aws\"]",
      "instances": [
        {
          "index_key": "training_single",
          "schema_version": 0,
          "attributes": {
            "access_scope": [
              {
                "namespaces": [],
                "type": "cluster"
              }
            ],
            "associated_at": "2024-06-05 08:59:21.493 +0000 UTC",
            "cluster_name": "testing-innovation-poc",
            "id": "testing-innovation-poc#arn:aws:iam::954503069243:user/Demo#arn:aws:eks::aws:cluster-access-policy/AmazonEKSClusterAdminPolicy",
            "modified_at": "2024-06-05 08:59:21.493 +0000 UTC",
            "policy_arn": "arn:aws:eks::aws:cluster-access-policy/AmazonEKSClusterAdminPolicy",
            "principal_arn": "arn:aws:iam::954503069243:user/Demo",
            "timeouts": null
          },
          "sensitive_attributes": [],
          "private": "eyJlMmJmYjczMC1lY2FhLTExZTYtOGY4OC0zNDM2M2JjN2M0YzAiOnsiY3JlYXRlIjo2MDAwMDAwMDAwMDAsImRlbGV0ZSI6NjAwMDAwMDAwMDAwfX0=",
          "dependencies": [
            "data.aws_availability_zones.available",
            "module.eks.aws_cloudwatch_log_group.this",
            "module.eks.aws_eks_access_entry.this",
            "module.eks.aws_eks_cluster.this",
            "module.eks.aws_iam_policy.cni_ipv6_policy",
            "module.eks.aws_iam_role.this",
            "module.eks.aws_iam_role_policy_attachment.this",
            "module.eks.aws_security_group.cluster",
            "module.eks.aws_security_group.node",
            "module.eks.aws_security_group_rule.cluster",
            "module.eks.aws_security_group_rule.node",
            "module.eks.data.aws_caller_identity.current",
            "module.eks.data.aws_iam_policy_document.assume_role_policy",
            "module.eks.data.aws_iam_policy_document.cni_ipv6_policy",
            "module.eks.data.aws_iam_session_context.current",
            "module.eks.data.aws_partition.current",
            "module.eks.module.kms.aws_kms_external_key.this",
            "module.eks.module.kms.aws_kms_key.this",
            "module.eks.module.kms.aws_kms_replica_external_key.this",
            "module.eks.module.kms.aws_kms_replica_key.this",
            "module.eks.module.kms.data.aws_caller_identity.current",
            "module.eks.module.kms.data.aws_iam_policy_document.this",
            "module.eks.module.kms.data.aws_partition.current",
            "module.vpc.aws_subnet.private",
            "module.vpc.aws_vpc.this",
            "module.vpc.aws_vpc_ipv4_cidr_block_association.this"
          ]
        }
      ]
    },
    {
      "module": "module.eks",
      "mode": "managed",
      "type": "aws_eks_addon",
      "name": "this",
      "provider": "provider[\"registry.terraform.io/hashicorp/aws\"]",
      "instances": [
        {
          "index_key": "aws-ebs-csi-driver",
          "schema_version": 0,
          "attributes": {
            "addon_name": "aws-ebs-csi-driver",
            "addon_version": "v1.31.0-eksbuild.1",
            "arn": "arn:aws:eks:ap-south-1:954503069243:addon/testing-innovation-poc/aws-ebs-csi-driver/40c7f3d0-f66b-b5a4-03f7-00a593897bab",
            "cluster_name": "testing-innovation-poc",
            "configuration_values": "",
            "created_at": "2024-06-05T09:01:40Z",
            "id": "testing-innovation-poc:aws-ebs-csi-driver",
            "modified_at": "2024-06-05T09:02:58Z",
            "preserve": true,
            "resolve_conflicts": null,
            "resolve_conflicts_on_create": "OVERWRITE",
            "resolve_conflicts_on_update": "OVERWRITE",
            "service_account_role_arn": "arn:aws:iam::954503069243:role/testing-innovation-ebs-csi-driver20240605085921795700000012",
            "tags": {},
            "tags_all": {},
            "timeouts": {
              "create": null,
              "delete": null,
              "update": null
            }
          },
          "sensitive_attributes": [],
          "private": "eyJlMmJmYjczMC1lY2FhLTExZTYtOGY4OC0zNDM2M2JjN2M0YzAiOnsiY3JlYXRlIjoxMjAwMDAwMDAwMDAwLCJkZWxldGUiOjI0MDAwMDAwMDAwMDAsInVwZGF0ZSI6MTIwMDAwMDAwMDAwMH19",
          "dependencies": [
            "data.aws_availability_zones.available",
            "module.ebs_csi_driver_irsa.aws_iam_role.this",
            "module.ebs_csi_driver_irsa.data.aws_caller_identity.current",
            "module.ebs_csi_driver_irsa.data.aws_iam_policy_document.this",
            "module.ebs_csi_driver_irsa.data.aws_partition.current",
            "module.eks.aws_cloudwatch_log_group.this",
            "module.eks.aws_eks_cluster.this",
            "module.eks.aws_iam_openid_connect_provider.oidc_provider",
            "module.eks.aws_iam_policy.cni_ipv6_policy",
            "module.eks.aws_iam_role.this",
            "module.eks.aws_iam_role_policy_attachment.this",
            "module.eks.aws_security_group.cluster",
            "module.eks.aws_security_group.node",
            "module.eks.aws_security_group_rule.cluster",
            "module.eks.aws_security_group_rule.node",
            "module.eks.data.aws_caller_identity.current",
            "module.eks.data.aws_eks_addon_version.this",
            "module.eks.data.aws_iam_policy_document.assume_role_policy",
            "module.eks.data.aws_iam_policy_document.cni_ipv6_policy",
            "module.eks.data.aws_iam_session_context.current",
            "module.eks.data.aws_partition.current",
            "module.eks.data.tls_certificate.this",
            "module.eks.module.eks_managed_node_group.aws_autoscaling_schedule.this",
            "module.eks.module.eks_managed_node_group.aws_eks_node_group.this",
            "module.eks.module.eks_managed_node_group.aws_iam_role.this",
            "module.eks.module.eks_managed_node_group.aws_iam_role_policy_attachment.additional",
            "module.eks.module.eks_managed_node_group.aws_iam_role_policy_attachment.this",
            "module.eks.module.eks_managed_node_group.aws_launch_template.this",
            "module.eks.module.eks_managed_node_group.aws_placement_group.this",
            "module.eks.module.eks_managed_node_group.data.aws_caller_identity.current",
            "module.eks.module.eks_managed_node_group.data.aws_ec2_instance_type.this",
            "module.eks.module.eks_managed_node_group.data.aws_ec2_instance_type_offerings.this",
            "module.eks.module.eks_managed_node_group.data.aws_iam_policy_document.assume_role_policy",
            "module.eks.module.eks_managed_node_group.data.aws_partition.current",
            "module.eks.module.eks_managed_node_group.data.aws_ssm_parameter.ami",
            "module.eks.module.eks_managed_node_group.data.aws_subnets.efa",
            "module.eks.module.eks_managed_node_group.module.user_data.data.cloudinit_config.al2023_eks_managed_node_group",
            "module.eks.module.eks_managed_node_group.module.user_data.data.cloudinit_config.linux_eks_managed_node_group",
            "module.eks.module.eks_managed_node_group.module.user_data.null_resource.validate_cluster_service_cidr",
            "module.eks.module.fargate_profile.aws_eks_fargate_profile.this",
            "module.eks.module.fargate_profile.aws_iam_role.this",
            "module.eks.module.fargate_profile.aws_iam_role_policy_attachment.additional",
            "module.eks.module.fargate_profile.aws_iam_role_policy_attachment.this",
            "module.eks.module.fargate_profile.data.aws_caller_identity.current",
            "module.eks.module.fargate_profile.data.aws_iam_policy_document.assume_role_policy",
            "module.eks.module.fargate_profile.data.aws_partition.current",
            "module.eks.module.kms.aws_kms_external_key.this",
            "module.eks.module.kms.aws_kms_key.this",
            "module.eks.module.kms.aws_kms_replica_external_key.this",
            "module.eks.module.kms.aws_kms_replica_key.this",
            "module.eks.module.kms.data.aws_caller_identity.current",
            "module.eks.module.kms.data.aws_iam_policy_document.this",
            "module.eks.module.kms.data.aws_partition.current",
            "module.eks.module.self_managed_node_group.aws_autoscaling_group.this",
            "module.eks.module.self_managed_node_group.aws_autoscaling_schedule.this",
            "module.eks.module.self_managed_node_group.aws_eks_access_entry.this",
            "module.eks.module.self_managed_node_group.aws_iam_instance_profile.this",
            "module.eks.module.self_managed_node_group.aws_iam_role.this",
            "module.eks.module.self_managed_node_group.aws_iam_role_policy_attachment.additional",
            "module.eks.module.self_managed_node_group.aws_iam_role_policy_attachment.this",
            "module.eks.module.self_managed_node_group.aws_launch_template.this",
            "module.eks.module.self_managed_node_group.aws_placement_group.this",
            "module.eks.module.self_managed_node_group.data.aws_ami.eks_default",
            "module.eks.module.self_managed_node_group.data.aws_caller_identity.current",
            "module.eks.module.self_managed_node_group.data.aws_ec2_instance_type.this",
            "module.eks.module.self_managed_node_group.data.aws_ec2_instance_type_offerings.this",
            "module.eks.module.self_managed_node_group.data.aws_iam_policy_document.assume_role_policy",
            "module.eks.module.self_managed_node_group.data.aws_partition.current",
            "module.eks.module.self_managed_node_group.data.aws_subnets.efa",
            "module.eks.module.self_managed_node_group.module.user_data.data.cloudinit_config.al2023_eks_managed_node_group",
            "module.eks.module.self_managed_node_group.module.user_data.data.cloudinit_config.linux_eks_managed_node_group",
            "module.eks.module.self_managed_node_group.module.user_data.null_resource.validate_cluster_service_cidr",
            "module.eks.time_sleep.this",
            "module.vpc.aws_subnet.private",
            "module.vpc.aws_vpc.this",
            "module.vpc.aws_vpc_ipv4_cidr_block_association.this"
          ]
        },
        {
          "index_key": "coredns",
          "schema_version": 0,
          "attributes": {
            "addon_name": "coredns",
            "addon_version": "v1.11.1-eksbuild.9",
            "arn": "arn:aws:eks:ap-south-1:954503069243:addon/testing-innovation-poc/coredns/e8c7f3d0-f66f-0f11-6356-1ddd3ed863d0",
            "cluster_name": "testing-innovation-poc",
            "configuration_values": "",
            "created_at": "2024-06-05T09:01:40Z",
            "id": "testing-innovation-poc:coredns",
            "modified_at": "2024-06-05T09:02:22Z",
            "preserve": true,
            "resolve_conflicts": null,
            "resolve_conflicts_on_create": "OVERWRITE",
            "resolve_conflicts_on_update": "OVERWRITE",
            "service_account_role_arn": "",
            "tags": {},
            "tags_all": {},
            "timeouts": {
              "create": null,
              "delete": null,
              "update": null
            }
          },
          "sensitive_attributes": [],
          "private": "eyJlMmJmYjczMC1lY2FhLTExZTYtOGY4OC0zNDM2M2JjN2M0YzAiOnsiY3JlYXRlIjoxMjAwMDAwMDAwMDAwLCJkZWxldGUiOjI0MDAwMDAwMDAwMDAsInVwZGF0ZSI6MTIwMDAwMDAwMDAwMH19",
          "dependencies": [
            "data.aws_availability_zones.available",
            "module.ebs_csi_driver_irsa.aws_iam_role.this",
            "module.ebs_csi_driver_irsa.data.aws_caller_identity.current",
            "module.ebs_csi_driver_irsa.data.aws_iam_policy_document.this",
            "module.ebs_csi_driver_irsa.data.aws_partition.current",
            "module.eks.aws_cloudwatch_log_group.this",
            "module.eks.aws_eks_cluster.this",
            "module.eks.aws_iam_openid_connect_provider.oidc_provider",
            "module.eks.aws_iam_policy.cni_ipv6_policy",
            "module.eks.aws_iam_role.this",
            "module.eks.aws_iam_role_policy_attachment.this",
            "module.eks.aws_security_group.cluster",
            "module.eks.aws_security_group.node",
            "module.eks.aws_security_group_rule.cluster",
            "module.eks.aws_security_group_rule.node",
            "module.eks.data.aws_caller_identity.current",
            "module.eks.data.aws_eks_addon_version.this",
            "module.eks.data.aws_iam_policy_document.assume_role_policy",
            "module.eks.data.aws_iam_policy_document.cni_ipv6_policy",
            "module.eks.data.aws_iam_session_context.current",
            "module.eks.data.aws_partition.current",
            "module.eks.data.tls_certificate.this",
            "module.eks.module.eks_managed_node_group.aws_autoscaling_schedule.this",
            "module.eks.module.eks_managed_node_group.aws_eks_node_group.this",
            "module.eks.module.eks_managed_node_group.aws_iam_role.this",
            "module.eks.module.eks_managed_node_group.aws_iam_role_policy_attachment.additional",
            "module.eks.module.eks_managed_node_group.aws_iam_role_policy_attachment.this",
            "module.eks.module.eks_managed_node_group.aws_launch_template.this",
            "module.eks.module.eks_managed_node_group.aws_placement_group.this",
            "module.eks.module.eks_managed_node_group.data.aws_caller_identity.current",
            "module.eks.module.eks_managed_node_group.data.aws_ec2_instance_type.this",
            "module.eks.module.eks_managed_node_group.data.aws_ec2_instance_type_offerings.this",
            "module.eks.module.eks_managed_node_group.data.aws_iam_policy_document.assume_role_policy",
            "module.eks.module.eks_managed_node_group.data.aws_partition.current",
            "module.eks.module.eks_managed_node_group.data.aws_ssm_parameter.ami",
            "module.eks.module.eks_managed_node_group.data.aws_subnets.efa",
            "module.eks.module.eks_managed_node_group.module.user_data.data.cloudinit_config.al2023_eks_managed_node_group",
            "module.eks.module.eks_managed_node_group.module.user_data.data.cloudinit_config.linux_eks_managed_node_group",
            "module.eks.module.eks_managed_node_group.module.user_data.null_resource.validate_cluster_service_cidr",
            "module.eks.module.fargate_profile.aws_eks_fargate_profile.this",
            "module.eks.module.fargate_profile.aws_iam_role.this",
            "module.eks.module.fargate_profile.aws_iam_role_policy_attachment.additional",
            "module.eks.module.fargate_profile.aws_iam_role_policy_attachment.this",
            "module.eks.module.fargate_profile.data.aws_caller_identity.current",
            "module.eks.module.fargate_profile.data.aws_iam_policy_document.assume_role_policy",
            "module.eks.module.fargate_profile.data.aws_partition.current",
            "module.eks.module.kms.aws_kms_external_key.this",
            "module.eks.module.kms.aws_kms_key.this",
            "module.eks.module.kms.aws_kms_replica_external_key.this",
            "module.eks.module.kms.aws_kms_replica_key.this",
            "module.eks.module.kms.data.aws_caller_identity.current",
            "module.eks.module.kms.data.aws_iam_policy_document.this",
            "module.eks.module.kms.data.aws_partition.current",
            "module.eks.module.self_managed_node_group.aws_autoscaling_group.this",
            "module.eks.module.self_managed_node_group.aws_autoscaling_schedule.this",
            "module.eks.module.self_managed_node_group.aws_eks_access_entry.this",
            "module.eks.module.self_managed_node_group.aws_iam_instance_profile.this",
            "module.eks.module.self_managed_node_group.aws_iam_role.this",
            "module.eks.module.self_managed_node_group.aws_iam_role_policy_attachment.additional",
            "module.eks.module.self_managed_node_group.aws_iam_role_policy_attachment.this",
            "module.eks.module.self_managed_node_group.aws_launch_template.this",
            "module.eks.module.self_managed_node_group.aws_placement_group.this",
            "module.eks.module.self_managed_node_group.data.aws_ami.eks_default",
            "module.eks.module.self_managed_node_group.data.aws_caller_identity.current",
            "module.eks.module.self_managed_node_group.data.aws_ec2_instance_type.this",
            "module.eks.module.self_managed_node_group.data.aws_ec2_instance_type_offerings.this",
            "module.eks.module.self_managed_node_group.data.aws_iam_policy_document.assume_role_policy",
            "module.eks.module.self_managed_node_group.data.aws_partition.current",
            "module.eks.module.self_managed_node_group.data.aws_subnets.efa",
            "module.eks.module.self_managed_node_group.module.user_data.data.cloudinit_config.al2023_eks_managed_node_group",
            "module.eks.module.self_managed_node_group.module.user_data.data.cloudinit_config.linux_eks_managed_node_group",
            "module.eks.module.self_managed_node_group.module.user_data.null_resource.validate_cluster_service_cidr",
            "module.eks.time_sleep.this",
            "module.vpc.aws_subnet.private",
            "module.vpc.aws_vpc.this",
            "module.vpc.aws_vpc_ipv4_cidr_block_association.this"
          ]
        },
        {
          "index_key": "eks-pod-identity-agent",
          "schema_version": 0,
          "attributes": {
            "addon_name": "eks-pod-identity-agent",
            "addon_version": "v1.2.0-eksbuild.1",
            "arn": "arn:aws:eks:ap-south-1:954503069243:addon/testing-innovation-poc/eks-pod-identity-agent/08c7f3d0-f66e-6148-aaf7-9e8729766d98",
            "cluster_name": "testing-innovation-poc",
            "configuration_values": "",
            "created_at": "2024-06-05T09:01:40Z",
            "id": "testing-innovation-poc:eks-pod-identity-agent",
            "modified_at": "2024-06-05T09:02:16Z",
            "preserve": true,
            "resolve_conflicts": null,
            "resolve_conflicts_on_create": "OVERWRITE",
            "resolve_conflicts_on_update": "OVERWRITE",
            "service_account_role_arn": "",
            "tags": {},
            "tags_all": {},
            "timeouts": {
              "create": null,
              "delete": null,
              "update": null
            }
          },
          "sensitive_attributes": [],
          "private": "eyJlMmJmYjczMC1lY2FhLTExZTYtOGY4OC0zNDM2M2JjN2M0YzAiOnsiY3JlYXRlIjoxMjAwMDAwMDAwMDAwLCJkZWxldGUiOjI0MDAwMDAwMDAwMDAsInVwZGF0ZSI6MTIwMDAwMDAwMDAwMH19",
          "dependencies": [
            "data.aws_availability_zones.available",
            "module.ebs_csi_driver_irsa.aws_iam_role.this",
            "module.ebs_csi_driver_irsa.data.aws_caller_identity.current",
            "module.ebs_csi_driver_irsa.data.aws_iam_policy_document.this",
            "module.ebs_csi_driver_irsa.data.aws_partition.current",
            "module.eks.aws_cloudwatch_log_group.this",
            "module.eks.aws_eks_cluster.this",
            "module.eks.aws_iam_openid_connect_provider.oidc_provider",
            "module.eks.aws_iam_policy.cni_ipv6_policy",
            "module.eks.aws_iam_role.this",
            "module.eks.aws_iam_role_policy_attachment.this",
            "module.eks.aws_security_group.cluster",
            "module.eks.aws_security_group.node",
            "module.eks.aws_security_group_rule.cluster",
            "module.eks.aws_security_group_rule.node",
            "module.eks.data.aws_caller_identity.current",
            "module.eks.data.aws_eks_addon_version.this",
            "module.eks.data.aws_iam_policy_document.assume_role_policy",
            "module.eks.data.aws_iam_policy_document.cni_ipv6_policy",
            "module.eks.data.aws_iam_session_context.current",
            "module.eks.data.aws_partition.current",
            "module.eks.data.tls_certificate.this",
            "module.eks.module.eks_managed_node_group.aws_autoscaling_schedule.this",
            "module.eks.module.eks_managed_node_group.aws_eks_node_group.this",
            "module.eks.module.eks_managed_node_group.aws_iam_role.this",
            "module.eks.module.eks_managed_node_group.aws_iam_role_policy_attachment.additional",
            "module.eks.module.eks_managed_node_group.aws_iam_role_policy_attachment.this",
            "module.eks.module.eks_managed_node_group.aws_launch_template.this",
            "module.eks.module.eks_managed_node_group.aws_placement_group.this",
            "module.eks.module.eks_managed_node_group.data.aws_caller_identity.current",
            "module.eks.module.eks_managed_node_group.data.aws_ec2_instance_type.this",
            "module.eks.module.eks_managed_node_group.data.aws_ec2_instance_type_offerings.this",
            "module.eks.module.eks_managed_node_group.data.aws_iam_policy_document.assume_role_policy",
            "module.eks.module.eks_managed_node_group.data.aws_partition.current",
            "module.eks.module.eks_managed_node_group.data.aws_ssm_parameter.ami",
            "module.eks.module.eks_managed_node_group.data.aws_subnets.efa",
            "module.eks.module.eks_managed_node_group.module.user_data.data.cloudinit_config.al2023_eks_managed_node_group",
            "module.eks.module.eks_managed_node_group.module.user_data.data.cloudinit_config.linux_eks_managed_node_group",
            "module.eks.module.eks_managed_node_group.module.user_data.null_resource.validate_cluster_service_cidr",
            "module.eks.module.fargate_profile.aws_eks_fargate_profile.this",
            "module.eks.module.fargate_profile.aws_iam_role.this",
            "module.eks.module.fargate_profile.aws_iam_role_policy_attachment.additional",
            "module.eks.module.fargate_profile.aws_iam_role_policy_attachment.this",
            "module.eks.module.fargate_profile.data.aws_caller_identity.current",
            "module.eks.module.fargate_profile.data.aws_iam_policy_document.assume_role_policy",
            "module.eks.module.fargate_profile.data.aws_partition.current",
            "module.eks.module.kms.aws_kms_external_key.this",
            "module.eks.module.kms.aws_kms_key.this",
            "module.eks.module.kms.aws_kms_replica_external_key.this",
            "module.eks.module.kms.aws_kms_replica_key.this",
            "module.eks.module.kms.data.aws_caller_identity.current",
            "module.eks.module.kms.data.aws_iam_policy_document.this",
            "module.eks.module.kms.data.aws_partition.current",
            "module.eks.module.self_managed_node_group.aws_autoscaling_group.this",
            "module.eks.module.self_managed_node_group.aws_autoscaling_schedule.this",
            "module.eks.module.self_managed_node_group.aws_eks_access_entry.this",
            "module.eks.module.self_managed_node_group.aws_iam_instance_profile.this",
            "module.eks.module.self_managed_node_group.aws_iam_role.this",
            "module.eks.module.self_managed_node_group.aws_iam_role_policy_attachment.additional",
            "module.eks.module.self_managed_node_group.aws_iam_role_policy_attachment.this",
            "module.eks.module.self_managed_node_group.aws_launch_template.this",
            "module.eks.module.self_managed_node_group.aws_placement_group.this",
            "module.eks.module.self_managed_node_group.data.aws_ami.eks_default",
            "module.eks.module.self_managed_node_group.data.aws_caller_identity.current",
            "module.eks.module.self_managed_node_group.data.aws_ec2_instance_type.this",
            "module.eks.module.self_managed_node_group.data.aws_ec2_instance_type_offerings.this",
            "module.eks.module.self_managed_node_group.data.aws_iam_policy_document.assume_role_policy",
            "module.eks.module.self_managed_node_group.data.aws_partition.current",
            "module.eks.module.self_managed_node_group.data.aws_subnets.efa",
            "module.eks.module.self_managed_node_group.module.user_data.data.cloudinit_config.al2023_eks_managed_node_group",
            "module.eks.module.self_managed_node_group.module.user_data.data.cloudinit_config.linux_eks_managed_node_group",
            "module.eks.module.self_managed_node_group.module.user_data.null_resource.validate_cluster_service_cidr",
            "module.eks.time_sleep.this",
            "module.vpc.aws_subnet.private",
            "module.vpc.aws_vpc.this",
            "module.vpc.aws_vpc_ipv4_cidr_block_association.this"
          ]
        },
        {
          "index_key": "kube-proxy",
          "schema_version": 0,
          "attributes": {
            "addon_name": "kube-proxy",
            "addon_version": "v1.29.3-eksbuild.5",
            "arn": "arn:aws:eks:ap-south-1:954503069243:addon/testing-innovation-poc/kube-proxy/38c7f3d0-f672-1fa2-ac57-4b4f487bde78",
            "cluster_name": "testing-innovation-poc",
            "configuration_values": "",
            "created_at": "2024-06-05T09:01:40Z",
            "id": "testing-innovation-poc:kube-proxy",
            "modified_at": "2024-06-05T09:02:17Z",
            "preserve": true,
            "resolve_conflicts": null,
            "resolve_conflicts_on_create": "OVERWRITE",
            "resolve_conflicts_on_update": "OVERWRITE",
            "service_account_role_arn": "",
            "tags": {},
            "tags_all": {},
            "timeouts": {
              "create": null,
              "delete": null,
              "update": null
            }
          },
          "sensitive_attributes": [],
          "private": "eyJlMmJmYjczMC1lY2FhLTExZTYtOGY4OC0zNDM2M2JjN2M0YzAiOnsiY3JlYXRlIjoxMjAwMDAwMDAwMDAwLCJkZWxldGUiOjI0MDAwMDAwMDAwMDAsInVwZGF0ZSI6MTIwMDAwMDAwMDAwMH19",
          "dependencies": [
            "data.aws_availability_zones.available",
            "module.ebs_csi_driver_irsa.aws_iam_role.this",
            "module.ebs_csi_driver_irsa.data.aws_caller_identity.current",
            "module.ebs_csi_driver_irsa.data.aws_iam_policy_document.this",
            "module.ebs_csi_driver_irsa.data.aws_partition.current",
            "module.eks.aws_cloudwatch_log_group.this",
            "module.eks.aws_eks_cluster.this",
            "module.eks.aws_iam_openid_connect_provider.oidc_provider",
            "module.eks.aws_iam_policy.cni_ipv6_policy",
            "module.eks.aws_iam_role.this",
            "module.eks.aws_iam_role_policy_attachment.this",
            "module.eks.aws_security_group.cluster",
            "module.eks.aws_security_group.node",
            "module.eks.aws_security_group_rule.cluster",
            "module.eks.aws_security_group_rule.node",
            "module.eks.data.aws_caller_identity.current",
            "module.eks.data.aws_eks_addon_version.this",
            "module.eks.data.aws_iam_policy_document.assume_role_policy",
            "module.eks.data.aws_iam_policy_document.cni_ipv6_policy",
            "module.eks.data.aws_iam_session_context.current",
            "module.eks.data.aws_partition.current",
            "module.eks.data.tls_certificate.this",
            "module.eks.module.eks_managed_node_group.aws_autoscaling_schedule.this",
            "module.eks.module.eks_managed_node_group.aws_eks_node_group.this",
            "module.eks.module.eks_managed_node_group.aws_iam_role.this",
            "module.eks.module.eks_managed_node_group.aws_iam_role_policy_attachment.additional",
            "module.eks.module.eks_managed_node_group.aws_iam_role_policy_attachment.this",
            "module.eks.module.eks_managed_node_group.aws_launch_template.this",
            "module.eks.module.eks_managed_node_group.aws_placement_group.this",
            "module.eks.module.eks_managed_node_group.data.aws_caller_identity.current",
            "module.eks.module.eks_managed_node_group.data.aws_ec2_instance_type.this",
            "module.eks.module.eks_managed_node_group.data.aws_ec2_instance_type_offerings.this",
            "module.eks.module.eks_managed_node_group.data.aws_iam_policy_document.assume_role_policy",
            "module.eks.module.eks_managed_node_group.data.aws_partition.current",
            "module.eks.module.eks_managed_node_group.data.aws_ssm_parameter.ami",
            "module.eks.module.eks_managed_node_group.data.aws_subnets.efa",
            "module.eks.module.eks_managed_node_group.module.user_data.data.cloudinit_config.al2023_eks_managed_node_group",
            "module.eks.module.eks_managed_node_group.module.user_data.data.cloudinit_config.linux_eks_managed_node_group",
            "module.eks.module.eks_managed_node_group.module.user_data.null_resource.validate_cluster_service_cidr",
            "module.eks.module.fargate_profile.aws_eks_fargate_profile.this",
            "module.eks.module.fargate_profile.aws_iam_role.this",
            "module.eks.module.fargate_profile.aws_iam_role_policy_attachment.additional",
            "module.eks.module.fargate_profile.aws_iam_role_policy_attachment.this",
            "module.eks.module.fargate_profile.data.aws_caller_identity.current",
            "module.eks.module.fargate_profile.data.aws_iam_policy_document.assume_role_policy",
            "module.eks.module.fargate_profile.data.aws_partition.current",
            "module.eks.module.kms.aws_kms_external_key.this",
            "module.eks.module.kms.aws_kms_key.this",
            "module.eks.module.kms.aws_kms_replica_external_key.this",
            "module.eks.module.kms.aws_kms_replica_key.this",
            "module.eks.module.kms.data.aws_caller_identity.current",
            "module.eks.module.kms.data.aws_iam_policy_document.this",
            "module.eks.module.kms.data.aws_partition.current",
            "module.eks.module.self_managed_node_group.aws_autoscaling_group.this",
            "module.eks.module.self_managed_node_group.aws_autoscaling_schedule.this",
            "module.eks.module.self_managed_node_group.aws_eks_access_entry.this",
            "module.eks.module.self_managed_node_group.aws_iam_instance_profile.this",
            "module.eks.module.self_managed_node_group.aws_iam_role.this",
            "module.eks.module.self_managed_node_group.aws_iam_role_policy_attachment.additional",
            "module.eks.module.self_managed_node_group.aws_iam_role_policy_attachment.this",
            "module.eks.module.self_managed_node_group.aws_launch_template.this",
            "module.eks.module.self_managed_node_group.aws_placement_group.this",
            "module.eks.module.self_managed_node_group.data.aws_ami.eks_default",
            "module.eks.module.self_managed_node_group.data.aws_caller_identity.current",
            "module.eks.module.self_managed_node_group.data.aws_ec2_instance_type.this",
            "module.eks.module.self_managed_node_group.data.aws_ec2_instance_type_offerings.this",
            "module.eks.module.self_managed_node_group.data.aws_iam_policy_document.assume_role_policy",
            "module.eks.module.self_managed_node_group.data.aws_partition.current",
            "module.eks.module.self_managed_node_group.data.aws_subnets.efa",
            "module.eks.module.self_managed_node_group.module.user_data.data.cloudinit_config.al2023_eks_managed_node_group",
            "module.eks.module.self_managed_node_group.module.user_data.data.cloudinit_config.linux_eks_managed_node_group",
            "module.eks.module.self_managed_node_group.module.user_data.null_resource.validate_cluster_service_cidr",
            "module.eks.time_sleep.this",
            "module.vpc.aws_subnet.private",
            "module.vpc.aws_vpc.this",
            "module.vpc.aws_vpc_ipv4_cidr_block_association.this"
          ]
        },
        {
          "index_key": "vpc-cni",
          "schema_version": 0,
          "attributes": {
            "addon_name": "vpc-cni",
            "addon_version": "v1.18.1-eksbuild.3",
            "arn": "arn:aws:eks:ap-south-1:954503069243:addon/testing-innovation-poc/vpc-cni/80c7f3d0-f664-1b0b-80f5-9b7a60eab68d",
            "cluster_name": "testing-innovation-poc",
            "configuration_values": "",
            "created_at": "2024-06-05T09:01:40Z",
            "id": "testing-innovation-poc:vpc-cni",
            "modified_at": "2024-06-05T09:02:20Z",
            "preserve": true,
            "resolve_conflicts": null,
            "resolve_conflicts_on_create": "OVERWRITE",
            "resolve_conflicts_on_update": "OVERWRITE",
            "service_account_role_arn": "",
            "tags": {},
            "tags_all": {},
            "timeouts": {
              "create": null,
              "delete": null,
              "update": null
            }
          },
          "sensitive_attributes": [],
          "private": "eyJlMmJmYjczMC1lY2FhLTExZTYtOGY4OC0zNDM2M2JjN2M0YzAiOnsiY3JlYXRlIjoxMjAwMDAwMDAwMDAwLCJkZWxldGUiOjI0MDAwMDAwMDAwMDAsInVwZGF0ZSI6MTIwMDAwMDAwMDAwMH19",
          "dependencies": [
            "data.aws_availability_zones.available",
            "module.ebs_csi_driver_irsa.aws_iam_role.this",
            "module.ebs_csi_driver_irsa.data.aws_caller_identity.current",
            "module.ebs_csi_driver_irsa.data.aws_iam_policy_document.this",
            "module.ebs_csi_driver_irsa.data.aws_partition.current",
            "module.eks.aws_cloudwatch_log_group.this",
            "module.eks.aws_eks_cluster.this",
            "module.eks.aws_iam_openid_connect_provider.oidc_provider",
            "module.eks.aws_iam_policy.cni_ipv6_policy",
            "module.eks.aws_iam_role.this",
            "module.eks.aws_iam_role_policy_attachment.this",
            "module.eks.aws_security_group.cluster",
            "module.eks.aws_security_group.node",
            "module.eks.aws_security_group_rule.cluster",
            "module.eks.aws_security_group_rule.node",
            "module.eks.data.aws_caller_identity.current",
            "module.eks.data.aws_eks_addon_version.this",
            "module.eks.data.aws_iam_policy_document.assume_role_policy",
            "module.eks.data.aws_iam_policy_document.cni_ipv6_policy",
            "module.eks.data.aws_iam_session_context.current",
            "module.eks.data.aws_partition.current",
            "module.eks.data.tls_certificate.this",
            "module.eks.module.eks_managed_node_group.aws_autoscaling_schedule.this",
            "module.eks.module.eks_managed_node_group.aws_eks_node_group.this",
            "module.eks.module.eks_managed_node_group.aws_iam_role.this",
            "module.eks.module.eks_managed_node_group.aws_iam_role_policy_attachment.additional",
            "module.eks.module.eks_managed_node_group.aws_iam_role_policy_attachment.this",
            "module.eks.module.eks_managed_node_group.aws_launch_template.this",
            "module.eks.module.eks_managed_node_group.aws_placement_group.this",
            "module.eks.module.eks_managed_node_group.data.aws_caller_identity.current",
            "module.eks.module.eks_managed_node_group.data.aws_ec2_instance_type.this",
            "module.eks.module.eks_managed_node_group.data.aws_ec2_instance_type_offerings.this",
            "module.eks.module.eks_managed_node_group.data.aws_iam_policy_document.assume_role_policy",
            "module.eks.module.eks_managed_node_group.data.aws_partition.current",
            "module.eks.module.eks_managed_node_group.data.aws_ssm_parameter.ami",
            "module.eks.module.eks_managed_node_group.data.aws_subnets.efa",
            "module.eks.module.eks_managed_node_group.module.user_data.data.cloudinit_config.al2023_eks_managed_node_group",
            "module.eks.module.eks_managed_node_group.module.user_data.data.cloudinit_config.linux_eks_managed_node_group",
            "module.eks.module.eks_managed_node_group.module.user_data.null_resource.validate_cluster_service_cidr",
            "module.eks.module.fargate_profile.aws_eks_fargate_profile.this",
            "module.eks.module.fargate_profile.aws_iam_role.this",
            "module.eks.module.fargate_profile.aws_iam_role_policy_attachment.additional",
            "module.eks.module.fargate_profile.aws_iam_role_policy_attachment.this",
            "module.eks.module.fargate_profile.data.aws_caller_identity.current",
            "module.eks.module.fargate_profile.data.aws_iam_policy_document.assume_role_policy",
            "module.eks.module.fargate_profile.data.aws_partition.current",
            "module.eks.module.kms.aws_kms_external_key.this",
            "module.eks.module.kms.aws_kms_key.this",
            "module.eks.module.kms.aws_kms_replica_external_key.this",
            "module.eks.module.kms.aws_kms_replica_key.this",
            "module.eks.module.kms.data.aws_caller_identity.current",
            "module.eks.module.kms.data.aws_iam_policy_document.this",
            "module.eks.module.kms.data.aws_partition.current",
            "module.eks.module.self_managed_node_group.aws_autoscaling_group.this",
            "module.eks.module.self_managed_node_group.aws_autoscaling_schedule.this",
            "module.eks.module.self_managed_node_group.aws_eks_access_entry.this",
            "module.eks.module.self_managed_node_group.aws_iam_instance_profile.this",
            "module.eks.module.self_managed_node_group.aws_iam_role.this",
            "module.eks.module.self_managed_node_group.aws_iam_role_policy_attachment.additional",
            "module.eks.module.self_managed_node_group.aws_iam_role_policy_attachment.this",
            "module.eks.module.self_managed_node_group.aws_launch_template.this",
            "module.eks.module.self_managed_node_group.aws_placement_group.this",
            "module.eks.module.self_managed_node_group.data.aws_ami.eks_default",
            "module.eks.module.self_managed_node_group.data.aws_caller_identity.current",
            "module.eks.module.self_managed_node_group.data.aws_ec2_instance_type.this",
            "module.eks.module.self_managed_node_group.data.aws_ec2_instance_type_offerings.this",
            "module.eks.module.self_managed_node_group.data.aws_iam_policy_document.assume_role_policy",
            "module.eks.module.self_managed_node_group.data.aws_partition.current",
            "module.eks.module.self_managed_node_group.data.aws_subnets.efa",
            "module.eks.module.self_managed_node_group.module.user_data.data.cloudinit_config.al2023_eks_managed_node_group",
            "module.eks.module.self_managed_node_group.module.user_data.data.cloudinit_config.linux_eks_managed_node_group",
            "module.eks.module.self_managed_node_group.module.user_data.null_resource.validate_cluster_service_cidr",
            "module.eks.time_sleep.this",
            "module.vpc.aws_subnet.private",
            "module.vpc.aws_vpc.this",
            "module.vpc.aws_vpc_ipv4_cidr_block_association.this"
          ]
        }
      ]
    },
    {
      "module": "module.eks",
      "mode": "managed",
      "type": "aws_eks_cluster",
      "name": "this",
      "provider": "provider[\"registry.terraform.io/hashicorp/aws\"]",
      "instances": [
        {
          "index_key": 0,
          "schema_version": 0,
          "attributes": {
            "access_config": [
              {
                "authentication_mode": "API_AND_CONFIG_MAP",
                "bootstrap_cluster_creator_admin_permissions": false
              }
            ],
            "arn": "arn:aws:eks:ap-south-1:954503069243:cluster/testing-innovation-poc",
            "certificate_authority": [
              {
                "data": "LS0tLS1CRUdJTiBDRVJUSUZJQ0FURS0tLS0tCk1JSURCVENDQWUyZ0F3SUJBZ0lJWWJxVU1jWGFTM3N3RFFZSktvWklodmNOQVFFTEJRQXdGVEVUTUJFR0ExVUUKQXhNS2EzVmlaWEp1WlhSbGN6QWVGdzB5TkRBMk1EVXdPRFV3TXpGYUZ3MHpOREEyTURNd09EVTFNekZhTUJVeApFekFSQmdOVkJBTVRDbXQxWW1WeWJtVjBaWE13Z2dFaU1BMEdDU3FHU0liM0RRRUJBUVVBQTRJQkR3QXdnZ0VLCkFvSUJBUUM0dTdxUDJKVi9nVDVOR3Z3WTEzNDFYekF0cFdIQThQU2ZidTRhWkIwRVpPSGJjOVpDSTJQaElUUnoKY0FZOFhoSmp1Z3Foc2ljcVNNNDRTVkc3eVl4RnV0SEduMWgrZ3Zxb3JDUjU1U2dLeWVBZnd5bjBENGVDUU1JaApCTE1PQXJ2MU9aUkVHUTdYb2NZSGp0bXkxci9VSjM3R2thWkRLTGNpSG1mMGswV2tOREUzR0xCU1E5YS9iZ2xLCnhiaWRjNE9DdzRkbUMxSGtOWlZMN0xyOGNsQktMMGJrZjgwUExTRTFiZWhHNytuL1lnOFBpUzcyTUZ0Y3M3eHEKcXVpT3NQYTkxVEd4bDRxeU9sb1d4cFlUQ294VmdqR1AySTdYRzQ3cG03T2FzZmRxRVg2NnZzSlNDTTNYZE1VdApHV1lkMUNtVzFlRXd2aDYvei9iR0VuR3UxaG9GQWdNQkFBR2pXVEJYTUE0R0ExVWREd0VCL3dRRUF3SUNwREFQCkJnTlZIUk1CQWY4RUJUQURBUUgvTUIwR0ExVWREZ1FXQkJRb2dRVmcxYVJVVTdmamRvYmJYWEJ1UGovbTZUQVYKQmdOVkhSRUVEakFNZ2dwcmRXSmxjbTVsZEdWek1BMEdDU3FHU0liM0RRRUJDd1VBQTRJQkFRQ0Z3TDY4TXl3aAoycVc5YWVtdVVsY200WFBJN0ZCZkJ3VDNaUllnbTFtR0NtczVPSUNHUjdDS0FDWmJwdVQ2NFdiaXVic1ZRTjlGCk44KzZUUU1GdUIwZTZFZFNmb1RpS0tIR3NIYlhwQ1lGS2RIMG96RmJIc3p1TkcvVUZrbWRnMDI5d29vTmRhQ3EKZEUxVC9EYWpSeUNxdm9xYXlURHkrQ3I1UkplM0V4Z2lxeDlrZjlISTRuRkpVUUZHMDRBQ0owU3hTdW42SEZVbQpsZ2xuQ1RaZ0Nqa2hycjdUekFzSzZ0L1U5WnFhMGRBTDBBeFBUZi9QOGNRVnA2UUxpeXp6TDZSL0FtQmZBQTBXCnR2OWpzVW05SXRwMWJJQ1paRWhjT1VMMVFGcFNwb1BLOEFqUE9XeWo5MWJqdjA4VTFzQ1FGa3pZZ3M3MHdjYkYKOFFJYTdZUEF3U3ZtCi0tLS0tRU5EIENFUlRJRklDQVRFLS0tLS0K"
              }
            ],
            "cluster_id": null,
            "created_at": "2024-06-05 08:51:30.565 +0000 UTC",
            "enabled_cluster_log_types": [
              "api",
              "audit",
              "authenticator"
            ],
            "encryption_config": [
              {
                "provider": [
                  {
                    "key_arn": "arn:aws:kms:ap-south-1:954503069243:key/37d17005-5f3d-461d-8106-99f0b89d8928"
                  }
                ],
                "resources": [
                  "secrets"
                ]
              }
            ],
            "endpoint": "https://838B948F7EB2EE1D3127DC04A1B9A280.gr7.ap-south-1.eks.amazonaws.com",
            "id": "testing-innovation-poc",
            "identity": [
              {
                "oidc": [
                  {
                    "issuer": "https://oidc.eks.ap-south-1.amazonaws.com/id/838B948F7EB2EE1D3127DC04A1B9A280"
                  }
                ]
              }
            ],
            "kubernetes_network_config": [
              {
                "ip_family": "ipv4",
                "service_ipv4_cidr": "172.20.0.0/16",
                "service_ipv6_cidr": ""
              }
            ],
            "name": "testing-innovation-poc",
            "outpost_config": [],
            "platform_version": "eks.7",
            "role_arn": "arn:aws:iam::954503069243:role/testing-innovation-poc-cluster-20240605085105318900000002",
            "status": "ACTIVE",
            "tags": {
              "terraform-aws-modules": "eks"
            },
            "tags_all": {
              "terraform-aws-modules": "eks"
            },
            "timeouts": {
              "create": null,
              "delete": null,
              "update": null
            },
            "version": "1.29",
            "vpc_config": [
              {
                "cluster_security_group_id": "sg-095a89ffefc245086",
                "endpoint_private_access": true,
                "endpoint_public_access": true,
                "public_access_cidrs": [
                  "0.0.0.0/0"
                ],
                "security_group_ids": [
                  "sg-089064c1470ff6701"
                ],
                "subnet_ids": [
                  "subnet-03cd3a82701e4fa10",
                  "subnet-0f1e5b323925b1ce7"
                ],
                "vpc_id": "vpc-0f0a42726acd1d815"
              }
            ]
          },
          "sensitive_attributes": [],
          "private": "eyJlMmJmYjczMC1lY2FhLTExZTYtOGY4OC0zNDM2M2JjN2M0YzAiOnsiY3JlYXRlIjoxODAwMDAwMDAwMDAwLCJkZWxldGUiOjkwMDAwMDAwMDAwMCwidXBkYXRlIjozNjAwMDAwMDAwMDAwfX0=",
          "dependencies": [
            "data.aws_availability_zones.available",
            "module.eks.aws_cloudwatch_log_group.this",
            "module.eks.aws_iam_policy.cni_ipv6_policy",
            "module.eks.aws_iam_role.this",
            "module.eks.aws_iam_role_policy_attachment.this",
            "module.eks.aws_security_group.cluster",
            "module.eks.aws_security_group.node",
            "module.eks.aws_security_group_rule.cluster",
            "module.eks.aws_security_group_rule.node",
            "module.eks.data.aws_caller_identity.current",
            "module.eks.data.aws_iam_policy_document.assume_role_policy",
            "module.eks.data.aws_iam_policy_document.cni_ipv6_policy",
            "module.eks.data.aws_iam_session_context.current",
            "module.eks.data.aws_partition.current",
            "module.eks.module.kms.aws_kms_external_key.this",
            "module.eks.module.kms.aws_kms_key.this",
            "module.eks.module.kms.aws_kms_replica_external_key.this",
            "module.eks.module.kms.aws_kms_replica_key.this",
            "module.eks.module.kms.data.aws_caller_identity.current",
            "module.eks.module.kms.data.aws_iam_policy_document.this",
            "module.eks.module.kms.data.aws_partition.current",
            "module.vpc.aws_subnet.private",
            "module.vpc.aws_vpc.this",
            "module.vpc.aws_vpc_ipv4_cidr_block_association.this"
          ],
          "create_before_destroy": true
        }
      ]
    },
    {
      "module": "module.eks",
      "mode": "managed",
      "type": "aws_iam_openid_connect_provider",
      "name": "oidc_provider",
      "provider": "provider[\"registry.terraform.io/hashicorp/aws\"]",
      "instances": [
        {
          "index_key": 0,
          "schema_version": 0,
          "attributes": {
            "arn": "arn:aws:iam::954503069243:oidc-provider/oidc.eks.ap-south-1.amazonaws.com/id/838B948F7EB2EE1D3127DC04A1B9A280",
            "client_id_list": [
              "sts.amazonaws.com"
            ],
            "id": "arn:aws:iam::954503069243:oidc-provider/oidc.eks.ap-south-1.amazonaws.com/id/838B948F7EB2EE1D3127DC04A1B9A280",
            "tags": {
              "Name": "testing-innovation-poc-eks-irsa"
            },
            "tags_all": {
              "Name": "testing-innovation-poc-eks-irsa"
            },
            "thumbprint_list": [
              "9e99a48a9960b14926bb7f3b02e22da2b0ab7280"
            ],
            "url": "oidc.eks.ap-south-1.amazonaws.com/id/838B948F7EB2EE1D3127DC04A1B9A280"
          },
          "sensitive_attributes": [],
          "private": "bnVsbA==",
          "dependencies": [
            "data.aws_availability_zones.available",
            "module.eks.aws_cloudwatch_log_group.this",
            "module.eks.aws_eks_cluster.this",
            "module.eks.aws_iam_policy.cni_ipv6_policy",
            "module.eks.aws_iam_role.this",
            "module.eks.aws_iam_role_policy_attachment.this",
            "module.eks.aws_security_group.cluster",
            "module.eks.aws_security_group.node",
            "module.eks.aws_security_group_rule.cluster",
            "module.eks.aws_security_group_rule.node",
            "module.eks.data.aws_caller_identity.current",
            "module.eks.data.aws_iam_policy_document.assume_role_policy",
            "module.eks.data.aws_iam_policy_document.cni_ipv6_policy",
            "module.eks.data.aws_iam_session_context.current",
            "module.eks.data.aws_partition.current",
            "module.eks.data.tls_certificate.this",
            "module.eks.module.kms.aws_kms_external_key.this",
            "module.eks.module.kms.aws_kms_key.this",
            "module.eks.module.kms.aws_kms_replica_external_key.this",
            "module.eks.module.kms.aws_kms_replica_key.this",
            "module.eks.module.kms.data.aws_caller_identity.current",
            "module.eks.module.kms.data.aws_iam_policy_document.this",
            "module.eks.module.kms.data.aws_partition.current",
            "module.vpc.aws_subnet.private",
            "module.vpc.aws_vpc.this",
            "module.vpc.aws_vpc_ipv4_cidr_block_association.this"
          ]
        }
      ]
    },
    {
      "module": "module.eks",
      "mode": "managed",
      "type": "aws_iam_policy",
      "name": "cluster_encryption",
      "provider": "provider[\"registry.terraform.io/hashicorp/aws\"]",
      "instances": [
        {
          "index_key": 0,
          "schema_version": 0,
          "attributes": {
            "arn": "arn:aws:iam::954503069243:policy/testing-innovation-poc-cluster-ClusterEncryption20240605085128133000000010",
            "description": "Cluster encryption policy to allow cluster role to utilize CMK provided",
            "id": "arn:aws:iam::954503069243:policy/testing-innovation-poc-cluster-ClusterEncryption20240605085128133000000010",
            "name": "testing-innovation-poc-cluster-ClusterEncryption20240605085128133000000010",
            "name_prefix": "testing-innovation-poc-cluster-ClusterEncryption",
            "path": "/",
            "policy": "{\"Statement\":[{\"Action\":[\"kms:Encrypt\",\"kms:Decrypt\",\"kms:ListGrants\",\"kms:DescribeKey\"],\"Effect\":\"Allow\",\"Resource\":\"arn:aws:kms:ap-south-1:954503069243:key/37d17005-5f3d-461d-8106-99f0b89d8928\"}],\"Version\":\"2012-10-17\"}",
            "policy_id": "ANPA54PGQ7Y5URGJZBWOZ",
            "tags": {},
            "tags_all": {}
          },
          "sensitive_attributes": [],
          "private": "bnVsbA==",
          "dependencies": [
            "module.eks.aws_iam_role.this",
            "module.eks.data.aws_caller_identity.current",
            "module.eks.data.aws_iam_policy_document.assume_role_policy",
            "module.eks.data.aws_iam_session_context.current",
            "module.eks.module.kms.aws_kms_external_key.this",
            "module.eks.module.kms.aws_kms_key.this",
            "module.eks.module.kms.aws_kms_replica_external_key.this",
            "module.eks.module.kms.aws_kms_replica_key.this",
            "module.eks.module.kms.data.aws_caller_identity.current",
            "module.eks.module.kms.data.aws_iam_policy_document.this",
            "module.eks.module.kms.data.aws_partition.current"
          ]
        }
      ]
    },
    {
      "module": "module.eks",
      "mode": "managed",
      "type": "aws_iam_role",
      "name": "this",
      "provider": "provider[\"registry.terraform.io/hashicorp/aws\"]",
      "instances": [
        {
          "index_key": 0,
          "schema_version": 0,
          "attributes": {
            "arn": "arn:aws:iam::954503069243:role/testing-innovation-poc-cluster-20240605085105318900000002",
            "assume_role_policy": "{\"Statement\":[{\"Action\":\"sts:AssumeRole\",\"Effect\":\"Allow\",\"Principal\":{\"Service\":\"eks.amazonaws.com\"},\"Sid\":\"EKSClusterAssumeRole\"}],\"Version\":\"2012-10-17\"}",
            "create_date": "2024-06-05T08:51:06Z",
            "description": "",
            "force_detach_policies": true,
            "id": "testing-innovation-poc-cluster-20240605085105318900000002",
            "inline_policy": [
              {
                "name": "testing-innovation-poc-cluster",
                "policy": "{\"Version\":\"2012-10-17\",\"Statement\":[{\"Action\":[\"logs:CreateLogGroup\"],\"Effect\":\"Deny\",\"Resource\":\"*\"}]}"
              }
            ],
            "managed_policy_arns": [
              "arn:aws:iam::954503069243:policy/testing-innovation-poc-cluster-ClusterEncryption20240605085128133000000010",
              "arn:aws:iam::aws:policy/AmazonEKSClusterPolicy",
              "arn:aws:iam::aws:policy/AmazonEKSVPCResourceController"
            ],
            "max_session_duration": 3600,
            "name": "testing-innovation-poc-cluster-20240605085105318900000002",
            "name_prefix": "testing-innovation-poc-cluster-",
            "path": "/",
            "permissions_boundary": "",
            "tags": {},
            "tags_all": {},
            "unique_id": "AROA54PGQ7Y5RQFLBQ3AQ"
          },
          "sensitive_attributes": [],
          "private": "bnVsbA==",
          "dependencies": [
            "module.eks.data.aws_iam_policy_document.assume_role_policy"
          ],
          "create_before_destroy": true
        }
      ]
    },
    {
      "module": "module.eks",
      "mode": "managed",
      "type": "aws_iam_role_policy_attachment",
      "name": "cluster_encryption",
      "provider": "provider[\"registry.terraform.io/hashicorp/aws\"]",
      "instances": [
        {
          "index_key": 0,
          "schema_version": 0,
          "attributes": {
            "id": "testing-innovation-poc-cluster-20240605085105318900000002-20240605085129154100000011",
            "policy_arn": "arn:aws:iam::954503069243:policy/testing-innovation-poc-cluster-ClusterEncryption20240605085128133000000010",
            "role": "testing-innovation-poc-cluster-20240605085105318900000002"
          },
          "sensitive_attributes": [],
          "private": "bnVsbA==",
          "dependencies": [
            "module.eks.aws_iam_policy.cluster_encryption",
            "module.eks.aws_iam_role.this",
            "module.eks.data.aws_caller_identity.current",
            "module.eks.data.aws_iam_policy_document.assume_role_policy",
            "module.eks.data.aws_iam_session_context.current",
            "module.eks.module.kms.aws_kms_external_key.this",
            "module.eks.module.kms.aws_kms_key.this",
            "module.eks.module.kms.aws_kms_replica_external_key.this",
            "module.eks.module.kms.aws_kms_replica_key.this",
            "module.eks.module.kms.data.aws_caller_identity.current",
            "module.eks.module.kms.data.aws_iam_policy_document.this",
            "module.eks.module.kms.data.aws_partition.current"
          ]
        }
      ]
    },
    {
      "module": "module.eks",
      "mode": "managed",
      "type": "aws_iam_role_policy_attachment",
      "name": "this",
      "provider": "provider[\"registry.terraform.io/hashicorp/aws\"]",
      "instances": [
        {
          "index_key": "AmazonEKSClusterPolicy",
          "schema_version": 0,
          "attributes": {
            "id": "testing-innovation-poc-cluster-20240605085105318900000002-20240605085107585000000004",
            "policy_arn": "arn:aws:iam::aws:policy/AmazonEKSClusterPolicy",
            "role": "testing-innovation-poc-cluster-20240605085105318900000002"
          },
          "sensitive_attributes": [],
          "private": "bnVsbA==",
          "dependencies": [
            "module.eks.aws_iam_role.this",
            "module.eks.data.aws_iam_policy_document.assume_role_policy",
            "module.eks.data.aws_partition.current"
          ],
          "create_before_destroy": true
        },
        {
          "index_key": "AmazonEKSVPCResourceController",
          "schema_version": 0,
          "attributes": {
            "id": "testing-innovation-poc-cluster-20240605085105318900000002-20240605085107578200000003",
            "policy_arn": "arn:aws:iam::aws:policy/AmazonEKSVPCResourceController",
            "role": "testing-innovation-poc-cluster-20240605085105318900000002"
          },
          "sensitive_attributes": [],
          "private": "bnVsbA==",
          "dependencies": [
            "module.eks.aws_iam_role.this",
            "module.eks.data.aws_iam_policy_document.assume_role_policy",
            "module.eks.data.aws_partition.current"
          ],
          "create_before_destroy": true
        }
      ]
    },
    {
      "module": "module.eks",
      "mode": "managed",
      "type": "aws_security_group",
      "name": "cluster",
      "provider": "provider[\"registry.terraform.io/hashicorp/aws\"]",
      "instances": [
        {
          "index_key": 0,
          "schema_version": 1,
          "attributes": {
            "arn": "arn:aws:ec2:ap-south-1:954503069243:security-group/sg-089064c1470ff6701",
            "description": "EKS cluster security group",
            "egress": [],
            "id": "sg-089064c1470ff6701",
            "ingress": [
              {
                "cidr_blocks": [
                  "10.107.160.0/24"
                ],
                "description": "within_vpc",
                "from_port": 0,
                "ipv6_cidr_blocks": [],
                "prefix_list_ids": [],
                "protocol": "-1",
                "security_groups": [],
                "self": false,
                "to_port": 0
              },
              {
                "cidr_blocks": [],
                "description": "Node groups to cluster API",
                "from_port": 443,
                "ipv6_cidr_blocks": [],
                "prefix_list_ids": [],
                "protocol": "tcp",
                "security_groups": [
                  "sg-00cd64342bd1333f1"
                ],
                "self": false,
                "to_port": 443
              },
              {
                "cidr_blocks": [],
                "description": "Nodes on ephemeral ports",
                "from_port": 1025,
                "ipv6_cidr_blocks": [],
                "prefix_list_ids": [],
                "protocol": "tcp",
                "security_groups": [
                  "sg-00cd64342bd1333f1"
                ],
                "self": false,
                "to_port": 65535
              }
            ],
            "name": "testing-innovation-poc-cluster-20240605085116568700000006",
            "name_prefix": "testing-innovation-poc-cluster-",
            "owner_id": "954503069243",
            "revoke_rules_on_delete": false,
            "tags": {
              "Name": "testing-innovation-poc-cluster"
            },
            "tags_all": {
              "Name": "testing-innovation-poc-cluster"
            },
            "timeouts": null,
            "vpc_id": "vpc-0f0a42726acd1d815"
          },
          "sensitive_attributes": [],
          "private": "eyJlMmJmYjczMC1lY2FhLTExZTYtOGY4OC0zNDM2M2JjN2M0YzAiOnsiY3JlYXRlIjo2MDAwMDAwMDAwMDAsImRlbGV0ZSI6OTAwMDAwMDAwMDAwfSwic2NoZW1hX3ZlcnNpb24iOiIxIn0=",
          "dependencies": [
            "module.vpc.aws_vpc.this"
          ],
          "create_before_destroy": true
        }
      ]
    },
    {
      "module": "module.eks",
      "mode": "managed",
      "type": "aws_security_group",
      "name": "node",
      "provider": "provider[\"registry.terraform.io/hashicorp/aws\"]",
      "instances": [
        {
          "index_key": 0,
          "schema_version": 1,
          "attributes": {
            "arn": "arn:aws:ec2:ap-south-1:954503069243:security-group/sg-00cd64342bd1333f1",
            "description": "EKS node shared security group",
            "egress": [
              {
                "cidr_blocks": [
                  "0.0.0.0/0"
                ],
                "description": "Allow all egress",
                "from_port": 0,
                "ipv6_cidr_blocks": [],
                "prefix_list_ids": [],
                "protocol": "-1",
                "security_groups": [],
                "self": false,
                "to_port": 0
              }
            ],
            "id": "sg-00cd64342bd1333f1",
            "ingress": [
              {
                "cidr_blocks": [],
                "description": "",
                "from_port": 0,
                "ipv6_cidr_blocks": [],
                "prefix_list_ids": [],
                "protocol": "-1",
                "security_groups": [
                  "sg-02f6fca30a3419765"
                ],
                "self": false,
                "to_port": 0
              },
              {
                "cidr_blocks": [],
                "description": "Cluster API to Nodegroup all traffic",
                "from_port": 0,
                "ipv6_cidr_blocks": [],
                "prefix_list_ids": [],
                "protocol": "-1",
                "security_groups": [
                  "sg-089064c1470ff6701"
                ],
                "self": false,
                "to_port": 0
              },
              {
                "cidr_blocks": [],
                "description": "Cluster API to node 4443/tcp webhook",
                "from_port": 4443,
                "ipv6_cidr_blocks": [],
                "prefix_list_ids": [],
                "protocol": "tcp",
                "security_groups": [
                  "sg-089064c1470ff6701"
                ],
                "self": false,
                "to_port": 4443
              },
              {
                "cidr_blocks": [],
                "description": "Cluster API to node 6443/tcp webhook",
                "from_port": 6443,
                "ipv6_cidr_blocks": [],
                "prefix_list_ids": [],
                "protocol": "tcp",
                "security_groups": [
                  "sg-089064c1470ff6701"
                ],
                "self": false,
                "to_port": 6443
              },
              {
                "cidr_blocks": [],
                "description": "Cluster API to node 8443/tcp webhook",
                "from_port": 8443,
                "ipv6_cidr_blocks": [],
                "prefix_list_ids": [],
                "protocol": "tcp",
                "security_groups": [
                  "sg-089064c1470ff6701"
                ],
                "self": false,
                "to_port": 8443
              },
              {
                "cidr_blocks": [],
                "description": "Cluster API to node 9443/tcp webhook",
                "from_port": 9443,
                "ipv6_cidr_blocks": [],
                "prefix_list_ids": [],
                "protocol": "tcp",
                "security_groups": [
                  "sg-089064c1470ff6701"
                ],
                "self": false,
                "to_port": 9443
              },
              {
                "cidr_blocks": [],
                "description": "Cluster API to node groups",
                "from_port": 443,
                "ipv6_cidr_blocks": [],
                "prefix_list_ids": [],
                "protocol": "tcp",
                "security_groups": [
                  "sg-089064c1470ff6701"
                ],
                "self": false,
                "to_port": 443
              },
              {
                "cidr_blocks": [],
                "description": "Cluster API to node kubelets",
                "from_port": 10250,
                "ipv6_cidr_blocks": [],
                "prefix_list_ids": [],
                "protocol": "tcp",
                "security_groups": [
                  "sg-089064c1470ff6701"
                ],
                "self": false,
                "to_port": 10250
              },
              {
                "cidr_blocks": [],
                "description": "Node to node CoreDNS UDP",
                "from_port": 53,
                "ipv6_cidr_blocks": [],
                "prefix_list_ids": [],
                "protocol": "udp",
                "security_groups": [],
                "self": true,
                "to_port": 53
              },
              {
                "cidr_blocks": [],
                "description": "Node to node CoreDNS",
                "from_port": 53,
                "ipv6_cidr_blocks": [],
                "prefix_list_ids": [],
                "protocol": "tcp",
                "security_groups": [],
                "self": true,
                "to_port": 53
              },
              {
                "cidr_blocks": [],
                "description": "Node to node all ports/protocols",
                "from_port": 0,
                "ipv6_cidr_blocks": [],
                "prefix_list_ids": [],
                "protocol": "-1",
                "security_groups": [],
                "self": true,
                "to_port": 0
              },
              {
                "cidr_blocks": [],
                "description": "Node to node ingress on ephemeral ports",
                "from_port": 1025,
                "ipv6_cidr_blocks": [],
                "prefix_list_ids": [],
                "protocol": "tcp",
                "security_groups": [],
                "self": true,
                "to_port": 65535
              }
            ],
            "name": "testing-innovation-poc-node-20240605085116564900000005",
            "name_prefix": "testing-innovation-poc-node-",
            "owner_id": "954503069243",
            "revoke_rules_on_delete": false,
            "tags": {
              "Name": "testing-innovation-poc-node",
              "kubernetes.io/cluster/testing-innovation-poc": "owned"
            },
            "tags_all": {
              "Name": "testing-innovation-poc-node",
              "kubernetes.io/cluster/testing-innovation-poc": "owned"
            },
            "timeouts": null,
            "vpc_id": "vpc-0f0a42726acd1d815"
          },
          "sensitive_attributes": [],
          "private": "eyJlMmJmYjczMC1lY2FhLTExZTYtOGY4OC0zNDM2M2JjN2M0YzAiOnsiY3JlYXRlIjo2MDAwMDAwMDAwMDAsImRlbGV0ZSI6OTAwMDAwMDAwMDAwfSwic2NoZW1hX3ZlcnNpb24iOiIxIn0=",
          "dependencies": [
            "module.vpc.aws_vpc.this"
          ],
          "create_before_destroy": true
        }
      ]
    },
    {
      "module": "module.eks",
      "mode": "managed",
      "type": "aws_security_group_rule",
      "name": "cluster",
      "provider": "provider[\"registry.terraform.io/hashicorp/aws\"]",
      "instances": [
        {
          "index_key": "ingress_nodes_443",
          "schema_version": 2,
          "attributes": {
            "cidr_blocks": null,
            "description": "Node groups to cluster API",
            "from_port": 443,
            "id": "sgrule-2443972956",
            "ipv6_cidr_blocks": null,
            "prefix_list_ids": null,
            "protocol": "tcp",
            "security_group_id": "sg-089064c1470ff6701",
            "security_group_rule_id": "sgr-0662895e0af62896a",
            "self": false,
            "source_security_group_id": "sg-00cd64342bd1333f1",
            "timeouts": null,
            "to_port": 443,
            "type": "ingress"
          },
          "sensitive_attributes": [],
          "private": "eyJlMmJmYjczMC1lY2FhLTExZTYtOGY4OC0zNDM2M2JjN2M0YzAiOnsiY3JlYXRlIjozMDAwMDAwMDAwMDB9LCJzY2hlbWFfdmVyc2lvbiI6IjIifQ==",
          "dependencies": [
            "module.eks.aws_security_group.cluster",
            "module.eks.aws_security_group.node",
            "module.vpc.aws_vpc.this"
          ],
          "create_before_destroy": true
        },
        {
          "index_key": "ingress_nodes_ephemeral_ports_tcp",
          "schema_version": 2,
          "attributes": {
            "cidr_blocks": null,
            "description": "Nodes on ephemeral ports",
            "from_port": 1025,
            "id": "sgrule-4128953104",
            "ipv6_cidr_blocks": null,
            "prefix_list_ids": null,
            "protocol": "tcp",
            "security_group_id": "sg-089064c1470ff6701",
            "security_group_rule_id": "sgr-090500cf16a953378",
            "self": false,
            "source_security_group_id": "sg-00cd64342bd1333f1",
            "timeouts": null,
            "to_port": 65535,
            "type": "ingress"
          },
          "sensitive_attributes": [],
          "private": "eyJlMmJmYjczMC1lY2FhLTExZTYtOGY4OC0zNDM2M2JjN2M0YzAiOnsiY3JlYXRlIjozMDAwMDAwMDAwMDB9LCJzY2hlbWFfdmVyc2lvbiI6IjIifQ==",
          "dependencies": [
            "module.eks.aws_security_group.cluster",
            "module.eks.aws_security_group.node",
            "module.vpc.aws_vpc.this"
          ],
          "create_before_destroy": true
        },
        {
          "index_key": "within_vpc",
          "schema_version": 2,
          "attributes": {
            "cidr_blocks": [
              "10.107.160.0/24"
            ],
            "description": "within_vpc",
            "from_port": 0,
            "id": "sgrule-33627823",
            "ipv6_cidr_blocks": null,
            "prefix_list_ids": null,
            "protocol": "-1",
            "security_group_id": "sg-089064c1470ff6701",
            "security_group_rule_id": "sgr-0e1d8a1a68de1a769",
            "self": false,
            "source_security_group_id": null,
            "timeouts": null,
            "to_port": 0,
            "type": "ingress"
          },
          "sensitive_attributes": [],
          "private": "eyJlMmJmYjczMC1lY2FhLTExZTYtOGY4OC0zNDM2M2JjN2M0YzAiOnsiY3JlYXRlIjozMDAwMDAwMDAwMDB9LCJzY2hlbWFfdmVyc2lvbiI6IjIifQ==",
          "dependencies": [
            "module.eks.aws_security_group.cluster",
            "module.eks.aws_security_group.node",
            "module.vpc.aws_vpc.this"
          ],
          "create_before_destroy": true
        }
      ]
    },
    {
      "module": "module.eks",
      "mode": "managed",
      "type": "aws_security_group_rule",
      "name": "node",
      "provider": "provider[\"registry.terraform.io/hashicorp/aws\"]",
      "instances": [
        {
          "index_key": "egress_all",
          "schema_version": 2,
          "attributes": {
            "cidr_blocks": [
              "0.0.0.0/0"
            ],
            "description": "Allow all egress",
            "from_port": 0,
            "id": "sgrule-981254971",
            "ipv6_cidr_blocks": null,
            "prefix_list_ids": [],
            "protocol": "-1",
            "security_group_id": "sg-00cd64342bd1333f1",
            "security_group_rule_id": "sgr-03c19f600beebb532",
            "self": false,
            "source_security_group_id": null,
            "timeouts": null,
            "to_port": 0,
            "type": "egress"
          },
          "sensitive_attributes": [],
          "private": "eyJlMmJmYjczMC1lY2FhLTExZTYtOGY4OC0zNDM2M2JjN2M0YzAiOnsiY3JlYXRlIjozMDAwMDAwMDAwMDB9LCJzY2hlbWFfdmVyc2lvbiI6IjIifQ==",
          "dependencies": [
            "module.eks.aws_security_group.cluster",
            "module.eks.aws_security_group.node",
            "module.vpc.aws_vpc.this"
          ],
          "create_before_destroy": true
        },
        {
          "index_key": "ingress_cluster_443",
          "schema_version": 2,
          "attributes": {
            "cidr_blocks": null,
            "description": "Cluster API to node groups",
            "from_port": 443,
            "id": "sgrule-2830215009",
            "ipv6_cidr_blocks": null,
            "prefix_list_ids": [],
            "protocol": "tcp",
            "security_group_id": "sg-00cd64342bd1333f1",
            "security_group_rule_id": "sgr-0ebd965880d985ece",
            "self": false,
            "source_security_group_id": "sg-089064c1470ff6701",
            "timeouts": null,
            "to_port": 443,
            "type": "ingress"
          },
          "sensitive_attributes": [],
          "private": "eyJlMmJmYjczMC1lY2FhLTExZTYtOGY4OC0zNDM2M2JjN2M0YzAiOnsiY3JlYXRlIjozMDAwMDAwMDAwMDB9LCJzY2hlbWFfdmVyc2lvbiI6IjIifQ==",
          "dependencies": [
            "module.eks.aws_security_group.cluster",
            "module.eks.aws_security_group.node",
            "module.vpc.aws_vpc.this"
          ],
          "create_before_destroy": true
        },
        {
          "index_key": "ingress_cluster_4443_webhook",
          "schema_version": 2,
          "attributes": {
            "cidr_blocks": null,
            "description": "Cluster API to node 4443/tcp webhook",
            "from_port": 4443,
            "id": "sgrule-3398101468",
            "ipv6_cidr_blocks": null,
            "prefix_list_ids": [],
            "protocol": "tcp",
            "security_group_id": "sg-00cd64342bd1333f1",
            "security_group_rule_id": "sgr-067f420a77b196b7c",
            "self": false,
            "source_security_group_id": "sg-089064c1470ff6701",
            "timeouts": null,
            "to_port": 4443,
            "type": "ingress"
          },
          "sensitive_attributes": [],
          "private": "eyJlMmJmYjczMC1lY2FhLTExZTYtOGY4OC0zNDM2M2JjN2M0YzAiOnsiY3JlYXRlIjozMDAwMDAwMDAwMDB9LCJzY2hlbWFfdmVyc2lvbiI6IjIifQ==",
          "dependencies": [
            "module.eks.aws_security_group.cluster",
            "module.eks.aws_security_group.node",
            "module.vpc.aws_vpc.this"
          ],
          "create_before_destroy": true
        },
        {
          "index_key": "ingress_cluster_6443_webhook",
          "schema_version": 2,
          "attributes": {
            "cidr_blocks": null,
            "description": "Cluster API to node 6443/tcp webhook",
            "from_port": 6443,
            "id": "sgrule-63475274",
            "ipv6_cidr_blocks": null,
            "prefix_list_ids": [],
            "protocol": "tcp",
            "security_group_id": "sg-00cd64342bd1333f1",
            "security_group_rule_id": "sgr-07ffa4e69805d0d86",
            "self": false,
            "source_security_group_id": "sg-089064c1470ff6701",
            "timeouts": null,
            "to_port": 6443,
            "type": "ingress"
          },
          "sensitive_attributes": [],
          "private": "eyJlMmJmYjczMC1lY2FhLTExZTYtOGY4OC0zNDM2M2JjN2M0YzAiOnsiY3JlYXRlIjozMDAwMDAwMDAwMDB9LCJzY2hlbWFfdmVyc2lvbiI6IjIifQ==",
          "dependencies": [
            "module.eks.aws_security_group.cluster",
            "module.eks.aws_security_group.node",
            "module.vpc.aws_vpc.this"
          ],
          "create_before_destroy": true
        },
        {
          "index_key": "ingress_cluster_8443_webhook",
          "schema_version": 2,
          "attributes": {
            "cidr_blocks": null,
            "description": "Cluster API to node 8443/tcp webhook",
            "from_port": 8443,
            "id": "sgrule-278180459",
            "ipv6_cidr_blocks": null,
            "prefix_list_ids": [],
            "protocol": "tcp",
            "security_group_id": "sg-00cd64342bd1333f1",
            "security_group_rule_id": "sgr-040df9cae9410e0b9",
            "self": false,
            "source_security_group_id": "sg-089064c1470ff6701",
            "timeouts": null,
            "to_port": 8443,
            "type": "ingress"
          },
          "sensitive_attributes": [],
          "private": "eyJlMmJmYjczMC1lY2FhLTExZTYtOGY4OC0zNDM2M2JjN2M0YzAiOnsiY3JlYXRlIjozMDAwMDAwMDAwMDB9LCJzY2hlbWFfdmVyc2lvbiI6IjIifQ==",
          "dependencies": [
            "module.eks.aws_security_group.cluster",
            "module.eks.aws_security_group.node",
            "module.vpc.aws_vpc.this"
          ],
          "create_before_destroy": true
        },
        {
          "index_key": "ingress_cluster_9443_webhook",
          "schema_version": 2,
          "attributes": {
            "cidr_blocks": null,
            "description": "Cluster API to node 9443/tcp webhook",
            "from_port": 9443,
            "id": "sgrule-1949663648",
            "ipv6_cidr_blocks": null,
            "prefix_list_ids": [],
            "protocol": "tcp",
            "security_group_id": "sg-00cd64342bd1333f1",
            "security_group_rule_id": "sgr-0960cce6bf3e9b307",
            "self": false,
            "source_security_group_id": "sg-089064c1470ff6701",
            "timeouts": null,
            "to_port": 9443,
            "type": "ingress"
          },
          "sensitive_attributes": [],
          "private": "eyJlMmJmYjczMC1lY2FhLTExZTYtOGY4OC0zNDM2M2JjN2M0YzAiOnsiY3JlYXRlIjozMDAwMDAwMDAwMDB9LCJzY2hlbWFfdmVyc2lvbiI6IjIifQ==",
          "dependencies": [
            "module.eks.aws_security_group.cluster",
            "module.eks.aws_security_group.node",
            "module.vpc.aws_vpc.this"
          ],
          "create_before_destroy": true
        },
        {
          "index_key": "ingress_cluster_kubelet",
          "schema_version": 2,
          "attributes": {
            "cidr_blocks": null,
            "description": "Cluster API to node kubelets",
            "from_port": 10250,
            "id": "sgrule-2984501259",
            "ipv6_cidr_blocks": null,
            "prefix_list_ids": [],
            "protocol": "tcp",
            "security_group_id": "sg-00cd64342bd1333f1",
            "security_group_rule_id": "sgr-01f372f8e467b26bf",
            "self": false,
            "source_security_group_id": "sg-089064c1470ff6701",
            "timeouts": null,
            "to_port": 10250,
            "type": "ingress"
          },
          "sensitive_attributes": [],
          "private": "eyJlMmJmYjczMC1lY2FhLTExZTYtOGY4OC0zNDM2M2JjN2M0YzAiOnsiY3JlYXRlIjozMDAwMDAwMDAwMDB9LCJzY2hlbWFfdmVyc2lvbiI6IjIifQ==",
          "dependencies": [
            "module.eks.aws_security_group.cluster",
            "module.eks.aws_security_group.node",
            "module.vpc.aws_vpc.this"
          ],
          "create_before_destroy": true
        },
        {
          "index_key": "ingress_cluster_to_node_all_traffic",
          "schema_version": 2,
          "attributes": {
            "cidr_blocks": null,
            "description": "Cluster API to Nodegroup all traffic",
            "from_port": 0,
            "id": "sgrule-1197940280",
            "ipv6_cidr_blocks": null,
            "prefix_list_ids": [],
            "protocol": "-1",
            "security_group_id": "sg-00cd64342bd1333f1",
            "security_group_rule_id": "sgr-040ee43f2eb72a02c",
            "self": false,
            "source_security_group_id": "sg-089064c1470ff6701",
            "timeouts": null,
            "to_port": 0,
            "type": "ingress"
          },
          "sensitive_attributes": [],
          "private": "eyJlMmJmYjczMC1lY2FhLTExZTYtOGY4OC0zNDM2M2JjN2M0YzAiOnsiY3JlYXRlIjozMDAwMDAwMDAwMDB9LCJzY2hlbWFfdmVyc2lvbiI6IjIifQ==",
          "dependencies": [
            "module.eks.aws_security_group.cluster",
            "module.eks.aws_security_group.node",
            "module.vpc.aws_vpc.this"
          ],
          "create_before_destroy": true
        },
        {
          "index_key": "ingress_nodes_ephemeral",
          "schema_version": 2,
          "attributes": {
            "cidr_blocks": null,
            "description": "Node to node ingress on ephemeral ports",
            "from_port": 1025,
            "id": "sgrule-3010425453",
            "ipv6_cidr_blocks": null,
            "prefix_list_ids": [],
            "protocol": "tcp",
            "security_group_id": "sg-00cd64342bd1333f1",
            "security_group_rule_id": "sgr-0a8cddc0e52e5e680",
            "self": true,
            "source_security_group_id": null,
            "timeouts": null,
            "to_port": 65535,
            "type": "ingress"
          },
          "sensitive_attributes": [],
          "private": "eyJlMmJmYjczMC1lY2FhLTExZTYtOGY4OC0zNDM2M2JjN2M0YzAiOnsiY3JlYXRlIjozMDAwMDAwMDAwMDB9LCJzY2hlbWFfdmVyc2lvbiI6IjIifQ==",
          "dependencies": [
            "module.eks.aws_security_group.cluster",
            "module.eks.aws_security_group.node",
            "module.vpc.aws_vpc.this"
          ],
          "create_before_destroy": true
        },
        {
          "index_key": "ingress_self_all",
          "schema_version": 2,
          "attributes": {
            "cidr_blocks": null,
            "description": "Node to node all ports/protocols",
            "from_port": 0,
            "id": "sgrule-1482660753",
            "ipv6_cidr_blocks": null,
            "prefix_list_ids": [],
            "protocol": "-1",
            "security_group_id": "sg-00cd64342bd1333f1",
            "security_group_rule_id": "sgr-0eb4c86b4e1a4a5ef",
            "self": true,
            "source_security_group_id": null,
            "timeouts": null,
            "to_port": 0,
            "type": "ingress"
          },
          "sensitive_attributes": [],
          "private": "eyJlMmJmYjczMC1lY2FhLTExZTYtOGY4OC0zNDM2M2JjN2M0YzAiOnsiY3JlYXRlIjozMDAwMDAwMDAwMDB9LCJzY2hlbWFfdmVyc2lvbiI6IjIifQ==",
          "dependencies": [
            "module.eks.aws_security_group.cluster",
            "module.eks.aws_security_group.node",
            "module.vpc.aws_vpc.this"
          ],
          "create_before_destroy": true
        },
        {
          "index_key": "ingress_self_coredns_tcp",
          "schema_version": 2,
          "attributes": {
            "cidr_blocks": null,
            "description": "Node to node CoreDNS",
            "from_port": 53,
            "id": "sgrule-518578508",
            "ipv6_cidr_blocks": null,
            "prefix_list_ids": [],
            "protocol": "tcp",
            "security_group_id": "sg-00cd64342bd1333f1",
            "security_group_rule_id": "sgr-0bf79dd06f8b64c23",
            "self": true,
            "source_security_group_id": null,
            "timeouts": null,
            "to_port": 53,
            "type": "ingress"
          },
          "sensitive_attributes": [],
          "private": "eyJlMmJmYjczMC1lY2FhLTExZTYtOGY4OC0zNDM2M2JjN2M0YzAiOnsiY3JlYXRlIjozMDAwMDAwMDAwMDB9LCJzY2hlbWFfdmVyc2lvbiI6IjIifQ==",
          "dependencies": [
            "module.eks.aws_security_group.cluster",
            "module.eks.aws_security_group.node",
            "module.vpc.aws_vpc.this"
          ],
          "create_before_destroy": true
        },
        {
          "index_key": "ingress_self_coredns_udp",
          "schema_version": 2,
          "attributes": {
            "cidr_blocks": null,
            "description": "Node to node CoreDNS UDP",
            "from_port": 53,
            "id": "sgrule-3132572323",
            "ipv6_cidr_blocks": null,
            "prefix_list_ids": [],
            "protocol": "udp",
            "security_group_id": "sg-00cd64342bd1333f1",
            "security_group_rule_id": "sgr-077be8c606978a8e4",
            "self": true,
            "source_security_group_id": null,
            "timeouts": null,
            "to_port": 53,
            "type": "ingress"
          },
          "sensitive_attributes": [],
          "private": "eyJlMmJmYjczMC1lY2FhLTExZTYtOGY4OC0zNDM2M2JjN2M0YzAiOnsiY3JlYXRlIjozMDAwMDAwMDAwMDB9LCJzY2hlbWFfdmVyc2lvbiI6IjIifQ==",
          "dependencies": [
            "module.eks.aws_security_group.cluster",
            "module.eks.aws_security_group.node",
            "module.vpc.aws_vpc.this"
          ],
          "create_before_destroy": true
        }
      ]
    },
    {
      "module": "module.eks",
      "mode": "managed",
      "type": "time_sleep",
      "name": "this",
      "provider": "provider[\"registry.terraform.io/hashicorp/time\"]",
      "instances": [
        {
          "index_key": 0,
          "schema_version": 0,
          "attributes": {
            "create_duration": "30s",
            "destroy_duration": null,
            "id": "2024-06-05T08:59:50Z",
            "triggers": {
              "cluster_certificate_authority_data": "LS0tLS1CRUdJTiBDRVJUSUZJQ0FURS0tLS0tCk1JSURCVENDQWUyZ0F3SUJBZ0lJWWJxVU1jWGFTM3N3RFFZSktvWklodmNOQVFFTEJRQXdGVEVUTUJFR0ExVUUKQXhNS2EzVmlaWEp1WlhSbGN6QWVGdzB5TkRBMk1EVXdPRFV3TXpGYUZ3MHpOREEyTURNd09EVTFNekZhTUJVeApFekFSQmdOVkJBTVRDbXQxWW1WeWJtVjBaWE13Z2dFaU1BMEdDU3FHU0liM0RRRUJBUVVBQTRJQkR3QXdnZ0VLCkFvSUJBUUM0dTdxUDJKVi9nVDVOR3Z3WTEzNDFYekF0cFdIQThQU2ZidTRhWkIwRVpPSGJjOVpDSTJQaElUUnoKY0FZOFhoSmp1Z3Foc2ljcVNNNDRTVkc3eVl4RnV0SEduMWgrZ3Zxb3JDUjU1U2dLeWVBZnd5bjBENGVDUU1JaApCTE1PQXJ2MU9aUkVHUTdYb2NZSGp0bXkxci9VSjM3R2thWkRLTGNpSG1mMGswV2tOREUzR0xCU1E5YS9iZ2xLCnhiaWRjNE9DdzRkbUMxSGtOWlZMN0xyOGNsQktMMGJrZjgwUExTRTFiZWhHNytuL1lnOFBpUzcyTUZ0Y3M3eHEKcXVpT3NQYTkxVEd4bDRxeU9sb1d4cFlUQ294VmdqR1AySTdYRzQ3cG03T2FzZmRxRVg2NnZzSlNDTTNYZE1VdApHV1lkMUNtVzFlRXd2aDYvei9iR0VuR3UxaG9GQWdNQkFBR2pXVEJYTUE0R0ExVWREd0VCL3dRRUF3SUNwREFQCkJnTlZIUk1CQWY4RUJUQURBUUgvTUIwR0ExVWREZ1FXQkJRb2dRVmcxYVJVVTdmamRvYmJYWEJ1UGovbTZUQVYKQmdOVkhSRUVEakFNZ2dwcmRXSmxjbTVsZEdWek1BMEdDU3FHU0liM0RRRUJDd1VBQTRJQkFRQ0Z3TDY4TXl3aAoycVc5YWVtdVVsY200WFBJN0ZCZkJ3VDNaUllnbTFtR0NtczVPSUNHUjdDS0FDWmJwdVQ2NFdiaXVic1ZRTjlGCk44KzZUUU1GdUIwZTZFZFNmb1RpS0tIR3NIYlhwQ1lGS2RIMG96RmJIc3p1TkcvVUZrbWRnMDI5d29vTmRhQ3EKZEUxVC9EYWpSeUNxdm9xYXlURHkrQ3I1UkplM0V4Z2lxeDlrZjlISTRuRkpVUUZHMDRBQ0owU3hTdW42SEZVbQpsZ2xuQ1RaZ0Nqa2hycjdUekFzSzZ0L1U5WnFhMGRBTDBBeFBUZi9QOGNRVnA2UUxpeXp6TDZSL0FtQmZBQTBXCnR2OWpzVW05SXRwMWJJQ1paRWhjT1VMMVFGcFNwb1BLOEFqUE9XeWo5MWJqdjA4VTFzQ1FGa3pZZ3M3MHdjYkYKOFFJYTdZUEF3U3ZtCi0tLS0tRU5EIENFUlRJRklDQVRFLS0tLS0K",
              "cluster_endpoint": "https://838B948F7EB2EE1D3127DC04A1B9A280.gr7.ap-south-1.eks.amazonaws.com",
              "cluster_name": "testing-innovation-poc",
              "cluster_service_cidr": "172.20.0.0/16",
              "cluster_version": "1.29"
            }
          },
          "sensitive_attributes": [],
          "dependencies": [
            "data.aws_availability_zones.available",
            "module.eks.aws_cloudwatch_log_group.this",
            "module.eks.aws_eks_cluster.this",
            "module.eks.aws_iam_policy.cni_ipv6_policy",
            "module.eks.aws_iam_role.this",
            "module.eks.aws_iam_role_policy_attachment.this",
            "module.eks.aws_security_group.cluster",
            "module.eks.aws_security_group.node",
            "module.eks.aws_security_group_rule.cluster",
            "module.eks.aws_security_group_rule.node",
            "module.eks.data.aws_caller_identity.current",
            "module.eks.data.aws_iam_policy_document.assume_role_policy",
            "module.eks.data.aws_iam_policy_document.cni_ipv6_policy",
            "module.eks.data.aws_iam_session_context.current",
            "module.eks.data.aws_partition.current",
            "module.eks.module.kms.aws_kms_external_key.this",
            "module.eks.module.kms.aws_kms_key.this",
            "module.eks.module.kms.aws_kms_replica_external_key.this",
            "module.eks.module.kms.aws_kms_replica_key.this",
            "module.eks.module.kms.data.aws_caller_identity.current",
            "module.eks.module.kms.data.aws_iam_policy_document.this",
            "module.eks.module.kms.data.aws_partition.current",
            "module.vpc.aws_subnet.private",
            "module.vpc.aws_vpc.this",
            "module.vpc.aws_vpc_ipv4_cidr_block_association.this"
          ],
          "create_before_destroy": true
        }
      ]
    },
    {
      "module": "module.eks.module.eks_managed_node_group[\"core_node_group\"]",
      "mode": "data",
      "type": "aws_caller_identity",
      "name": "current",
      "provider": "provider[\"registry.terraform.io/hashicorp/aws\"]",
      "instances": [
        {
          "schema_version": 0,
          "attributes": {
            "account_id": "954503069243",
            "arn": "arn:aws:iam::954503069243:user/Demo",
            "id": "954503069243",
            "user_id": "AIDA54PGQ7Y5RSB6FDGGF"
          },
          "sensitive_attributes": []
        }
      ]
    },
    {
      "module": "module.eks.module.eks_managed_node_group[\"core_node_group\"]",
      "mode": "data",
      "type": "aws_iam_policy_document",
      "name": "assume_role_policy",
      "provider": "provider[\"registry.terraform.io/hashicorp/aws\"]",
      "instances": [
        {
          "index_key": 0,
          "schema_version": 0,
          "attributes": {
            "id": "2560088296",
            "json": "{\n  \"Version\": \"2012-10-17\",\n  \"Statement\": [\n    {\n      \"Sid\": \"EKSNodeAssumeRole\",\n      \"Effect\": \"Allow\",\n      \"Action\": \"sts:AssumeRole\",\n      \"Principal\": {\n        \"Service\": \"ec2.amazonaws.com\"\n      }\n    }\n  ]\n}",
            "override_json": null,
            "override_policy_documents": null,
            "policy_id": null,
            "source_json": null,
            "source_policy_documents": null,
            "statement": [
              {
                "actions": [
                  "sts:AssumeRole"
                ],
                "condition": [],
                "effect": "Allow",
                "not_actions": [],
                "not_principals": [],
                "not_resources": [],
                "principals": [
                  {
                    "identifiers": [
                      "ec2.amazonaws.com"
                    ],
                    "type": "Service"
                  }
                ],
                "resources": [],
                "sid": "EKSNodeAssumeRole"
              }
            ],
            "version": "2012-10-17"
          },
          "sensitive_attributes": []
        }
      ]
    },
    {
      "module": "module.eks.module.eks_managed_node_group[\"core_node_group\"]",
      "mode": "data",
      "type": "aws_partition",
      "name": "current",
      "provider": "provider[\"registry.terraform.io/hashicorp/aws\"]",
      "instances": [
        {
          "schema_version": 0,
          "attributes": {
            "dns_suffix": "amazonaws.com",
            "id": "aws",
            "partition": "aws",
            "reverse_dns_prefix": "com.amazonaws"
          },
          "sensitive_attributes": []
        }
      ]
    },
    {
      "module": "module.eks.module.eks_managed_node_group[\"core_node_group\"]",
      "mode": "managed",
      "type": "aws_eks_node_group",
      "name": "this",
      "provider": "provider[\"registry.terraform.io/hashicorp/aws\"]",
      "instances": [
        {
          "index_key": 0,
          "schema_version": 0,
          "attributes": {
            "ami_type": "AL2_x86_64",
            "arn": "arn:aws:eks:ap-south-1:954503069243:nodegroup/testing-innovation-poc/core-node-group-20240605085951012900000016/10c7f3d0-21c6-67e2-a017-e9e3861dc1a7",
            "capacity_type": "ON_DEMAND",
            "cluster_name": "testing-innovation-poc",
            "disk_size": 0,
            "force_update_version": null,
            "id": "testing-innovation-poc:core-node-group-20240605085951012900000016",
            "instance_types": [
              "t3.xlarge"
            ],
            "labels": {
              "NodeGroupType": "core",
              "WorkerType": "ON_DEMAND"
            },
            "launch_template": [
              {
                "id": "lt-059eef36042fb8423",
                "name": "core_node_group-20240605085950801300000014",
                "version": "1"
              }
            ],
            "node_group_name": "core-node-group-20240605085951012900000016",
            "node_group_name_prefix": "core-node-group-",
            "node_role_arn": "arn:aws:iam::954503069243:role/core-node-group-eks-node-group-2024060508511778580000000b",
            "release_version": "1.29.3-20240531",
            "remote_access": [],
            "resources": [
              {
                "autoscaling_groups": [
                  {
                    "name": "eks-core-node-group-20240605085951012900000016-10c7f3d0-21c6-67e2-a017-e9e3861dc1a7"
                  }
                ],
                "remote_access_security_group_id": ""
              }
            ],
            "scaling_config": [
              {
                "desired_size": 1,
                "max_size": 2,
                "min_size": 1
              }
            ],
            "status": "ACTIVE",
            "subnet_ids": [
              "subnet-03cd3a82701e4fa10",
              "subnet-0f1e5b323925b1ce7"
            ],
            "tags": {
              "Businessunit": "testing",
              "Environment": "poc",
              "Managedby": "Terraform",
              "Name": "core-node-group",
              "TeamName": "RnD"
            },
            "tags_all": {
              "Businessunit": "testing",
              "Environment": "poc",
              "Managedby": "Terraform",
              "Name": "core-node-group",
              "TeamName": "RnD"
            },
            "taint": [],
            "timeouts": {
              "create": null,
              "delete": null,
              "update": null
            },
            "update_config": [
              {
                "max_unavailable": 0,
                "max_unavailable_percentage": 33
              }
            ],
            "version": "1.29"
          },
          "sensitive_attributes": [],
          "private": "eyJlMmJmYjczMC1lY2FhLTExZTYtOGY4OC0zNDM2M2JjN2M0YzAiOnsiY3JlYXRlIjozNjAwMDAwMDAwMDAwLCJkZWxldGUiOjM2MDAwMDAwMDAwMDAsInVwZGF0ZSI6MzYwMDAwMDAwMDAwMH19",
          "dependencies": [
            "data.aws_availability_zones.available",
            "module.eks.aws_cloudwatch_log_group.this",
            "module.eks.aws_eks_cluster.this",
            "module.eks.aws_iam_policy.cni_ipv6_policy",
            "module.eks.aws_iam_role.this",
            "module.eks.aws_iam_role_policy_attachment.this",
            "module.eks.aws_security_group.cluster",
            "module.eks.aws_security_group.node",
            "module.eks.aws_security_group_rule.cluster",
            "module.eks.aws_security_group_rule.node",
            "module.eks.data.aws_caller_identity.current",
            "module.eks.data.aws_iam_policy_document.assume_role_policy",
            "module.eks.data.aws_iam_policy_document.cni_ipv6_policy",
            "module.eks.data.aws_iam_session_context.current",
            "module.eks.data.aws_partition.current",
            "module.eks.module.eks_managed_node_group.aws_iam_role.this",
            "module.eks.module.eks_managed_node_group.aws_iam_role_policy_attachment.this",
            "module.eks.module.eks_managed_node_group.aws_launch_template.this",
            "module.eks.module.eks_managed_node_group.aws_placement_group.this",
            "module.eks.module.eks_managed_node_group.data.aws_caller_identity.current",
            "module.eks.module.eks_managed_node_group.data.aws_ec2_instance_type.this",
            "module.eks.module.eks_managed_node_group.data.aws_ec2_instance_type_offerings.this",
            "module.eks.module.eks_managed_node_group.data.aws_iam_policy_document.assume_role_policy",
            "module.eks.module.eks_managed_node_group.data.aws_partition.current",
            "module.eks.module.eks_managed_node_group.data.aws_ssm_parameter.ami",
            "module.eks.module.eks_managed_node_group.data.aws_subnets.efa",
            "module.eks.module.eks_managed_node_group.module.user_data.data.cloudinit_config.al2023_eks_managed_node_group",
            "module.eks.module.eks_managed_node_group.module.user_data.data.cloudinit_config.linux_eks_managed_node_group",
            "module.eks.module.kms.aws_kms_external_key.this",
            "module.eks.module.kms.aws_kms_key.this",
            "module.eks.module.kms.aws_kms_replica_external_key.this",
            "module.eks.module.kms.aws_kms_replica_key.this",
            "module.eks.module.kms.data.aws_caller_identity.current",
            "module.eks.module.kms.data.aws_iam_policy_document.this",
            "module.eks.module.kms.data.aws_partition.current",
            "module.eks.time_sleep.this",
            "module.vpc.aws_subnet.private",
            "module.vpc.aws_vpc.this",
            "module.vpc.aws_vpc_ipv4_cidr_block_association.this"
          ],
          "create_before_destroy": true
        }
      ]
    },
    {
      "module": "module.eks.module.eks_managed_node_group[\"core_node_group\"]",
      "mode": "managed",
      "type": "aws_iam_role",
      "name": "this",
      "provider": "provider[\"registry.terraform.io/hashicorp/aws\"]",
      "instances": [
        {
          "index_key": 0,
          "schema_version": 0,
          "attributes": {
            "arn": "arn:aws:iam::954503069243:role/core-node-group-eks-node-group-2024060508511778580000000b",
            "assume_role_policy": "{\"Statement\":[{\"Action\":\"sts:AssumeRole\",\"Effect\":\"Allow\",\"Principal\":{\"Service\":\"ec2.amazonaws.com\"},\"Sid\":\"EKSNodeAssumeRole\"}],\"Version\":\"2012-10-17\"}",
            "create_date": "2024-06-05T08:51:17Z",
            "description": "EKS managed node group IAM role",
            "force_detach_policies": true,
            "id": "core-node-group-eks-node-group-2024060508511778580000000b",
            "inline_policy": [],
            "managed_policy_arns": [
              "arn:aws:iam::aws:policy/AmazonEC2ContainerRegistryReadOnly",
              "arn:aws:iam::aws:policy/AmazonEKSWorkerNodePolicy",
              "arn:aws:iam::aws:policy/AmazonEKS_CNI_Policy",
              "arn:aws:iam::aws:policy/AmazonSSMManagedInstanceCore"
            ],
            "max_session_duration": 3600,
            "name": "core-node-group-eks-node-group-2024060508511778580000000b",
            "name_prefix": "core-node-group-eks-node-group-",
            "path": "/",
            "permissions_boundary": "",
            "tags": {
              "Businessunit": "testing",
              "Environment": "poc",
              "Managedby": "Terraform",
              "Name": "core-node-grp",
              "TeamName": "RnD"
            },
            "tags_all": {
              "Businessunit": "testing",
              "Environment": "poc",
              "Managedby": "Terraform",
              "Name": "core-node-grp",
              "TeamName": "RnD"
            },
            "unique_id": "AROA54PGQ7Y5VKNEB47HG"
          },
          "sensitive_attributes": [],
          "private": "bnVsbA==",
          "dependencies": [
            "data.aws_availability_zones.available",
            "module.eks.module.eks_managed_node_group.data.aws_iam_policy_document.assume_role_policy",
            "module.vpc.aws_subnet.private",
            "module.vpc.aws_vpc.this",
            "module.vpc.aws_vpc_ipv4_cidr_block_association.this"
          ],
          "create_before_destroy": true
        }
      ]
    },
    {
      "module": "module.eks.module.eks_managed_node_group[\"core_node_group\"]",
      "mode": "managed",
      "type": "aws_iam_role_policy_attachment",
      "name": "additional",
      "provider": "provider[\"registry.terraform.io/hashicorp/aws\"]",
      "instances": [
        {
          "index_key": "AmazonSSMManagedInstanceCore",
          "schema_version": 0,
          "attributes": {
            "id": "core-node-group-eks-node-group-2024060508511778580000000b-2024060508512142330000000f",
            "policy_arn": "arn:aws:iam::aws:policy/AmazonSSMManagedInstanceCore",
            "role": "core-node-group-eks-node-group-2024060508511778580000000b"
          },
          "sensitive_attributes": [],
          "private": "bnVsbA==",
          "dependencies": [
            "data.aws_availability_zones.available",
            "module.eks.module.eks_managed_node_group.aws_iam_role.this",
            "module.eks.module.eks_managed_node_group.data.aws_iam_policy_document.assume_role_policy",
            "module.vpc.aws_subnet.private",
            "module.vpc.aws_vpc.this",
            "module.vpc.aws_vpc_ipv4_cidr_block_association.this"
          ]
        }
      ]
    },
    {
      "module": "module.eks.module.eks_managed_node_group[\"core_node_group\"]",
      "mode": "managed",
      "type": "aws_iam_role_policy_attachment",
      "name": "this",
      "provider": "provider[\"registry.terraform.io/hashicorp/aws\"]",
      "instances": [
        {
          "index_key": "AmazonEC2ContainerRegistryReadOnly",
          "schema_version": 0,
          "attributes": {
            "id": "core-node-group-eks-node-group-2024060508511778580000000b-2024060508512056110000000c",
            "policy_arn": "arn:aws:iam::aws:policy/AmazonEC2ContainerRegistryReadOnly",
            "role": "core-node-group-eks-node-group-2024060508511778580000000b"
          },
          "sensitive_attributes": [],
          "private": "bnVsbA==",
          "dependencies": [
            "data.aws_availability_zones.available",
            "module.eks.module.eks_managed_node_group.aws_iam_role.this",
            "module.eks.module.eks_managed_node_group.data.aws_caller_identity.current",
            "module.eks.module.eks_managed_node_group.data.aws_iam_policy_document.assume_role_policy",
            "module.eks.module.eks_managed_node_group.data.aws_partition.current",
            "module.vpc.aws_subnet.private",
            "module.vpc.aws_vpc.this",
            "module.vpc.aws_vpc_ipv4_cidr_block_association.this"
          ],
          "create_before_destroy": true
        },
        {
          "index_key": "AmazonEKSWorkerNodePolicy",
          "schema_version": 0,
          "attributes": {
            "id": "core-node-group-eks-node-group-2024060508511778580000000b-2024060508512094830000000d",
            "policy_arn": "arn:aws:iam::aws:policy/AmazonEKSWorkerNodePolicy",
            "role": "core-node-group-eks-node-group-2024060508511778580000000b"
          },
          "sensitive_attributes": [],
          "private": "bnVsbA==",
          "dependencies": [
            "data.aws_availability_zones.available",
            "module.eks.module.eks_managed_node_group.aws_iam_role.this",
            "module.eks.module.eks_managed_node_group.data.aws_caller_identity.current",
            "module.eks.module.eks_managed_node_group.data.aws_iam_policy_document.assume_role_policy",
            "module.eks.module.eks_managed_node_group.data.aws_partition.current",
            "module.vpc.aws_subnet.private",
            "module.vpc.aws_vpc.this",
            "module.vpc.aws_vpc_ipv4_cidr_block_association.this"
          ],
          "create_before_destroy": true
        },
        {
          "index_key": "AmazonEKS_CNI_Policy",
          "schema_version": 0,
          "attributes": {
            "id": "core-node-group-eks-node-group-2024060508511778580000000b-2024060508512105740000000e",
            "policy_arn": "arn:aws:iam::aws:policy/AmazonEKS_CNI_Policy",
            "role": "core-node-group-eks-node-group-2024060508511778580000000b"
          },
          "sensitive_attributes": [],
          "private": "bnVsbA==",
          "dependencies": [
            "data.aws_availability_zones.available",
            "module.eks.module.eks_managed_node_group.aws_iam_role.this",
            "module.eks.module.eks_managed_node_group.data.aws_caller_identity.current",
            "module.eks.module.eks_managed_node_group.data.aws_iam_policy_document.assume_role_policy",
            "module.eks.module.eks_managed_node_group.data.aws_partition.current",
            "module.vpc.aws_subnet.private",
            "module.vpc.aws_vpc.this",
            "module.vpc.aws_vpc_ipv4_cidr_block_association.this"
          ],
          "create_before_destroy": true
        }
      ]
    },
    {
      "module": "module.eks.module.eks_managed_node_group[\"core_node_group\"]",
      "mode": "managed",
      "type": "aws_launch_template",
      "name": "this",
      "provider": "provider[\"registry.terraform.io/hashicorp/aws\"]",
      "instances": [
        {
          "index_key": 0,
          "schema_version": 0,
          "attributes": {
            "arn": "arn:aws:ec2:ap-south-1:954503069243:launch-template/lt-059eef36042fb8423",
            "block_device_mappings": [
              {
                "device_name": "/dev/xvda",
                "ebs": [
                  {
                    "delete_on_termination": "",
                    "encrypted": "",
                    "iops": 0,
                    "kms_key_id": "",
                    "snapshot_id": "",
                    "throughput": 0,
                    "volume_size": 100,
                    "volume_type": "gp3"
                  }
                ],
                "no_device": "",
                "virtual_name": ""
              }
            ],
            "capacity_reservation_specification": [],
            "cpu_options": [],
            "credit_specification": [],
            "default_version": 1,
            "description": "Custom launch template for core-node-group EKS managed node group",
            "disable_api_stop": false,
            "disable_api_termination": false,
            "ebs_optimized": "true",
            "elastic_gpu_specifications": [],
            "elastic_inference_accelerator": [],
            "enclave_options": [],
            "hibernation_options": [],
            "iam_instance_profile": [],
            "id": "lt-059eef36042fb8423",
            "image_id": "",
            "instance_initiated_shutdown_behavior": "",
            "instance_market_options": [],
            "instance_requirements": [],
            "instance_type": "",
            "kernel_id": "",
            "key_name": "",
            "latest_version": 1,
            "license_specification": [],
            "maintenance_options": [],
            "metadata_options": [
              {
                "http_endpoint": "enabled",
                "http_protocol_ipv6": "",
                "http_put_response_hop_limit": 2,
                "http_tokens": "required",
                "instance_metadata_tags": ""
              }
            ],
            "monitoring": [
              {
                "enabled": true
              }
            ],
            "name": "core_node_group-20240605085950801300000014",
            "name_prefix": "core_node_group-",
            "network_interfaces": [],
            "placement": [],
            "private_dns_name_options": [],
            "ram_disk_id": "",
            "security_group_names": [],
            "tag_specifications": [
              {
                "resource_type": "instance",
                "tags": {
                  "Businessunit": "testing",
                  "Environment": "poc",
                  "Managedby": "Terraform",
                  "Name": "core-node-group",
                  "TeamName": "RnD"
                }
              },
              {
                "resource_type": "network-interface",
                "tags": {
                  "Businessunit": "testing",
                  "Environment": "poc",
                  "Managedby": "Terraform",
                  "Name": "core-node-group",
                  "TeamName": "RnD"
                }
              },
              {
                "resource_type": "volume",
                "tags": {
                  "Businessunit": "testing",
                  "Environment": "poc",
                  "Managedby": "Terraform",
                  "Name": "core-node-group",
                  "TeamName": "RnD"
                }
              }
            ],
            "tags": {
              "Businessunit": "testing",
              "Environment": "poc",
              "Managedby": "Terraform",
              "Name": "core-node-grp",
              "TeamName": "RnD"
            },
            "tags_all": {
              "Businessunit": "testing",
              "Environment": "poc",
              "Managedby": "Terraform",
              "Name": "core-node-grp",
              "TeamName": "RnD"
            },
            "update_default_version": true,
            "user_data": "",
            "vpc_security_group_ids": [
              "sg-00cd64342bd1333f1"
            ]
          },
          "sensitive_attributes": [],
          "private": "bnVsbA==",
          "dependencies": [
            "data.aws_availability_zones.available",
            "module.eks.aws_cloudwatch_log_group.this",
            "module.eks.aws_eks_cluster.this",
            "module.eks.aws_iam_policy.cni_ipv6_policy",
            "module.eks.aws_iam_role.this",
            "module.eks.aws_iam_role_policy_attachment.this",
            "module.eks.aws_security_group.cluster",
            "module.eks.aws_security_group.node",
            "module.eks.aws_security_group_rule.cluster",
            "module.eks.aws_security_group_rule.node",
            "module.eks.data.aws_caller_identity.current",
            "module.eks.data.aws_iam_policy_document.assume_role_policy",
            "module.eks.data.aws_iam_policy_document.cni_ipv6_policy",
            "module.eks.data.aws_iam_session_context.current",
            "module.eks.data.aws_partition.current",
            "module.eks.module.eks_managed_node_group.aws_iam_role.this",
            "module.eks.module.eks_managed_node_group.aws_iam_role_policy_attachment.this",
            "module.eks.module.eks_managed_node_group.aws_placement_group.this",
            "module.eks.module.eks_managed_node_group.data.aws_caller_identity.current",
            "module.eks.module.eks_managed_node_group.data.aws_ec2_instance_type.this",
            "module.eks.module.eks_managed_node_group.data.aws_iam_policy_document.assume_role_policy",
            "module.eks.module.eks_managed_node_group.data.aws_partition.current",
            "module.eks.module.eks_managed_node_group.module.user_data.data.cloudinit_config.al2023_eks_managed_node_group",
            "module.eks.module.eks_managed_node_group.module.user_data.data.cloudinit_config.linux_eks_managed_node_group",
            "module.eks.module.kms.aws_kms_external_key.this",
            "module.eks.module.kms.aws_kms_key.this",
            "module.eks.module.kms.aws_kms_replica_external_key.this",
            "module.eks.module.kms.aws_kms_replica_key.this",
            "module.eks.module.kms.data.aws_caller_identity.current",
            "module.eks.module.kms.data.aws_iam_policy_document.this",
            "module.eks.module.kms.data.aws_partition.current",
            "module.eks.time_sleep.this",
            "module.vpc.aws_subnet.private",
            "module.vpc.aws_vpc.this",
            "module.vpc.aws_vpc_ipv4_cidr_block_association.this"
          ],
          "create_before_destroy": true
        }
      ]
    },
    {
      "module": "module.eks.module.eks_managed_node_group[\"core_node_group\"].module.user_data",
      "mode": "managed",
      "type": "null_resource",
      "name": "validate_cluster_service_cidr",
      "provider": "provider[\"registry.terraform.io/hashicorp/null\"]",
      "instances": [
        {
          "schema_version": 0,
          "attributes": {
            "id": "4242880355817689358",
            "triggers": null
          },
          "sensitive_attributes": [],
          "dependencies": [
            "data.aws_availability_zones.available",
            "module.eks.aws_cloudwatch_log_group.this",
            "module.eks.aws_eks_cluster.this",
            "module.eks.aws_iam_policy.cni_ipv6_policy",
            "module.eks.aws_iam_role.this",
            "module.eks.aws_iam_role_policy_attachment.this",
            "module.eks.aws_security_group.cluster",
            "module.eks.aws_security_group.node",
            "module.eks.aws_security_group_rule.cluster",
            "module.eks.aws_security_group_rule.node",
            "module.eks.data.aws_caller_identity.current",
            "module.eks.data.aws_iam_policy_document.assume_role_policy",
            "module.eks.data.aws_iam_policy_document.cni_ipv6_policy",
            "module.eks.data.aws_iam_session_context.current",
            "module.eks.data.aws_partition.current",
            "module.eks.module.kms.aws_kms_external_key.this",
            "module.eks.module.kms.aws_kms_key.this",
            "module.eks.module.kms.aws_kms_replica_external_key.this",
            "module.eks.module.kms.aws_kms_replica_key.this",
            "module.eks.module.kms.data.aws_caller_identity.current",
            "module.eks.module.kms.data.aws_iam_policy_document.this",
            "module.eks.module.kms.data.aws_partition.current",
            "module.eks.time_sleep.this",
            "module.vpc.aws_subnet.private",
            "module.vpc.aws_vpc.this",
            "module.vpc.aws_vpc_ipv4_cidr_block_association.this"
          ]
        }
      ]
    },
    {
      "module": "module.eks.module.kms",
      "mode": "data",
      "type": "aws_caller_identity",
      "name": "current",
      "provider": "provider[\"registry.terraform.io/hashicorp/aws\"]",
      "instances": [
        {
          "index_key": 0,
          "schema_version": 0,
          "attributes": {
            "account_id": "954503069243",
            "arn": "arn:aws:iam::954503069243:user/Demo",
            "id": "954503069243",
            "user_id": "AIDA54PGQ7Y5RSB6FDGGF"
          },
          "sensitive_attributes": []
        }
      ]
    },
    {
      "module": "module.eks.module.kms",
      "mode": "data",
      "type": "aws_iam_policy_document",
      "name": "this",
      "provider": "provider[\"registry.terraform.io/hashicorp/aws\"]",
      "instances": [
        {
          "index_key": 0,
          "schema_version": 0,
          "attributes": {
            "id": "1777758536",
            "json": "{\n  \"Version\": \"2012-10-17\",\n  \"Statement\": [\n    {\n      \"Sid\": \"Default\",\n      \"Effect\": \"Allow\",\n      \"Action\": \"kms:*\",\n      \"Resource\": \"*\",\n      \"Principal\": {\n        \"AWS\": \"arn:aws:iam::954503069243:root\"\n      }\n    },\n    {\n      \"Sid\": \"KeyAdministration\",\n      \"Effect\": \"Allow\",\n      \"Action\": [\n        \"kms:Update*\",\n        \"kms:UntagResource\",\n        \"kms:TagResource\",\n        \"kms:ScheduleKeyDeletion\",\n        \"kms:Revoke*\",\n        \"kms:ReplicateKey\",\n        \"kms:Put*\",\n        \"kms:List*\",\n        \"kms:ImportKeyMaterial\",\n        \"kms:Get*\",\n        \"kms:Enable*\",\n        \"kms:Disable*\",\n        \"kms:Describe*\",\n        \"kms:Delete*\",\n        \"kms:Create*\",\n        \"kms:CancelKeyDeletion\"\n      ],\n      \"Resource\": \"*\",\n      \"Principal\": {\n        \"AWS\": \"arn:aws:iam::954503069243:user/Demo\"\n      }\n    },\n    {\n      \"Sid\": \"KeyUsage\",\n      \"Effect\": \"Allow\",\n      \"Action\": [\n        \"kms:ReEncrypt*\",\n        \"kms:GenerateDataKey*\",\n        \"kms:Encrypt\",\n        \"kms:DescribeKey\",\n        \"kms:Decrypt\"\n      ],\n      \"Resource\": \"*\",\n      \"Principal\": {\n        \"AWS\": \"arn:aws:iam::954503069243:role/testing-innovation-poc-cluster-20240605085105318900000002\"\n      }\n    }\n  ]\n}",
            "override_json": null,
            "override_policy_documents": null,
            "policy_id": null,
            "source_json": null,
            "source_policy_documents": null,
            "statement": [
              {
                "actions": [
                  "kms:*"
                ],
                "condition": [],
                "effect": "Allow",
                "not_actions": [],
                "not_principals": [],
                "not_resources": [],
                "principals": [
                  {
                    "identifiers": [
                      "arn:aws:iam::954503069243:root"
                    ],
                    "type": "AWS"
                  }
                ],
                "resources": [
                  "*"
                ],
                "sid": "Default"
              },
              {
                "actions": [
                  "kms:CancelKeyDeletion",
                  "kms:Create*",
                  "kms:Delete*",
                  "kms:Describe*",
                  "kms:Disable*",
                  "kms:Enable*",
                  "kms:Get*",
                  "kms:ImportKeyMaterial",
                  "kms:List*",
                  "kms:Put*",
                  "kms:ReplicateKey",
                  "kms:Revoke*",
                  "kms:ScheduleKeyDeletion",
                  "kms:TagResource",
                  "kms:UntagResource",
                  "kms:Update*"
                ],
                "condition": [],
                "effect": "Allow",
                "not_actions": [],
                "not_principals": [],
                "not_resources": [],
                "principals": [
                  {
                    "identifiers": [
                      "arn:aws:iam::954503069243:user/Demo"
                    ],
                    "type": "AWS"
                  }
                ],
                "resources": [
                  "*"
                ],
                "sid": "KeyAdministration"
              },
              {
                "actions": [
                  "kms:Decrypt",
                  "kms:DescribeKey",
                  "kms:Encrypt",
                  "kms:GenerateDataKey*",
                  "kms:ReEncrypt*"
                ],
                "condition": [],
                "effect": "Allow",
                "not_actions": [],
                "not_principals": [],
                "not_resources": [],
                "principals": [
                  {
                    "identifiers": [
                      "arn:aws:iam::954503069243:role/testing-innovation-poc-cluster-20240605085105318900000002"
                    ],
                    "type": "AWS"
                  }
                ],
                "resources": [
                  "*"
                ],
                "sid": "KeyUsage"
              }
            ],
            "version": "2012-10-17"
          },
          "sensitive_attributes": []
        }
      ]
    },
    {
      "module": "module.eks.module.kms",
      "mode": "data",
      "type": "aws_partition",
      "name": "current",
      "provider": "provider[\"registry.terraform.io/hashicorp/aws\"]",
      "instances": [
        {
          "index_key": 0,
          "schema_version": 0,
          "attributes": {
            "dns_suffix": "amazonaws.com",
            "id": "aws",
            "partition": "aws",
            "reverse_dns_prefix": "com.amazonaws"
          },
          "sensitive_attributes": []
        }
      ]
    },
    {
      "module": "module.eks.module.kms",
      "mode": "managed",
      "type": "aws_kms_alias",
      "name": "this",
      "provider": "provider[\"registry.terraform.io/hashicorp/aws\"]",
      "instances": [
        {
          "index_key": "cluster",
          "schema_version": 0,
          "attributes": {
            "arn": "arn:aws:kms:ap-south-1:954503069243:alias/eks/testing-innovation-poc",
            "id": "alias/eks/testing-innovation-poc",
            "name": "alias/eks/testing-innovation-poc",
            "name_prefix": "",
            "target_key_arn": "arn:aws:kms:ap-south-1:954503069243:key/37d17005-5f3d-461d-8106-99f0b89d8928",
            "target_key_id": "37d17005-5f3d-461d-8106-99f0b89d8928"
          },
          "sensitive_attributes": [],
          "private": "bnVsbA==",
          "dependencies": [
            "module.eks.aws_iam_role.this",
            "module.eks.data.aws_caller_identity.current",
            "module.eks.data.aws_iam_policy_document.assume_role_policy",
            "module.eks.data.aws_iam_session_context.current",
            "module.eks.module.kms.aws_kms_external_key.this",
            "module.eks.module.kms.aws_kms_key.this",
            "module.eks.module.kms.aws_kms_replica_external_key.this",
            "module.eks.module.kms.aws_kms_replica_key.this",
            "module.eks.module.kms.data.aws_caller_identity.current",
            "module.eks.module.kms.data.aws_iam_policy_document.this",
            "module.eks.module.kms.data.aws_partition.current"
          ]
        }
      ]
    },
    {
      "module": "module.eks.module.kms",
      "mode": "managed",
      "type": "aws_kms_key",
      "name": "this",
      "provider": "provider[\"registry.terraform.io/hashicorp/aws\"]",
      "instances": [
        {
          "index_key": 0,
          "schema_version": 0,
          "attributes": {
            "arn": "arn:aws:kms:ap-south-1:954503069243:key/37d17005-5f3d-461d-8106-99f0b89d8928",
            "bypass_policy_lockout_safety_check": false,
            "custom_key_store_id": "",
            "customer_master_key_spec": "SYMMETRIC_DEFAULT",
            "deletion_window_in_days": null,
            "description": "testing-innovation-poc cluster encryption key",
            "enable_key_rotation": true,
            "id": "37d17005-5f3d-461d-8106-99f0b89d8928",
            "is_enabled": true,
            "key_id": "37d17005-5f3d-461d-8106-99f0b89d8928",
            "key_usage": "ENCRYPT_DECRYPT",
            "multi_region": false,
            "policy": "{\"Statement\":[{\"Action\":\"kms:*\",\"Effect\":\"Allow\",\"Principal\":{\"AWS\":\"arn:aws:iam::954503069243:root\"},\"Resource\":\"*\",\"Sid\":\"Default\"},{\"Action\":[\"kms:Update*\",\"kms:UntagResource\",\"kms:TagResource\",\"kms:ScheduleKeyDeletion\",\"kms:Revoke*\",\"kms:ReplicateKey\",\"kms:Put*\",\"kms:List*\",\"kms:ImportKeyMaterial\",\"kms:Get*\",\"kms:Enable*\",\"kms:Disable*\",\"kms:Describe*\",\"kms:Delete*\",\"kms:Create*\",\"kms:CancelKeyDeletion\"],\"Effect\":\"Allow\",\"Principal\":{\"AWS\":\"arn:aws:iam::954503069243:user/Demo\"},\"Resource\":\"*\",\"Sid\":\"KeyAdministration\"},{\"Action\":[\"kms:ReEncrypt*\",\"kms:GenerateDataKey*\",\"kms:Encrypt\",\"kms:DescribeKey\",\"kms:Decrypt\"],\"Effect\":\"Allow\",\"Principal\":{\"AWS\":\"arn:aws:iam::954503069243:role/testing-innovation-poc-cluster-20240605085105318900000002\"},\"Resource\":\"*\",\"Sid\":\"KeyUsage\"}],\"Version\":\"2012-10-17\"}",
            "tags": {
              "terraform-aws-modules": "eks"
            },
            "tags_all": {
              "terraform-aws-modules": "eks"
            },
            "timeouts": null,
            "xks_key_id": ""
          },
          "sensitive_attributes": [],
          "private": "eyJlMmJmYjczMC1lY2FhLTExZTYtOGY4OC0zNDM2M2JjN2M0YzAiOnsiY3JlYXRlIjoxMjAwMDAwMDAwMDB9fQ==",
          "dependencies": [
            "module.eks.aws_iam_role.this",
            "module.eks.data.aws_caller_identity.current",
            "module.eks.data.aws_iam_policy_document.assume_role_policy",
            "module.eks.data.aws_iam_session_context.current",
            "module.eks.module.kms.data.aws_caller_identity.current",
            "module.eks.module.kms.data.aws_iam_policy_document.this",
            "module.eks.module.kms.data.aws_partition.current"
          ],
          "create_before_destroy": true
        }
      ]
    },
    {
      "module": "module.eks_blueprints_addons",
      "mode": "data",
      "type": "aws_caller_identity",
      "name": "current",
      "provider": "provider[\"registry.terraform.io/hashicorp/aws\"]",
      "instances": [
        {
          "schema_version": 0,
          "attributes": {
            "account_id": "954503069243",
            "arn": "arn:aws:iam::954503069243:user/Demo",
            "id": "954503069243",
            "user_id": "AIDA54PGQ7Y5RSB6FDGGF"
          },
          "sensitive_attributes": []
        }
      ]
    },
    {
      "module": "module.eks_blueprints_addons",
      "mode": "data",
      "type": "aws_iam_policy_document",
      "name": "aws_load_balancer_controller",
      "provider": "provider[\"registry.terraform.io/hashicorp/aws\"]",
      "instances": [
        {
          "index_key": 0,
          "schema_version": 0,
          "attributes": {
            "id": "3712473960",
            "json": "{\n  \"Version\": \"2012-10-17\",\n  \"Statement\": [\n    {\n      \"Effect\": \"Allow\",\n      \"Action\": \"iam:CreateServiceLinkedRole\",\n      \"Resource\": \"*\",\n      \"Condition\": {\n        \"StringEquals\": {\n          \"iam:AWSServiceName\": \"elasticloadbalancing.amazonaws.com\"\n        }\n      }\n    },\n    {\n      \"Effect\": \"Allow\",\n      \"Action\": [\n        \"elasticloadbalancing:DescribeTrustStores\",\n        \"elasticloadbalancing:DescribeTargetHealth\",\n        \"elasticloadbalancing:DescribeTargetGroups\",\n        \"elasticloadbalancing:DescribeTargetGroupAttributes\",\n        \"elasticloadbalancing:DescribeTags\",\n        \"elasticloadbalancing:DescribeSSLPolicies\",\n        \"elasticloadbalancing:DescribeRules\",\n        \"elasticloadbalancing:DescribeLoadBalancers\",\n        \"elasticloadbalancing:DescribeLoadBalancerAttributes\",\n        \"elasticloadbalancing:DescribeListeners\",\n        \"elasticloadbalancing:DescribeListenerCertificates\",\n        \"ec2:GetCoipPoolUsage\",\n        \"ec2:DescribeVpcs\",\n        \"ec2:DescribeVpcPeeringConnections\",\n        \"ec2:DescribeTags\",\n        \"ec2:DescribeSubnets\",\n        \"ec2:DescribeSecurityGroups\",\n        \"ec2:DescribeNetworkInterfaces\",\n        \"ec2:DescribeInternetGateways\",\n        \"ec2:DescribeInstances\",\n        \"ec2:DescribeCoipPools\",\n        \"ec2:DescribeAvailabilityZones\",\n        \"ec2:DescribeAddresses\",\n        \"ec2:DescribeAccountAttributes\"\n      ],\n      \"Resource\": \"*\"\n    },\n    {\n      \"Effect\": \"Allow\",\n      \"Action\": [\n        \"wafv2:GetWebACLForResource\",\n        \"wafv2:GetWebACL\",\n        \"wafv2:DisassociateWebACL\",\n        \"wafv2:AssociateWebACL\",\n        \"waf-regional:GetWebACLForResource\",\n        \"waf-regional:GetWebACL\",\n        \"waf-regional:DisassociateWebACL\",\n        \"waf-regional:AssociateWebACL\",\n        \"shield:GetSubscriptionState\",\n        \"shield:DescribeProtection\",\n        \"shield:DeleteProtection\",\n        \"shield:CreateProtection\",\n        \"iam:ListServerCertificates\",\n        \"iam:GetServerCertificate\",\n        \"cognito-idp:DescribeUserPoolClient\",\n        \"acm:ListCertificates\",\n        \"acm:DescribeCertificate\"\n      ],\n      \"Resource\": \"*\"\n    },\n    {\n      \"Effect\": \"Allow\",\n      \"Action\": [\n        \"ec2:RevokeSecurityGroupIngress\",\n        \"ec2:AuthorizeSecurityGroupIngress\"\n      ],\n      \"Resource\": \"*\"\n    },\n    {\n      \"Effect\": \"Allow\",\n      \"Action\": \"ec2:CreateSecurityGroup\",\n      \"Resource\": \"*\"\n    },\n    {\n      \"Effect\": \"Allow\",\n      \"Action\": \"ec2:CreateTags\",\n      \"Resource\": \"arn:aws:ec2:*:*:security-group/*\",\n      \"Condition\": {\n        \"Null\": {\n          \"aws:RequestTag/elbv2.k8s.aws/cluster\": \"false\"\n        },\n        \"StringEquals\": {\n          \"ec2:CreateAction\": \"CreateSecurityGroup\"\n        }\n      }\n    },\n    {\n      \"Effect\": \"Allow\",\n      \"Action\": [\n        \"ec2:DeleteTags\",\n        \"ec2:CreateTags\"\n      ],\n      \"Resource\": \"arn:aws:ec2:*:*:security-group/*\",\n      \"Condition\": {\n        \"Null\": {\n          \"aws:RequestTag/elbv2.k8s.aws/cluster\": \"true\",\n          \"aws:ResourceTag/elbv2.k8s.aws/cluster\": \"false\"\n        }\n      }\n    },\n    {\n      \"Effect\": \"Allow\",\n      \"Action\": [\n        \"ec2:RevokeSecurityGroupIngress\",\n        \"ec2:DeleteSecurityGroup\",\n        \"ec2:AuthorizeSecurityGroupIngress\"\n      ],\n      \"Resource\": \"*\",\n      \"Condition\": {\n        \"Null\": {\n          \"aws:ResourceTag/elbv2.k8s.aws/cluster\": \"false\"\n        }\n      }\n    },\n    {\n      \"Effect\": \"Allow\",\n      \"Action\": [\n        \"elasticloadbalancing:CreateTargetGroup\",\n        \"elasticloadbalancing:CreateLoadBalancer\"\n      ],\n      \"Resource\": \"*\",\n      \"Condition\": {\n        \"Null\": {\n          \"aws:RequestTag/elbv2.k8s.aws/cluster\": \"false\"\n        }\n      }\n    },\n    {\n      \"Effect\": \"Allow\",\n      \"Action\": [\n        \"elasticloadbalancing:DeleteRule\",\n        \"elasticloadbalancing:DeleteListener\",\n        \"elasticloadbalancing:CreateRule\",\n        \"elasticloadbalancing:CreateListener\"\n      ],\n      \"Resource\": \"*\"\n    },\n    {\n      \"Effect\": \"Allow\",\n      \"Action\": [\n        \"elasticloadbalancing:RemoveTags\",\n        \"elasticloadbalancing:AddTags\"\n      ],\n      \"Resource\": [\n        \"arn:aws:elasticloadbalancing:*:*:targetgroup/*/*\",\n        \"arn:aws:elasticloadbalancing:*:*:loadbalancer/net/*/*\",\n        \"arn:aws:elasticloadbalancing:*:*:loadbalancer/app/*/*\"\n      ],\n      \"Condition\": {\n        \"Null\": {\n          \"aws:RequestTag/elbv2.k8s.aws/cluster\": \"true\",\n          \"aws:ResourceTag/elbv2.k8s.aws/cluster\": \"false\"\n        }\n      }\n    },\n    {\n      \"Effect\": \"Allow\",\n      \"Action\": [\n        \"elasticloadbalancing:RemoveTags\",\n        \"elasticloadbalancing:AddTags\"\n      ],\n      \"Resource\": [\n        \"arn:aws:elasticloadbalancing:*:*:listener/net/*/*/*\",\n        \"arn:aws:elasticloadbalancing:*:*:listener/app/*/*/*\",\n        \"arn:aws:elasticloadbalancing:*:*:listener-rule/net/*/*/*\",\n        \"arn:aws:elasticloadbalancing:*:*:listener-rule/app/*/*/*\"\n      ]\n    },\n    {\n      \"Effect\": \"Allow\",\n      \"Action\": [\n        \"elasticloadbalancing:SetSubnets\",\n        \"elasticloadbalancing:SetSecurityGroups\",\n        \"elasticloadbalancing:SetIpAddressType\",\n        \"elasticloadbalancing:ModifyTargetGroupAttributes\",\n        \"elasticloadbalancing:ModifyTargetGroup\",\n        \"elasticloadbalancing:ModifyLoadBalancerAttributes\",\n        \"elasticloadbalancing:DeleteTargetGroup\",\n        \"elasticloadbalancing:DeleteLoadBalancer\"\n      ],\n      \"Resource\": \"*\",\n      \"Condition\": {\n        \"Null\": {\n          \"aws:ResourceTag/elbv2.k8s.aws/cluster\": \"false\"\n        }\n      }\n    },\n    {\n      \"Effect\": \"Allow\",\n      \"Action\": \"elasticloadbalancing:AddTags\",\n      \"Resource\": [\n        \"arn:aws:elasticloadbalancing:*:*:targetgroup/*/*\",\n        \"arn:aws:elasticloadbalancing:*:*:loadbalancer/net/*/*\",\n        \"arn:aws:elasticloadbalancing:*:*:loadbalancer/app/*/*\"\n      ],\n      \"Condition\": {\n        \"Null\": {\n          \"aws:RequestTag/elbv2.k8s.aws/cluster\": \"false\"\n        },\n        \"StringEquals\": {\n          \"elasticloadbalancing:CreateAction\": [\n            \"CreateTargetGroup\",\n            \"CreateLoadBalancer\"\n          ]\n        }\n      }\n    },\n    {\n      \"Effect\": \"Allow\",\n      \"Action\": [\n        \"elasticloadbalancing:RegisterTargets\",\n        \"elasticloadbalancing:DeregisterTargets\"\n      ],\n      \"Resource\": \"arn:aws:elasticloadbalancing:*:*:targetgroup/*/*\"\n    },\n    {\n      \"Effect\": \"Allow\",\n      \"Action\": [\n        \"elasticloadbalancing:SetWebAcl\",\n        \"elasticloadbalancing:RemoveListenerCertificates\",\n        \"elasticloadbalancing:ModifyRule\",\n        \"elasticloadbalancing:ModifyListener\",\n        \"elasticloadbalancing:AddListenerCertificates\"\n      ],\n      \"Resource\": \"*\"\n    }\n  ]\n}",
            "override_json": null,
            "override_policy_documents": null,
            "policy_id": null,
            "source_json": null,
            "source_policy_documents": null,
            "statement": [
              {
                "actions": [
                  "iam:CreateServiceLinkedRole"
                ],
                "condition": [
                  {
                    "test": "StringEquals",
                    "values": [
                      "elasticloadbalancing.amazonaws.com"
                    ],
                    "variable": "iam:AWSServiceName"
                  }
                ],
                "effect": "Allow",
                "not_actions": [],
                "not_principals": [],
                "not_resources": [],
                "principals": [],
                "resources": [
                  "*"
                ],
                "sid": ""
              },
              {
                "actions": [
                  "ec2:DescribeAccountAttributes",
                  "ec2:DescribeAddresses",
                  "ec2:DescribeAvailabilityZones",
                  "ec2:DescribeCoipPools",
                  "ec2:DescribeInstances",
                  "ec2:DescribeInternetGateways",
                  "ec2:DescribeNetworkInterfaces",
                  "ec2:DescribeSecurityGroups",
                  "ec2:DescribeSubnets",
                  "ec2:DescribeTags",
                  "ec2:DescribeVpcPeeringConnections",
                  "ec2:DescribeVpcs",
                  "ec2:GetCoipPoolUsage",
                  "elasticloadbalancing:DescribeListenerCertificates",
                  "elasticloadbalancing:DescribeListeners",
                  "elasticloadbalancing:DescribeLoadBalancerAttributes",
                  "elasticloadbalancing:DescribeLoadBalancers",
                  "elasticloadbalancing:DescribeRules",
                  "elasticloadbalancing:DescribeSSLPolicies",
                  "elasticloadbalancing:DescribeTags",
                  "elasticloadbalancing:DescribeTargetGroupAttributes",
                  "elasticloadbalancing:DescribeTargetGroups",
                  "elasticloadbalancing:DescribeTargetHealth",
                  "elasticloadbalancing:DescribeTrustStores"
                ],
                "condition": [],
                "effect": "Allow",
                "not_actions": [],
                "not_principals": [],
                "not_resources": [],
                "principals": [],
                "resources": [
                  "*"
                ],
                "sid": ""
              },
              {
                "actions": [
                  "acm:DescribeCertificate",
                  "acm:ListCertificates",
                  "cognito-idp:DescribeUserPoolClient",
                  "iam:GetServerCertificate",
                  "iam:ListServerCertificates",
                  "shield:CreateProtection",
                  "shield:DeleteProtection",
                  "shield:DescribeProtection",
                  "shield:GetSubscriptionState",
                  "waf-regional:AssociateWebACL",
                  "waf-regional:DisassociateWebACL",
                  "waf-regional:GetWebACL",
                  "waf-regional:GetWebACLForResource",
                  "wafv2:AssociateWebACL",
                  "wafv2:DisassociateWebACL",
                  "wafv2:GetWebACL",
                  "wafv2:GetWebACLForResource"
                ],
                "condition": [],
                "effect": "Allow",
                "not_actions": [],
                "not_principals": [],
                "not_resources": [],
                "principals": [],
                "resources": [
                  "*"
                ],
                "sid": ""
              },
              {
                "actions": [
                  "ec2:AuthorizeSecurityGroupIngress",
                  "ec2:RevokeSecurityGroupIngress"
                ],
                "condition": [],
                "effect": "Allow",
                "not_actions": [],
                "not_principals": [],
                "not_resources": [],
                "principals": [],
                "resources": [
                  "*"
                ],
                "sid": ""
              },
              {
                "actions": [
                  "ec2:CreateSecurityGroup"
                ],
                "condition": [],
                "effect": "Allow",
                "not_actions": [],
                "not_principals": [],
                "not_resources": [],
                "principals": [],
                "resources": [
                  "*"
                ],
                "sid": ""
              },
              {
                "actions": [
                  "ec2:CreateTags"
                ],
                "condition": [
                  {
                    "test": "Null",
                    "values": [
                      "false"
                    ],
                    "variable": "aws:RequestTag/elbv2.k8s.aws/cluster"
                  },
                  {
                    "test": "StringEquals",
                    "values": [
                      "CreateSecurityGroup"
                    ],
                    "variable": "ec2:CreateAction"
                  }
                ],
                "effect": "Allow",
                "not_actions": [],
                "not_principals": [],
                "not_resources": [],
                "principals": [],
                "resources": [
                  "arn:aws:ec2:*:*:security-group/*"
                ],
                "sid": ""
              },
              {
                "actions": [
                  "ec2:CreateTags",
                  "ec2:DeleteTags"
                ],
                "condition": [
                  {
                    "test": "Null",
                    "values": [
                      "false"
                    ],
                    "variable": "aws:ResourceTag/elbv2.k8s.aws/cluster"
                  },
                  {
                    "test": "Null",
                    "values": [
                      "true"
                    ],
                    "variable": "aws:RequestTag/elbv2.k8s.aws/cluster"
                  }
                ],
                "effect": "Allow",
                "not_actions": [],
                "not_principals": [],
                "not_resources": [],
                "principals": [],
                "resources": [
                  "arn:aws:ec2:*:*:security-group/*"
                ],
                "sid": ""
              },
              {
                "actions": [
                  "ec2:AuthorizeSecurityGroupIngress",
                  "ec2:DeleteSecurityGroup",
                  "ec2:RevokeSecurityGroupIngress"
                ],
                "condition": [
                  {
                    "test": "Null",
                    "values": [
                      "false"
                    ],
                    "variable": "aws:ResourceTag/elbv2.k8s.aws/cluster"
                  }
                ],
                "effect": "Allow",
                "not_actions": [],
                "not_principals": [],
                "not_resources": [],
                "principals": [],
                "resources": [
                  "*"
                ],
                "sid": ""
              },
              {
                "actions": [
                  "elasticloadbalancing:CreateLoadBalancer",
                  "elasticloadbalancing:CreateTargetGroup"
                ],
                "condition": [
                  {
                    "test": "Null",
                    "values": [
                      "false"
                    ],
                    "variable": "aws:RequestTag/elbv2.k8s.aws/cluster"
                  }
                ],
                "effect": "Allow",
                "not_actions": [],
                "not_principals": [],
                "not_resources": [],
                "principals": [],
                "resources": [
                  "*"
                ],
                "sid": ""
              },
              {
                "actions": [
                  "elasticloadbalancing:CreateListener",
                  "elasticloadbalancing:CreateRule",
                  "elasticloadbalancing:DeleteListener",
                  "elasticloadbalancing:DeleteRule"
                ],
                "condition": [],
                "effect": "Allow",
                "not_actions": [],
                "not_principals": [],
                "not_resources": [],
                "principals": [],
                "resources": [
                  "*"
                ],
                "sid": ""
              },
              {
                "actions": [
                  "elasticloadbalancing:AddTags",
                  "elasticloadbalancing:RemoveTags"
                ],
                "condition": [
                  {
                    "test": "Null",
                    "values": [
                      "false"
                    ],
                    "variable": "aws:ResourceTag/elbv2.k8s.aws/cluster"
                  },
                  {
                    "test": "Null",
                    "values": [
                      "true"
                    ],
                    "variable": "aws:RequestTag/elbv2.k8s.aws/cluster"
                  }
                ],
                "effect": "Allow",
                "not_actions": [],
                "not_principals": [],
                "not_resources": [],
                "principals": [],
                "resources": [
                  "arn:aws:elasticloadbalancing:*:*:loadbalancer/app/*/*",
                  "arn:aws:elasticloadbalancing:*:*:loadbalancer/net/*/*",
                  "arn:aws:elasticloadbalancing:*:*:targetgroup/*/*"
                ],
                "sid": ""
              },
              {
                "actions": [
                  "elasticloadbalancing:AddTags",
                  "elasticloadbalancing:RemoveTags"
                ],
                "condition": [],
                "effect": "Allow",
                "not_actions": [],
                "not_principals": [],
                "not_resources": [],
                "principals": [],
                "resources": [
                  "arn:aws:elasticloadbalancing:*:*:listener-rule/app/*/*/*",
                  "arn:aws:elasticloadbalancing:*:*:listener-rule/net/*/*/*",
                  "arn:aws:elasticloadbalancing:*:*:listener/app/*/*/*",
                  "arn:aws:elasticloadbalancing:*:*:listener/net/*/*/*"
                ],
                "sid": ""
              },
              {
                "actions": [
                  "elasticloadbalancing:DeleteLoadBalancer",
                  "elasticloadbalancing:DeleteTargetGroup",
                  "elasticloadbalancing:ModifyLoadBalancerAttributes",
                  "elasticloadbalancing:ModifyTargetGroup",
                  "elasticloadbalancing:ModifyTargetGroupAttributes",
                  "elasticloadbalancing:SetIpAddressType",
                  "elasticloadbalancing:SetSecurityGroups",
                  "elasticloadbalancing:SetSubnets"
                ],
                "condition": [
                  {
                    "test": "Null",
                    "values": [
                      "false"
                    ],
                    "variable": "aws:ResourceTag/elbv2.k8s.aws/cluster"
                  }
                ],
                "effect": "Allow",
                "not_actions": [],
                "not_principals": [],
                "not_resources": [],
                "principals": [],
                "resources": [
                  "*"
                ],
                "sid": ""
              },
              {
                "actions": [
                  "elasticloadbalancing:AddTags"
                ],
                "condition": [
                  {
                    "test": "Null",
                    "values": [
                      "false"
                    ],
                    "variable": "aws:RequestTag/elbv2.k8s.aws/cluster"
                  },
                  {
                    "test": "StringEquals",
                    "values": [
                      "CreateTargetGroup",
                      "CreateLoadBalancer"
                    ],
                    "variable": "elasticloadbalancing:CreateAction"
                  }
                ],
                "effect": "Allow",
                "not_actions": [],
                "not_principals": [],
                "not_resources": [],
                "principals": [],
                "resources": [
                  "arn:aws:elasticloadbalancing:*:*:loadbalancer/app/*/*",
                  "arn:aws:elasticloadbalancing:*:*:loadbalancer/net/*/*",
                  "arn:aws:elasticloadbalancing:*:*:targetgroup/*/*"
                ],
                "sid": ""
              },
              {
                "actions": [
                  "elasticloadbalancing:DeregisterTargets",
                  "elasticloadbalancing:RegisterTargets"
                ],
                "condition": [],
                "effect": "Allow",
                "not_actions": [],
                "not_principals": [],
                "not_resources": [],
                "principals": [],
                "resources": [
                  "arn:aws:elasticloadbalancing:*:*:targetgroup/*/*"
                ],
                "sid": ""
              },
              {
                "actions": [
                  "elasticloadbalancing:AddListenerCertificates",
                  "elasticloadbalancing:ModifyListener",
                  "elasticloadbalancing:ModifyRule",
                  "elasticloadbalancing:RemoveListenerCertificates",
                  "elasticloadbalancing:SetWebAcl"
                ],
                "condition": [],
                "effect": "Allow",
                "not_actions": [],
                "not_principals": [],
                "not_resources": [],
                "principals": [],
                "resources": [
                  "*"
                ],
                "sid": ""
              }
            ],
            "version": "2012-10-17"
          },
          "sensitive_attributes": []
        }
      ]
    },
    {
      "module": "module.eks_blueprints_addons",
      "mode": "data",
      "type": "aws_partition",
      "name": "current",
      "provider": "provider[\"registry.terraform.io/hashicorp/aws\"]",
      "instances": [
        {
          "schema_version": 0,
          "attributes": {
            "dns_suffix": "amazonaws.com",
            "id": "aws",
            "partition": "aws",
            "reverse_dns_prefix": "com.amazonaws"
          },
          "sensitive_attributes": []
        }
      ]
    },
    {
      "module": "module.eks_blueprints_addons",
      "mode": "data",
      "type": "aws_region",
      "name": "current",
      "provider": "provider[\"registry.terraform.io/hashicorp/aws\"]",
      "instances": [
        {
          "schema_version": 0,
          "attributes": {
            "description": "Asia Pacific (Mumbai)",
            "endpoint": "ec2.ap-south-1.amazonaws.com",
            "id": "ap-south-1",
            "name": "ap-south-1"
          },
          "sensitive_attributes": []
        }
      ]
    },
    {
      "module": "module.eks_blueprints_addons",
      "mode": "managed",
      "type": "time_sleep",
      "name": "this",
      "provider": "provider[\"registry.terraform.io/hashicorp/time\"]",
      "instances": [
        {
          "schema_version": 0,
          "attributes": {
            "create_duration": "30s",
            "destroy_duration": null,
            "id": "2024-06-05T11:18:36Z",
            "triggers": {
              "cluster_endpoint": "https://838B948F7EB2EE1D3127DC04A1B9A280.gr7.ap-south-1.eks.amazonaws.com",
              "cluster_name": "testing-innovation-poc",
              "custom": "",
              "oidc_provider_arn": "arn:aws:iam::954503069243:oidc-provider/oidc.eks.ap-south-1.amazonaws.com/id/838B948F7EB2EE1D3127DC04A1B9A280"
            }
          },
          "sensitive_attributes": [],
          "dependencies": [
            "data.aws_availability_zones.available",
            "module.eks.aws_cloudwatch_log_group.this",
            "module.eks.aws_eks_cluster.this",
            "module.eks.aws_iam_openid_connect_provider.oidc_provider",
            "module.eks.aws_iam_policy.cni_ipv6_policy",
            "module.eks.aws_iam_role.this",
            "module.eks.aws_iam_role_policy_attachment.this",
            "module.eks.aws_security_group.cluster",
            "module.eks.aws_security_group.node",
            "module.eks.aws_security_group_rule.cluster",
            "module.eks.aws_security_group_rule.node",
            "module.eks.data.aws_caller_identity.current",
            "module.eks.data.aws_iam_policy_document.assume_role_policy",
            "module.eks.data.aws_iam_policy_document.cni_ipv6_policy",
            "module.eks.data.aws_iam_session_context.current",
            "module.eks.data.aws_partition.current",
            "module.eks.data.tls_certificate.this",
            "module.eks.module.kms.aws_kms_external_key.this",
            "module.eks.module.kms.aws_kms_key.this",
            "module.eks.module.kms.aws_kms_replica_external_key.this",
            "module.eks.module.kms.aws_kms_replica_key.this",
            "module.eks.module.kms.data.aws_caller_identity.current",
            "module.eks.module.kms.data.aws_iam_policy_document.this",
            "module.eks.module.kms.data.aws_partition.current",
            "module.vpc.aws_subnet.private",
            "module.vpc.aws_vpc.this",
            "module.vpc.aws_vpc_ipv4_cidr_block_association.this"
          ]
        }
      ]
    },
    {
      "module": "module.eks_blueprints_addons.module.aws_load_balancer_controller",
      "mode": "data",
      "type": "aws_caller_identity",
      "name": "current",
      "provider": "provider[\"registry.terraform.io/hashicorp/aws\"]",
      "instances": [
        {
          "index_key": 0,
          "schema_version": 0,
          "attributes": {
            "account_id": "954503069243",
            "arn": "arn:aws:iam::954503069243:user/Demo",
            "id": "954503069243",
            "user_id": "AIDA54PGQ7Y5RSB6FDGGF"
          },
          "sensitive_attributes": []
        }
      ]
    },
    {
      "module": "module.eks_blueprints_addons.module.aws_load_balancer_controller",
      "mode": "data",
      "type": "aws_iam_policy_document",
      "name": "assume",
      "provider": "provider[\"registry.terraform.io/hashicorp/aws\"]",
      "instances": [
        {
          "index_key": 0,
          "schema_version": 0,
          "attributes": {
            "id": "1781946412",
            "json": "{\n  \"Version\": \"2012-10-17\",\n  \"Statement\": [\n    {\n      \"Effect\": \"Allow\",\n      \"Action\": \"sts:AssumeRoleWithWebIdentity\",\n      \"Principal\": {\n        \"Federated\": \"arn:aws:iam::954503069243:oidc-provider/oidc.eks.ap-south-1.amazonaws.com/id/838B948F7EB2EE1D3127DC04A1B9A280\"\n      },\n      \"Condition\": {\n        \"StringEquals\": {\n          \"oidc.eks.ap-south-1.amazonaws.com/id/838B948F7EB2EE1D3127DC04A1B9A280:aud\": \"sts.amazonaws.com\",\n          \"oidc.eks.ap-south-1.amazonaws.com/id/838B948F7EB2EE1D3127DC04A1B9A280:sub\": \"system:serviceaccount:kube-system:aws-load-balancer-controller-sa\"\n        }\n      }\n    }\n  ]\n}",
            "override_json": null,
            "override_policy_documents": null,
            "policy_id": null,
            "source_json": null,
            "source_policy_documents": null,
            "statement": [
              {
                "actions": [
                  "sts:AssumeRoleWithWebIdentity"
                ],
                "condition": [
                  {
                    "test": "StringEquals",
                    "values": [
                      "sts.amazonaws.com"
                    ],
                    "variable": "oidc.eks.ap-south-1.amazonaws.com/id/838B948F7EB2EE1D3127DC04A1B9A280:aud"
                  },
                  {
                    "test": "StringEquals",
                    "values": [
                      "system:serviceaccount:kube-system:aws-load-balancer-controller-sa"
                    ],
                    "variable": "oidc.eks.ap-south-1.amazonaws.com/id/838B948F7EB2EE1D3127DC04A1B9A280:sub"
                  }
                ],
                "effect": "Allow",
                "not_actions": [],
                "not_principals": [],
                "not_resources": [],
                "principals": [
                  {
                    "identifiers": [
                      "arn:aws:iam::954503069243:oidc-provider/oidc.eks.ap-south-1.amazonaws.com/id/838B948F7EB2EE1D3127DC04A1B9A280"
                    ],
                    "type": "Federated"
                  }
                ],
                "resources": [],
                "sid": ""
              }
            ],
            "version": "2012-10-17"
          },
          "sensitive_attributes": []
        }
      ]
    },
    {
      "module": "module.eks_blueprints_addons.module.aws_load_balancer_controller",
      "mode": "data",
      "type": "aws_iam_policy_document",
      "name": "this",
      "provider": "provider[\"registry.terraform.io/hashicorp/aws\"]",
      "instances": [
        {
          "index_key": 0,
          "schema_version": 0,
          "attributes": {
            "id": "3712473960",
            "json": "{\n  \"Version\": \"2012-10-17\",\n  \"Statement\": [\n    {\n      \"Effect\": \"Allow\",\n      \"Action\": \"iam:CreateServiceLinkedRole\",\n      \"Resource\": \"*\",\n      \"Condition\": {\n        \"StringEquals\": {\n          \"iam:AWSServiceName\": \"elasticloadbalancing.amazonaws.com\"\n        }\n      }\n    },\n    {\n      \"Effect\": \"Allow\",\n      \"Action\": [\n        \"elasticloadbalancing:DescribeTrustStores\",\n        \"elasticloadbalancing:DescribeTargetHealth\",\n        \"elasticloadbalancing:DescribeTargetGroups\",\n        \"elasticloadbalancing:DescribeTargetGroupAttributes\",\n        \"elasticloadbalancing:DescribeTags\",\n        \"elasticloadbalancing:DescribeSSLPolicies\",\n        \"elasticloadbalancing:DescribeRules\",\n        \"elasticloadbalancing:DescribeLoadBalancers\",\n        \"elasticloadbalancing:DescribeLoadBalancerAttributes\",\n        \"elasticloadbalancing:DescribeListeners\",\n        \"elasticloadbalancing:DescribeListenerCertificates\",\n        \"ec2:GetCoipPoolUsage\",\n        \"ec2:DescribeVpcs\",\n        \"ec2:DescribeVpcPeeringConnections\",\n        \"ec2:DescribeTags\",\n        \"ec2:DescribeSubnets\",\n        \"ec2:DescribeSecurityGroups\",\n        \"ec2:DescribeNetworkInterfaces\",\n        \"ec2:DescribeInternetGateways\",\n        \"ec2:DescribeInstances\",\n        \"ec2:DescribeCoipPools\",\n        \"ec2:DescribeAvailabilityZones\",\n        \"ec2:DescribeAddresses\",\n        \"ec2:DescribeAccountAttributes\"\n      ],\n      \"Resource\": \"*\"\n    },\n    {\n      \"Effect\": \"Allow\",\n      \"Action\": [\n        \"wafv2:GetWebACLForResource\",\n        \"wafv2:GetWebACL\",\n        \"wafv2:DisassociateWebACL\",\n        \"wafv2:AssociateWebACL\",\n        \"waf-regional:GetWebACLForResource\",\n        \"waf-regional:GetWebACL\",\n        \"waf-regional:DisassociateWebACL\",\n        \"waf-regional:AssociateWebACL\",\n        \"shield:GetSubscriptionState\",\n        \"shield:DescribeProtection\",\n        \"shield:DeleteProtection\",\n        \"shield:CreateProtection\",\n        \"iam:ListServerCertificates\",\n        \"iam:GetServerCertificate\",\n        \"cognito-idp:DescribeUserPoolClient\",\n        \"acm:ListCertificates\",\n        \"acm:DescribeCertificate\"\n      ],\n      \"Resource\": \"*\"\n    },\n    {\n      \"Effect\": \"Allow\",\n      \"Action\": [\n        \"ec2:RevokeSecurityGroupIngress\",\n        \"ec2:AuthorizeSecurityGroupIngress\"\n      ],\n      \"Resource\": \"*\"\n    },\n    {\n      \"Effect\": \"Allow\",\n      \"Action\": \"ec2:CreateSecurityGroup\",\n      \"Resource\": \"*\"\n    },\n    {\n      \"Effect\": \"Allow\",\n      \"Action\": \"ec2:CreateTags\",\n      \"Resource\": \"arn:aws:ec2:*:*:security-group/*\",\n      \"Condition\": {\n        \"Null\": {\n          \"aws:RequestTag/elbv2.k8s.aws/cluster\": \"false\"\n        },\n        \"StringEquals\": {\n          \"ec2:CreateAction\": \"CreateSecurityGroup\"\n        }\n      }\n    },\n    {\n      \"Effect\": \"Allow\",\n      \"Action\": [\n        \"ec2:DeleteTags\",\n        \"ec2:CreateTags\"\n      ],\n      \"Resource\": \"arn:aws:ec2:*:*:security-group/*\",\n      \"Condition\": {\n        \"Null\": {\n          \"aws:RequestTag/elbv2.k8s.aws/cluster\": \"true\",\n          \"aws:ResourceTag/elbv2.k8s.aws/cluster\": \"false\"\n        }\n      }\n    },\n    {\n      \"Effect\": \"Allow\",\n      \"Action\": [\n        \"ec2:RevokeSecurityGroupIngress\",\n        \"ec2:DeleteSecurityGroup\",\n        \"ec2:AuthorizeSecurityGroupIngress\"\n      ],\n      \"Resource\": \"*\",\n      \"Condition\": {\n        \"Null\": {\n          \"aws:ResourceTag/elbv2.k8s.aws/cluster\": \"false\"\n        }\n      }\n    },\n    {\n      \"Effect\": \"Allow\",\n      \"Action\": [\n        \"elasticloadbalancing:CreateTargetGroup\",\n        \"elasticloadbalancing:CreateLoadBalancer\"\n      ],\n      \"Resource\": \"*\",\n      \"Condition\": {\n        \"Null\": {\n          \"aws:RequestTag/elbv2.k8s.aws/cluster\": \"false\"\n        }\n      }\n    },\n    {\n      \"Effect\": \"Allow\",\n      \"Action\": [\n        \"elasticloadbalancing:DeleteRule\",\n        \"elasticloadbalancing:DeleteListener\",\n        \"elasticloadbalancing:CreateRule\",\n        \"elasticloadbalancing:CreateListener\"\n      ],\n      \"Resource\": \"*\"\n    },\n    {\n      \"Effect\": \"Allow\",\n      \"Action\": [\n        \"elasticloadbalancing:RemoveTags\",\n        \"elasticloadbalancing:AddTags\"\n      ],\n      \"Resource\": [\n        \"arn:aws:elasticloadbalancing:*:*:targetgroup/*/*\",\n        \"arn:aws:elasticloadbalancing:*:*:loadbalancer/net/*/*\",\n        \"arn:aws:elasticloadbalancing:*:*:loadbalancer/app/*/*\"\n      ],\n      \"Condition\": {\n        \"Null\": {\n          \"aws:RequestTag/elbv2.k8s.aws/cluster\": \"true\",\n          \"aws:ResourceTag/elbv2.k8s.aws/cluster\": \"false\"\n        }\n      }\n    },\n    {\n      \"Effect\": \"Allow\",\n      \"Action\": [\n        \"elasticloadbalancing:RemoveTags\",\n        \"elasticloadbalancing:AddTags\"\n      ],\n      \"Resource\": [\n        \"arn:aws:elasticloadbalancing:*:*:listener/net/*/*/*\",\n        \"arn:aws:elasticloadbalancing:*:*:listener/app/*/*/*\",\n        \"arn:aws:elasticloadbalancing:*:*:listener-rule/net/*/*/*\",\n        \"arn:aws:elasticloadbalancing:*:*:listener-rule/app/*/*/*\"\n      ]\n    },\n    {\n      \"Effect\": \"Allow\",\n      \"Action\": [\n        \"elasticloadbalancing:SetSubnets\",\n        \"elasticloadbalancing:SetSecurityGroups\",\n        \"elasticloadbalancing:SetIpAddressType\",\n        \"elasticloadbalancing:ModifyTargetGroupAttributes\",\n        \"elasticloadbalancing:ModifyTargetGroup\",\n        \"elasticloadbalancing:ModifyLoadBalancerAttributes\",\n        \"elasticloadbalancing:DeleteTargetGroup\",\n        \"elasticloadbalancing:DeleteLoadBalancer\"\n      ],\n      \"Resource\": \"*\",\n      \"Condition\": {\n        \"Null\": {\n          \"aws:ResourceTag/elbv2.k8s.aws/cluster\": \"false\"\n        }\n      }\n    },\n    {\n      \"Effect\": \"Allow\",\n      \"Action\": \"elasticloadbalancing:AddTags\",\n      \"Resource\": [\n        \"arn:aws:elasticloadbalancing:*:*:targetgroup/*/*\",\n        \"arn:aws:elasticloadbalancing:*:*:loadbalancer/net/*/*\",\n        \"arn:aws:elasticloadbalancing:*:*:loadbalancer/app/*/*\"\n      ],\n      \"Condition\": {\n        \"Null\": {\n          \"aws:RequestTag/elbv2.k8s.aws/cluster\": \"false\"\n        },\n        \"StringEquals\": {\n          \"elasticloadbalancing:CreateAction\": [\n            \"CreateTargetGroup\",\n            \"CreateLoadBalancer\"\n          ]\n        }\n      }\n    },\n    {\n      \"Effect\": \"Allow\",\n      \"Action\": [\n        \"elasticloadbalancing:RegisterTargets\",\n        \"elasticloadbalancing:DeregisterTargets\"\n      ],\n      \"Resource\": \"arn:aws:elasticloadbalancing:*:*:targetgroup/*/*\"\n    },\n    {\n      \"Effect\": \"Allow\",\n      \"Action\": [\n        \"elasticloadbalancing:SetWebAcl\",\n        \"elasticloadbalancing:RemoveListenerCertificates\",\n        \"elasticloadbalancing:ModifyRule\",\n        \"elasticloadbalancing:ModifyListener\",\n        \"elasticloadbalancing:AddListenerCertificates\"\n      ],\n      \"Resource\": \"*\"\n    }\n  ]\n}",
            "override_json": null,
            "override_policy_documents": null,
            "policy_id": null,
            "source_json": null,
            "source_policy_documents": [
              "{\n  \"Version\": \"2012-10-17\",\n  \"Statement\": [\n    {\n      \"Effect\": \"Allow\",\n      \"Action\": \"iam:CreateServiceLinkedRole\",\n      \"Resource\": \"*\",\n      \"Condition\": {\n        \"StringEquals\": {\n          \"iam:AWSServiceName\": \"elasticloadbalancing.amazonaws.com\"\n        }\n      }\n    },\n    {\n      \"Effect\": \"Allow\",\n      \"Action\": [\n        \"elasticloadbalancing:DescribeTrustStores\",\n        \"elasticloadbalancing:DescribeTargetHealth\",\n        \"elasticloadbalancing:DescribeTargetGroups\",\n        \"elasticloadbalancing:DescribeTargetGroupAttributes\",\n        \"elasticloadbalancing:DescribeTags\",\n        \"elasticloadbalancing:DescribeSSLPolicies\",\n        \"elasticloadbalancing:DescribeRules\",\n        \"elasticloadbalancing:DescribeLoadBalancers\",\n        \"elasticloadbalancing:DescribeLoadBalancerAttributes\",\n        \"elasticloadbalancing:DescribeListeners\",\n        \"elasticloadbalancing:DescribeListenerCertificates\",\n        \"ec2:GetCoipPoolUsage\",\n        \"ec2:DescribeVpcs\",\n        \"ec2:DescribeVpcPeeringConnections\",\n        \"ec2:DescribeTags\",\n        \"ec2:DescribeSubnets\",\n        \"ec2:DescribeSecurityGroups\",\n        \"ec2:DescribeNetworkInterfaces\",\n        \"ec2:DescribeInternetGateways\",\n        \"ec2:DescribeInstances\",\n        \"ec2:DescribeCoipPools\",\n        \"ec2:DescribeAvailabilityZones\",\n        \"ec2:DescribeAddresses\",\n        \"ec2:DescribeAccountAttributes\"\n      ],\n      \"Resource\": \"*\"\n    },\n    {\n      \"Effect\": \"Allow\",\n      \"Action\": [\n        \"wafv2:GetWebACLForResource\",\n        \"wafv2:GetWebACL\",\n        \"wafv2:DisassociateWebACL\",\n        \"wafv2:AssociateWebACL\",\n        \"waf-regional:GetWebACLForResource\",\n        \"waf-regional:GetWebACL\",\n        \"waf-regional:DisassociateWebACL\",\n        \"waf-regional:AssociateWebACL\",\n        \"shield:GetSubscriptionState\",\n        \"shield:DescribeProtection\",\n        \"shield:DeleteProtection\",\n        \"shield:CreateProtection\",\n        \"iam:ListServerCertificates\",\n        \"iam:GetServerCertificate\",\n        \"cognito-idp:DescribeUserPoolClient\",\n        \"acm:ListCertificates\",\n        \"acm:DescribeCertificate\"\n      ],\n      \"Resource\": \"*\"\n    },\n    {\n      \"Effect\": \"Allow\",\n      \"Action\": [\n        \"ec2:RevokeSecurityGroupIngress\",\n        \"ec2:AuthorizeSecurityGroupIngress\"\n      ],\n      \"Resource\": \"*\"\n    },\n    {\n      \"Effect\": \"Allow\",\n      \"Action\": \"ec2:CreateSecurityGroup\",\n      \"Resource\": \"*\"\n    },\n    {\n      \"Effect\": \"Allow\",\n      \"Action\": \"ec2:CreateTags\",\n      \"Resource\": \"arn:aws:ec2:*:*:security-group/*\",\n      \"Condition\": {\n        \"Null\": {\n          \"aws:RequestTag/elbv2.k8s.aws/cluster\": \"false\"\n        },\n        \"StringEquals\": {\n          \"ec2:CreateAction\": \"CreateSecurityGroup\"\n        }\n      }\n    },\n    {\n      \"Effect\": \"Allow\",\n      \"Action\": [\n        \"ec2:DeleteTags\",\n        \"ec2:CreateTags\"\n      ],\n      \"Resource\": \"arn:aws:ec2:*:*:security-group/*\",\n      \"Condition\": {\n        \"Null\": {\n          \"aws:RequestTag/elbv2.k8s.aws/cluster\": \"true\",\n          \"aws:ResourceTag/elbv2.k8s.aws/cluster\": \"false\"\n        }\n      }\n    },\n    {\n      \"Effect\": \"Allow\",\n      \"Action\": [\n        \"ec2:RevokeSecurityGroupIngress\",\n        \"ec2:DeleteSecurityGroup\",\n        \"ec2:AuthorizeSecurityGroupIngress\"\n      ],\n      \"Resource\": \"*\",\n      \"Condition\": {\n        \"Null\": {\n          \"aws:ResourceTag/elbv2.k8s.aws/cluster\": \"false\"\n        }\n      }\n    },\n    {\n      \"Effect\": \"Allow\",\n      \"Action\": [\n        \"elasticloadbalancing:CreateTargetGroup\",\n        \"elasticloadbalancing:CreateLoadBalancer\"\n      ],\n      \"Resource\": \"*\",\n      \"Condition\": {\n        \"Null\": {\n          \"aws:RequestTag/elbv2.k8s.aws/cluster\": \"false\"\n        }\n      }\n    },\n    {\n      \"Effect\": \"Allow\",\n      \"Action\": [\n        \"elasticloadbalancing:DeleteRule\",\n        \"elasticloadbalancing:DeleteListener\",\n        \"elasticloadbalancing:CreateRule\",\n        \"elasticloadbalancing:CreateListener\"\n      ],\n      \"Resource\": \"*\"\n    },\n    {\n      \"Effect\": \"Allow\",\n      \"Action\": [\n        \"elasticloadbalancing:RemoveTags\",\n        \"elasticloadbalancing:AddTags\"\n      ],\n      \"Resource\": [\n        \"arn:aws:elasticloadbalancing:*:*:targetgroup/*/*\",\n        \"arn:aws:elasticloadbalancing:*:*:loadbalancer/net/*/*\",\n        \"arn:aws:elasticloadbalancing:*:*:loadbalancer/app/*/*\"\n      ],\n      \"Condition\": {\n        \"Null\": {\n          \"aws:RequestTag/elbv2.k8s.aws/cluster\": \"true\",\n          \"aws:ResourceTag/elbv2.k8s.aws/cluster\": \"false\"\n        }\n      }\n    },\n    {\n      \"Effect\": \"Allow\",\n      \"Action\": [\n        \"elasticloadbalancing:RemoveTags\",\n        \"elasticloadbalancing:AddTags\"\n      ],\n      \"Resource\": [\n        \"arn:aws:elasticloadbalancing:*:*:listener/net/*/*/*\",\n        \"arn:aws:elasticloadbalancing:*:*:listener/app/*/*/*\",\n        \"arn:aws:elasticloadbalancing:*:*:listener-rule/net/*/*/*\",\n        \"arn:aws:elasticloadbalancing:*:*:listener-rule/app/*/*/*\"\n      ]\n    },\n    {\n      \"Effect\": \"Allow\",\n      \"Action\": [\n        \"elasticloadbalancing:SetSubnets\",\n        \"elasticloadbalancing:SetSecurityGroups\",\n        \"elasticloadbalancing:SetIpAddressType\",\n        \"elasticloadbalancing:ModifyTargetGroupAttributes\",\n        \"elasticloadbalancing:ModifyTargetGroup\",\n        \"elasticloadbalancing:ModifyLoadBalancerAttributes\",\n        \"elasticloadbalancing:DeleteTargetGroup\",\n        \"elasticloadbalancing:DeleteLoadBalancer\"\n      ],\n      \"Resource\": \"*\",\n      \"Condition\": {\n        \"Null\": {\n          \"aws:ResourceTag/elbv2.k8s.aws/cluster\": \"false\"\n        }\n      }\n    },\n    {\n      \"Effect\": \"Allow\",\n      \"Action\": \"elasticloadbalancing:AddTags\",\n      \"Resource\": [\n        \"arn:aws:elasticloadbalancing:*:*:targetgroup/*/*\",\n        \"arn:aws:elasticloadbalancing:*:*:loadbalancer/net/*/*\",\n        \"arn:aws:elasticloadbalancing:*:*:loadbalancer/app/*/*\"\n      ],\n      \"Condition\": {\n        \"Null\": {\n          \"aws:RequestTag/elbv2.k8s.aws/cluster\": \"false\"\n        },\n        \"StringEquals\": {\n          \"elasticloadbalancing:CreateAction\": [\n            \"CreateTargetGroup\",\n            \"CreateLoadBalancer\"\n          ]\n        }\n      }\n    },\n    {\n      \"Effect\": \"Allow\",\n      \"Action\": [\n        \"elasticloadbalancing:RegisterTargets\",\n        \"elasticloadbalancing:DeregisterTargets\"\n      ],\n      \"Resource\": \"arn:aws:elasticloadbalancing:*:*:targetgroup/*/*\"\n    },\n    {\n      \"Effect\": \"Allow\",\n      \"Action\": [\n        \"elasticloadbalancing:SetWebAcl\",\n        \"elasticloadbalancing:RemoveListenerCertificates\",\n        \"elasticloadbalancing:ModifyRule\",\n        \"elasticloadbalancing:ModifyListener\",\n        \"elasticloadbalancing:AddListenerCertificates\"\n      ],\n      \"Resource\": \"*\"\n    }\n  ]\n}"
            ],
            "statement": null,
            "version": "2012-10-17"
          },
          "sensitive_attributes": []
        }
      ]
    },
    {
      "module": "module.eks_blueprints_addons.module.aws_load_balancer_controller",
      "mode": "data",
      "type": "aws_partition",
      "name": "current",
      "provider": "provider[\"registry.terraform.io/hashicorp/aws\"]",
      "instances": [
        {
          "index_key": 0,
          "schema_version": 0,
          "attributes": {
            "dns_suffix": "amazonaws.com",
            "id": "aws",
            "partition": "aws",
            "reverse_dns_prefix": "com.amazonaws"
          },
          "sensitive_attributes": []
        }
      ]
    },
    {
      "module": "module.eks_blueprints_addons.module.aws_load_balancer_controller",
      "mode": "managed",
      "type": "aws_iam_policy",
      "name": "this",
      "provider": "provider[\"registry.terraform.io/hashicorp/aws\"]",
      "instances": [
        {
          "index_key": 0,
          "schema_version": 0,
          "attributes": {
            "arn": "arn:aws:iam::954503069243:policy/alb-controller-20240605111806404300000001",
            "description": "IAM Policy for AWS Load Balancer Controller",
            "id": "arn:aws:iam::954503069243:policy/alb-controller-20240605111806404300000001",
            "name": "alb-controller-20240605111806404300000001",
            "name_prefix": "alb-controller-",
            "path": "/",
            "policy": "{\"Statement\":[{\"Action\":\"iam:CreateServiceLinkedRole\",\"Condition\":{\"StringEquals\":{\"iam:AWSServiceName\":\"elasticloadbalancing.amazonaws.com\"}},\"Effect\":\"Allow\",\"Resource\":\"*\"},{\"Action\":[\"elasticloadbalancing:DescribeTrustStores\",\"elasticloadbalancing:DescribeTargetHealth\",\"elasticloadbalancing:DescribeTargetGroups\",\"elasticloadbalancing:DescribeTargetGroupAttributes\",\"elasticloadbalancing:DescribeTags\",\"elasticloadbalancing:DescribeSSLPolicies\",\"elasticloadbalancing:DescribeRules\",\"elasticloadbalancing:DescribeLoadBalancers\",\"elasticloadbalancing:DescribeLoadBalancerAttributes\",\"elasticloadbalancing:DescribeListeners\",\"elasticloadbalancing:DescribeListenerCertificates\",\"ec2:GetCoipPoolUsage\",\"ec2:DescribeVpcs\",\"ec2:DescribeVpcPeeringConnections\",\"ec2:DescribeTags\",\"ec2:DescribeSubnets\",\"ec2:DescribeSecurityGroups\",\"ec2:DescribeNetworkInterfaces\",\"ec2:DescribeInternetGateways\",\"ec2:DescribeInstances\",\"ec2:DescribeCoipPools\",\"ec2:DescribeAvailabilityZones\",\"ec2:DescribeAddresses\",\"ec2:DescribeAccountAttributes\"],\"Effect\":\"Allow\",\"Resource\":\"*\"},{\"Action\":[\"wafv2:GetWebACLForResource\",\"wafv2:GetWebACL\",\"wafv2:DisassociateWebACL\",\"wafv2:AssociateWebACL\",\"waf-regional:GetWebACLForResource\",\"waf-regional:GetWebACL\",\"waf-regional:DisassociateWebACL\",\"waf-regional:AssociateWebACL\",\"shield:GetSubscriptionState\",\"shield:DescribeProtection\",\"shield:DeleteProtection\",\"shield:CreateProtection\",\"iam:ListServerCertificates\",\"iam:GetServerCertificate\",\"cognito-idp:DescribeUserPoolClient\",\"acm:ListCertificates\",\"acm:DescribeCertificate\"],\"Effect\":\"Allow\",\"Resource\":\"*\"},{\"Action\":[\"ec2:RevokeSecurityGroupIngress\",\"ec2:AuthorizeSecurityGroupIngress\"],\"Effect\":\"Allow\",\"Resource\":\"*\"},{\"Action\":\"ec2:CreateSecurityGroup\",\"Effect\":\"Allow\",\"Resource\":\"*\"},{\"Action\":\"ec2:CreateTags\",\"Condition\":{\"Null\":{\"aws:RequestTag/elbv2.k8s.aws/cluster\":\"false\"},\"StringEquals\":{\"ec2:CreateAction\":\"CreateSecurityGroup\"}},\"Effect\":\"Allow\",\"Resource\":\"arn:aws:ec2:*:*:security-group/*\"},{\"Action\":[\"ec2:DeleteTags\",\"ec2:CreateTags\"],\"Condition\":{\"Null\":{\"aws:RequestTag/elbv2.k8s.aws/cluster\":\"true\",\"aws:ResourceTag/elbv2.k8s.aws/cluster\":\"false\"}},\"Effect\":\"Allow\",\"Resource\":\"arn:aws:ec2:*:*:security-group/*\"},{\"Action\":[\"ec2:RevokeSecurityGroupIngress\",\"ec2:DeleteSecurityGroup\",\"ec2:AuthorizeSecurityGroupIngress\"],\"Condition\":{\"Null\":{\"aws:ResourceTag/elbv2.k8s.aws/cluster\":\"false\"}},\"Effect\":\"Allow\",\"Resource\":\"*\"},{\"Action\":[\"elasticloadbalancing:CreateTargetGroup\",\"elasticloadbalancing:CreateLoadBalancer\"],\"Condition\":{\"Null\":{\"aws:RequestTag/elbv2.k8s.aws/cluster\":\"false\"}},\"Effect\":\"Allow\",\"Resource\":\"*\"},{\"Action\":[\"elasticloadbalancing:DeleteRule\",\"elasticloadbalancing:DeleteListener\",\"elasticloadbalancing:CreateRule\",\"elasticloadbalancing:CreateListener\"],\"Effect\":\"Allow\",\"Resource\":\"*\"},{\"Action\":[\"elasticloadbalancing:RemoveTags\",\"elasticloadbalancing:AddTags\"],\"Condition\":{\"Null\":{\"aws:RequestTag/elbv2.k8s.aws/cluster\":\"true\",\"aws:ResourceTag/elbv2.k8s.aws/cluster\":\"false\"}},\"Effect\":\"Allow\",\"Resource\":[\"arn:aws:elasticloadbalancing:*:*:targetgroup/*/*\",\"arn:aws:elasticloadbalancing:*:*:loadbalancer/net/*/*\",\"arn:aws:elasticloadbalancing:*:*:loadbalancer/app/*/*\"]},{\"Action\":[\"elasticloadbalancing:RemoveTags\",\"elasticloadbalancing:AddTags\"],\"Effect\":\"Allow\",\"Resource\":[\"arn:aws:elasticloadbalancing:*:*:listener/net/*/*/*\",\"arn:aws:elasticloadbalancing:*:*:listener/app/*/*/*\",\"arn:aws:elasticloadbalancing:*:*:listener-rule/net/*/*/*\",\"arn:aws:elasticloadbalancing:*:*:listener-rule/app/*/*/*\"]},{\"Action\":[\"elasticloadbalancing:SetSubnets\",\"elasticloadbalancing:SetSecurityGroups\",\"elasticloadbalancing:SetIpAddressType\",\"elasticloadbalancing:ModifyTargetGroupAttributes\",\"elasticloadbalancing:ModifyTargetGroup\",\"elasticloadbalancing:ModifyLoadBalancerAttributes\",\"elasticloadbalancing:DeleteTargetGroup\",\"elasticloadbalancing:DeleteLoadBalancer\"],\"Condition\":{\"Null\":{\"aws:ResourceTag/elbv2.k8s.aws/cluster\":\"false\"}},\"Effect\":\"Allow\",\"Resource\":\"*\"},{\"Action\":\"elasticloadbalancing:AddTags\",\"Condition\":{\"Null\":{\"aws:RequestTag/elbv2.k8s.aws/cluster\":\"false\"},\"StringEquals\":{\"elasticloadbalancing:CreateAction\":[\"CreateTargetGroup\",\"CreateLoadBalancer\"]}},\"Effect\":\"Allow\",\"Resource\":[\"arn:aws:elasticloadbalancing:*:*:targetgroup/*/*\",\"arn:aws:elasticloadbalancing:*:*:loadbalancer/net/*/*\",\"arn:aws:elasticloadbalancing:*:*:loadbalancer/app/*/*\"]},{\"Action\":[\"elasticloadbalancing:RegisterTargets\",\"elasticloadbalancing:DeregisterTargets\"],\"Effect\":\"Allow\",\"Resource\":\"arn:aws:elasticloadbalancing:*:*:targetgroup/*/*\"},{\"Action\":[\"elasticloadbalancing:SetWebAcl\",\"elasticloadbalancing:RemoveListenerCertificates\",\"elasticloadbalancing:ModifyRule\",\"elasticloadbalancing:ModifyListener\",\"elasticloadbalancing:AddListenerCertificates\"],\"Effect\":\"Allow\",\"Resource\":\"*\"}],\"Version\":\"2012-10-17\"}",
            "policy_id": "ANPA54PGQ7Y5YO7I4CCFX",
            "tags": {
              "Businessunit": "testing",
              "Environment": "poc",
              "Managedby": "Terraform",
              "TeamName": "RnD"
            },
            "tags_all": {
              "Businessunit": "testing",
              "Environment": "poc",
              "Managedby": "Terraform",
              "TeamName": "RnD"
            }
          },
          "sensitive_attributes": [],
          "private": "bnVsbA==",
          "dependencies": [
            "module.eks_blueprints_addons.data.aws_iam_policy_document.aws_load_balancer_controller",
            "module.eks_blueprints_addons.data.aws_partition.current",
            "module.eks_blueprints_addons.module.aws_load_balancer_controller.data.aws_iam_policy_document.this"
          ]
        }
      ]
    },
    {
      "module": "module.eks_blueprints_addons.module.aws_load_balancer_controller",
      "mode": "managed",
      "type": "aws_iam_role",
      "name": "this",
      "provider": "provider[\"registry.terraform.io/hashicorp/aws\"]",
      "instances": [
        {
          "index_key": 0,
          "schema_version": 0,
          "attributes": {
            "arn": "arn:aws:iam::954503069243:role/alb-controller-20240605111836476700000002",
            "assume_role_policy": "{\"Statement\":[{\"Action\":\"sts:AssumeRoleWithWebIdentity\",\"Condition\":{\"StringEquals\":{\"oidc.eks.ap-south-1.amazonaws.com/id/838B948F7EB2EE1D3127DC04A1B9A280:aud\":\"sts.amazonaws.com\",\"oidc.eks.ap-south-1.amazonaws.com/id/838B948F7EB2EE1D3127DC04A1B9A280:sub\":\"system:serviceaccount:kube-system:aws-load-balancer-controller-sa\"}},\"Effect\":\"Allow\",\"Principal\":{\"Federated\":\"arn:aws:iam::954503069243:oidc-provider/oidc.eks.ap-south-1.amazonaws.com/id/838B948F7EB2EE1D3127DC04A1B9A280\"}}],\"Version\":\"2012-10-17\"}",
            "create_date": "2024-06-05T11:18:36Z",
            "description": "IRSA for aws-load-balancer-controller project",
            "force_detach_policies": true,
            "id": "alb-controller-20240605111836476700000002",
            "inline_policy": [],
            "managed_policy_arns": [],
            "max_session_duration": 3600,
            "name": "alb-controller-20240605111836476700000002",
            "name_prefix": "alb-controller-",
            "path": "/",
            "permissions_boundary": "",
            "tags": {
              "Businessunit": "testing",
              "Environment": "poc",
              "Managedby": "Terraform",
              "TeamName": "RnD"
            },
            "tags_all": {
              "Businessunit": "testing",
              "Environment": "poc",
              "Managedby": "Terraform",
              "TeamName": "RnD"
            },
            "unique_id": "AROA54PGQ7Y5ZKBGTNQHK"
          },
          "sensitive_attributes": [],
          "private": "bnVsbA==",
          "dependencies": [
            "data.aws_availability_zones.available",
            "module.eks.aws_cloudwatch_log_group.this",
            "module.eks.aws_eks_cluster.this",
            "module.eks.aws_iam_openid_connect_provider.oidc_provider",
            "module.eks.aws_iam_policy.cni_ipv6_policy",
            "module.eks.aws_iam_role.this",
            "module.eks.aws_iam_role_policy_attachment.this",
            "module.eks.aws_security_group.cluster",
            "module.eks.aws_security_group.node",
            "module.eks.aws_security_group_rule.cluster",
            "module.eks.aws_security_group_rule.node",
            "module.eks.data.aws_caller_identity.current",
            "module.eks.data.aws_iam_policy_document.assume_role_policy",
            "module.eks.data.aws_iam_policy_document.cni_ipv6_policy",
            "module.eks.data.aws_iam_session_context.current",
            "module.eks.data.aws_partition.current",
            "module.eks.data.tls_certificate.this",
            "module.eks.module.kms.aws_kms_external_key.this",
            "module.eks.module.kms.aws_kms_key.this",
            "module.eks.module.kms.aws_kms_replica_external_key.this",
            "module.eks.module.kms.aws_kms_replica_key.this",
            "module.eks.module.kms.data.aws_caller_identity.current",
            "module.eks.module.kms.data.aws_iam_policy_document.this",
            "module.eks.module.kms.data.aws_partition.current",
            "module.eks_blueprints_addons.module.aws_load_balancer_controller.data.aws_caller_identity.current",
            "module.eks_blueprints_addons.module.aws_load_balancer_controller.data.aws_iam_policy_document.assume",
            "module.eks_blueprints_addons.module.aws_load_balancer_controller.data.aws_partition.current",
            "module.eks_blueprints_addons.time_sleep.this",
            "module.vpc.aws_subnet.private",
            "module.vpc.aws_vpc.this",
            "module.vpc.aws_vpc_ipv4_cidr_block_association.this"
          ]
        }
      ]
    },
    {
      "module": "module.eks_blueprints_addons.module.aws_load_balancer_controller",
      "mode": "managed",
      "type": "aws_iam_role_policy_attachment",
      "name": "this",
      "provider": "provider[\"registry.terraform.io/hashicorp/aws\"]",
      "instances": [
        {
          "index_key": 0,
          "schema_version": 0,
          "attributes": {
            "id": "alb-controller-20240605111836476700000002-20240605111837874400000003",
            "policy_arn": "arn:aws:iam::954503069243:policy/alb-controller-20240605111806404300000001",
            "role": "alb-controller-20240605111836476700000002"
          },
          "sensitive_attributes": [],
          "private": "bnVsbA==",
          "dependencies": [
            "data.aws_availability_zones.available",
            "module.eks.aws_cloudwatch_log_group.this",
            "module.eks.aws_eks_cluster.this",
            "module.eks.aws_iam_openid_connect_provider.oidc_provider",
            "module.eks.aws_iam_policy.cni_ipv6_policy",
            "module.eks.aws_iam_role.this",
            "module.eks.aws_iam_role_policy_attachment.this",
            "module.eks.aws_security_group.cluster",
            "module.eks.aws_security_group.node",
            "module.eks.aws_security_group_rule.cluster",
            "module.eks.aws_security_group_rule.node",
            "module.eks.data.aws_caller_identity.current",
            "module.eks.data.aws_iam_policy_document.assume_role_policy",
            "module.eks.data.aws_iam_policy_document.cni_ipv6_policy",
            "module.eks.data.aws_iam_session_context.current",
            "module.eks.data.aws_partition.current",
            "module.eks.data.tls_certificate.this",
            "module.eks.module.kms.aws_kms_external_key.this",
            "module.eks.module.kms.aws_kms_key.this",
            "module.eks.module.kms.aws_kms_replica_external_key.this",
            "module.eks.module.kms.aws_kms_replica_key.this",
            "module.eks.module.kms.data.aws_caller_identity.current",
            "module.eks.module.kms.data.aws_iam_policy_document.this",
            "module.eks.module.kms.data.aws_partition.current",
            "module.eks_blueprints_addons.data.aws_iam_policy_document.aws_load_balancer_controller",
            "module.eks_blueprints_addons.data.aws_partition.current",
            "module.eks_blueprints_addons.module.aws_load_balancer_controller.aws_iam_policy.this",
            "module.eks_blueprints_addons.module.aws_load_balancer_controller.aws_iam_role.this",
            "module.eks_blueprints_addons.module.aws_load_balancer_controller.data.aws_caller_identity.current",
            "module.eks_blueprints_addons.module.aws_load_balancer_controller.data.aws_iam_policy_document.assume",
            "module.eks_blueprints_addons.module.aws_load_balancer_controller.data.aws_iam_policy_document.this",
            "module.eks_blueprints_addons.module.aws_load_balancer_controller.data.aws_partition.current",
            "module.eks_blueprints_addons.time_sleep.this",
            "module.vpc.aws_subnet.private",
            "module.vpc.aws_vpc.this",
            "module.vpc.aws_vpc_ipv4_cidr_block_association.this"
          ]
        }
      ]
    },
    {
      "module": "module.eks_blueprints_addons.module.aws_load_balancer_controller",
      "mode": "managed",
      "type": "helm_release",
      "name": "this",
      "provider": "provider[\"registry.terraform.io/hashicorp/helm\"]",
      "instances": [
        {
          "index_key": 0,
          "schema_version": 1,
          "attributes": {
            "atomic": false,
            "chart": "aws-load-balancer-controller",
            "cleanup_on_fail": false,
            "create_namespace": false,
            "dependency_update": false,
            "description": "A Helm chart to deploy aws-load-balancer-controller for ingress resources",
            "devel": null,
            "disable_crd_hooks": false,
            "disable_openapi_validation": false,
            "disable_webhooks": false,
            "force_update": false,
            "id": "aws-load-balancer-controller",
            "keyring": null,
            "lint": false,
            "manifest": null,
            "max_history": 0,
            "metadata": [
              {
                "app_version": "v2.7.1",
                "chart": "aws-load-balancer-controller",
                "name": "aws-load-balancer-controller",
                "namespace": "kube-system",
                "revision": 1,
                "values": "{\"clusterName\":\"testing-innovation-poc\",\"serviceAccount\":{\"annotations\":{\"eks.amazonaws.com/role-arn\":\"arn:aws:iam::954503069243:role/alb-controller-20240605111836476700000002\"},\"name\":\"aws-load-balancer-controller-sa\"}}",
                "version": "1.7.1"
              }
            ],
            "name": "aws-load-balancer-controller",
            "namespace": "kube-system",
            "pass_credentials": false,
            "postrender": [],
            "recreate_pods": false,
            "render_subchart_notes": true,
            "replace": false,
            "repository": "https://aws.github.io/eks-charts",
            "repository_ca_file": null,
            "repository_cert_file": null,
            "repository_key_file": null,
            "repository_password": null,
            "repository_username": null,
            "reset_values": false,
            "reuse_values": false,
            "set": [
              {
                "name": "clusterName",
                "type": "",
                "value": "testing-innovation-poc"
              },
              {
                "name": "serviceAccount.annotations.eks\\.amazonaws\\.com/role-arn",
                "type": "",
                "value": "arn:aws:iam::954503069243:role/alb-controller-20240605111836476700000002"
              },
              {
                "name": "serviceAccount.name",
                "type": "",
                "value": "aws-load-balancer-controller-sa"
              }
            ],
            "set_list": [],
            "set_sensitive": [],
            "skip_crds": false,
            "status": "deployed",
            "timeout": 300,
            "values": [],
            "verify": false,
            "version": "1.7.1",
            "wait": false,
            "wait_for_jobs": false
          },
          "sensitive_attributes": [
            [
              {
                "type": "get_attr",
                "value": "repository_password"
              }
            ]
          ],
          "private": "eyJzY2hlbWFfdmVyc2lvbiI6IjEifQ==",
          "dependencies": [
            "data.aws_availability_zones.available",
            "data.aws_eks_cluster_auth.this",
            "module.eks.aws_cloudwatch_log_group.this",
            "module.eks.aws_eks_cluster.this",
            "module.eks.aws_iam_openid_connect_provider.oidc_provider",
            "module.eks.aws_iam_policy.cni_ipv6_policy",
            "module.eks.aws_iam_role.this",
            "module.eks.aws_iam_role_policy_attachment.this",
            "module.eks.aws_security_group.cluster",
            "module.eks.aws_security_group.node",
            "module.eks.aws_security_group_rule.cluster",
            "module.eks.aws_security_group_rule.node",
            "module.eks.data.aws_caller_identity.current",
            "module.eks.data.aws_iam_policy_document.assume_role_policy",
            "module.eks.data.aws_iam_policy_document.cni_ipv6_policy",
            "module.eks.data.aws_iam_session_context.current",
            "module.eks.data.aws_partition.current",
            "module.eks.data.tls_certificate.this",
            "module.eks.module.kms.aws_kms_external_key.this",
            "module.eks.module.kms.aws_kms_key.this",
            "module.eks.module.kms.aws_kms_replica_external_key.this",
            "module.eks.module.kms.aws_kms_replica_key.this",
            "module.eks.module.kms.data.aws_caller_identity.current",
            "module.eks.module.kms.data.aws_iam_policy_document.this",
            "module.eks.module.kms.data.aws_partition.current",
            "module.eks_blueprints_addons.module.aws_load_balancer_controller.aws_iam_role.this",
            "module.eks_blueprints_addons.module.aws_load_balancer_controller.data.aws_caller_identity.current",
            "module.eks_blueprints_addons.module.aws_load_balancer_controller.data.aws_iam_policy_document.assume",
            "module.eks_blueprints_addons.module.aws_load_balancer_controller.data.aws_partition.current",
            "module.eks_blueprints_addons.time_sleep.this",
            "module.vpc.aws_subnet.private",
            "module.vpc.aws_vpc.this",
            "module.vpc.aws_vpc_ipv4_cidr_block_association.this"
          ]
        }
      ]
    },
    {
      "module": "module.kyverno",
      "mode": "managed",
      "type": "helm_release",
      "name": "this",
      "provider": "provider[\"registry.terraform.io/hashicorp/helm\"]",
      "instances": [
        {
          "index_key": 0,
          "schema_version": 1,
          "attributes": {
            "atomic": false,
            "chart": "kyverno",
            "cleanup_on_fail": false,
            "create_namespace": true,
            "dependency_update": false,
            "description": "Kyverno Kubernetes Native Policy Management",
            "devel": null,
            "disable_crd_hooks": false,
            "disable_openapi_validation": false,
            "disable_webhooks": false,
            "force_update": false,
            "id": "kyverno",
            "keyring": null,
            "lint": false,
            "manifest": null,
            "max_history": 0,
            "metadata": [
              {
                "app_version": "v1.10.0",
                "chart": "kyverno",
                "name": "kyverno",
                "namespace": "kyverno",
                "revision": 1,
                "values": "{}",
                "version": "3.0.0"
              }
            ],
            "name": "kyverno",
            "namespace": "kyverno",
            "pass_credentials": false,
            "postrender": [],
            "recreate_pods": false,
            "render_subchart_notes": true,
            "replace": false,
            "repository": "https://kyverno.github.io/kyverno/",
            "repository_ca_file": null,
            "repository_cert_file": null,
            "repository_key_file": null,
            "repository_password": null,
            "repository_username": null,
            "reset_values": false,
            "reuse_values": false,
            "set": [],
            "set_list": [],
            "set_sensitive": [],
            "skip_crds": false,
            "status": "deployed",
            "timeout": 300,
            "values": null,
            "verify": false,
            "version": "3.0.0",
            "wait": false,
            "wait_for_jobs": false
          },
          "sensitive_attributes": [
            [
              {
                "type": "get_attr",
                "value": "repository_password"
              }
            ]
          ],
          "private": "eyJzY2hlbWFfdmVyc2lvbiI6IjEifQ==",
          "dependencies": [
            "data.aws_availability_zones.available",
            "data.aws_eks_cluster_auth.this",
            "module.eks.aws_cloudwatch_log_group.this",
            "module.eks.aws_eks_cluster.this",
            "module.eks.aws_iam_openid_connect_provider.oidc_provider",
            "module.eks.aws_iam_policy.cni_ipv6_policy",
            "module.eks.aws_iam_role.this",
            "module.eks.aws_iam_role_policy_attachment.this",
            "module.eks.aws_security_group.cluster",
            "module.eks.aws_security_group.node",
            "module.eks.aws_security_group_rule.cluster",
            "module.eks.aws_security_group_rule.node",
            "module.eks.data.aws_caller_identity.current",
            "module.eks.data.aws_iam_policy_document.assume_role_policy",
            "module.eks.data.aws_iam_policy_document.cni_ipv6_policy",
            "module.eks.data.aws_iam_session_context.current",
            "module.eks.data.aws_partition.current",
            "module.eks.data.tls_certificate.this",
            "module.eks.module.kms.aws_kms_external_key.this",
            "module.eks.module.kms.aws_kms_key.this",
            "module.eks.module.kms.aws_kms_replica_external_key.this",
            "module.eks.module.kms.aws_kms_replica_key.this",
            "module.eks.module.kms.data.aws_caller_identity.current",
            "module.eks.module.kms.data.aws_iam_policy_document.this",
            "module.eks.module.kms.data.aws_partition.current",
            "module.eks_blueprints_addons.aws_autoscaling_group_tag.aws_node_termination_handler",
            "module.eks_blueprints_addons.aws_autoscaling_lifecycle_hook.aws_node_termination_handler",
            "module.eks_blueprints_addons.aws_cloudwatch_event_rule.aws_node_termination_handler",
            "module.eks_blueprints_addons.aws_cloudwatch_event_rule.karpenter",
            "module.eks_blueprints_addons.aws_cloudwatch_event_target.aws_node_termination_handler",
            "module.eks_blueprints_addons.aws_cloudwatch_event_target.karpenter",
            "module.eks_blueprints_addons.aws_cloudwatch_log_group.aws_for_fluentbit",
            "module.eks_blueprints_addons.aws_cloudwatch_log_group.fargate_fluentbit",
            "module.eks_blueprints_addons.aws_eks_addon.this",
            "module.eks_blueprints_addons.aws_iam_instance_profile.karpenter",
            "module.eks_blueprints_addons.aws_iam_policy.fargate_fluentbit",
            "module.eks_blueprints_addons.aws_iam_role.karpenter",
            "module.eks_blueprints_addons.aws_iam_role_policy_attachment.additional",
            "module.eks_blueprints_addons.aws_iam_role_policy_attachment.karpenter",
            "module.eks_blueprints_addons.data.aws_caller_identity.current",
            "module.eks_blueprints_addons.data.aws_eks_addon_version.this",
            "module.eks_blueprints_addons.data.aws_iam_policy_document.aws_efs_csi_driver",
            "module.eks_blueprints_addons.data.aws_iam_policy_document.aws_for_fluentbit",
            "module.eks_blueprints_addons.data.aws_iam_policy_document.aws_fsx_csi_driver",
            "module.eks_blueprints_addons.data.aws_iam_policy_document.aws_gateway_api_controller",
            "module.eks_blueprints_addons.data.aws_iam_policy_document.aws_load_balancer_controller",
            "module.eks_blueprints_addons.data.aws_iam_policy_document.aws_node_termination_handler",
            "module.eks_blueprints_addons.data.aws_iam_policy_document.aws_privateca_issuer",
            "module.eks_blueprints_addons.data.aws_iam_policy_document.cert_manager",
            "module.eks_blueprints_addons.data.aws_iam_policy_document.cluster_autoscaler",
            "module.eks_blueprints_addons.data.aws_iam_policy_document.external_dns",
            "module.eks_blueprints_addons.data.aws_iam_policy_document.external_secrets",
            "module.eks_blueprints_addons.data.aws_iam_policy_document.fargate_fluentbit",
            "module.eks_blueprints_addons.data.aws_iam_policy_document.karpenter",
            "module.eks_blueprints_addons.data.aws_iam_policy_document.karpenter_assume_role",
            "module.eks_blueprints_addons.data.aws_iam_policy_document.velero",
            "module.eks_blueprints_addons.data.aws_partition.current",
            "module.eks_blueprints_addons.data.aws_region.current",
            "module.eks_blueprints_addons.helm_release.this",
            "module.eks_blueprints_addons.kubernetes_config_map_v1.aws_logging",
            "module.eks_blueprints_addons.kubernetes_config_map_v1_data.aws_for_fluentbit_containerinsights",
            "module.eks_blueprints_addons.kubernetes_namespace_v1.aws_observability",
            "module.eks_blueprints_addons.module.argo_events.aws_iam_policy.this",
            "module.eks_blueprints_addons.module.argo_events.aws_iam_role.this",
            "module.eks_blueprints_addons.module.argo_events.aws_iam_role_policy_attachment.additional",
            "module.eks_blueprints_addons.module.argo_events.aws_iam_role_policy_attachment.this",
            "module.eks_blueprints_addons.module.argo_events.data.aws_caller_identity.current",
            "module.eks_blueprints_addons.module.argo_events.data.aws_iam_policy_document.assume",
            "module.eks_blueprints_addons.module.argo_events.data.aws_iam_policy_document.this",
            "module.eks_blueprints_addons.module.argo_events.data.aws_partition.current",
            "module.eks_blueprints_addons.module.argo_events.helm_release.this",
            "module.eks_blueprints_addons.module.argo_rollouts.aws_iam_policy.this",
            "module.eks_blueprints_addons.module.argo_rollouts.aws_iam_role.this",
            "module.eks_blueprints_addons.module.argo_rollouts.aws_iam_role_policy_attachment.additional",
            "module.eks_blueprints_addons.module.argo_rollouts.aws_iam_role_policy_attachment.this",
            "module.eks_blueprints_addons.module.argo_rollouts.data.aws_caller_identity.current",
            "module.eks_blueprints_addons.module.argo_rollouts.data.aws_iam_policy_document.assume",
            "module.eks_blueprints_addons.module.argo_rollouts.data.aws_iam_policy_document.this",
            "module.eks_blueprints_addons.module.argo_rollouts.data.aws_partition.current",
            "module.eks_blueprints_addons.module.argo_rollouts.helm_release.this",
            "module.eks_blueprints_addons.module.argo_workflows.aws_iam_policy.this",
            "module.eks_blueprints_addons.module.argo_workflows.aws_iam_role.this",
            "module.eks_blueprints_addons.module.argo_workflows.aws_iam_role_policy_attachment.additional",
            "module.eks_blueprints_addons.module.argo_workflows.aws_iam_role_policy_attachment.this",
            "module.eks_blueprints_addons.module.argo_workflows.data.aws_caller_identity.current",
            "module.eks_blueprints_addons.module.argo_workflows.data.aws_iam_policy_document.assume",
            "module.eks_blueprints_addons.module.argo_workflows.data.aws_iam_policy_document.this",
            "module.eks_blueprints_addons.module.argo_workflows.data.aws_partition.current",
            "module.eks_blueprints_addons.module.argo_workflows.helm_release.this",
            "module.eks_blueprints_addons.module.argocd.aws_iam_policy.this",
            "module.eks_blueprints_addons.module.argocd.aws_iam_role.this",
            "module.eks_blueprints_addons.module.argocd.aws_iam_role_policy_attachment.additional",
            "module.eks_blueprints_addons.module.argocd.aws_iam_role_policy_attachment.this",
            "module.eks_blueprints_addons.module.argocd.data.aws_caller_identity.current",
            "module.eks_blueprints_addons.module.argocd.data.aws_iam_policy_document.assume",
            "module.eks_blueprints_addons.module.argocd.data.aws_iam_policy_document.this",
            "module.eks_blueprints_addons.module.argocd.data.aws_partition.current",
            "module.eks_blueprints_addons.module.argocd.helm_release.this",
            "module.eks_blueprints_addons.module.aws_cloudwatch_metrics.aws_iam_policy.this",
            "module.eks_blueprints_addons.module.aws_cloudwatch_metrics.aws_iam_role.this",
            "module.eks_blueprints_addons.module.aws_cloudwatch_metrics.aws_iam_role_policy_attachment.additional",
            "module.eks_blueprints_addons.module.aws_cloudwatch_metrics.aws_iam_role_policy_attachment.this",
            "module.eks_blueprints_addons.module.aws_cloudwatch_metrics.data.aws_caller_identity.current",
            "module.eks_blueprints_addons.module.aws_cloudwatch_metrics.data.aws_iam_policy_document.assume",
            "module.eks_blueprints_addons.module.aws_cloudwatch_metrics.data.aws_iam_policy_document.this",
            "module.eks_blueprints_addons.module.aws_cloudwatch_metrics.data.aws_partition.current",
            "module.eks_blueprints_addons.module.aws_cloudwatch_metrics.helm_release.this",
            "module.eks_blueprints_addons.module.aws_efs_csi_driver.aws_iam_policy.this",
            "module.eks_blueprints_addons.module.aws_efs_csi_driver.aws_iam_role.this",
            "module.eks_blueprints_addons.module.aws_efs_csi_driver.aws_iam_role_policy_attachment.additional",
            "module.eks_blueprints_addons.module.aws_efs_csi_driver.aws_iam_role_policy_attachment.this",
            "module.eks_blueprints_addons.module.aws_efs_csi_driver.data.aws_caller_identity.current",
            "module.eks_blueprints_addons.module.aws_efs_csi_driver.data.aws_iam_policy_document.assume",
            "module.eks_blueprints_addons.module.aws_efs_csi_driver.data.aws_iam_policy_document.this",
            "module.eks_blueprints_addons.module.aws_efs_csi_driver.data.aws_partition.current",
            "module.eks_blueprints_addons.module.aws_efs_csi_driver.helm_release.this",
            "module.eks_blueprints_addons.module.aws_for_fluentbit.aws_iam_policy.this",
            "module.eks_blueprints_addons.module.aws_for_fluentbit.aws_iam_role.this",
            "module.eks_blueprints_addons.module.aws_for_fluentbit.aws_iam_role_policy_attachment.additional",
            "module.eks_blueprints_addons.module.aws_for_fluentbit.aws_iam_role_policy_attachment.this",
            "module.eks_blueprints_addons.module.aws_for_fluentbit.data.aws_caller_identity.current",
            "module.eks_blueprints_addons.module.aws_for_fluentbit.data.aws_iam_policy_document.assume",
            "module.eks_blueprints_addons.module.aws_for_fluentbit.data.aws_iam_policy_document.this",
            "module.eks_blueprints_addons.module.aws_for_fluentbit.data.aws_partition.current",
            "module.eks_blueprints_addons.module.aws_for_fluentbit.helm_release.this",
            "module.eks_blueprints_addons.module.aws_fsx_csi_driver.aws_iam_policy.this",
            "module.eks_blueprints_addons.module.aws_fsx_csi_driver.aws_iam_role.this",
            "module.eks_blueprints_addons.module.aws_fsx_csi_driver.aws_iam_role_policy_attachment.additional",
            "module.eks_blueprints_addons.module.aws_fsx_csi_driver.aws_iam_role_policy_attachment.this",
            "module.eks_blueprints_addons.module.aws_fsx_csi_driver.data.aws_caller_identity.current",
            "module.eks_blueprints_addons.module.aws_fsx_csi_driver.data.aws_iam_policy_document.assume",
            "module.eks_blueprints_addons.module.aws_fsx_csi_driver.data.aws_iam_policy_document.this",
            "module.eks_blueprints_addons.module.aws_fsx_csi_driver.data.aws_partition.current",
            "module.eks_blueprints_addons.module.aws_fsx_csi_driver.helm_release.this",
            "module.eks_blueprints_addons.module.aws_gateway_api_controller.aws_iam_policy.this",
            "module.eks_blueprints_addons.module.aws_gateway_api_controller.aws_iam_role.this",
            "module.eks_blueprints_addons.module.aws_gateway_api_controller.aws_iam_role_policy_attachment.additional",
            "module.eks_blueprints_addons.module.aws_gateway_api_controller.aws_iam_role_policy_attachment.this",
            "module.eks_blueprints_addons.module.aws_gateway_api_controller.data.aws_caller_identity.current",
            "module.eks_blueprints_addons.module.aws_gateway_api_controller.data.aws_iam_policy_document.assume",
            "module.eks_blueprints_addons.module.aws_gateway_api_controller.data.aws_iam_policy_document.this",
            "module.eks_blueprints_addons.module.aws_gateway_api_controller.data.aws_partition.current",
            "module.eks_blueprints_addons.module.aws_gateway_api_controller.helm_release.this",
            "module.eks_blueprints_addons.module.aws_load_balancer_controller.aws_iam_policy.this",
            "module.eks_blueprints_addons.module.aws_load_balancer_controller.aws_iam_role.this",
            "module.eks_blueprints_addons.module.aws_load_balancer_controller.aws_iam_role_policy_attachment.additional",
            "module.eks_blueprints_addons.module.aws_load_balancer_controller.aws_iam_role_policy_attachment.this",
            "module.eks_blueprints_addons.module.aws_load_balancer_controller.data.aws_caller_identity.current",
            "module.eks_blueprints_addons.module.aws_load_balancer_controller.data.aws_iam_policy_document.assume",
            "module.eks_blueprints_addons.module.aws_load_balancer_controller.data.aws_iam_policy_document.this",
            "module.eks_blueprints_addons.module.aws_load_balancer_controller.data.aws_partition.current",
            "module.eks_blueprints_addons.module.aws_load_balancer_controller.helm_release.this",
            "module.eks_blueprints_addons.module.aws_node_termination_handler.aws_iam_policy.this",
            "module.eks_blueprints_addons.module.aws_node_termination_handler.aws_iam_role.this",
            "module.eks_blueprints_addons.module.aws_node_termination_handler.aws_iam_role_policy_attachment.additional",
            "module.eks_blueprints_addons.module.aws_node_termination_handler.aws_iam_role_policy_attachment.this",
            "module.eks_blueprints_addons.module.aws_node_termination_handler.data.aws_caller_identity.current",
            "module.eks_blueprints_addons.module.aws_node_termination_handler.data.aws_iam_policy_document.assume",
            "module.eks_blueprints_addons.module.aws_node_termination_handler.data.aws_iam_policy_document.this",
            "module.eks_blueprints_addons.module.aws_node_termination_handler.data.aws_partition.current",
            "module.eks_blueprints_addons.module.aws_node_termination_handler.helm_release.this",
            "module.eks_blueprints_addons.module.aws_node_termination_handler_sqs.aws_sqs_queue.dlq",
            "module.eks_blueprints_addons.module.aws_node_termination_handler_sqs.aws_sqs_queue.this",
            "module.eks_blueprints_addons.module.aws_node_termination_handler_sqs.aws_sqs_queue_policy.dlq",
            "module.eks_blueprints_addons.module.aws_node_termination_handler_sqs.aws_sqs_queue_policy.this",
            "module.eks_blueprints_addons.module.aws_node_termination_handler_sqs.aws_sqs_queue_redrive_allow_policy.dlq",
            "module.eks_blueprints_addons.module.aws_node_termination_handler_sqs.aws_sqs_queue_redrive_allow_policy.this",
            "module.eks_blueprints_addons.module.aws_node_termination_handler_sqs.aws_sqs_queue_redrive_policy.dlq",
            "module.eks_blueprints_addons.module.aws_node_termination_handler_sqs.aws_sqs_queue_redrive_policy.this",
            "module.eks_blueprints_addons.module.aws_node_termination_handler_sqs.data.aws_iam_policy_document.dlq",
            "module.eks_blueprints_addons.module.aws_node_termination_handler_sqs.data.aws_iam_policy_document.this",
            "module.eks_blueprints_addons.module.aws_privateca_issuer.aws_iam_policy.this",
            "module.eks_blueprints_addons.module.aws_privateca_issuer.aws_iam_role.this",
            "module.eks_blueprints_addons.module.aws_privateca_issuer.aws_iam_role_policy_attachment.additional",
            "module.eks_blueprints_addons.module.aws_privateca_issuer.aws_iam_role_policy_attachment.this",
            "module.eks_blueprints_addons.module.aws_privateca_issuer.data.aws_caller_identity.current",
            "module.eks_blueprints_addons.module.aws_privateca_issuer.data.aws_iam_policy_document.assume",
            "module.eks_blueprints_addons.module.aws_privateca_issuer.data.aws_iam_policy_document.this",
            "module.eks_blueprints_addons.module.aws_privateca_issuer.data.aws_partition.current",
            "module.eks_blueprints_addons.module.aws_privateca_issuer.helm_release.this",
            "module.eks_blueprints_addons.module.bottlerocket_shadow.aws_iam_policy.this",
            "module.eks_blueprints_addons.module.bottlerocket_shadow.aws_iam_role.this",
            "module.eks_blueprints_addons.module.bottlerocket_shadow.aws_iam_role_policy_attachment.additional",
            "module.eks_blueprints_addons.module.bottlerocket_shadow.aws_iam_role_policy_attachment.this",
            "module.eks_blueprints_addons.module.bottlerocket_shadow.data.aws_caller_identity.current",
            "module.eks_blueprints_addons.module.bottlerocket_shadow.data.aws_iam_policy_document.assume",
            "module.eks_blueprints_addons.module.bottlerocket_shadow.data.aws_iam_policy_document.this",
            "module.eks_blueprints_addons.module.bottlerocket_shadow.data.aws_partition.current",
            "module.eks_blueprints_addons.module.bottlerocket_shadow.helm_release.this",
            "module.eks_blueprints_addons.module.bottlerocket_update_operator.aws_iam_policy.this",
            "module.eks_blueprints_addons.module.bottlerocket_update_operator.aws_iam_role.this",
            "module.eks_blueprints_addons.module.bottlerocket_update_operator.aws_iam_role_policy_attachment.additional",
            "module.eks_blueprints_addons.module.bottlerocket_update_operator.aws_iam_role_policy_attachment.this",
            "module.eks_blueprints_addons.module.bottlerocket_update_operator.data.aws_caller_identity.current",
            "module.eks_blueprints_addons.module.bottlerocket_update_operator.data.aws_iam_policy_document.assume",
            "module.eks_blueprints_addons.module.bottlerocket_update_operator.data.aws_iam_policy_document.this",
            "module.eks_blueprints_addons.module.bottlerocket_update_operator.data.aws_partition.current",
            "module.eks_blueprints_addons.module.bottlerocket_update_operator.helm_release.this",
            "module.eks_blueprints_addons.module.cert_manager.aws_iam_policy.this",
            "module.eks_blueprints_addons.module.cert_manager.aws_iam_role.this",
            "module.eks_blueprints_addons.module.cert_manager.aws_iam_role_policy_attachment.additional",
            "module.eks_blueprints_addons.module.cert_manager.aws_iam_role_policy_attachment.this",
            "module.eks_blueprints_addons.module.cert_manager.data.aws_caller_identity.current",
            "module.eks_blueprints_addons.module.cert_manager.data.aws_iam_policy_document.assume",
            "module.eks_blueprints_addons.module.cert_manager.data.aws_iam_policy_document.this",
            "module.eks_blueprints_addons.module.cert_manager.data.aws_partition.current",
            "module.eks_blueprints_addons.module.cert_manager.helm_release.this",
            "module.eks_blueprints_addons.module.cluster_autoscaler.aws_iam_policy.this",
            "module.eks_blueprints_addons.module.cluster_autoscaler.aws_iam_role.this",
            "module.eks_blueprints_addons.module.cluster_autoscaler.aws_iam_role_policy_attachment.additional",
            "module.eks_blueprints_addons.module.cluster_autoscaler.aws_iam_role_policy_attachment.this",
            "module.eks_blueprints_addons.module.cluster_autoscaler.data.aws_caller_identity.current",
            "module.eks_blueprints_addons.module.cluster_autoscaler.data.aws_iam_policy_document.assume",
            "module.eks_blueprints_addons.module.cluster_autoscaler.data.aws_iam_policy_document.this",
            "module.eks_blueprints_addons.module.cluster_autoscaler.data.aws_partition.current",
            "module.eks_blueprints_addons.module.cluster_autoscaler.helm_release.this",
            "module.eks_blueprints_addons.module.cluster_proportional_autoscaler.aws_iam_policy.this",
            "module.eks_blueprints_addons.module.cluster_proportional_autoscaler.aws_iam_role.this",
            "module.eks_blueprints_addons.module.cluster_proportional_autoscaler.aws_iam_role_policy_attachment.additional",
            "module.eks_blueprints_addons.module.cluster_proportional_autoscaler.aws_iam_role_policy_attachment.this",
            "module.eks_blueprints_addons.module.cluster_proportional_autoscaler.data.aws_caller_identity.current",
            "module.eks_blueprints_addons.module.cluster_proportional_autoscaler.data.aws_iam_policy_document.assume",
            "module.eks_blueprints_addons.module.cluster_proportional_autoscaler.data.aws_iam_policy_document.this",
            "module.eks_blueprints_addons.module.cluster_proportional_autoscaler.data.aws_partition.current",
            "module.eks_blueprints_addons.module.cluster_proportional_autoscaler.helm_release.this",
            "module.eks_blueprints_addons.module.external_dns.aws_iam_policy.this",
            "module.eks_blueprints_addons.module.external_dns.aws_iam_role.this",
            "module.eks_blueprints_addons.module.external_dns.aws_iam_role_policy_attachment.additional",
            "module.eks_blueprints_addons.module.external_dns.aws_iam_role_policy_attachment.this",
            "module.eks_blueprints_addons.module.external_dns.data.aws_caller_identity.current",
            "module.eks_blueprints_addons.module.external_dns.data.aws_iam_policy_document.assume",
            "module.eks_blueprints_addons.module.external_dns.data.aws_iam_policy_document.this",
            "module.eks_blueprints_addons.module.external_dns.data.aws_partition.current",
            "module.eks_blueprints_addons.module.external_dns.helm_release.this",
            "module.eks_blueprints_addons.module.external_secrets.aws_iam_policy.this",
            "module.eks_blueprints_addons.module.external_secrets.aws_iam_role.this",
            "module.eks_blueprints_addons.module.external_secrets.aws_iam_role_policy_attachment.additional",
            "module.eks_blueprints_addons.module.external_secrets.aws_iam_role_policy_attachment.this",
            "module.eks_blueprints_addons.module.external_secrets.data.aws_caller_identity.current",
            "module.eks_blueprints_addons.module.external_secrets.data.aws_iam_policy_document.assume",
            "module.eks_blueprints_addons.module.external_secrets.data.aws_iam_policy_document.this",
            "module.eks_blueprints_addons.module.external_secrets.data.aws_partition.current",
            "module.eks_blueprints_addons.module.external_secrets.helm_release.this",
            "module.eks_blueprints_addons.module.gatekeeper.aws_iam_policy.this",
            "module.eks_blueprints_addons.module.gatekeeper.aws_iam_role.this",
            "module.eks_blueprints_addons.module.gatekeeper.aws_iam_role_policy_attachment.additional",
            "module.eks_blueprints_addons.module.gatekeeper.aws_iam_role_policy_attachment.this",
            "module.eks_blueprints_addons.module.gatekeeper.data.aws_caller_identity.current",
            "module.eks_blueprints_addons.module.gatekeeper.data.aws_iam_policy_document.assume",
            "module.eks_blueprints_addons.module.gatekeeper.data.aws_iam_policy_document.this",
            "module.eks_blueprints_addons.module.gatekeeper.data.aws_partition.current",
            "module.eks_blueprints_addons.module.gatekeeper.helm_release.this",
            "module.eks_blueprints_addons.module.ingress_nginx.aws_iam_policy.this",
            "module.eks_blueprints_addons.module.ingress_nginx.aws_iam_role.this",
            "module.eks_blueprints_addons.module.ingress_nginx.aws_iam_role_policy_attachment.additional",
            "module.eks_blueprints_addons.module.ingress_nginx.aws_iam_role_policy_attachment.this",
            "module.eks_blueprints_addons.module.ingress_nginx.data.aws_caller_identity.current",
            "module.eks_blueprints_addons.module.ingress_nginx.data.aws_iam_policy_document.assume",
            "module.eks_blueprints_addons.module.ingress_nginx.data.aws_iam_policy_document.this",
            "module.eks_blueprints_addons.module.ingress_nginx.data.aws_partition.current",
            "module.eks_blueprints_addons.module.ingress_nginx.helm_release.this",
            "module.eks_blueprints_addons.module.karpenter.aws_iam_policy.this",
            "module.eks_blueprints_addons.module.karpenter.aws_iam_role.this",
            "module.eks_blueprints_addons.module.karpenter.aws_iam_role_policy_attachment.additional",
            "module.eks_blueprints_addons.module.karpenter.aws_iam_role_policy_attachment.this",
            "module.eks_blueprints_addons.module.karpenter.data.aws_caller_identity.current",
            "module.eks_blueprints_addons.module.karpenter.data.aws_iam_policy_document.assume",
            "module.eks_blueprints_addons.module.karpenter.data.aws_iam_policy_document.this",
            "module.eks_blueprints_addons.module.karpenter.data.aws_partition.current",
            "module.eks_blueprints_addons.module.karpenter.helm_release.this",
            "module.eks_blueprints_addons.module.karpenter_sqs.aws_sqs_queue.dlq",
            "module.eks_blueprints_addons.module.karpenter_sqs.aws_sqs_queue.this",
            "module.eks_blueprints_addons.module.karpenter_sqs.aws_sqs_queue_policy.dlq",
            "module.eks_blueprints_addons.module.karpenter_sqs.aws_sqs_queue_policy.this",
            "module.eks_blueprints_addons.module.karpenter_sqs.aws_sqs_queue_redrive_allow_policy.dlq",
            "module.eks_blueprints_addons.module.karpenter_sqs.aws_sqs_queue_redrive_allow_policy.this",
            "module.eks_blueprints_addons.module.karpenter_sqs.aws_sqs_queue_redrive_policy.dlq",
            "module.eks_blueprints_addons.module.karpenter_sqs.aws_sqs_queue_redrive_policy.this",
            "module.eks_blueprints_addons.module.karpenter_sqs.data.aws_iam_policy_document.dlq",
            "module.eks_blueprints_addons.module.karpenter_sqs.data.aws_iam_policy_document.this",
            "module.eks_blueprints_addons.module.kube_prometheus_stack.aws_iam_policy.this",
            "module.eks_blueprints_addons.module.kube_prometheus_stack.aws_iam_role.this",
            "module.eks_blueprints_addons.module.kube_prometheus_stack.aws_iam_role_policy_attachment.additional",
            "module.eks_blueprints_addons.module.kube_prometheus_stack.aws_iam_role_policy_attachment.this",
            "module.eks_blueprints_addons.module.kube_prometheus_stack.data.aws_caller_identity.current",
            "module.eks_blueprints_addons.module.kube_prometheus_stack.data.aws_iam_policy_document.assume",
            "module.eks_blueprints_addons.module.kube_prometheus_stack.data.aws_iam_policy_document.this",
            "module.eks_blueprints_addons.module.kube_prometheus_stack.data.aws_partition.current",
            "module.eks_blueprints_addons.module.kube_prometheus_stack.helm_release.this",
            "module.eks_blueprints_addons.module.metrics_server.aws_iam_policy.this",
            "module.eks_blueprints_addons.module.metrics_server.aws_iam_role.this",
            "module.eks_blueprints_addons.module.metrics_server.aws_iam_role_policy_attachment.additional",
            "module.eks_blueprints_addons.module.metrics_server.aws_iam_role_policy_attachment.this",
            "module.eks_blueprints_addons.module.metrics_server.data.aws_caller_identity.current",
            "module.eks_blueprints_addons.module.metrics_server.data.aws_iam_policy_document.assume",
            "module.eks_blueprints_addons.module.metrics_server.data.aws_iam_policy_document.this",
            "module.eks_blueprints_addons.module.metrics_server.data.aws_partition.current",
            "module.eks_blueprints_addons.module.metrics_server.helm_release.this",
            "module.eks_blueprints_addons.module.secrets_store_csi_driver.aws_iam_policy.this",
            "module.eks_blueprints_addons.module.secrets_store_csi_driver.aws_iam_role.this",
            "module.eks_blueprints_addons.module.secrets_store_csi_driver.aws_iam_role_policy_attachment.additional",
            "module.eks_blueprints_addons.module.secrets_store_csi_driver.aws_iam_role_policy_attachment.this",
            "module.eks_blueprints_addons.module.secrets_store_csi_driver.data.aws_caller_identity.current",
            "module.eks_blueprints_addons.module.secrets_store_csi_driver.data.aws_iam_policy_document.assume",
            "module.eks_blueprints_addons.module.secrets_store_csi_driver.data.aws_iam_policy_document.this",
            "module.eks_blueprints_addons.module.secrets_store_csi_driver.data.aws_partition.current",
            "module.eks_blueprints_addons.module.secrets_store_csi_driver.helm_release.this",
            "module.eks_blueprints_addons.module.secrets_store_csi_driver_provider_aws.aws_iam_policy.this",
            "module.eks_blueprints_addons.module.secrets_store_csi_driver_provider_aws.aws_iam_role.this",
            "module.eks_blueprints_addons.module.secrets_store_csi_driver_provider_aws.aws_iam_role_policy_attachment.additional",
            "module.eks_blueprints_addons.module.secrets_store_csi_driver_provider_aws.aws_iam_role_policy_attachment.this",
            "module.eks_blueprints_addons.module.secrets_store_csi_driver_provider_aws.data.aws_caller_identity.current",
            "module.eks_blueprints_addons.module.secrets_store_csi_driver_provider_aws.data.aws_iam_policy_document.assume",
            "module.eks_blueprints_addons.module.secrets_store_csi_driver_provider_aws.data.aws_iam_policy_document.this",
            "module.eks_blueprints_addons.module.secrets_store_csi_driver_provider_aws.data.aws_partition.current",
            "module.eks_blueprints_addons.module.secrets_store_csi_driver_provider_aws.helm_release.this",
            "module.eks_blueprints_addons.module.velero.aws_iam_policy.this",
            "module.eks_blueprints_addons.module.velero.aws_iam_role.this",
            "module.eks_blueprints_addons.module.velero.aws_iam_role_policy_attachment.additional",
            "module.eks_blueprints_addons.module.velero.aws_iam_role_policy_attachment.this",
            "module.eks_blueprints_addons.module.velero.data.aws_caller_identity.current",
            "module.eks_blueprints_addons.module.velero.data.aws_iam_policy_document.assume",
            "module.eks_blueprints_addons.module.velero.data.aws_iam_policy_document.this",
            "module.eks_blueprints_addons.module.velero.data.aws_partition.current",
            "module.eks_blueprints_addons.module.velero.helm_release.this",
            "module.eks_blueprints_addons.module.vpa.aws_iam_policy.this",
            "module.eks_blueprints_addons.module.vpa.aws_iam_role.this",
            "module.eks_blueprints_addons.module.vpa.aws_iam_role_policy_attachment.additional",
            "module.eks_blueprints_addons.module.vpa.aws_iam_role_policy_attachment.this",
            "module.eks_blueprints_addons.module.vpa.data.aws_caller_identity.current",
            "module.eks_blueprints_addons.module.vpa.data.aws_iam_policy_document.assume",
            "module.eks_blueprints_addons.module.vpa.data.aws_iam_policy_document.this",
            "module.eks_blueprints_addons.module.vpa.data.aws_partition.current",
            "module.eks_blueprints_addons.module.vpa.helm_release.this",
            "module.eks_blueprints_addons.time_sleep.this",
            "module.kyverno.aws_iam_role.this",
            "module.kyverno.data.aws_caller_identity.current",
            "module.kyverno.data.aws_iam_policy_document.assume",
            "module.kyverno.data.aws_partition.current",
            "module.vpc.aws_subnet.private",
            "module.vpc.aws_vpc.this",
            "module.vpc.aws_vpc_ipv4_cidr_block_association.this"
          ]
        }
      ]
    },
    {
      "module": "module.kyverno_policies",
      "mode": "managed",
      "type": "helm_release",
      "name": "this",
      "provider": "provider[\"registry.terraform.io/hashicorp/helm\"]",
      "instances": [
        {
          "index_key": 0,
          "schema_version": 1,
          "attributes": {
            "atomic": false,
            "chart": "kyverno-policies",
            "cleanup_on_fail": false,
            "create_namespace": false,
            "dependency_update": false,
            "description": "Kyverno policy library",
            "devel": null,
            "disable_crd_hooks": false,
            "disable_openapi_validation": false,
            "disable_webhooks": false,
            "force_update": false,
            "id": "kyverno-policies",
            "keyring": null,
            "lint": false,
            "manifest": null,
            "max_history": 0,
            "metadata": [
              {
                "app_version": "v1.10.0",
                "chart": "kyverno-policies",
                "name": "kyverno-policies",
                "namespace": "kyverno",
                "revision": 1,
                "values": "{\"podSecurityStandard\":\"privileged\"}",
                "version": "3.0.0"
              }
            ],
            "name": "kyverno-policies",
            "namespace": "kyverno",
            "pass_credentials": false,
            "postrender": [],
            "recreate_pods": false,
            "render_subchart_notes": true,
            "replace": false,
            "repository": "https://kyverno.github.io/kyverno/",
            "repository_ca_file": null,
            "repository_cert_file": null,
            "repository_key_file": null,
            "repository_password": null,
            "repository_username": null,
            "reset_values": false,
            "reuse_values": false,
            "set": [],
            "set_list": [],
            "set_sensitive": [],
            "skip_crds": false,
            "status": "deployed",
            "timeout": 300,
            "values": [
              "podSecurityStandard: privileged\n"
            ],
            "verify": false,
            "version": "3.0.0",
            "wait": false,
            "wait_for_jobs": false
          },
          "sensitive_attributes": [
            [
              {
                "type": "get_attr",
                "value": "repository_password"
              }
            ]
          ],
          "private": "eyJzY2hlbWFfdmVyc2lvbiI6IjEifQ==",
          "dependencies": [
            "data.aws_availability_zones.available",
            "data.aws_eks_cluster_auth.this",
            "module.eks.aws_cloudwatch_log_group.this",
            "module.eks.aws_eks_cluster.this",
            "module.eks.aws_iam_openid_connect_provider.oidc_provider",
            "module.eks.aws_iam_policy.cni_ipv6_policy",
            "module.eks.aws_iam_role.this",
            "module.eks.aws_iam_role_policy_attachment.this",
            "module.eks.aws_security_group.cluster",
            "module.eks.aws_security_group.node",
            "module.eks.aws_security_group_rule.cluster",
            "module.eks.aws_security_group_rule.node",
            "module.eks.data.aws_caller_identity.current",
            "module.eks.data.aws_iam_policy_document.assume_role_policy",
            "module.eks.data.aws_iam_policy_document.cni_ipv6_policy",
            "module.eks.data.aws_iam_session_context.current",
            "module.eks.data.aws_partition.current",
            "module.eks.data.tls_certificate.this",
            "module.eks.module.kms.aws_kms_external_key.this",
            "module.eks.module.kms.aws_kms_key.this",
            "module.eks.module.kms.aws_kms_replica_external_key.this",
            "module.eks.module.kms.aws_kms_replica_key.this",
            "module.eks.module.kms.data.aws_caller_identity.current",
            "module.eks.module.kms.data.aws_iam_policy_document.this",
            "module.eks.module.kms.data.aws_partition.current",
            "module.eks_blueprints_addons.aws_autoscaling_group_tag.aws_node_termination_handler",
            "module.eks_blueprints_addons.aws_autoscaling_lifecycle_hook.aws_node_termination_handler",
            "module.eks_blueprints_addons.aws_cloudwatch_event_rule.aws_node_termination_handler",
            "module.eks_blueprints_addons.aws_cloudwatch_event_rule.karpenter",
            "module.eks_blueprints_addons.aws_cloudwatch_event_target.aws_node_termination_handler",
            "module.eks_blueprints_addons.aws_cloudwatch_event_target.karpenter",
            "module.eks_blueprints_addons.aws_cloudwatch_log_group.aws_for_fluentbit",
            "module.eks_blueprints_addons.aws_cloudwatch_log_group.fargate_fluentbit",
            "module.eks_blueprints_addons.aws_eks_addon.this",
            "module.eks_blueprints_addons.aws_iam_instance_profile.karpenter",
            "module.eks_blueprints_addons.aws_iam_policy.fargate_fluentbit",
            "module.eks_blueprints_addons.aws_iam_role.karpenter",
            "module.eks_blueprints_addons.aws_iam_role_policy_attachment.additional",
            "module.eks_blueprints_addons.aws_iam_role_policy_attachment.karpenter",
            "module.eks_blueprints_addons.data.aws_caller_identity.current",
            "module.eks_blueprints_addons.data.aws_eks_addon_version.this",
            "module.eks_blueprints_addons.data.aws_iam_policy_document.aws_efs_csi_driver",
            "module.eks_blueprints_addons.data.aws_iam_policy_document.aws_for_fluentbit",
            "module.eks_blueprints_addons.data.aws_iam_policy_document.aws_fsx_csi_driver",
            "module.eks_blueprints_addons.data.aws_iam_policy_document.aws_gateway_api_controller",
            "module.eks_blueprints_addons.data.aws_iam_policy_document.aws_load_balancer_controller",
            "module.eks_blueprints_addons.data.aws_iam_policy_document.aws_node_termination_handler",
            "module.eks_blueprints_addons.data.aws_iam_policy_document.aws_privateca_issuer",
            "module.eks_blueprints_addons.data.aws_iam_policy_document.cert_manager",
            "module.eks_blueprints_addons.data.aws_iam_policy_document.cluster_autoscaler",
            "module.eks_blueprints_addons.data.aws_iam_policy_document.external_dns",
            "module.eks_blueprints_addons.data.aws_iam_policy_document.external_secrets",
            "module.eks_blueprints_addons.data.aws_iam_policy_document.fargate_fluentbit",
            "module.eks_blueprints_addons.data.aws_iam_policy_document.karpenter",
            "module.eks_blueprints_addons.data.aws_iam_policy_document.karpenter_assume_role",
            "module.eks_blueprints_addons.data.aws_iam_policy_document.velero",
            "module.eks_blueprints_addons.data.aws_partition.current",
            "module.eks_blueprints_addons.data.aws_region.current",
            "module.eks_blueprints_addons.helm_release.this",
            "module.eks_blueprints_addons.kubernetes_config_map_v1.aws_logging",
            "module.eks_blueprints_addons.kubernetes_config_map_v1_data.aws_for_fluentbit_containerinsights",
            "module.eks_blueprints_addons.kubernetes_namespace_v1.aws_observability",
            "module.eks_blueprints_addons.module.argo_events.aws_iam_policy.this",
            "module.eks_blueprints_addons.module.argo_events.aws_iam_role.this",
            "module.eks_blueprints_addons.module.argo_events.aws_iam_role_policy_attachment.additional",
            "module.eks_blueprints_addons.module.argo_events.aws_iam_role_policy_attachment.this",
            "module.eks_blueprints_addons.module.argo_events.data.aws_caller_identity.current",
            "module.eks_blueprints_addons.module.argo_events.data.aws_iam_policy_document.assume",
            "module.eks_blueprints_addons.module.argo_events.data.aws_iam_policy_document.this",
            "module.eks_blueprints_addons.module.argo_events.data.aws_partition.current",
            "module.eks_blueprints_addons.module.argo_events.helm_release.this",
            "module.eks_blueprints_addons.module.argo_rollouts.aws_iam_policy.this",
            "module.eks_blueprints_addons.module.argo_rollouts.aws_iam_role.this",
            "module.eks_blueprints_addons.module.argo_rollouts.aws_iam_role_policy_attachment.additional",
            "module.eks_blueprints_addons.module.argo_rollouts.aws_iam_role_policy_attachment.this",
            "module.eks_blueprints_addons.module.argo_rollouts.data.aws_caller_identity.current",
            "module.eks_blueprints_addons.module.argo_rollouts.data.aws_iam_policy_document.assume",
            "module.eks_blueprints_addons.module.argo_rollouts.data.aws_iam_policy_document.this",
            "module.eks_blueprints_addons.module.argo_rollouts.data.aws_partition.current",
            "module.eks_blueprints_addons.module.argo_rollouts.helm_release.this",
            "module.eks_blueprints_addons.module.argo_workflows.aws_iam_policy.this",
            "module.eks_blueprints_addons.module.argo_workflows.aws_iam_role.this",
            "module.eks_blueprints_addons.module.argo_workflows.aws_iam_role_policy_attachment.additional",
            "module.eks_blueprints_addons.module.argo_workflows.aws_iam_role_policy_attachment.this",
            "module.eks_blueprints_addons.module.argo_workflows.data.aws_caller_identity.current",
            "module.eks_blueprints_addons.module.argo_workflows.data.aws_iam_policy_document.assume",
            "module.eks_blueprints_addons.module.argo_workflows.data.aws_iam_policy_document.this",
            "module.eks_blueprints_addons.module.argo_workflows.data.aws_partition.current",
            "module.eks_blueprints_addons.module.argo_workflows.helm_release.this",
            "module.eks_blueprints_addons.module.argocd.aws_iam_policy.this",
            "module.eks_blueprints_addons.module.argocd.aws_iam_role.this",
            "module.eks_blueprints_addons.module.argocd.aws_iam_role_policy_attachment.additional",
            "module.eks_blueprints_addons.module.argocd.aws_iam_role_policy_attachment.this",
            "module.eks_blueprints_addons.module.argocd.data.aws_caller_identity.current",
            "module.eks_blueprints_addons.module.argocd.data.aws_iam_policy_document.assume",
            "module.eks_blueprints_addons.module.argocd.data.aws_iam_policy_document.this",
            "module.eks_blueprints_addons.module.argocd.data.aws_partition.current",
            "module.eks_blueprints_addons.module.argocd.helm_release.this",
            "module.eks_blueprints_addons.module.aws_cloudwatch_metrics.aws_iam_policy.this",
            "module.eks_blueprints_addons.module.aws_cloudwatch_metrics.aws_iam_role.this",
            "module.eks_blueprints_addons.module.aws_cloudwatch_metrics.aws_iam_role_policy_attachment.additional",
            "module.eks_blueprints_addons.module.aws_cloudwatch_metrics.aws_iam_role_policy_attachment.this",
            "module.eks_blueprints_addons.module.aws_cloudwatch_metrics.data.aws_caller_identity.current",
            "module.eks_blueprints_addons.module.aws_cloudwatch_metrics.data.aws_iam_policy_document.assume",
            "module.eks_blueprints_addons.module.aws_cloudwatch_metrics.data.aws_iam_policy_document.this",
            "module.eks_blueprints_addons.module.aws_cloudwatch_metrics.data.aws_partition.current",
            "module.eks_blueprints_addons.module.aws_cloudwatch_metrics.helm_release.this",
            "module.eks_blueprints_addons.module.aws_efs_csi_driver.aws_iam_policy.this",
            "module.eks_blueprints_addons.module.aws_efs_csi_driver.aws_iam_role.this",
            "module.eks_blueprints_addons.module.aws_efs_csi_driver.aws_iam_role_policy_attachment.additional",
            "module.eks_blueprints_addons.module.aws_efs_csi_driver.aws_iam_role_policy_attachment.this",
            "module.eks_blueprints_addons.module.aws_efs_csi_driver.data.aws_caller_identity.current",
            "module.eks_blueprints_addons.module.aws_efs_csi_driver.data.aws_iam_policy_document.assume",
            "module.eks_blueprints_addons.module.aws_efs_csi_driver.data.aws_iam_policy_document.this",
            "module.eks_blueprints_addons.module.aws_efs_csi_driver.data.aws_partition.current",
            "module.eks_blueprints_addons.module.aws_efs_csi_driver.helm_release.this",
            "module.eks_blueprints_addons.module.aws_for_fluentbit.aws_iam_policy.this",
            "module.eks_blueprints_addons.module.aws_for_fluentbit.aws_iam_role.this",
            "module.eks_blueprints_addons.module.aws_for_fluentbit.aws_iam_role_policy_attachment.additional",
            "module.eks_blueprints_addons.module.aws_for_fluentbit.aws_iam_role_policy_attachment.this",
            "module.eks_blueprints_addons.module.aws_for_fluentbit.data.aws_caller_identity.current",
            "module.eks_blueprints_addons.module.aws_for_fluentbit.data.aws_iam_policy_document.assume",
            "module.eks_blueprints_addons.module.aws_for_fluentbit.data.aws_iam_policy_document.this",
            "module.eks_blueprints_addons.module.aws_for_fluentbit.data.aws_partition.current",
            "module.eks_blueprints_addons.module.aws_for_fluentbit.helm_release.this",
            "module.eks_blueprints_addons.module.aws_fsx_csi_driver.aws_iam_policy.this",
            "module.eks_blueprints_addons.module.aws_fsx_csi_driver.aws_iam_role.this",
            "module.eks_blueprints_addons.module.aws_fsx_csi_driver.aws_iam_role_policy_attachment.additional",
            "module.eks_blueprints_addons.module.aws_fsx_csi_driver.aws_iam_role_policy_attachment.this",
            "module.eks_blueprints_addons.module.aws_fsx_csi_driver.data.aws_caller_identity.current",
            "module.eks_blueprints_addons.module.aws_fsx_csi_driver.data.aws_iam_policy_document.assume",
            "module.eks_blueprints_addons.module.aws_fsx_csi_driver.data.aws_iam_policy_document.this",
            "module.eks_blueprints_addons.module.aws_fsx_csi_driver.data.aws_partition.current",
            "module.eks_blueprints_addons.module.aws_fsx_csi_driver.helm_release.this",
            "module.eks_blueprints_addons.module.aws_gateway_api_controller.aws_iam_policy.this",
            "module.eks_blueprints_addons.module.aws_gateway_api_controller.aws_iam_role.this",
            "module.eks_blueprints_addons.module.aws_gateway_api_controller.aws_iam_role_policy_attachment.additional",
            "module.eks_blueprints_addons.module.aws_gateway_api_controller.aws_iam_role_policy_attachment.this",
            "module.eks_blueprints_addons.module.aws_gateway_api_controller.data.aws_caller_identity.current",
            "module.eks_blueprints_addons.module.aws_gateway_api_controller.data.aws_iam_policy_document.assume",
            "module.eks_blueprints_addons.module.aws_gateway_api_controller.data.aws_iam_policy_document.this",
            "module.eks_blueprints_addons.module.aws_gateway_api_controller.data.aws_partition.current",
            "module.eks_blueprints_addons.module.aws_gateway_api_controller.helm_release.this",
            "module.eks_blueprints_addons.module.aws_load_balancer_controller.aws_iam_policy.this",
            "module.eks_blueprints_addons.module.aws_load_balancer_controller.aws_iam_role.this",
            "module.eks_blueprints_addons.module.aws_load_balancer_controller.aws_iam_role_policy_attachment.additional",
            "module.eks_blueprints_addons.module.aws_load_balancer_controller.aws_iam_role_policy_attachment.this",
            "module.eks_blueprints_addons.module.aws_load_balancer_controller.data.aws_caller_identity.current",
            "module.eks_blueprints_addons.module.aws_load_balancer_controller.data.aws_iam_policy_document.assume",
            "module.eks_blueprints_addons.module.aws_load_balancer_controller.data.aws_iam_policy_document.this",
            "module.eks_blueprints_addons.module.aws_load_balancer_controller.data.aws_partition.current",
            "module.eks_blueprints_addons.module.aws_load_balancer_controller.helm_release.this",
            "module.eks_blueprints_addons.module.aws_node_termination_handler.aws_iam_policy.this",
            "module.eks_blueprints_addons.module.aws_node_termination_handler.aws_iam_role.this",
            "module.eks_blueprints_addons.module.aws_node_termination_handler.aws_iam_role_policy_attachment.additional",
            "module.eks_blueprints_addons.module.aws_node_termination_handler.aws_iam_role_policy_attachment.this",
            "module.eks_blueprints_addons.module.aws_node_termination_handler.data.aws_caller_identity.current",
            "module.eks_blueprints_addons.module.aws_node_termination_handler.data.aws_iam_policy_document.assume",
            "module.eks_blueprints_addons.module.aws_node_termination_handler.data.aws_iam_policy_document.this",
            "module.eks_blueprints_addons.module.aws_node_termination_handler.data.aws_partition.current",
            "module.eks_blueprints_addons.module.aws_node_termination_handler.helm_release.this",
            "module.eks_blueprints_addons.module.aws_node_termination_handler_sqs.aws_sqs_queue.dlq",
            "module.eks_blueprints_addons.module.aws_node_termination_handler_sqs.aws_sqs_queue.this",
            "module.eks_blueprints_addons.module.aws_node_termination_handler_sqs.aws_sqs_queue_policy.dlq",
            "module.eks_blueprints_addons.module.aws_node_termination_handler_sqs.aws_sqs_queue_policy.this",
            "module.eks_blueprints_addons.module.aws_node_termination_handler_sqs.aws_sqs_queue_redrive_allow_policy.dlq",
            "module.eks_blueprints_addons.module.aws_node_termination_handler_sqs.aws_sqs_queue_redrive_allow_policy.this",
            "module.eks_blueprints_addons.module.aws_node_termination_handler_sqs.aws_sqs_queue_redrive_policy.dlq",
            "module.eks_blueprints_addons.module.aws_node_termination_handler_sqs.aws_sqs_queue_redrive_policy.this",
            "module.eks_blueprints_addons.module.aws_node_termination_handler_sqs.data.aws_iam_policy_document.dlq",
            "module.eks_blueprints_addons.module.aws_node_termination_handler_sqs.data.aws_iam_policy_document.this",
            "module.eks_blueprints_addons.module.aws_privateca_issuer.aws_iam_policy.this",
            "module.eks_blueprints_addons.module.aws_privateca_issuer.aws_iam_role.this",
            "module.eks_blueprints_addons.module.aws_privateca_issuer.aws_iam_role_policy_attachment.additional",
            "module.eks_blueprints_addons.module.aws_privateca_issuer.aws_iam_role_policy_attachment.this",
            "module.eks_blueprints_addons.module.aws_privateca_issuer.data.aws_caller_identity.current",
            "module.eks_blueprints_addons.module.aws_privateca_issuer.data.aws_iam_policy_document.assume",
            "module.eks_blueprints_addons.module.aws_privateca_issuer.data.aws_iam_policy_document.this",
            "module.eks_blueprints_addons.module.aws_privateca_issuer.data.aws_partition.current",
            "module.eks_blueprints_addons.module.aws_privateca_issuer.helm_release.this",
            "module.eks_blueprints_addons.module.bottlerocket_shadow.aws_iam_policy.this",
            "module.eks_blueprints_addons.module.bottlerocket_shadow.aws_iam_role.this",
            "module.eks_blueprints_addons.module.bottlerocket_shadow.aws_iam_role_policy_attachment.additional",
            "module.eks_blueprints_addons.module.bottlerocket_shadow.aws_iam_role_policy_attachment.this",
            "module.eks_blueprints_addons.module.bottlerocket_shadow.data.aws_caller_identity.current",
            "module.eks_blueprints_addons.module.bottlerocket_shadow.data.aws_iam_policy_document.assume",
            "module.eks_blueprints_addons.module.bottlerocket_shadow.data.aws_iam_policy_document.this",
            "module.eks_blueprints_addons.module.bottlerocket_shadow.data.aws_partition.current",
            "module.eks_blueprints_addons.module.bottlerocket_shadow.helm_release.this",
            "module.eks_blueprints_addons.module.bottlerocket_update_operator.aws_iam_policy.this",
            "module.eks_blueprints_addons.module.bottlerocket_update_operator.aws_iam_role.this",
            "module.eks_blueprints_addons.module.bottlerocket_update_operator.aws_iam_role_policy_attachment.additional",
            "module.eks_blueprints_addons.module.bottlerocket_update_operator.aws_iam_role_policy_attachment.this",
            "module.eks_blueprints_addons.module.bottlerocket_update_operator.data.aws_caller_identity.current",
            "module.eks_blueprints_addons.module.bottlerocket_update_operator.data.aws_iam_policy_document.assume",
            "module.eks_blueprints_addons.module.bottlerocket_update_operator.data.aws_iam_policy_document.this",
            "module.eks_blueprints_addons.module.bottlerocket_update_operator.data.aws_partition.current",
            "module.eks_blueprints_addons.module.bottlerocket_update_operator.helm_release.this",
            "module.eks_blueprints_addons.module.cert_manager.aws_iam_policy.this",
            "module.eks_blueprints_addons.module.cert_manager.aws_iam_role.this",
            "module.eks_blueprints_addons.module.cert_manager.aws_iam_role_policy_attachment.additional",
            "module.eks_blueprints_addons.module.cert_manager.aws_iam_role_policy_attachment.this",
            "module.eks_blueprints_addons.module.cert_manager.data.aws_caller_identity.current",
            "module.eks_blueprints_addons.module.cert_manager.data.aws_iam_policy_document.assume",
            "module.eks_blueprints_addons.module.cert_manager.data.aws_iam_policy_document.this",
            "module.eks_blueprints_addons.module.cert_manager.data.aws_partition.current",
            "module.eks_blueprints_addons.module.cert_manager.helm_release.this",
            "module.eks_blueprints_addons.module.cluster_autoscaler.aws_iam_policy.this",
            "module.eks_blueprints_addons.module.cluster_autoscaler.aws_iam_role.this",
            "module.eks_blueprints_addons.module.cluster_autoscaler.aws_iam_role_policy_attachment.additional",
            "module.eks_blueprints_addons.module.cluster_autoscaler.aws_iam_role_policy_attachment.this",
            "module.eks_blueprints_addons.module.cluster_autoscaler.data.aws_caller_identity.current",
            "module.eks_blueprints_addons.module.cluster_autoscaler.data.aws_iam_policy_document.assume",
            "module.eks_blueprints_addons.module.cluster_autoscaler.data.aws_iam_policy_document.this",
            "module.eks_blueprints_addons.module.cluster_autoscaler.data.aws_partition.current",
            "module.eks_blueprints_addons.module.cluster_autoscaler.helm_release.this",
            "module.eks_blueprints_addons.module.cluster_proportional_autoscaler.aws_iam_policy.this",
            "module.eks_blueprints_addons.module.cluster_proportional_autoscaler.aws_iam_role.this",
            "module.eks_blueprints_addons.module.cluster_proportional_autoscaler.aws_iam_role_policy_attachment.additional",
            "module.eks_blueprints_addons.module.cluster_proportional_autoscaler.aws_iam_role_policy_attachment.this",
            "module.eks_blueprints_addons.module.cluster_proportional_autoscaler.data.aws_caller_identity.current",
            "module.eks_blueprints_addons.module.cluster_proportional_autoscaler.data.aws_iam_policy_document.assume",
            "module.eks_blueprints_addons.module.cluster_proportional_autoscaler.data.aws_iam_policy_document.this",
            "module.eks_blueprints_addons.module.cluster_proportional_autoscaler.data.aws_partition.current",
            "module.eks_blueprints_addons.module.cluster_proportional_autoscaler.helm_release.this",
            "module.eks_blueprints_addons.module.external_dns.aws_iam_policy.this",
            "module.eks_blueprints_addons.module.external_dns.aws_iam_role.this",
            "module.eks_blueprints_addons.module.external_dns.aws_iam_role_policy_attachment.additional",
            "module.eks_blueprints_addons.module.external_dns.aws_iam_role_policy_attachment.this",
            "module.eks_blueprints_addons.module.external_dns.data.aws_caller_identity.current",
            "module.eks_blueprints_addons.module.external_dns.data.aws_iam_policy_document.assume",
            "module.eks_blueprints_addons.module.external_dns.data.aws_iam_policy_document.this",
            "module.eks_blueprints_addons.module.external_dns.data.aws_partition.current",
            "module.eks_blueprints_addons.module.external_dns.helm_release.this",
            "module.eks_blueprints_addons.module.external_secrets.aws_iam_policy.this",
            "module.eks_blueprints_addons.module.external_secrets.aws_iam_role.this",
            "module.eks_blueprints_addons.module.external_secrets.aws_iam_role_policy_attachment.additional",
            "module.eks_blueprints_addons.module.external_secrets.aws_iam_role_policy_attachment.this",
            "module.eks_blueprints_addons.module.external_secrets.data.aws_caller_identity.current",
            "module.eks_blueprints_addons.module.external_secrets.data.aws_iam_policy_document.assume",
            "module.eks_blueprints_addons.module.external_secrets.data.aws_iam_policy_document.this",
            "module.eks_blueprints_addons.module.external_secrets.data.aws_partition.current",
            "module.eks_blueprints_addons.module.external_secrets.helm_release.this",
            "module.eks_blueprints_addons.module.gatekeeper.aws_iam_policy.this",
            "module.eks_blueprints_addons.module.gatekeeper.aws_iam_role.this",
            "module.eks_blueprints_addons.module.gatekeeper.aws_iam_role_policy_attachment.additional",
            "module.eks_blueprints_addons.module.gatekeeper.aws_iam_role_policy_attachment.this",
            "module.eks_blueprints_addons.module.gatekeeper.data.aws_caller_identity.current",
            "module.eks_blueprints_addons.module.gatekeeper.data.aws_iam_policy_document.assume",
            "module.eks_blueprints_addons.module.gatekeeper.data.aws_iam_policy_document.this",
            "module.eks_blueprints_addons.module.gatekeeper.data.aws_partition.current",
            "module.eks_blueprints_addons.module.gatekeeper.helm_release.this",
            "module.eks_blueprints_addons.module.ingress_nginx.aws_iam_policy.this",
            "module.eks_blueprints_addons.module.ingress_nginx.aws_iam_role.this",
            "module.eks_blueprints_addons.module.ingress_nginx.aws_iam_role_policy_attachment.additional",
            "module.eks_blueprints_addons.module.ingress_nginx.aws_iam_role_policy_attachment.this",
            "module.eks_blueprints_addons.module.ingress_nginx.data.aws_caller_identity.current",
            "module.eks_blueprints_addons.module.ingress_nginx.data.aws_iam_policy_document.assume",
            "module.eks_blueprints_addons.module.ingress_nginx.data.aws_iam_policy_document.this",
            "module.eks_blueprints_addons.module.ingress_nginx.data.aws_partition.current",
            "module.eks_blueprints_addons.module.ingress_nginx.helm_release.this",
            "module.eks_blueprints_addons.module.karpenter.aws_iam_policy.this",
            "module.eks_blueprints_addons.module.karpenter.aws_iam_role.this",
            "module.eks_blueprints_addons.module.karpenter.aws_iam_role_policy_attachment.additional",
            "module.eks_blueprints_addons.module.karpenter.aws_iam_role_policy_attachment.this",
            "module.eks_blueprints_addons.module.karpenter.data.aws_caller_identity.current",
            "module.eks_blueprints_addons.module.karpenter.data.aws_iam_policy_document.assume",
            "module.eks_blueprints_addons.module.karpenter.data.aws_iam_policy_document.this",
            "module.eks_blueprints_addons.module.karpenter.data.aws_partition.current",
            "module.eks_blueprints_addons.module.karpenter.helm_release.this",
            "module.eks_blueprints_addons.module.karpenter_sqs.aws_sqs_queue.dlq",
            "module.eks_blueprints_addons.module.karpenter_sqs.aws_sqs_queue.this",
            "module.eks_blueprints_addons.module.karpenter_sqs.aws_sqs_queue_policy.dlq",
            "module.eks_blueprints_addons.module.karpenter_sqs.aws_sqs_queue_policy.this",
            "module.eks_blueprints_addons.module.karpenter_sqs.aws_sqs_queue_redrive_allow_policy.dlq",
            "module.eks_blueprints_addons.module.karpenter_sqs.aws_sqs_queue_redrive_allow_policy.this",
            "module.eks_blueprints_addons.module.karpenter_sqs.aws_sqs_queue_redrive_policy.dlq",
            "module.eks_blueprints_addons.module.karpenter_sqs.aws_sqs_queue_redrive_policy.this",
            "module.eks_blueprints_addons.module.karpenter_sqs.data.aws_iam_policy_document.dlq",
            "module.eks_blueprints_addons.module.karpenter_sqs.data.aws_iam_policy_document.this",
            "module.eks_blueprints_addons.module.kube_prometheus_stack.aws_iam_policy.this",
            "module.eks_blueprints_addons.module.kube_prometheus_stack.aws_iam_role.this",
            "module.eks_blueprints_addons.module.kube_prometheus_stack.aws_iam_role_policy_attachment.additional",
            "module.eks_blueprints_addons.module.kube_prometheus_stack.aws_iam_role_policy_attachment.this",
            "module.eks_blueprints_addons.module.kube_prometheus_stack.data.aws_caller_identity.current",
            "module.eks_blueprints_addons.module.kube_prometheus_stack.data.aws_iam_policy_document.assume",
            "module.eks_blueprints_addons.module.kube_prometheus_stack.data.aws_iam_policy_document.this",
            "module.eks_blueprints_addons.module.kube_prometheus_stack.data.aws_partition.current",
            "module.eks_blueprints_addons.module.kube_prometheus_stack.helm_release.this",
            "module.eks_blueprints_addons.module.metrics_server.aws_iam_policy.this",
            "module.eks_blueprints_addons.module.metrics_server.aws_iam_role.this",
            "module.eks_blueprints_addons.module.metrics_server.aws_iam_role_policy_attachment.additional",
            "module.eks_blueprints_addons.module.metrics_server.aws_iam_role_policy_attachment.this",
            "module.eks_blueprints_addons.module.metrics_server.data.aws_caller_identity.current",
            "module.eks_blueprints_addons.module.metrics_server.data.aws_iam_policy_document.assume",
            "module.eks_blueprints_addons.module.metrics_server.data.aws_iam_policy_document.this",
            "module.eks_blueprints_addons.module.metrics_server.data.aws_partition.current",
            "module.eks_blueprints_addons.module.metrics_server.helm_release.this",
            "module.eks_blueprints_addons.module.secrets_store_csi_driver.aws_iam_policy.this",
            "module.eks_blueprints_addons.module.secrets_store_csi_driver.aws_iam_role.this",
            "module.eks_blueprints_addons.module.secrets_store_csi_driver.aws_iam_role_policy_attachment.additional",
            "module.eks_blueprints_addons.module.secrets_store_csi_driver.aws_iam_role_policy_attachment.this",
            "module.eks_blueprints_addons.module.secrets_store_csi_driver.data.aws_caller_identity.current",
            "module.eks_blueprints_addons.module.secrets_store_csi_driver.data.aws_iam_policy_document.assume",
            "module.eks_blueprints_addons.module.secrets_store_csi_driver.data.aws_iam_policy_document.this",
            "module.eks_blueprints_addons.module.secrets_store_csi_driver.data.aws_partition.current",
            "module.eks_blueprints_addons.module.secrets_store_csi_driver.helm_release.this",
            "module.eks_blueprints_addons.module.secrets_store_csi_driver_provider_aws.aws_iam_policy.this",
            "module.eks_blueprints_addons.module.secrets_store_csi_driver_provider_aws.aws_iam_role.this",
            "module.eks_blueprints_addons.module.secrets_store_csi_driver_provider_aws.aws_iam_role_policy_attachment.additional",
            "module.eks_blueprints_addons.module.secrets_store_csi_driver_provider_aws.aws_iam_role_policy_attachment.this",
            "module.eks_blueprints_addons.module.secrets_store_csi_driver_provider_aws.data.aws_caller_identity.current",
            "module.eks_blueprints_addons.module.secrets_store_csi_driver_provider_aws.data.aws_iam_policy_document.assume",
            "module.eks_blueprints_addons.module.secrets_store_csi_driver_provider_aws.data.aws_iam_policy_document.this",
            "module.eks_blueprints_addons.module.secrets_store_csi_driver_provider_aws.data.aws_partition.current",
            "module.eks_blueprints_addons.module.secrets_store_csi_driver_provider_aws.helm_release.this",
            "module.eks_blueprints_addons.module.velero.aws_iam_policy.this",
            "module.eks_blueprints_addons.module.velero.aws_iam_role.this",
            "module.eks_blueprints_addons.module.velero.aws_iam_role_policy_attachment.additional",
            "module.eks_blueprints_addons.module.velero.aws_iam_role_policy_attachment.this",
            "module.eks_blueprints_addons.module.velero.data.aws_caller_identity.current",
            "module.eks_blueprints_addons.module.velero.data.aws_iam_policy_document.assume",
            "module.eks_blueprints_addons.module.velero.data.aws_iam_policy_document.this",
            "module.eks_blueprints_addons.module.velero.data.aws_partition.current",
            "module.eks_blueprints_addons.module.velero.helm_release.this",
            "module.eks_blueprints_addons.module.vpa.aws_iam_policy.this",
            "module.eks_blueprints_addons.module.vpa.aws_iam_role.this",
            "module.eks_blueprints_addons.module.vpa.aws_iam_role_policy_attachment.additional",
            "module.eks_blueprints_addons.module.vpa.aws_iam_role_policy_attachment.this",
            "module.eks_blueprints_addons.module.vpa.data.aws_caller_identity.current",
            "module.eks_blueprints_addons.module.vpa.data.aws_iam_policy_document.assume",
            "module.eks_blueprints_addons.module.vpa.data.aws_iam_policy_document.this",
            "module.eks_blueprints_addons.module.vpa.data.aws_partition.current",
            "module.eks_blueprints_addons.module.vpa.helm_release.this",
            "module.eks_blueprints_addons.time_sleep.this",
            "module.kyverno.aws_iam_policy.this",
            "module.kyverno.aws_iam_role.this",
            "module.kyverno.aws_iam_role_policy_attachment.additional",
            "module.kyverno.aws_iam_role_policy_attachment.this",
            "module.kyverno.data.aws_caller_identity.current",
            "module.kyverno.data.aws_iam_policy_document.assume",
            "module.kyverno.data.aws_iam_policy_document.this",
            "module.kyverno.data.aws_partition.current",
            "module.kyverno.helm_release.this",
            "module.kyverno_policies.aws_iam_role.this",
            "module.kyverno_policies.data.aws_caller_identity.current",
            "module.kyverno_policies.data.aws_iam_policy_document.assume",
            "module.kyverno_policies.data.aws_partition.current",
            "module.vpc.aws_subnet.private",
            "module.vpc.aws_vpc.this",
            "module.vpc.aws_vpc_ipv4_cidr_block_association.this"
          ]
        }
      ]
    },
    {
      "module": "module.policy_reporter",
      "mode": "managed",
      "type": "helm_release",
      "name": "this",
      "provider": "provider[\"registry.terraform.io/hashicorp/helm\"]",
      "instances": [
        {
          "index_key": 0,
          "schema_version": 1,
          "attributes": {
            "atomic": false,
            "chart": "policy-reporter",
            "cleanup_on_fail": false,
            "create_namespace": false,
            "dependency_update": false,
            "description": "Kyverno Policy Reporter which shows policy reports in a graphical web-based front end.",
            "devel": null,
            "disable_crd_hooks": false,
            "disable_openapi_validation": false,
            "disable_webhooks": false,
            "force_update": false,
            "id": "policy-reporter",
            "keyring": null,
            "lint": false,
            "manifest": null,
            "max_history": 0,
            "metadata": [
              {
                "app_version": "1.3.0",
                "chart": "policy-reporter",
                "name": "policy-reporter",
                "namespace": "kyverno",
                "revision": 3,
                "values": "{\"affinity\":{},\"annotations\":{},\"api\":{\"logging\":false},\"database\":{\"database\":\"\",\"dsn\":\"\",\"enableSSL\":false,\"host\":\"\",\"mountedSecret\":\"\",\"password\":\"\",\"secretRef\":\"\",\"type\":\"\",\"username\":\"\"},\"deploymentStrategy\":{},\"emailReports\":{\"clusterName\":\"\",\"resources\":{},\"smtp\":{\"certificate\":\"\",\"encryption\":\"\",\"from\":\"\",\"host\":\"\",\"password\":\"\",\"port\":465,\"secret\":\"\",\"skipTLS\":false,\"username\":\"\"},\"summary\":{\"activeDeadlineSeconds\":300,\"backoffLimit\":3,\"channels\":[],\"enabled\":false,\"filter\":{},\"restartPolicy\":\"Never\",\"schedule\":\"0 8 * * *\",\"to\":[],\"ttlSecondsAfterFinished\":0},\"titlePrefix\":\"Report\",\"violations\":{\"activeDeadlineSeconds\":300,\"backoffLimit\":3,\"channels\":[],\"enabled\":false,\"filter\":{},\"restartPolicy\":\"Never\",\"schedule\":\"0 8 * * *\",\"to\":[],\"ttlSecondsAfterFinished\":0}},\"envVars\":[],\"existingTargetConfig\":{\"enabled\":false,\"name\":\"\",\"subPath\":\"\"},\"extraVolumes\":{\"volumeMounts\":[],\"volumes\":[]},\"global\":{\"backend\":\"\",\"basicAuth\":{\"password\":\"\",\"secretRef\":\"\",\"username\":\"\"},\"fullnameOverride\":\"\",\"labels\":{},\"namespace\":\"\",\"plugins\":{\"kyverno\":false}},\"image\":{\"pullPolicy\":\"IfNotPresent\",\"registry\":\"ghcr.io\",\"repository\":\"kyverno/policy-reporter\",\"tag\":\"2.19.0\"},\"imagePullSecrets\":[],\"ingress\":{\"annotations\":{\"alb.ingress.kubernetes.io/backend-protocol\":\"HTTP\",\"alb.ingress.kubernetes.io/group.name\":\"phani\",\"alb.ingress.kubernetes.io/listen-ports\":\"[{\\\"HTTP\\\": 80}]\",\"alb.ingress.kubernetes.io/scheme\":\"internet-facing\",\"alb.ingress.kubernetes.io/tags\":\"env=poc\",\"alb.ingress.kubernetes.io/target-type\":\"ip\",\"kubernetes.io/ingress.provider\":\"aws\",\"service.beta.kubernetes.io/aws-load-balancer-cross-zone-load-balancing-enabled\":\"true\"},\"className\":\"alb\",\"enabled\":false,\"hosts\":[{\"host\":\"chart-example.local\",\"paths\":[]}],\"labels\":{},\"tls\":[]},\"kyvernoPlugin\":{\"enabled\":true},\"leaderElection\":{\"enabled\":false,\"leaseDuration\":15,\"releaseOnCancel\":true,\"renewDeadline\":10,\"retryPeriod\":2},\"livenessProbe\":{\"httpGet\":{\"path\":\"/healthz\",\"port\":\"http\"}},\"logging\":{\"development\":false,\"encoding\":\"console\",\"logLevel\":0},\"metrics\":{\"customLabels\":[],\"enabled\":false,\"mode\":\"detailed\"},\"monitoring\":{\"enabled\":false},\"nameOverride\":\"\",\"networkPolicy\":{\"egress\":[{\"ports\":[{\"port\":6443,\"protocol\":\"TCP\"}],\"to\":null}],\"enabled\":false,\"ingress\":[]},\"nodeSelector\":{},\"podAnnotations\":{},\"podDisruptionBudget\":{\"maxUnavailable\":null,\"minAvailable\":1},\"podLabels\":{},\"podSecurityContext\":{\"fsGroup\":1234},\"port\":{\"name\":\"http\",\"number\":8080},\"priorityClassName\":\"\",\"profiling\":{\"enabled\":false},\"rbac\":{\"enabled\":true},\"readinessProbe\":{\"httpGet\":{\"path\":\"/ready\",\"port\":\"http\"}},\"redis\":{\"address\":\"\",\"database\":0,\"enabled\":false,\"password\":\"\",\"prefix\":\"policy-reporter\",\"username\":\"\"},\"replicaCount\":1,\"reportFilter\":{\"clusterReports\":{\"disabled\":false},\"namespaces\":{\"exclude\":[],\"include\":[]}},\"resources\":{},\"rest\":{\"enabled\":false},\"revisionHistoryLimit\":10,\"securityContext\":{\"allowPrivilegeEscalation\":false,\"capabilities\":{\"drop\":[\"ALL\"]},\"privileged\":false,\"readOnlyRootFilesystem\":true,\"runAsNonRoot\":true,\"runAsUser\":1234,\"seccompProfile\":{\"type\":\"RuntimeDefault\"}},\"service\":{\"annotations\":{},\"enabled\":true,\"labels\":{},\"port\":8080,\"type\":\"ClusterIP\"},\"serviceAccount\":{\"annotations\":{},\"create\":true,\"name\":\"\"},\"sourceConfig\":{},\"sqliteVolume\":{},\"target\":{\"discord\":{\"channels\":[],\"filter\":{},\"minimumPriority\":\"\",\"mountedSecret\":\"\",\"secretRef\":\"\",\"skipExistingOnStartup\":true,\"sources\":[],\"webhook\":\"\"},\"elasticsearch\":{\"apiKey\":\"\",\"certificate\":\"\",\"channels\":[],\"customFields\":{},\"filter\":{},\"host\":\"\",\"index\":\"\",\"minimumPriority\":\"\",\"mountedSecret\":\"\",\"password\":\"\",\"rotation\":\"\",\"secretRef\":\"\",\"skipExistingOnStartup\":true,\"skipTLS\":false,\"sources\":[],\"typelessApi\":false,\"username\":\"\"},\"gcs\":{\"bucket\":\"\",\"channels\":[],\"credentials\":\"\",\"customFields\":{},\"filter\":{},\"minimumPriority\":\"\",\"mountedSecret\":\"\",\"secretRef\":\"\",\"skipExistingOnStartup\":true,\"sources\":[]},\"googleChat\":{\"certificate\":\"\",\"channels\":[],\"customFields\":{},\"filter\":{},\"headers\":{},\"minimumPriority\":\"\",\"mountedSecret\":\"\",\"secretRef\":\"\",\"skipExistingOnStartup\":true,\"skipTLS\":false,\"sources\":[],\"webhook\":\"\"},\"kinesis\":{\"accessKeyID\":\"\",\"channels\":[],\"customFields\":{},\"endpoint\":\"\",\"filter\":{},\"minimumPriority\":\"\",\"mountedSecret\":\"\",\"region\":\"\",\"secretAccessKey\":\"\",\"secretRef\":\"\",\"skipExistingOnStartup\":true,\"sources\":[],\"streamName\":\"\"},\"loki\":{\"certificate\":\"\",\"channels\":[],\"customLabels\":{},\"filter\":{},\"headers\":{},\"host\":\"\",\"minimumPriority\":\"\",\"mountedSecret\":\"\",\"password\":\"\",\"path\":\"\",\"secretRef\":\"\",\"skipExistingOnStartup\":true,\"skipTLS\":false,\"sources\":[],\"username\":\"\"},\"s3\":{\"accessKeyID\":\"\",\"bucket\":\"\",\"bucketKeyEnabled\":false,\"channels\":[],\"customFields\":{},\"endpoint\":\"\",\"filter\":{},\"kmsKeyId\":\"\",\"minimumPriority\":\"\",\"mountedSecret\":\"\",\"pathStyle\":false,\"prefix\":\"\",\"region\":\"\",\"secretAccessKey\":\"\",\"secretRef\":\"\",\"serverSideEncryption\":\"\",\"skipExistingOnStartup\":true,\"sources\":[]},\"securityHub\":{\"accessKeyID\":\"\",\"accountID\":\"\",\"channels\":[],\"cleanup\":false,\"customFields\":{},\"delayInSeconds\":2,\"endpoint\":\"\",\"filter\":{},\"minimumPriority\":\"\",\"mountedSecret\":\"\",\"productName\":\"\",\"region\":\"\",\"secretAccessKey\":\"\",\"secretRef\":\"\",\"skipExistingOnStartup\":true,\"sources\":[]},\"slack\":{\"channel\":\"\",\"channels\":[],\"customFields\":{},\"filter\":{},\"minimumPriority\":\"\",\"mountedSecret\":\"\",\"secretRef\":\"\",\"skipExistingOnStartup\":true,\"sources\":[],\"webhook\":\"\"},\"teams\":{\"certificate\":\"\",\"channels\":[],\"filter\":{},\"minimumPriority\":\"\",\"mountedSecret\":\"\",\"secretRef\":\"\",\"skipExistingOnStartup\":true,\"skipTLS\":false,\"sources\":[],\"webhook\":\"\"},\"telegram\":{\"certificate\":\"\",\"channels\":[],\"chatID\":\"\",\"customFields\":{},\"filter\":{},\"headers\":{},\"host\":\"\",\"minimumPriority\":\"\",\"mountedSecret\":\"\",\"secretRef\":\"\",\"skipExistingOnStartup\":true,\"skipTLS\":false,\"sources\":[],\"token\":\"\"},\"ui\":{\"certificate\":\"\",\"host\":\"\",\"minimumPriority\":\"warning\",\"skipExistingOnStartup\":true,\"skipTLS\":false,\"sources\":[]},\"webhook\":{\"certificate\":\"\",\"channels\":[],\"customFields\":{},\"filter\":{},\"headers\":{},\"host\":\"\",\"minimumPriority\":\"\",\"mountedSecret\":\"\",\"secretRef\":\"\",\"skipExistingOnStartup\":true,\"skipTLS\":false,\"sources\":[]}},\"tmpVolume\":{},\"tolerations\":[],\"topologySpreadConstraints\":[],\"ui\":{\"enabled\":true},\"worker\":5}",
                "version": "1.3.0"
              }
            ],
            "name": "policy-reporter",
            "namespace": "kyverno",
            "pass_credentials": false,
            "postrender": [],
            "recreate_pods": false,
            "render_subchart_notes": true,
            "replace": false,
            "repository": "https://kyverno.github.io/policy-reporter/",
            "repository_ca_file": null,
            "repository_cert_file": null,
            "repository_key_file": null,
            "repository_password": null,
            "repository_username": null,
            "reset_values": false,
            "reuse_values": false,
            "set": [],
            "set_list": [],
            "set_sensitive": [],
            "skip_crds": false,
            "status": "deployed",
            "timeout": 300,
            "values": [
              "# Override the chart name used for all resources\nnameOverride: \"\"\n\nimage:\n  registry: ghcr.io\n  repository: kyverno/policy-reporter\n  pullPolicy: IfNotPresent\n  tag: 2.19.0\n\nimagePullSecrets: []\n\npriorityClassName: \"\"\n\nreplicaCount: 1\n\nrevisionHistoryLimit: 10\n\ndeploymentStrategy: {}\n  # rollingUpdate:\n  #  maxSurge: 25%\n  #  maxUnavailable: 25%\n  # type: RollingUpdate\n\n# When using a custom port together with the PolicyReporter UI\n# the port has also to be changed in the UI subchart as well because it can't access the parent values.\n# You can change the port under `ui.policyReporter.port`\nport:\n  name: http\n  number: 8080\n\n# Key/value pairs that are attached to all resources.\nannotations: {}\n\n# Create cluster role policies\nrbac:\n  enabled: true\n\nserviceAccount:\n  # Specifies whether a service account should be created\n  create: true\n  # Annotations to add to the service account\n  annotations: {}\n  # The name of the service account to use.\n  # If not set and create is true, a name is generated using the fullname template\n  name: \"\"\n\nservice:\n  enabled: true\n  ## configuration of service\n  # key/value\n  annotations: {}\n  # key/value\n  labels: {}\n  type: ClusterIP\n  # integer number. This is port for service\n  port: 8080\n\npodSecurityContext:\n  fsGroup: 1234\n\nsecurityContext:\n  runAsUser: 1234\n  runAsNonRoot: true\n  privileged: false\n  allowPrivilegeEscalation: false\n  readOnlyRootFilesystem: true\n  capabilities:\n    drop:\n      - ALL\n  seccompProfile:\n    type: RuntimeDefault\n\n# Key/value pairs that are attached to pods.\npodAnnotations: {}\n\n# Key/value pairs that are attached to pods.\npodLabels: {}\n\n# Allow additional env variables to be added\nenvVars: []\n\nresources: {}\n  # We usually recommend not to specify default resources and to leave this as a conscious\n  # choice for the user. This also increases chances charts run on environments with little\n  # resources, such as Minikube. If you do want to specify resources, uncomment the following\n  # lines, adjust them as necessary, and remove the curly braces after 'resources:'.\n  # limits:\n  #   memory: 100Mi\n  #   cpu: 10m\n  # requests:\n  #   memory: 75Mi\n  #   cpu: 5m\n\n# Enable a NetworkPolicy for this chart. Useful on clusters where Network Policies are\n# used and configured in a default-deny fashion.\nnetworkPolicy:\n  enabled: false\n  # Kubernetes API Server\n  egress:\n  - to:\n    ports:\n    - protocol: TCP\n      port: 6443\n  ingress: []\n\n## Set to true to enable ingress record generation\n# ref to: https://kubernetes.io/docs/concepts/services-networking/ingress/\ningress:\n  enabled: false\n  className: \"alb\"\n  # key/value\n  labels: {}\n  # key/value\n  annotations: \n    alb.ingress.kubernetes.io/backend-protocol: HTTP\n    alb.ingress.kubernetes.io/group.name: phani\n    alb.ingress.kubernetes.io/listen-ports:  '[{\"HTTP\": 80}]'\n    alb.ingress.kubernetes.io/scheme: internet-facing\n    alb.ingress.kubernetes.io/tags: env=poc\n    alb.ingress.kubernetes.io/target-type: ip\n    kubernetes.io/ingress.provider: aws\n    service.beta.kubernetes.io/aws-load-balancer-cross-zone-load-balancing-enabled: 'true'\n    # kubernetes.io/ingress.class: nginx\n    # kubernetes.io/tls-acme: \"true\"\n  hosts:\n    - host: chart-example.local\n      paths: []\n  tls: []\n  #  - secretName: chart-example-tls\n  #    hosts:\n  #      - chart-example.local\n\nlogging:\n  encoding: console # possible encodings are console and json\n  logLevel: 0 # default info\n  development: false # more human readable structure, enables stacktraces and removes log sampling\n\napi:\n  logging: false # enable debug API access logging, sets logLevel to debug\n\n# REST API\nrest:\n  enabled: false\n\n# Prometheus Metrics API\nmetrics:\n  enabled: false\n  mode: detailed # available modes are detailed, simple and custom\n  customLabels: [] # only used for custom mode. Supported fields are: [\"namespace\", \"rule\", \"policy\", \"report\" // PolicyReport name, \"kind\" // resource kind, \"name\" // resource name, \"status\", \"severity\", \"category\", \"source\"]\n#  filter:\n#    sources:\n#      exclude: [\"Trivy CIS Kube Bench\"]\n#    status:\n#      exclude: [\"pass\", \"skip\"]\n\nprofiling:\n  enabled: false\n\n# amount of queue workers for PolicyReport resource processing\nworker: 5\n\n# Filter PolicyReport resources to process\nreportFilter:\n  namespaces:\n    # Process only PolicyReport resources from an included namespace, wildcards are supported\n    include: []\n    # Ignore all PolicyReport resources from a excluded namespace, wildcards are supported\n    # exclude will be ignored if an include filter exists\n    exclude: []\n  clusterReports:\n    # Disable the processing of ClusterPolicyReports\n    disabled: false\n\n# customize source specific logic like result ID generation\nsourceConfig: {}\n# sourcename:\n#   customID:\n#     enabled: true\n#     fields: [\"resource\", \"policy\", \"rule\", \"category\", \"result\", \"message\"]\n\n# enable policy-report-ui\nui:\n  enabled: true \n\nkyvernoPlugin:\n  enabled: true \n\n# Settings for the monitoring subchart\nmonitoring:\n  enabled: false\n\ndatabase:\n  # Database Type, supported: mysql, postgres, mariadb\n  type: \"\"\n  database: \"\" # Database Name\n  username: \"\"\n  password: \"\"\n  host: \"\"\n  enableSSL: false\n  # instead of configure the individual values you can also provide an DSN string\n  # example postgres: postgres://postgres:password@localhost:5432/postgres?sslmode=disable\n  # example mysql: root:password@tcp(localhost:3306)/test?tls=false\n  dsn: \"\"\n  # configure an existing secret as source for your values\n  # supported fields: username, password, host, dsn, database\n  secretRef: \"\"\n  # use an mounted secret as source for your values, required the information in JSON format\n  # supported fields: username, password, host, dsn, database\n  mountedSecret: \"\"\n\nglobal:\n  # available plugins\n  plugins:\n    # enable kyverno for Policy Reporter UI and monitoring\n    kyverno: false\n  # The name of service policy-report. Defaults to ReleaseName.\n  backend: \"\"\n  # overwrite the fullname of all resources including subcharts\n  fullnameOverride: \"\"\n  # configure the namespace of all resources including subcharts\n  namespace: \"\"\n  # additional labels added on each resource\n  labels: {}\n  # basicAuth for APIs and metrics\n  basicAuth:\n    # HTTP BasicAuth username\n    username: \"\"\n    # HTTP BasicAuth password\n    password: \"\"\n    # read credentials from secret\n    secretRef: \"\"\n\nemailReports:\n  clusterName: \"\" # (optional) - displayed in the email report if configured\n  titlePrefix: \"Report\" # title prefix in the email subject\n  smtp:\n    secret: \"\" # (optional) secret name to provide the complete or partial SMTP configuration\n    host: \"\"\n    port: 465\n    username: \"\"\n    password: \"\"\n    from: \"\" # displayed from email address\n    encryption: \"\" # default is none, supports ssl/tls and starttls\n    skipTLS: false\n    certificate: \"\"\n\n  # basic summary report\n  summary:\n    enabled: false\n    schedule: \"0 8 * * *\" # CronJob schedule defines when the report will be send\n    activeDeadlineSeconds: 300 # timeout in seconds\n    backoffLimit: 3 # retry counter\n    ttlSecondsAfterFinished: 0\n    restartPolicy: Never # pod restart policy\n\n    to: [] # list of receiver email addresses\n    filter: {} # optional filters\n    #  disableClusterReports: false # remove ClusterPolicyResults from Reports\n    #  namespaces:\n    #    include: []\n    #    exclude: []\n    #  sources:\n    #    include: []\n    #    exclude: []\n    channels: [] # (optional) channels can be used to to send only a subset of namespaces / sources to dedicated email addresses    channels: [] # (optional) channels can be used to to send only a subset of namespaces / sources to dedicated email addresses\n    #  - to: ['team-a@company.org']\n    #    filter:\n    #      disableClusterReports: true\n    #      namespaces:\n    #        include: ['team-a-*']\n    #      sources:\n    #        include: ['Kyverno']\n  # violation summary report\n  violations:\n    enabled: false\n    schedule: \"0 8 * * *\" # CronJob schedule defines when the report will be send\n    activeDeadlineSeconds: 300 # timeout in seconds\n    backoffLimit: 3 # retry counter\n    ttlSecondsAfterFinished: 0\n    restartPolicy: Never # pod restart policy\n\n    to: [] # list of receiver email addresses\n    filter: {} # optional filters\n    #  disableClusterReports: false # remove ClusterPolicyResults from Reports\n    #  namespaces:\n    #    include: []\n    #    exclude: []\n    #  sources:\n    #    include: []\n    #    exclude: []\n    channels: [] # (optional) channels can be used to to send only a subset of namespaces / sources to dedicated email addresses    channels: [] # (optional) channels can be used to to send only a subset of namespaces / sources to dedicated email addresses\n    #  - to: ['team-a@company.org']\n    #    filter:\n    #      disableClusterReports: true\n    #      namespaces:\n    #        include: ['team-a-*']\n    #      sources:\n    #        include: ['Kyverno']\n  resources: {}\n  # limits:\n  #   memory: 100Mi\n  #   cpu: 10m\n  # requests:\n  #   memory: 75Mi\n  #   cpu: 5m\n\n# Reference a configuration which already exists instead of creating one\nexistingTargetConfig:\n  enabled: false\n  # Name of the secret with the config\n  name: \"\"\n  # subPath within the secret (defaults to config.yaml)\n  subPath: \"\"\n\n# Supported targets for new PolicyReport Results\ntarget:\n  loki:\n    # loki host address\n    host: \"\"\n    # path to your custom certificate\n    # can be added under extraVolumes\n    certificate: \"\"\n    # skip TLS verification if necessary\n    skipTLS: false\n    # receive the host from an existing secret instead\n    secretRef: \"\"\n    # Mounted secret path by Secrets Controller, secret should be in json format\n    mountedSecret: \"\"\n    # loki api path, defaults to \"/api/prom/push\" (deprecated)\n    path: \"\"\n    # minimum priority \"\" \u003c info \u003c warning \u003c critical \u003c error\n    minimumPriority: \"\"\n    # list of sources which should send to loki\n    sources: []\n    # Skip already existing PolicyReportResults on startup\n    skipExistingOnStartup: true\n    # Added as additional labels to each Loki event\n    customLabels: {}\n    # Additional custom HTTP Headers\n    headers: {}\n    # HTTP BasicAuth credentials for Loki\n    username: \"\"\n    password: \"\"\n    # Filter Results which should send to this target by report labels, namespaces, priorities or policies\n    # Wildcars for namespaces and policies are supported, you can either define exclude or include values\n    # Filters are available for all targets except the UI\n    filter: {}\n#      namespaces:\n#        include: [\"develop\"]\n#      priorities:\n#        exclude: [\"debug\", \"info\", \"error\"]\n#      labels:\n#        include: [\"app\", \"owner:team-a\", \"monitoring:*\"]\n    channels: []\n#    - host: \"http://loki.loki-stack:3100\"\n#      sources: []\n#      customLabels: {}\n#      filter:\n#        namespaces:\n#          include: [\"develop\"]\n#        priorities:\n#          exclude: [\"debug\", \"info\", \"error\"]\n#        reportLabels:\n# .         include: [\"app\", \"owner:team-b\"]\n\n  elasticsearch:\n    # elasticsearch host address\n    host: \"\"\n    # path to your custom certificate\n    # can be added under extraVolumes\n    certificate: \"\"\n    # skip TLS verification if necessary\n    skipTLS: false\n    # elasticsearch index (default: policy-reporter)\n    index: \"\"\n    # elasticsearch username für HTTP Basic Auth\n    username: \"\"\n    # elasticsearch password für HTTP Basic Auth\n    password: \"\"\n    # elasticsearch apiKey für apiKey authentication\n    apiKey: \"\"\n    # receive the host, username and/or password,apiKey from an existing secret instead\n    secretRef: \"\"\n    # Mounted secret path by Secrets Controller, secret should be in json format\n    mountedSecret: \"\"\n    # elasticsearch index rotation and index suffix\n    # possible values: daily, monthly, annually, none (default: daily)\n    rotation: \"\"\n    # minimum priority \"\" \u003c info \u003c warning \u003c critical \u003c error\n    minimumPriority: \"\"\n    # list of sources which should send to elasticsearch\n    sources: []\n    # Skip already existing PolicyReportResults on startup\n    skipExistingOnStartup: true\n    # https://www.elastic.co/blog/moving-from-types-to-typeless-apis-in-elasticsearch-7-0 keeping as false for retrocompatibility.\n    typelessApi: false\n    # Added as additional properties to each elasticsearch event\n    customFields: {}\n    # filter results send by namespaces, policies and priorities\n    filter: {}\n    # add additional elasticsearch channels with different configurations and filters\n    channels: []\n\n  slack:\n    # slack app webhook address\n    webhook: \"\"\n    # slack channel\n    channel: \"\"\n    # receive the webhook from an existing secret instead\n    secretRef: \"\"\n    # Mounted secret path by Secrets Controller, secret should be in json format\n    mountedSecret: \"\"\n    # minimum priority \"\" \u003c info \u003c warning \u003c critical \u003c error\n    minimumPriority: \"\"\n    # list of sources which should send to slack\n    sources: []\n    # Skip already existing PolicyReportResults on startup\n    skipExistingOnStartup: true\n    # Added as additional fields to each Slack event\n    customFields: {}\n    # filter results send by namespaces, policies and priorities\n    filter: {}\n    # add additional slack channels with different configurations and filters\n    channels: []\n#    - webhook: \"https://slack.webhook1\"\n#      channel: \"\"\n#      filter:\n#        namespaces:\n#          include: [\"develop\"]\n#        priorities:\n#          exclude: [\"debug\", \"info\", \"error\"]\n#        policies:\n#          include: [\"require-run-as-nonroot\"]\n#        reportLabels:\n# .         include: [\"app\", \"owner:team-b\"]\n#    - webhook: \"https://slack.webhook2\"\n#      minimumPriority: \"warning\"\n#      filter:\n#        namespaces:\n#          include: [\"team-a-*\"]\n\n  discord:\n    # discord app webhook address\n    webhook: \"\"\n    # receive the webhook from an existing secret instead\n    secretRef: \"\"\n    # Mounted secret path by Secrets Controller, secret should be in json format\n    mountedSecret: \"\"\n    # minimum priority \"\" \u003c info \u003c warning \u003c critical \u003c error\n    minimumPriority: \"\"\n    # list of sources which should send to discord\n    sources: []\n    # Skip already existing PolicyReportResults on startup\n    skipExistingOnStartup: true\n    # filter results send by namespaces, policies and priorities\n    filter: {}\n    # add additional discord channels with different configurations and filters\n    channels: []\n\n  teams:\n    # teams webhook address\n    webhook: \"\"\n    # receive the webhook from an existing secret instead\n    secretRef: \"\"\n    # Mounted secret path by Secrets Controller, secret should be in json format\n    mountedSecret: \"\"\n    # path to your custom certificate\n    # can be added under extraVolumes\n    certificate: \"\"\n    # skip TLS verification if necessary\n    skipTLS: false\n    # minimum priority \"\" \u003c info \u003c warning \u003c critical \u003c error\n    minimumPriority: \"\"\n    # list of sources which should send to teams\n    sources: []\n    # Skip already existing PolicyReportResults on startup\n    skipExistingOnStartup: true\n    # filter results send by namespaces, policies and priorities\n    filter: {}\n    # add additional teams channels with different configurations and filters\n    channels: []\n\n  ui:\n    # ui host address\n    host: \"\"\n    # path to your custom certificate\n    # can be added under extraVolumes\n    certificate: \"\"\n    # skip TLS verification if necessary\n    skipTLS: false\n    # minimum priority \"\" \u003c info \u003c warning \u003c critical \u003c error\n    minimumPriority: \"warning\"\n    # list of sources which should send to the UI Log\n    sources: []\n    # Skip already existing PolicyReportResults on startup\n    skipExistingOnStartup: true\n\n  webhook:\n    # webhook host address\n    host: \"\"\n    # path to your custom certificate\n    # can be added under extraVolumes\n    certificate: \"\"\n    # skip TLS verification if necessary\n    skipTLS: false\n    # receive the host and/or token from an existing secret, the token is added as Authorization header\n    secretRef: \"\"\n    # Mounted secret path by Secrets Controller, secret should be in json format\n    mountedSecret: \"\"\n    # additional http headers\n    headers: {}\n    # minimum priority \"\" \u003c info \u003c warning \u003c critical \u003c error\n    minimumPriority: \"\"\n    # list of sources which should send to the UI Log\n    sources: []\n    # Skip already existing PolicyReportResults on startup\n    skipExistingOnStartup: true\n    # Added as additional properties to each webhook event\n    customFields: {}\n    # filter results send by namespaces, policies and priorities\n    filter: {}\n    # add additional webhook channels with different configurations and filters\n    channels: []\n\n  telegram:\n    # telegram bot token\n    token: \"\"\n    # telegram chat id\n    chatID: \"\"\n    # optional telegram proxy host\n    host: \"\"\n    # path to your custom certificate\n    # can be added under extraVolumes\n    certificate: \"\"\n    # skip TLS verification if necessary\n    skipTLS: false\n    # receive the host and/or token from an existing secret, the token is added as Authorization header\n    secretRef: \"\"\n    # Mounted secret path by Secrets Controller, secret should be in json format\n    mountedSecret: \"\"\n    # additional http headers\n    headers: {}\n    # minimum priority \"\" \u003c info \u003c warning \u003c critical \u003c error\n    minimumPriority: \"\"\n    # list of sources which should send to telegram\n    sources: []\n    # Skip already existing PolicyReportResults on startup\n    skipExistingOnStartup: true\n    # Added as additional properties to each notification\n    customFields: {}\n    # filter results send by namespaces, policies and priorities\n    filter: {}\n    # add additional telegram channels with different configurations and filters\n    channels: []\n\n  googleChat:\n    # GoogleChat webhook\n    webhook: \"\"\n    # path to your custom certificate\n    # can be added under extraVolumes\n    certificate: \"\"\n    # skip TLS verification if necessary\n    skipTLS: false\n    # receive the host and/or token from an existing secret, the token is added as Authorization header\n    secretRef: \"\"\n    # Mounted secret path by Secrets Controller, secret should be in json format\n    mountedSecret: \"\"\n    # additional http headers\n    headers: {}\n    # minimum priority \"\" \u003c info \u003c warning \u003c critical \u003c error\n    minimumPriority: \"\"\n    # list of sources which should send to telegram\n    sources: []\n    # Skip already existing PolicyReportResults on startup\n    skipExistingOnStartup: true\n    # Added as additional properties to each notification\n    customFields: {}\n    # filter results send by namespaces, policies and priorities\n    filter: {}\n    # add additional telegram channels with different configurations and filters\n    channels: []\n\n  s3:\n    # S3 access key\n    accessKeyID: \"\"\n    # S3 secret access key\n    secretAccessKey: \"\"\n    # receive the accessKeyID and/or secretAccessKey from an existing secret instead\n    secretRef: \"\"\n    # Mounted secret path by Secrets Controller, secret should be in json format\n    mountedSecret: \"\"\n    # S3 storage region\n    region: \"\"\n    # S3 storage endpoint\n    endpoint: \"\"\n    # S3 storage, bucket name\n    bucket: \"\"\n    # S3 storage to use an S3 Bucket Key for object encryption with SSE-KMS\n    bucketKeyEnabled: false\n    # S3 storage KMS Key ID for object encryption with SSE-KMS\n    kmsKeyId: \"\"\n    # S3 storage server-side encryption algorithm used when storing this object in Amazon S3, AES256, aws:kms\n    serverSideEncryption: \"\"\n    # S3 storage, force path style configuration\n    pathStyle: false\n    # name of prefix, keys will have format: s3://\u003cbucket\u003e/\u003cprefix\u003e/YYYY-MM-DD/YYYY-MM-DDTHH:mm:ss.s+01:00.json\n    prefix: \"\"\n    # minimum priority \"\" \u003c info \u003c warning \u003c critical \u003c error\n    minimumPriority: \"\"\n    # list of sources which should send to S3\n    sources: []\n    # Skip already existing PolicyReportResults on startup\n    skipExistingOnStartup: true\n    # Added as additional properties to each s3 event\n    customFields: {}\n    # filter results send by namespaces, policies and priorities\n    filter: {}\n    # add additional s3 channels with different configurations and filters\n    channels: []\n\n  kinesis:\n    # AWS access key\n    accessKeyID: \"\"\n    # AWS secret access key\n    secretAccessKey: \"\"\n    # receive the accessKeyID and/or secretAccessKey from an existing secret instead\n    secretRef: \"\"\n    # Mounted secret path by Secrets Controller, secret should be in json format\n    mountedSecret: \"\"\n    # AWS region\n    region: \"\"\n    # AWS Kinesis endpoint\n    endpoint: \"\"\n    # AWS Kinesis stream name\n    streamName: \"\"\n    # minimum priority \"\" \u003c info \u003c warning \u003c critical \u003c error\n    minimumPriority: \"\"\n    # list of sources which should send to S3\n    sources: []\n    # Skip already existing PolicyReportResults on startup\n    skipExistingOnStartup: true\n    # Added as additional properties to each kinesis event\n    customFields: {}\n    # filter results send by namespaces, policies and priorities\n    filter: {}\n    # add additional s3 channels with different configurations and filters\n    channels: []\n\n  securityHub:\n    # AWS access key\n    accessKeyID: \"\"\n    # AWS secret access key\n    secretAccessKey: \"\"\n    # receive the accessKeyID and/or secretAccessKey from an existing secret instead\n    secretRef: \"\"\n    # Mounted secret path by Secrets Controller, secret should be in json format\n    mountedSecret: \"\"\n    # AWS region\n    region: \"\"\n    # AWS SecurityHub endpoint (optional)\n    endpoint: \"\"\n    # AWS accountID\n    accountID: \"\"\n    # Used product name, defaults to \"Polilcy Reporter\"\n    productName: \"\"\n    # minimum priority \"\" \u003c info \u003c warning \u003c critical \u003c error\n    minimumPriority: \"\"\n    # list of sources which should send to S3\n    sources: []\n    # Skip already existing PolicyReportResults on startup\n    skipExistingOnStartup: true\n    # Enable cleanup listener for SecurityHub\n    cleanup: false\n    # Delay between AWS GetFindings API calls, to avoid hitting the API RequestLimit\n    delayInSeconds: 2\n    # Added as additional properties to each securityHub event\n    customFields: {}\n    # filter results send by namespaces, policies and priorities\n    filter: {}\n    # add additional s3 channels with different configurations and filters\n    channels: []\n\n  gcs:\n    # GCS (Google Cloud Storage) Service Accout Credentials\n    credentials: \"\"\n    # receive the credentials from an existing secret instead\n    secretRef: \"\"\n    # Mounted secret path by Secrets Controller, secret should be in json format\n    mountedSecret: \"\"\n    # GCS Bucket\n    bucket: \"\"\n    # minimum priority \"\" \u003c info \u003c warning \u003c critical \u003c error\n    minimumPriority: \"\"\n    # list of sources which should send to GCS\n    sources: []\n    # Skip already existing PolicyReportResults on startup\n    skipExistingOnStartup: true\n    # Added as additional properties to each gcs event\n    customFields: {}\n    # filter results send by namespaces, policies and priorities\n    filter: {}\n    # add additional s3 channels with different configurations and filters\n    channels: []\n\n# required when policy-reporter runs in HA mode and you have targets configured\n# if no targets are configured, leaderElection is disabled automatically\n# will be enabled when replicaCount \u003e 1\nleaderElection:\n  enabled: false\n  releaseOnCancel: true\n  leaseDuration: 15\n  renewDeadline: 10\n  retryPeriod: 2\n\n# use redis as external result cache instead of the in memory cache\nredis:\n  enabled: false\n  address: \"\"\n  database: 0\n  prefix: \"policy-reporter\"\n  username: \"\"\n  password: \"\"\n\n# enabled if replicaCount \u003e 1\npodDisruptionBudget:\n  # -- Configures the minimum available pods for policy-reporter disruptions.\n  # Cannot be used if `maxUnavailable` is set.\n  minAvailable: 1\n  # -- Configures the maximum unavailable pods for policy-reporter disruptions.\n  # Cannot be used if `minAvailable` is set.\n  maxUnavailable:\n\n# Node labels for pod assignment\n# ref: https://kubernetes.io/docs/user-guide/node-selection/\nnodeSelector: {}\n\n# Tolerations for pod assignment\n# ref: https://kubernetes.io/docs/concepts/configuration/taint-and-toleration/\ntolerations: []\n\n# Anti-affinity to disallow deploying client and master nodes on the same worker node\naffinity: {}\n\n# Topology Spread Constraints to better spread pods\ntopologySpreadConstraints: []\n\n# livenessProbe for policy-reporter\nlivenessProbe:\n  httpGet:\n    path: /healthz\n    port: http\n\n# readinessProbe for policy-reporter\nreadinessProbe:\n  httpGet:\n    path: /ready\n    port: http\n\nextraVolumes:\n  volumeMounts: []\n\n  volumes: []\n\n# If set the volume for sqlite is freely configurable below \"- name: sqlite\". If no value is set an emptyDir is used.\nsqliteVolume: {}\n  # emptyDir:\n  #   sizeLimit: 10Mi\n\n# If set the volume for /tmp is freely configurable below \"- name: tmp\". If no value is set an emptyDir is used.\ntmpVolume: {}\n  # emptyDir:\n  #   sizeLimit: 10Mi"
            ],
            "verify": false,
            "version": "1.3.0",
            "wait": false,
            "wait_for_jobs": false
          },
          "sensitive_attributes": [
            [
              {
                "type": "get_attr",
                "value": "repository_password"
              }
            ]
          ],
          "private": "eyJzY2hlbWFfdmVyc2lvbiI6IjEifQ==",
          "dependencies": [
            "data.aws_availability_zones.available",
            "data.aws_eks_cluster_auth.this",
            "module.eks.aws_cloudwatch_log_group.this",
            "module.eks.aws_eks_cluster.this",
            "module.eks.aws_iam_openid_connect_provider.oidc_provider",
            "module.eks.aws_iam_policy.cni_ipv6_policy",
            "module.eks.aws_iam_role.this",
            "module.eks.aws_iam_role_policy_attachment.this",
            "module.eks.aws_security_group.cluster",
            "module.eks.aws_security_group.node",
            "module.eks.aws_security_group_rule.cluster",
            "module.eks.aws_security_group_rule.node",
            "module.eks.data.aws_caller_identity.current",
            "module.eks.data.aws_iam_policy_document.assume_role_policy",
            "module.eks.data.aws_iam_policy_document.cni_ipv6_policy",
            "module.eks.data.aws_iam_session_context.current",
            "module.eks.data.aws_partition.current",
            "module.eks.data.tls_certificate.this",
            "module.eks.module.kms.aws_kms_external_key.this",
            "module.eks.module.kms.aws_kms_key.this",
            "module.eks.module.kms.aws_kms_replica_external_key.this",
            "module.eks.module.kms.aws_kms_replica_key.this",
            "module.eks.module.kms.data.aws_caller_identity.current",
            "module.eks.module.kms.data.aws_iam_policy_document.this",
            "module.eks.module.kms.data.aws_partition.current",
            "module.eks_blueprints_addons.aws_autoscaling_group_tag.aws_node_termination_handler",
            "module.eks_blueprints_addons.aws_autoscaling_lifecycle_hook.aws_node_termination_handler",
            "module.eks_blueprints_addons.aws_cloudwatch_event_rule.aws_node_termination_handler",
            "module.eks_blueprints_addons.aws_cloudwatch_event_rule.karpenter",
            "module.eks_blueprints_addons.aws_cloudwatch_event_target.aws_node_termination_handler",
            "module.eks_blueprints_addons.aws_cloudwatch_event_target.karpenter",
            "module.eks_blueprints_addons.aws_cloudwatch_log_group.aws_for_fluentbit",
            "module.eks_blueprints_addons.aws_cloudwatch_log_group.fargate_fluentbit",
            "module.eks_blueprints_addons.aws_eks_addon.this",
            "module.eks_blueprints_addons.aws_iam_instance_profile.karpenter",
            "module.eks_blueprints_addons.aws_iam_policy.fargate_fluentbit",
            "module.eks_blueprints_addons.aws_iam_role.karpenter",
            "module.eks_blueprints_addons.aws_iam_role_policy_attachment.additional",
            "module.eks_blueprints_addons.aws_iam_role_policy_attachment.karpenter",
            "module.eks_blueprints_addons.data.aws_caller_identity.current",
            "module.eks_blueprints_addons.data.aws_eks_addon_version.this",
            "module.eks_blueprints_addons.data.aws_iam_policy_document.aws_efs_csi_driver",
            "module.eks_blueprints_addons.data.aws_iam_policy_document.aws_for_fluentbit",
            "module.eks_blueprints_addons.data.aws_iam_policy_document.aws_fsx_csi_driver",
            "module.eks_blueprints_addons.data.aws_iam_policy_document.aws_gateway_api_controller",
            "module.eks_blueprints_addons.data.aws_iam_policy_document.aws_load_balancer_controller",
            "module.eks_blueprints_addons.data.aws_iam_policy_document.aws_node_termination_handler",
            "module.eks_blueprints_addons.data.aws_iam_policy_document.aws_privateca_issuer",
            "module.eks_blueprints_addons.data.aws_iam_policy_document.cert_manager",
            "module.eks_blueprints_addons.data.aws_iam_policy_document.cluster_autoscaler",
            "module.eks_blueprints_addons.data.aws_iam_policy_document.external_dns",
            "module.eks_blueprints_addons.data.aws_iam_policy_document.external_secrets",
            "module.eks_blueprints_addons.data.aws_iam_policy_document.fargate_fluentbit",
            "module.eks_blueprints_addons.data.aws_iam_policy_document.karpenter",
            "module.eks_blueprints_addons.data.aws_iam_policy_document.karpenter_assume_role",
            "module.eks_blueprints_addons.data.aws_iam_policy_document.velero",
            "module.eks_blueprints_addons.data.aws_partition.current",
            "module.eks_blueprints_addons.data.aws_region.current",
            "module.eks_blueprints_addons.helm_release.this",
            "module.eks_blueprints_addons.kubernetes_config_map_v1.aws_logging",
            "module.eks_blueprints_addons.kubernetes_config_map_v1_data.aws_for_fluentbit_containerinsights",
            "module.eks_blueprints_addons.kubernetes_namespace_v1.aws_observability",
            "module.eks_blueprints_addons.module.argo_events.aws_iam_policy.this",
            "module.eks_blueprints_addons.module.argo_events.aws_iam_role.this",
            "module.eks_blueprints_addons.module.argo_events.aws_iam_role_policy_attachment.additional",
            "module.eks_blueprints_addons.module.argo_events.aws_iam_role_policy_attachment.this",
            "module.eks_blueprints_addons.module.argo_events.data.aws_caller_identity.current",
            "module.eks_blueprints_addons.module.argo_events.data.aws_iam_policy_document.assume",
            "module.eks_blueprints_addons.module.argo_events.data.aws_iam_policy_document.this",
            "module.eks_blueprints_addons.module.argo_events.data.aws_partition.current",
            "module.eks_blueprints_addons.module.argo_events.helm_release.this",
            "module.eks_blueprints_addons.module.argo_rollouts.aws_iam_policy.this",
            "module.eks_blueprints_addons.module.argo_rollouts.aws_iam_role.this",
            "module.eks_blueprints_addons.module.argo_rollouts.aws_iam_role_policy_attachment.additional",
            "module.eks_blueprints_addons.module.argo_rollouts.aws_iam_role_policy_attachment.this",
            "module.eks_blueprints_addons.module.argo_rollouts.data.aws_caller_identity.current",
            "module.eks_blueprints_addons.module.argo_rollouts.data.aws_iam_policy_document.assume",
            "module.eks_blueprints_addons.module.argo_rollouts.data.aws_iam_policy_document.this",
            "module.eks_blueprints_addons.module.argo_rollouts.data.aws_partition.current",
            "module.eks_blueprints_addons.module.argo_rollouts.helm_release.this",
            "module.eks_blueprints_addons.module.argo_workflows.aws_iam_policy.this",
            "module.eks_blueprints_addons.module.argo_workflows.aws_iam_role.this",
            "module.eks_blueprints_addons.module.argo_workflows.aws_iam_role_policy_attachment.additional",
            "module.eks_blueprints_addons.module.argo_workflows.aws_iam_role_policy_attachment.this",
            "module.eks_blueprints_addons.module.argo_workflows.data.aws_caller_identity.current",
            "module.eks_blueprints_addons.module.argo_workflows.data.aws_iam_policy_document.assume",
            "module.eks_blueprints_addons.module.argo_workflows.data.aws_iam_policy_document.this",
            "module.eks_blueprints_addons.module.argo_workflows.data.aws_partition.current",
            "module.eks_blueprints_addons.module.argo_workflows.helm_release.this",
            "module.eks_blueprints_addons.module.argocd.aws_iam_policy.this",
            "module.eks_blueprints_addons.module.argocd.aws_iam_role.this",
            "module.eks_blueprints_addons.module.argocd.aws_iam_role_policy_attachment.additional",
            "module.eks_blueprints_addons.module.argocd.aws_iam_role_policy_attachment.this",
            "module.eks_blueprints_addons.module.argocd.data.aws_caller_identity.current",
            "module.eks_blueprints_addons.module.argocd.data.aws_iam_policy_document.assume",
            "module.eks_blueprints_addons.module.argocd.data.aws_iam_policy_document.this",
            "module.eks_blueprints_addons.module.argocd.data.aws_partition.current",
            "module.eks_blueprints_addons.module.argocd.helm_release.this",
            "module.eks_blueprints_addons.module.aws_cloudwatch_metrics.aws_iam_policy.this",
            "module.eks_blueprints_addons.module.aws_cloudwatch_metrics.aws_iam_role.this",
            "module.eks_blueprints_addons.module.aws_cloudwatch_metrics.aws_iam_role_policy_attachment.additional",
            "module.eks_blueprints_addons.module.aws_cloudwatch_metrics.aws_iam_role_policy_attachment.this",
            "module.eks_blueprints_addons.module.aws_cloudwatch_metrics.data.aws_caller_identity.current",
            "module.eks_blueprints_addons.module.aws_cloudwatch_metrics.data.aws_iam_policy_document.assume",
            "module.eks_blueprints_addons.module.aws_cloudwatch_metrics.data.aws_iam_policy_document.this",
            "module.eks_blueprints_addons.module.aws_cloudwatch_metrics.data.aws_partition.current",
            "module.eks_blueprints_addons.module.aws_cloudwatch_metrics.helm_release.this",
            "module.eks_blueprints_addons.module.aws_efs_csi_driver.aws_iam_policy.this",
            "module.eks_blueprints_addons.module.aws_efs_csi_driver.aws_iam_role.this",
            "module.eks_blueprints_addons.module.aws_efs_csi_driver.aws_iam_role_policy_attachment.additional",
            "module.eks_blueprints_addons.module.aws_efs_csi_driver.aws_iam_role_policy_attachment.this",
            "module.eks_blueprints_addons.module.aws_efs_csi_driver.data.aws_caller_identity.current",
            "module.eks_blueprints_addons.module.aws_efs_csi_driver.data.aws_iam_policy_document.assume",
            "module.eks_blueprints_addons.module.aws_efs_csi_driver.data.aws_iam_policy_document.this",
            "module.eks_blueprints_addons.module.aws_efs_csi_driver.data.aws_partition.current",
            "module.eks_blueprints_addons.module.aws_efs_csi_driver.helm_release.this",
            "module.eks_blueprints_addons.module.aws_for_fluentbit.aws_iam_policy.this",
            "module.eks_blueprints_addons.module.aws_for_fluentbit.aws_iam_role.this",
            "module.eks_blueprints_addons.module.aws_for_fluentbit.aws_iam_role_policy_attachment.additional",
            "module.eks_blueprints_addons.module.aws_for_fluentbit.aws_iam_role_policy_attachment.this",
            "module.eks_blueprints_addons.module.aws_for_fluentbit.data.aws_caller_identity.current",
            "module.eks_blueprints_addons.module.aws_for_fluentbit.data.aws_iam_policy_document.assume",
            "module.eks_blueprints_addons.module.aws_for_fluentbit.data.aws_iam_policy_document.this",
            "module.eks_blueprints_addons.module.aws_for_fluentbit.data.aws_partition.current",
            "module.eks_blueprints_addons.module.aws_for_fluentbit.helm_release.this",
            "module.eks_blueprints_addons.module.aws_fsx_csi_driver.aws_iam_policy.this",
            "module.eks_blueprints_addons.module.aws_fsx_csi_driver.aws_iam_role.this",
            "module.eks_blueprints_addons.module.aws_fsx_csi_driver.aws_iam_role_policy_attachment.additional",
            "module.eks_blueprints_addons.module.aws_fsx_csi_driver.aws_iam_role_policy_attachment.this",
            "module.eks_blueprints_addons.module.aws_fsx_csi_driver.data.aws_caller_identity.current",
            "module.eks_blueprints_addons.module.aws_fsx_csi_driver.data.aws_iam_policy_document.assume",
            "module.eks_blueprints_addons.module.aws_fsx_csi_driver.data.aws_iam_policy_document.this",
            "module.eks_blueprints_addons.module.aws_fsx_csi_driver.data.aws_partition.current",
            "module.eks_blueprints_addons.module.aws_fsx_csi_driver.helm_release.this",
            "module.eks_blueprints_addons.module.aws_gateway_api_controller.aws_iam_policy.this",
            "module.eks_blueprints_addons.module.aws_gateway_api_controller.aws_iam_role.this",
            "module.eks_blueprints_addons.module.aws_gateway_api_controller.aws_iam_role_policy_attachment.additional",
            "module.eks_blueprints_addons.module.aws_gateway_api_controller.aws_iam_role_policy_attachment.this",
            "module.eks_blueprints_addons.module.aws_gateway_api_controller.data.aws_caller_identity.current",
            "module.eks_blueprints_addons.module.aws_gateway_api_controller.data.aws_iam_policy_document.assume",
            "module.eks_blueprints_addons.module.aws_gateway_api_controller.data.aws_iam_policy_document.this",
            "module.eks_blueprints_addons.module.aws_gateway_api_controller.data.aws_partition.current",
            "module.eks_blueprints_addons.module.aws_gateway_api_controller.helm_release.this",
            "module.eks_blueprints_addons.module.aws_load_balancer_controller.aws_iam_policy.this",
            "module.eks_blueprints_addons.module.aws_load_balancer_controller.aws_iam_role.this",
            "module.eks_blueprints_addons.module.aws_load_balancer_controller.aws_iam_role_policy_attachment.additional",
            "module.eks_blueprints_addons.module.aws_load_balancer_controller.aws_iam_role_policy_attachment.this",
            "module.eks_blueprints_addons.module.aws_load_balancer_controller.data.aws_caller_identity.current",
            "module.eks_blueprints_addons.module.aws_load_balancer_controller.data.aws_iam_policy_document.assume",
            "module.eks_blueprints_addons.module.aws_load_balancer_controller.data.aws_iam_policy_document.this",
            "module.eks_blueprints_addons.module.aws_load_balancer_controller.data.aws_partition.current",
            "module.eks_blueprints_addons.module.aws_load_balancer_controller.helm_release.this",
            "module.eks_blueprints_addons.module.aws_node_termination_handler.aws_iam_policy.this",
            "module.eks_blueprints_addons.module.aws_node_termination_handler.aws_iam_role.this",
            "module.eks_blueprints_addons.module.aws_node_termination_handler.aws_iam_role_policy_attachment.additional",
            "module.eks_blueprints_addons.module.aws_node_termination_handler.aws_iam_role_policy_attachment.this",
            "module.eks_blueprints_addons.module.aws_node_termination_handler.data.aws_caller_identity.current",
            "module.eks_blueprints_addons.module.aws_node_termination_handler.data.aws_iam_policy_document.assume",
            "module.eks_blueprints_addons.module.aws_node_termination_handler.data.aws_iam_policy_document.this",
            "module.eks_blueprints_addons.module.aws_node_termination_handler.data.aws_partition.current",
            "module.eks_blueprints_addons.module.aws_node_termination_handler.helm_release.this",
            "module.eks_blueprints_addons.module.aws_node_termination_handler_sqs.aws_sqs_queue.dlq",
            "module.eks_blueprints_addons.module.aws_node_termination_handler_sqs.aws_sqs_queue.this",
            "module.eks_blueprints_addons.module.aws_node_termination_handler_sqs.aws_sqs_queue_policy.dlq",
            "module.eks_blueprints_addons.module.aws_node_termination_handler_sqs.aws_sqs_queue_policy.this",
            "module.eks_blueprints_addons.module.aws_node_termination_handler_sqs.aws_sqs_queue_redrive_allow_policy.dlq",
            "module.eks_blueprints_addons.module.aws_node_termination_handler_sqs.aws_sqs_queue_redrive_allow_policy.this",
            "module.eks_blueprints_addons.module.aws_node_termination_handler_sqs.aws_sqs_queue_redrive_policy.dlq",
            "module.eks_blueprints_addons.module.aws_node_termination_handler_sqs.aws_sqs_queue_redrive_policy.this",
            "module.eks_blueprints_addons.module.aws_node_termination_handler_sqs.data.aws_iam_policy_document.dlq",
            "module.eks_blueprints_addons.module.aws_node_termination_handler_sqs.data.aws_iam_policy_document.this",
            "module.eks_blueprints_addons.module.aws_privateca_issuer.aws_iam_policy.this",
            "module.eks_blueprints_addons.module.aws_privateca_issuer.aws_iam_role.this",
            "module.eks_blueprints_addons.module.aws_privateca_issuer.aws_iam_role_policy_attachment.additional",
            "module.eks_blueprints_addons.module.aws_privateca_issuer.aws_iam_role_policy_attachment.this",
            "module.eks_blueprints_addons.module.aws_privateca_issuer.data.aws_caller_identity.current",
            "module.eks_blueprints_addons.module.aws_privateca_issuer.data.aws_iam_policy_document.assume",
            "module.eks_blueprints_addons.module.aws_privateca_issuer.data.aws_iam_policy_document.this",
            "module.eks_blueprints_addons.module.aws_privateca_issuer.data.aws_partition.current",
            "module.eks_blueprints_addons.module.aws_privateca_issuer.helm_release.this",
            "module.eks_blueprints_addons.module.bottlerocket_shadow.aws_iam_policy.this",
            "module.eks_blueprints_addons.module.bottlerocket_shadow.aws_iam_role.this",
            "module.eks_blueprints_addons.module.bottlerocket_shadow.aws_iam_role_policy_attachment.additional",
            "module.eks_blueprints_addons.module.bottlerocket_shadow.aws_iam_role_policy_attachment.this",
            "module.eks_blueprints_addons.module.bottlerocket_shadow.data.aws_caller_identity.current",
            "module.eks_blueprints_addons.module.bottlerocket_shadow.data.aws_iam_policy_document.assume",
            "module.eks_blueprints_addons.module.bottlerocket_shadow.data.aws_iam_policy_document.this",
            "module.eks_blueprints_addons.module.bottlerocket_shadow.data.aws_partition.current",
            "module.eks_blueprints_addons.module.bottlerocket_shadow.helm_release.this",
            "module.eks_blueprints_addons.module.bottlerocket_update_operator.aws_iam_policy.this",
            "module.eks_blueprints_addons.module.bottlerocket_update_operator.aws_iam_role.this",
            "module.eks_blueprints_addons.module.bottlerocket_update_operator.aws_iam_role_policy_attachment.additional",
            "module.eks_blueprints_addons.module.bottlerocket_update_operator.aws_iam_role_policy_attachment.this",
            "module.eks_blueprints_addons.module.bottlerocket_update_operator.data.aws_caller_identity.current",
            "module.eks_blueprints_addons.module.bottlerocket_update_operator.data.aws_iam_policy_document.assume",
            "module.eks_blueprints_addons.module.bottlerocket_update_operator.data.aws_iam_policy_document.this",
            "module.eks_blueprints_addons.module.bottlerocket_update_operator.data.aws_partition.current",
            "module.eks_blueprints_addons.module.bottlerocket_update_operator.helm_release.this",
            "module.eks_blueprints_addons.module.cert_manager.aws_iam_policy.this",
            "module.eks_blueprints_addons.module.cert_manager.aws_iam_role.this",
            "module.eks_blueprints_addons.module.cert_manager.aws_iam_role_policy_attachment.additional",
            "module.eks_blueprints_addons.module.cert_manager.aws_iam_role_policy_attachment.this",
            "module.eks_blueprints_addons.module.cert_manager.data.aws_caller_identity.current",
            "module.eks_blueprints_addons.module.cert_manager.data.aws_iam_policy_document.assume",
            "module.eks_blueprints_addons.module.cert_manager.data.aws_iam_policy_document.this",
            "module.eks_blueprints_addons.module.cert_manager.data.aws_partition.current",
            "module.eks_blueprints_addons.module.cert_manager.helm_release.this",
            "module.eks_blueprints_addons.module.cluster_autoscaler.aws_iam_policy.this",
            "module.eks_blueprints_addons.module.cluster_autoscaler.aws_iam_role.this",
            "module.eks_blueprints_addons.module.cluster_autoscaler.aws_iam_role_policy_attachment.additional",
            "module.eks_blueprints_addons.module.cluster_autoscaler.aws_iam_role_policy_attachment.this",
            "module.eks_blueprints_addons.module.cluster_autoscaler.data.aws_caller_identity.current",
            "module.eks_blueprints_addons.module.cluster_autoscaler.data.aws_iam_policy_document.assume",
            "module.eks_blueprints_addons.module.cluster_autoscaler.data.aws_iam_policy_document.this",
            "module.eks_blueprints_addons.module.cluster_autoscaler.data.aws_partition.current",
            "module.eks_blueprints_addons.module.cluster_autoscaler.helm_release.this",
            "module.eks_blueprints_addons.module.cluster_proportional_autoscaler.aws_iam_policy.this",
            "module.eks_blueprints_addons.module.cluster_proportional_autoscaler.aws_iam_role.this",
            "module.eks_blueprints_addons.module.cluster_proportional_autoscaler.aws_iam_role_policy_attachment.additional",
            "module.eks_blueprints_addons.module.cluster_proportional_autoscaler.aws_iam_role_policy_attachment.this",
            "module.eks_blueprints_addons.module.cluster_proportional_autoscaler.data.aws_caller_identity.current",
            "module.eks_blueprints_addons.module.cluster_proportional_autoscaler.data.aws_iam_policy_document.assume",
            "module.eks_blueprints_addons.module.cluster_proportional_autoscaler.data.aws_iam_policy_document.this",
            "module.eks_blueprints_addons.module.cluster_proportional_autoscaler.data.aws_partition.current",
            "module.eks_blueprints_addons.module.cluster_proportional_autoscaler.helm_release.this",
            "module.eks_blueprints_addons.module.external_dns.aws_iam_policy.this",
            "module.eks_blueprints_addons.module.external_dns.aws_iam_role.this",
            "module.eks_blueprints_addons.module.external_dns.aws_iam_role_policy_attachment.additional",
            "module.eks_blueprints_addons.module.external_dns.aws_iam_role_policy_attachment.this",
            "module.eks_blueprints_addons.module.external_dns.data.aws_caller_identity.current",
            "module.eks_blueprints_addons.module.external_dns.data.aws_iam_policy_document.assume",
            "module.eks_blueprints_addons.module.external_dns.data.aws_iam_policy_document.this",
            "module.eks_blueprints_addons.module.external_dns.data.aws_partition.current",
            "module.eks_blueprints_addons.module.external_dns.helm_release.this",
            "module.eks_blueprints_addons.module.external_secrets.aws_iam_policy.this",
            "module.eks_blueprints_addons.module.external_secrets.aws_iam_role.this",
            "module.eks_blueprints_addons.module.external_secrets.aws_iam_role_policy_attachment.additional",
            "module.eks_blueprints_addons.module.external_secrets.aws_iam_role_policy_attachment.this",
            "module.eks_blueprints_addons.module.external_secrets.data.aws_caller_identity.current",
            "module.eks_blueprints_addons.module.external_secrets.data.aws_iam_policy_document.assume",
            "module.eks_blueprints_addons.module.external_secrets.data.aws_iam_policy_document.this",
            "module.eks_blueprints_addons.module.external_secrets.data.aws_partition.current",
            "module.eks_blueprints_addons.module.external_secrets.helm_release.this",
            "module.eks_blueprints_addons.module.gatekeeper.aws_iam_policy.this",
            "module.eks_blueprints_addons.module.gatekeeper.aws_iam_role.this",
            "module.eks_blueprints_addons.module.gatekeeper.aws_iam_role_policy_attachment.additional",
            "module.eks_blueprints_addons.module.gatekeeper.aws_iam_role_policy_attachment.this",
            "module.eks_blueprints_addons.module.gatekeeper.data.aws_caller_identity.current",
            "module.eks_blueprints_addons.module.gatekeeper.data.aws_iam_policy_document.assume",
            "module.eks_blueprints_addons.module.gatekeeper.data.aws_iam_policy_document.this",
            "module.eks_blueprints_addons.module.gatekeeper.data.aws_partition.current",
            "module.eks_blueprints_addons.module.gatekeeper.helm_release.this",
            "module.eks_blueprints_addons.module.ingress_nginx.aws_iam_policy.this",
            "module.eks_blueprints_addons.module.ingress_nginx.aws_iam_role.this",
            "module.eks_blueprints_addons.module.ingress_nginx.aws_iam_role_policy_attachment.additional",
            "module.eks_blueprints_addons.module.ingress_nginx.aws_iam_role_policy_attachment.this",
            "module.eks_blueprints_addons.module.ingress_nginx.data.aws_caller_identity.current",
            "module.eks_blueprints_addons.module.ingress_nginx.data.aws_iam_policy_document.assume",
            "module.eks_blueprints_addons.module.ingress_nginx.data.aws_iam_policy_document.this",
            "module.eks_blueprints_addons.module.ingress_nginx.data.aws_partition.current",
            "module.eks_blueprints_addons.module.ingress_nginx.helm_release.this",
            "module.eks_blueprints_addons.module.karpenter.aws_iam_policy.this",
            "module.eks_blueprints_addons.module.karpenter.aws_iam_role.this",
            "module.eks_blueprints_addons.module.karpenter.aws_iam_role_policy_attachment.additional",
            "module.eks_blueprints_addons.module.karpenter.aws_iam_role_policy_attachment.this",
            "module.eks_blueprints_addons.module.karpenter.data.aws_caller_identity.current",
            "module.eks_blueprints_addons.module.karpenter.data.aws_iam_policy_document.assume",
            "module.eks_blueprints_addons.module.karpenter.data.aws_iam_policy_document.this",
            "module.eks_blueprints_addons.module.karpenter.data.aws_partition.current",
            "module.eks_blueprints_addons.module.karpenter.helm_release.this",
            "module.eks_blueprints_addons.module.karpenter_sqs.aws_sqs_queue.dlq",
            "module.eks_blueprints_addons.module.karpenter_sqs.aws_sqs_queue.this",
            "module.eks_blueprints_addons.module.karpenter_sqs.aws_sqs_queue_policy.dlq",
            "module.eks_blueprints_addons.module.karpenter_sqs.aws_sqs_queue_policy.this",
            "module.eks_blueprints_addons.module.karpenter_sqs.aws_sqs_queue_redrive_allow_policy.dlq",
            "module.eks_blueprints_addons.module.karpenter_sqs.aws_sqs_queue_redrive_allow_policy.this",
            "module.eks_blueprints_addons.module.karpenter_sqs.aws_sqs_queue_redrive_policy.dlq",
            "module.eks_blueprints_addons.module.karpenter_sqs.aws_sqs_queue_redrive_policy.this",
            "module.eks_blueprints_addons.module.karpenter_sqs.data.aws_iam_policy_document.dlq",
            "module.eks_blueprints_addons.module.karpenter_sqs.data.aws_iam_policy_document.this",
            "module.eks_blueprints_addons.module.kube_prometheus_stack.aws_iam_policy.this",
            "module.eks_blueprints_addons.module.kube_prometheus_stack.aws_iam_role.this",
            "module.eks_blueprints_addons.module.kube_prometheus_stack.aws_iam_role_policy_attachment.additional",
            "module.eks_blueprints_addons.module.kube_prometheus_stack.aws_iam_role_policy_attachment.this",
            "module.eks_blueprints_addons.module.kube_prometheus_stack.data.aws_caller_identity.current",
            "module.eks_blueprints_addons.module.kube_prometheus_stack.data.aws_iam_policy_document.assume",
            "module.eks_blueprints_addons.module.kube_prometheus_stack.data.aws_iam_policy_document.this",
            "module.eks_blueprints_addons.module.kube_prometheus_stack.data.aws_partition.current",
            "module.eks_blueprints_addons.module.kube_prometheus_stack.helm_release.this",
            "module.eks_blueprints_addons.module.metrics_server.aws_iam_policy.this",
            "module.eks_blueprints_addons.module.metrics_server.aws_iam_role.this",
            "module.eks_blueprints_addons.module.metrics_server.aws_iam_role_policy_attachment.additional",
            "module.eks_blueprints_addons.module.metrics_server.aws_iam_role_policy_attachment.this",
            "module.eks_blueprints_addons.module.metrics_server.data.aws_caller_identity.current",
            "module.eks_blueprints_addons.module.metrics_server.data.aws_iam_policy_document.assume",
            "module.eks_blueprints_addons.module.metrics_server.data.aws_iam_policy_document.this",
            "module.eks_blueprints_addons.module.metrics_server.data.aws_partition.current",
            "module.eks_blueprints_addons.module.metrics_server.helm_release.this",
            "module.eks_blueprints_addons.module.secrets_store_csi_driver.aws_iam_policy.this",
            "module.eks_blueprints_addons.module.secrets_store_csi_driver.aws_iam_role.this",
            "module.eks_blueprints_addons.module.secrets_store_csi_driver.aws_iam_role_policy_attachment.additional",
            "module.eks_blueprints_addons.module.secrets_store_csi_driver.aws_iam_role_policy_attachment.this",
            "module.eks_blueprints_addons.module.secrets_store_csi_driver.data.aws_caller_identity.current",
            "module.eks_blueprints_addons.module.secrets_store_csi_driver.data.aws_iam_policy_document.assume",
            "module.eks_blueprints_addons.module.secrets_store_csi_driver.data.aws_iam_policy_document.this",
            "module.eks_blueprints_addons.module.secrets_store_csi_driver.data.aws_partition.current",
            "module.eks_blueprints_addons.module.secrets_store_csi_driver.helm_release.this",
            "module.eks_blueprints_addons.module.secrets_store_csi_driver_provider_aws.aws_iam_policy.this",
            "module.eks_blueprints_addons.module.secrets_store_csi_driver_provider_aws.aws_iam_role.this",
            "module.eks_blueprints_addons.module.secrets_store_csi_driver_provider_aws.aws_iam_role_policy_attachment.additional",
            "module.eks_blueprints_addons.module.secrets_store_csi_driver_provider_aws.aws_iam_role_policy_attachment.this",
            "module.eks_blueprints_addons.module.secrets_store_csi_driver_provider_aws.data.aws_caller_identity.current",
            "module.eks_blueprints_addons.module.secrets_store_csi_driver_provider_aws.data.aws_iam_policy_document.assume",
            "module.eks_blueprints_addons.module.secrets_store_csi_driver_provider_aws.data.aws_iam_policy_document.this",
            "module.eks_blueprints_addons.module.secrets_store_csi_driver_provider_aws.data.aws_partition.current",
            "module.eks_blueprints_addons.module.secrets_store_csi_driver_provider_aws.helm_release.this",
            "module.eks_blueprints_addons.module.velero.aws_iam_policy.this",
            "module.eks_blueprints_addons.module.velero.aws_iam_role.this",
            "module.eks_blueprints_addons.module.velero.aws_iam_role_policy_attachment.additional",
            "module.eks_blueprints_addons.module.velero.aws_iam_role_policy_attachment.this",
            "module.eks_blueprints_addons.module.velero.data.aws_caller_identity.current",
            "module.eks_blueprints_addons.module.velero.data.aws_iam_policy_document.assume",
            "module.eks_blueprints_addons.module.velero.data.aws_iam_policy_document.this",
            "module.eks_blueprints_addons.module.velero.data.aws_partition.current",
            "module.eks_blueprints_addons.module.velero.helm_release.this",
            "module.eks_blueprints_addons.module.vpa.aws_iam_policy.this",
            "module.eks_blueprints_addons.module.vpa.aws_iam_role.this",
            "module.eks_blueprints_addons.module.vpa.aws_iam_role_policy_attachment.additional",
            "module.eks_blueprints_addons.module.vpa.aws_iam_role_policy_attachment.this",
            "module.eks_blueprints_addons.module.vpa.data.aws_caller_identity.current",
            "module.eks_blueprints_addons.module.vpa.data.aws_iam_policy_document.assume",
            "module.eks_blueprints_addons.module.vpa.data.aws_iam_policy_document.this",
            "module.eks_blueprints_addons.module.vpa.data.aws_partition.current",
            "module.eks_blueprints_addons.module.vpa.helm_release.this",
            "module.eks_blueprints_addons.time_sleep.this",
            "module.kyverno.aws_iam_policy.this",
            "module.kyverno.aws_iam_role.this",
            "module.kyverno.aws_iam_role_policy_attachment.additional",
            "module.kyverno.aws_iam_role_policy_attachment.this",
            "module.kyverno.data.aws_caller_identity.current",
            "module.kyverno.data.aws_iam_policy_document.assume",
            "module.kyverno.data.aws_iam_policy_document.this",
            "module.kyverno.data.aws_partition.current",
            "module.kyverno.helm_release.this",
            "module.kyverno_policies.aws_iam_policy.this",
            "module.kyverno_policies.aws_iam_role.this",
            "module.kyverno_policies.aws_iam_role_policy_attachment.additional",
            "module.kyverno_policies.aws_iam_role_policy_attachment.this",
            "module.kyverno_policies.data.aws_caller_identity.current",
            "module.kyverno_policies.data.aws_iam_policy_document.assume",
            "module.kyverno_policies.data.aws_iam_policy_document.this",
            "module.kyverno_policies.data.aws_partition.current",
            "module.kyverno_policies.helm_release.this",
            "module.policy_reporter.aws_iam_role.this",
            "module.policy_reporter.data.aws_caller_identity.current",
            "module.policy_reporter.data.aws_iam_policy_document.assume",
            "module.policy_reporter.data.aws_partition.current",
            "module.vpc.aws_subnet.private",
            "module.vpc.aws_vpc.this",
            "module.vpc.aws_vpc_ipv4_cidr_block_association.this"
          ]
        }
      ]
    },
    {
      "module": "module.vpc",
      "mode": "managed",
      "type": "aws_db_subnet_group",
      "name": "database",
      "provider": "provider[\"registry.terraform.io/hashicorp/aws\"]",
      "instances": [
        {
          "index_key": 0,
          "schema_version": 0,
          "attributes": {
            "arn": "arn:aws:rds:ap-south-1:954503069243:subgrp:testing-innovation-vpc-poc",
            "description": "Database subnet group for testing-innovation-vpc-poc",
            "id": "testing-innovation-vpc-poc",
            "name": "testing-innovation-vpc-poc",
            "name_prefix": "",
            "subnet_ids": [
              "subnet-024ede0dd3b6034ab",
              "subnet-0e5d9aa283845e276"
            ],
            "supported_network_types": [
              "IPV4"
            ],
            "tags": {
              "Businessunit": "testing",
              "Environment": "poc",
              "Managedby": "Terraform",
              "Name": "testing-innovation-vpc-poc",
              "TeamName": "RnD"
            },
            "tags_all": {
              "Businessunit": "testing",
              "Environment": "poc",
              "Managedby": "Terraform",
              "Name": "testing-innovation-vpc-poc",
              "TeamName": "RnD"
            },
            "vpc_id": "vpc-0f0a42726acd1d815"
          },
          "sensitive_attributes": [],
          "private": "bnVsbA==",
          "dependencies": [
            "data.aws_availability_zones.available",
            "module.vpc.aws_subnet.database",
            "module.vpc.aws_vpc.this",
            "module.vpc.aws_vpc_ipv4_cidr_block_association.this"
          ]
        }
      ]
    },
    {
      "module": "module.vpc",
      "mode": "managed",
      "type": "aws_default_network_acl",
      "name": "this",
      "provider": "provider[\"registry.terraform.io/hashicorp/aws\"]",
      "instances": [
        {
          "index_key": 0,
          "schema_version": 0,
          "attributes": {
            "arn": "arn:aws:ec2:ap-south-1:954503069243:network-acl/acl-0ddc2e6208daf03b0",
            "default_network_acl_id": "acl-0ddc2e6208daf03b0",
            "egress": [
              {
                "action": "allow",
                "cidr_block": "",
                "from_port": 0,
                "icmp_code": 0,
                "icmp_type": 0,
                "ipv6_cidr_block": "::/0",
                "protocol": "-1",
                "rule_no": 101,
                "to_port": 0
              },
              {
                "action": "allow",
                "cidr_block": "0.0.0.0/0",
                "from_port": 0,
                "icmp_code": 0,
                "icmp_type": 0,
                "ipv6_cidr_block": "",
                "protocol": "-1",
                "rule_no": 100,
                "to_port": 0
              }
            ],
            "id": "acl-0ddc2e6208daf03b0",
            "ingress": [
              {
                "action": "allow",
                "cidr_block": "",
                "from_port": 0,
                "icmp_code": 0,
                "icmp_type": 0,
                "ipv6_cidr_block": "::/0",
                "protocol": "-1",
                "rule_no": 101,
                "to_port": 0
              },
              {
                "action": "allow",
                "cidr_block": "0.0.0.0/0",
                "from_port": 0,
                "icmp_code": 0,
                "icmp_type": 0,
                "ipv6_cidr_block": "",
                "protocol": "-1",
                "rule_no": 100,
                "to_port": 0
              }
            ],
            "owner_id": "954503069243",
            "subnet_ids": [
              "subnet-024ede0dd3b6034ab",
              "subnet-03cd3a82701e4fa10",
              "subnet-082901aa1d4027e5b",
              "subnet-096b863cc8d8331e7",
              "subnet-0e5d9aa283845e276",
              "subnet-0f1e5b323925b1ce7"
            ],
            "tags": {
              "Businessunit": "testing",
              "Environment": "poc",
              "Managedby": "Terraform",
              "Name": "testing-innovation-vpc-poc-default",
              "TeamName": "RnD"
            },
            "tags_all": {
              "Businessunit": "testing",
              "Environment": "poc",
              "Managedby": "Terraform",
              "Name": "testing-innovation-vpc-poc-default",
              "TeamName": "RnD"
            },
            "vpc_id": "vpc-0f0a42726acd1d815"
          },
          "sensitive_attributes": [],
          "private": "bnVsbA==",
          "dependencies": [
            "module.vpc.aws_vpc.this"
          ]
        }
      ]
    },
    {
      "module": "module.vpc",
      "mode": "managed",
      "type": "aws_default_route_table",
      "name": "default",
      "provider": "provider[\"registry.terraform.io/hashicorp/aws\"]",
      "instances": [
        {
          "index_key": 0,
          "schema_version": 0,
          "attributes": {
            "arn": "arn:aws:ec2:ap-south-1:954503069243:route-table/rtb-07be61822efbd5093",
            "default_route_table_id": "rtb-07be61822efbd5093",
            "id": "rtb-07be61822efbd5093",
            "owner_id": "954503069243",
            "propagating_vgws": [],
            "route": [],
            "tags": {
              "Businessunit": "testing",
              "Environment": "poc",
              "Managedby": "Terraform",
              "Name": "testing-innovation-vpc-poc-default",
              "TeamName": "RnD"
            },
            "tags_all": {
              "Businessunit": "testing",
              "Environment": "poc",
              "Managedby": "Terraform",
              "Name": "testing-innovation-vpc-poc-default",
              "TeamName": "RnD"
            },
            "timeouts": {
              "create": "5m",
              "update": "5m"
            },
            "vpc_id": "vpc-0f0a42726acd1d815"
          },
          "sensitive_attributes": [],
          "private": "eyJlMmJmYjczMC1lY2FhLTExZTYtOGY4OC0zNDM2M2JjN2M0YzAiOnsiY3JlYXRlIjozMDAwMDAwMDAwMDAsInVwZGF0ZSI6MzAwMDAwMDAwMDAwfX0=",
          "dependencies": [
            "module.vpc.aws_vpc.this"
          ]
        }
      ]
    },
    {
      "module": "module.vpc",
      "mode": "managed",
      "type": "aws_default_security_group",
      "name": "this",
      "provider": "provider[\"registry.terraform.io/hashicorp/aws\"]",
      "instances": [
        {
          "index_key": 0,
          "schema_version": 1,
          "attributes": {
            "arn": "arn:aws:ec2:ap-south-1:954503069243:security-group/sg-083ba46217fe3762a",
            "description": "default VPC security group",
            "egress": [],
            "id": "sg-083ba46217fe3762a",
            "ingress": [],
            "name": "default",
            "name_prefix": "",
            "owner_id": "954503069243",
            "revoke_rules_on_delete": false,
            "tags": {
              "Businessunit": "testing",
              "Environment": "poc",
              "Managedby": "Terraform",
              "Name": "testing-innovation-vpc-poc-default",
              "TeamName": "RnD"
            },
            "tags_all": {
              "Businessunit": "testing",
              "Environment": "poc",
              "Managedby": "Terraform",
              "Name": "testing-innovation-vpc-poc-default",
              "TeamName": "RnD"
            },
            "vpc_id": "vpc-0f0a42726acd1d815"
          },
          "sensitive_attributes": [],
          "private": "eyJzY2hlbWFfdmVyc2lvbiI6IjEifQ==",
          "dependencies": [
            "module.vpc.aws_vpc.this"
          ]
        }
      ]
    },
    {
      "module": "module.vpc",
      "mode": "managed",
      "type": "aws_eip",
      "name": "nat",
      "provider": "provider[\"registry.terraform.io/hashicorp/aws\"]",
      "instances": [
        {
          "index_key": 0,
          "schema_version": 0,
          "attributes": {
            "address": null,
            "allocation_id": "eipalloc-0afdc81777f49b4cf",
            "associate_with_private_ip": null,
            "association_id": "eipassoc-00ac0522b6ae7d3b7",
            "carrier_ip": "",
            "customer_owned_ip": "",
            "customer_owned_ipv4_pool": "",
            "domain": "vpc",
            "id": "eipalloc-0afdc81777f49b4cf",
            "instance": "",
            "network_border_group": "ap-south-1",
            "network_interface": "eni-0505f2e86ee534107",
            "private_dns": "ip-10-107-160-151.ap-south-1.compute.internal",
            "private_ip": "10.107.160.151",
            "public_dns": "ec2-13-202-0-207.ap-south-1.compute.amazonaws.com",
            "public_ip": "13.202.0.207",
            "public_ipv4_pool": "amazon",
            "tags": {
              "Businessunit": "testing",
              "Environment": "poc",
              "Managedby": "Terraform",
              "Name": "testing-innovation-vpc-poc-ap-south-1a",
              "TeamName": "RnD"
            },
            "tags_all": {
              "Businessunit": "testing",
              "Environment": "poc",
              "Managedby": "Terraform",
              "Name": "testing-innovation-vpc-poc-ap-south-1a",
              "TeamName": "RnD"
            },
            "timeouts": null,
            "vpc": true
          },
          "sensitive_attributes": [],
          "private": "eyJlMmJmYjczMC1lY2FhLTExZTYtOGY4OC0zNDM2M2JjN2M0YzAiOnsiZGVsZXRlIjoxODAwMDAwMDAwMDAsInJlYWQiOjkwMDAwMDAwMDAwMCwidXBkYXRlIjozMDAwMDAwMDAwMDB9fQ==",
          "dependencies": [
            "data.aws_availability_zones.available",
            "module.vpc.aws_internet_gateway.this",
            "module.vpc.aws_vpc.this",
            "module.vpc.aws_vpc_ipv4_cidr_block_association.this"
          ]
        }
      ]
    },
    {
      "module": "module.vpc",
      "mode": "managed",
      "type": "aws_internet_gateway",
      "name": "this",
      "provider": "provider[\"registry.terraform.io/hashicorp/aws\"]",
      "instances": [
        {
          "index_key": 0,
          "schema_version": 0,
          "attributes": {
            "arn": "arn:aws:ec2:ap-south-1:954503069243:internet-gateway/igw-09f9e4c98e1734ec9",
            "id": "igw-09f9e4c98e1734ec9",
            "owner_id": "954503069243",
            "tags": {
              "Businessunit": "testing",
              "Environment": "poc",
              "Managedby": "Terraform",
              "Name": "testing-innovation-vpc-poc",
              "TeamName": "RnD"
            },
            "tags_all": {
              "Businessunit": "testing",
              "Environment": "poc",
              "Managedby": "Terraform",
              "Name": "testing-innovation-vpc-poc",
              "TeamName": "RnD"
            },
            "timeouts": null,
            "vpc_id": "vpc-0f0a42726acd1d815"
          },
          "sensitive_attributes": [],
          "private": "eyJlMmJmYjczMC1lY2FhLTExZTYtOGY4OC0zNDM2M2JjN2M0YzAiOnsiY3JlYXRlIjoxMjAwMDAwMDAwMDAwLCJkZWxldGUiOjEyMDAwMDAwMDAwMDAsInVwZGF0ZSI6MTIwMDAwMDAwMDAwMH19",
          "dependencies": [
            "data.aws_availability_zones.available",
            "module.vpc.aws_vpc.this",
            "module.vpc.aws_vpc_ipv4_cidr_block_association.this"
          ]
        }
      ]
    },
    {
      "module": "module.vpc",
      "mode": "managed",
      "type": "aws_nat_gateway",
      "name": "this",
      "provider": "provider[\"registry.terraform.io/hashicorp/aws\"]",
      "instances": [
        {
          "index_key": 0,
          "schema_version": 0,
          "attributes": {
            "allocation_id": "eipalloc-0afdc81777f49b4cf",
            "association_id": "eipassoc-00ac0522b6ae7d3b7",
            "connectivity_type": "public",
            "id": "nat-0b9e3bb81e07d1505",
            "network_interface_id": "eni-0505f2e86ee534107",
            "private_ip": "10.107.160.151",
            "public_ip": "13.202.0.207",
            "secondary_allocation_ids": [],
            "secondary_private_ip_address_count": 0,
            "secondary_private_ip_addresses": [],
            "subnet_id": "subnet-082901aa1d4027e5b",
            "tags": {
              "Businessunit": "testing",
              "Environment": "poc",
              "Managedby": "Terraform",
              "Name": "testing-innovation-vpc-poc-ap-south-1a",
              "TeamName": "RnD"
            },
            "tags_all": {
              "Businessunit": "testing",
              "Environment": "poc",
              "Managedby": "Terraform",
              "Name": "testing-innovation-vpc-poc-ap-south-1a",
              "TeamName": "RnD"
            },
            "timeouts": null
          },
          "sensitive_attributes": [],
          "private": "eyJlMmJmYjczMC1lY2FhLTExZTYtOGY4OC0zNDM2M2JjN2M0YzAiOnsiY3JlYXRlIjo2MDAwMDAwMDAwMDAsImRlbGV0ZSI6MTgwMDAwMDAwMDAwMCwidXBkYXRlIjo2MDAwMDAwMDAwMDB9fQ==",
          "dependencies": [
            "data.aws_availability_zones.available",
            "module.vpc.aws_eip.nat",
            "module.vpc.aws_internet_gateway.this",
            "module.vpc.aws_subnet.public",
            "module.vpc.aws_vpc.this",
            "module.vpc.aws_vpc_ipv4_cidr_block_association.this"
          ]
        }
      ]
    },
    {
      "module": "module.vpc",
      "mode": "managed",
      "type": "aws_route",
      "name": "private_nat_gateway",
      "provider": "provider[\"registry.terraform.io/hashicorp/aws\"]",
      "instances": [
        {
          "index_key": 0,
          "schema_version": 0,
          "attributes": {
            "carrier_gateway_id": "",
            "core_network_arn": "",
            "destination_cidr_block": "0.0.0.0/0",
            "destination_ipv6_cidr_block": "",
            "destination_prefix_list_id": "",
            "egress_only_gateway_id": "",
            "gateway_id": "",
            "id": "r-rtb-0def98a6a9b6188331080289494",
            "instance_id": "",
            "instance_owner_id": "",
            "local_gateway_id": "",
            "nat_gateway_id": "nat-0b9e3bb81e07d1505",
            "network_interface_id": "",
            "origin": "CreateRoute",
            "route_table_id": "rtb-0def98a6a9b618833",
            "state": "active",
            "timeouts": {
              "create": "5m",
              "delete": null,
              "update": null
            },
            "transit_gateway_id": "",
            "vpc_endpoint_id": "",
            "vpc_peering_connection_id": ""
          },
          "sensitive_attributes": [],
          "private": "eyJlMmJmYjczMC1lY2FhLTExZTYtOGY4OC0zNDM2M2JjN2M0YzAiOnsiY3JlYXRlIjozMDAwMDAwMDAwMDAsImRlbGV0ZSI6MzAwMDAwMDAwMDAwLCJ1cGRhdGUiOjEyMDAwMDAwMDAwMH19",
          "dependencies": [
            "data.aws_availability_zones.available",
            "module.vpc.aws_eip.nat",
            "module.vpc.aws_internet_gateway.this",
            "module.vpc.aws_nat_gateway.this",
            "module.vpc.aws_route_table.private",
            "module.vpc.aws_subnet.public",
            "module.vpc.aws_vpc.this",
            "module.vpc.aws_vpc_ipv4_cidr_block_association.this"
          ]
        }
      ]
    },
    {
      "module": "module.vpc",
      "mode": "managed",
      "type": "aws_route",
      "name": "public_internet_gateway",
      "provider": "provider[\"registry.terraform.io/hashicorp/aws\"]",
      "instances": [
        {
          "index_key": 0,
          "schema_version": 0,
          "attributes": {
            "carrier_gateway_id": "",
            "core_network_arn": "",
            "destination_cidr_block": "0.0.0.0/0",
            "destination_ipv6_cidr_block": "",
            "destination_prefix_list_id": "",
            "egress_only_gateway_id": "",
            "gateway_id": "igw-09f9e4c98e1734ec9",
            "id": "r-rtb-09659b3f63c0010611080289494",
            "instance_id": "",
            "instance_owner_id": "",
            "local_gateway_id": "",
            "nat_gateway_id": "",
            "network_interface_id": "",
            "origin": "CreateRoute",
            "route_table_id": "rtb-09659b3f63c001061",
            "state": "active",
            "timeouts": {
              "create": "5m",
              "delete": null,
              "update": null
            },
            "transit_gateway_id": "",
            "vpc_endpoint_id": "",
            "vpc_peering_connection_id": ""
          },
          "sensitive_attributes": [],
          "private": "eyJlMmJmYjczMC1lY2FhLTExZTYtOGY4OC0zNDM2M2JjN2M0YzAiOnsiY3JlYXRlIjozMDAwMDAwMDAwMDAsImRlbGV0ZSI6MzAwMDAwMDAwMDAwLCJ1cGRhdGUiOjEyMDAwMDAwMDAwMH19",
          "dependencies": [
            "data.aws_availability_zones.available",
            "module.vpc.aws_internet_gateway.this",
            "module.vpc.aws_route_table.public",
            "module.vpc.aws_vpc.this",
            "module.vpc.aws_vpc_ipv4_cidr_block_association.this"
          ]
        }
      ]
    },
    {
      "module": "module.vpc",
      "mode": "managed",
      "type": "aws_route_table",
      "name": "database",
      "provider": "provider[\"registry.terraform.io/hashicorp/aws\"]",
      "instances": [
        {
          "index_key": 0,
          "schema_version": 0,
          "attributes": {
            "arn": "arn:aws:ec2:ap-south-1:954503069243:route-table/rtb-03573e2a47a286df4",
            "id": "rtb-03573e2a47a286df4",
            "owner_id": "954503069243",
            "propagating_vgws": [],
            "route": [],
            "tags": {
              "Businessunit": "testing",
              "Environment": "poc",
              "Managedby": "Terraform",
              "Name": "testing-innovation-vpc-poc-db",
              "TeamName": "RnD"
            },
            "tags_all": {
              "Businessunit": "testing",
              "Environment": "poc",
              "Managedby": "Terraform",
              "Name": "testing-innovation-vpc-poc-db",
              "TeamName": "RnD"
            },
            "timeouts": null,
            "vpc_id": "vpc-0f0a42726acd1d815"
          },
          "sensitive_attributes": [],
          "private": "eyJlMmJmYjczMC1lY2FhLTExZTYtOGY4OC0zNDM2M2JjN2M0YzAiOnsiY3JlYXRlIjozMDAwMDAwMDAwMDAsImRlbGV0ZSI6MzAwMDAwMDAwMDAwLCJ1cGRhdGUiOjEyMDAwMDAwMDAwMH19",
          "dependencies": [
            "data.aws_availability_zones.available",
            "module.vpc.aws_vpc.this",
            "module.vpc.aws_vpc_ipv4_cidr_block_association.this"
          ]
        }
      ]
    },
    {
      "module": "module.vpc",
      "mode": "managed",
      "type": "aws_route_table",
      "name": "private",
      "provider": "provider[\"registry.terraform.io/hashicorp/aws\"]",
      "instances": [
        {
          "index_key": 0,
          "schema_version": 0,
          "attributes": {
            "arn": "arn:aws:ec2:ap-south-1:954503069243:route-table/rtb-0def98a6a9b618833",
            "id": "rtb-0def98a6a9b618833",
            "owner_id": "954503069243",
            "propagating_vgws": [],
            "route": [
              {
                "carrier_gateway_id": "",
                "cidr_block": "0.0.0.0/0",
                "core_network_arn": "",
                "destination_prefix_list_id": "",
                "egress_only_gateway_id": "",
                "gateway_id": "",
                "ipv6_cidr_block": "",
                "local_gateway_id": "",
                "nat_gateway_id": "nat-0b9e3bb81e07d1505",
                "network_interface_id": "",
                "transit_gateway_id": "",
                "vpc_endpoint_id": "",
                "vpc_peering_connection_id": ""
              }
            ],
            "tags": {
              "Businessunit": "testing",
              "Environment": "poc",
              "Managedby": "Terraform",
              "Name": "testing-innovation-vpc-poc-private",
              "TeamName": "RnD"
            },
            "tags_all": {
              "Businessunit": "testing",
              "Environment": "poc",
              "Managedby": "Terraform",
              "Name": "testing-innovation-vpc-poc-private",
              "TeamName": "RnD"
            },
            "timeouts": null,
            "vpc_id": "vpc-0f0a42726acd1d815"
          },
          "sensitive_attributes": [],
          "private": "eyJlMmJmYjczMC1lY2FhLTExZTYtOGY4OC0zNDM2M2JjN2M0YzAiOnsiY3JlYXRlIjozMDAwMDAwMDAwMDAsImRlbGV0ZSI6MzAwMDAwMDAwMDAwLCJ1cGRhdGUiOjEyMDAwMDAwMDAwMH19",
          "dependencies": [
            "data.aws_availability_zones.available",
            "module.vpc.aws_vpc.this",
            "module.vpc.aws_vpc_ipv4_cidr_block_association.this"
          ]
        }
      ]
    },
    {
      "module": "module.vpc",
      "mode": "managed",
      "type": "aws_route_table",
      "name": "public",
      "provider": "provider[\"registry.terraform.io/hashicorp/aws\"]",
      "instances": [
        {
          "index_key": 0,
          "schema_version": 0,
          "attributes": {
            "arn": "arn:aws:ec2:ap-south-1:954503069243:route-table/rtb-09659b3f63c001061",
            "id": "rtb-09659b3f63c001061",
            "owner_id": "954503069243",
            "propagating_vgws": [],
            "route": [
              {
                "carrier_gateway_id": "",
                "cidr_block": "0.0.0.0/0",
                "core_network_arn": "",
                "destination_prefix_list_id": "",
                "egress_only_gateway_id": "",
                "gateway_id": "igw-09f9e4c98e1734ec9",
                "ipv6_cidr_block": "",
                "local_gateway_id": "",
                "nat_gateway_id": "",
                "network_interface_id": "",
                "transit_gateway_id": "",
                "vpc_endpoint_id": "",
                "vpc_peering_connection_id": ""
              }
            ],
            "tags": {
              "Businessunit": "testing",
              "Environment": "poc",
              "Managedby": "Terraform",
              "Name": "testing-innovation-vpc-poc-public",
              "TeamName": "RnD"
            },
            "tags_all": {
              "Businessunit": "testing",
              "Environment": "poc",
              "Managedby": "Terraform",
              "Name": "testing-innovation-vpc-poc-public",
              "TeamName": "RnD"
            },
            "timeouts": null,
            "vpc_id": "vpc-0f0a42726acd1d815"
          },
          "sensitive_attributes": [],
          "private": "eyJlMmJmYjczMC1lY2FhLTExZTYtOGY4OC0zNDM2M2JjN2M0YzAiOnsiY3JlYXRlIjozMDAwMDAwMDAwMDAsImRlbGV0ZSI6MzAwMDAwMDAwMDAwLCJ1cGRhdGUiOjEyMDAwMDAwMDAwMH19",
          "dependencies": [
            "data.aws_availability_zones.available",
            "module.vpc.aws_vpc.this",
            "module.vpc.aws_vpc_ipv4_cidr_block_association.this"
          ]
        }
      ]
    },
    {
      "module": "module.vpc",
      "mode": "managed",
      "type": "aws_route_table_association",
      "name": "database",
      "provider": "provider[\"registry.terraform.io/hashicorp/aws\"]",
      "instances": [
        {
          "index_key": 0,
          "schema_version": 0,
          "attributes": {
            "gateway_id": "",
            "id": "rtbassoc-00f761c07273fae9d",
            "route_table_id": "rtb-03573e2a47a286df4",
            "subnet_id": "subnet-024ede0dd3b6034ab",
            "timeouts": null
          },
          "sensitive_attributes": [],
          "private": "eyJlMmJmYjczMC1lY2FhLTExZTYtOGY4OC0zNDM2M2JjN2M0YzAiOnsiY3JlYXRlIjozMDAwMDAwMDAwMDAsImRlbGV0ZSI6MzAwMDAwMDAwMDAwLCJ1cGRhdGUiOjEyMDAwMDAwMDAwMH19",
          "dependencies": [
            "data.aws_availability_zones.available",
            "module.vpc.aws_route_table.database",
            "module.vpc.aws_route_table.private",
            "module.vpc.aws_subnet.database",
            "module.vpc.aws_vpc.this",
            "module.vpc.aws_vpc_ipv4_cidr_block_association.this"
          ]
        },
        {
          "index_key": 1,
          "schema_version": 0,
          "attributes": {
            "gateway_id": "",
            "id": "rtbassoc-01fb2157a208794b6",
            "route_table_id": "rtb-03573e2a47a286df4",
            "subnet_id": "subnet-0e5d9aa283845e276",
            "timeouts": null
          },
          "sensitive_attributes": [],
          "private": "eyJlMmJmYjczMC1lY2FhLTExZTYtOGY4OC0zNDM2M2JjN2M0YzAiOnsiY3JlYXRlIjozMDAwMDAwMDAwMDAsImRlbGV0ZSI6MzAwMDAwMDAwMDAwLCJ1cGRhdGUiOjEyMDAwMDAwMDAwMH19",
          "dependencies": [
            "data.aws_availability_zones.available",
            "module.vpc.aws_route_table.database",
            "module.vpc.aws_route_table.private",
            "module.vpc.aws_subnet.database",
            "module.vpc.aws_vpc.this",
            "module.vpc.aws_vpc_ipv4_cidr_block_association.this"
          ]
        }
      ]
    },
    {
      "module": "module.vpc",
      "mode": "managed",
      "type": "aws_route_table_association",
      "name": "private",
      "provider": "provider[\"registry.terraform.io/hashicorp/aws\"]",
      "instances": [
        {
          "index_key": 0,
          "schema_version": 0,
          "attributes": {
            "gateway_id": "",
            "id": "rtbassoc-09a114cbb378f1efa",
            "route_table_id": "rtb-0def98a6a9b618833",
            "subnet_id": "subnet-0f1e5b323925b1ce7",
            "timeouts": null
          },
          "sensitive_attributes": [],
          "private": "eyJlMmJmYjczMC1lY2FhLTExZTYtOGY4OC0zNDM2M2JjN2M0YzAiOnsiY3JlYXRlIjozMDAwMDAwMDAwMDAsImRlbGV0ZSI6MzAwMDAwMDAwMDAwLCJ1cGRhdGUiOjEyMDAwMDAwMDAwMH19",
          "dependencies": [
            "data.aws_availability_zones.available",
            "module.vpc.aws_route_table.private",
            "module.vpc.aws_subnet.private",
            "module.vpc.aws_vpc.this",
            "module.vpc.aws_vpc_ipv4_cidr_block_association.this"
          ]
        },
        {
          "index_key": 1,
          "schema_version": 0,
          "attributes": {
            "gateway_id": "",
            "id": "rtbassoc-04dd616335b18df43",
            "route_table_id": "rtb-0def98a6a9b618833",
            "subnet_id": "subnet-03cd3a82701e4fa10",
            "timeouts": null
          },
          "sensitive_attributes": [],
          "private": "eyJlMmJmYjczMC1lY2FhLTExZTYtOGY4OC0zNDM2M2JjN2M0YzAiOnsiY3JlYXRlIjozMDAwMDAwMDAwMDAsImRlbGV0ZSI6MzAwMDAwMDAwMDAwLCJ1cGRhdGUiOjEyMDAwMDAwMDAwMH19",
          "dependencies": [
            "data.aws_availability_zones.available",
            "module.vpc.aws_route_table.private",
            "module.vpc.aws_subnet.private",
            "module.vpc.aws_vpc.this",
            "module.vpc.aws_vpc_ipv4_cidr_block_association.this"
          ]
        }
      ]
    },
    {
      "module": "module.vpc",
      "mode": "managed",
      "type": "aws_route_table_association",
      "name": "public",
      "provider": "provider[\"registry.terraform.io/hashicorp/aws\"]",
      "instances": [
        {
          "index_key": 0,
          "schema_version": 0,
          "attributes": {
            "gateway_id": "",
            "id": "rtbassoc-0f97295f53761ca0f",
            "route_table_id": "rtb-09659b3f63c001061",
            "subnet_id": "subnet-082901aa1d4027e5b",
            "timeouts": null
          },
          "sensitive_attributes": [],
          "private": "eyJlMmJmYjczMC1lY2FhLTExZTYtOGY4OC0zNDM2M2JjN2M0YzAiOnsiY3JlYXRlIjozMDAwMDAwMDAwMDAsImRlbGV0ZSI6MzAwMDAwMDAwMDAwLCJ1cGRhdGUiOjEyMDAwMDAwMDAwMH19",
          "dependencies": [
            "data.aws_availability_zones.available",
            "module.vpc.aws_route_table.public",
            "module.vpc.aws_subnet.public",
            "module.vpc.aws_vpc.this",
            "module.vpc.aws_vpc_ipv4_cidr_block_association.this"
          ]
        },
        {
          "index_key": 1,
          "schema_version": 0,
          "attributes": {
            "gateway_id": "",
            "id": "rtbassoc-024d701184f005628",
            "route_table_id": "rtb-09659b3f63c001061",
            "subnet_id": "subnet-096b863cc8d8331e7",
            "timeouts": null
          },
          "sensitive_attributes": [],
          "private": "eyJlMmJmYjczMC1lY2FhLTExZTYtOGY4OC0zNDM2M2JjN2M0YzAiOnsiY3JlYXRlIjozMDAwMDAwMDAwMDAsImRlbGV0ZSI6MzAwMDAwMDAwMDAwLCJ1cGRhdGUiOjEyMDAwMDAwMDAwMH19",
          "dependencies": [
            "data.aws_availability_zones.available",
            "module.vpc.aws_route_table.public",
            "module.vpc.aws_subnet.public",
            "module.vpc.aws_vpc.this",
            "module.vpc.aws_vpc_ipv4_cidr_block_association.this"
          ]
        }
      ]
    },
    {
      "module": "module.vpc",
      "mode": "managed",
      "type": "aws_subnet",
      "name": "database",
      "provider": "provider[\"registry.terraform.io/hashicorp/aws\"]",
      "instances": [
        {
          "index_key": 0,
          "schema_version": 1,
          "attributes": {
            "arn": "arn:aws:ec2:ap-south-1:954503069243:subnet/subnet-024ede0dd3b6034ab",
            "assign_ipv6_address_on_creation": false,
            "availability_zone": "ap-south-1a",
            "availability_zone_id": "aps1-az1",
            "cidr_block": "10.107.160.192/27",
            "customer_owned_ipv4_pool": "",
            "enable_dns64": false,
            "enable_lni_at_device_index": 0,
            "enable_resource_name_dns_a_record_on_launch": false,
            "enable_resource_name_dns_aaaa_record_on_launch": false,
            "id": "subnet-024ede0dd3b6034ab",
            "ipv6_cidr_block": "",
            "ipv6_cidr_block_association_id": "",
            "ipv6_native": false,
            "map_customer_owned_ip_on_launch": false,
            "map_public_ip_on_launch": false,
            "outpost_arn": "",
            "owner_id": "954503069243",
            "private_dns_hostname_type_on_launch": "ip-name",
            "tags": {
              "Businessunit": "testing",
              "Environment": "poc",
              "Managedby": "Terraform",
              "Name": "testing-innovation-vpc-poc-db-ap-south-1a",
              "TeamName": "RnD"
            },
            "tags_all": {
              "Businessunit": "testing",
              "Environment": "poc",
              "Managedby": "Terraform",
              "Name": "testing-innovation-vpc-poc-db-ap-south-1a",
              "TeamName": "RnD"
            },
            "timeouts": null,
            "vpc_id": "vpc-0f0a42726acd1d815"
          },
          "sensitive_attributes": [],
          "private": "eyJlMmJmYjczMC1lY2FhLTExZTYtOGY4OC0zNDM2M2JjN2M0YzAiOnsiY3JlYXRlIjo2MDAwMDAwMDAwMDAsImRlbGV0ZSI6MTIwMDAwMDAwMDAwMH0sInNjaGVtYV92ZXJzaW9uIjoiMSJ9",
          "dependencies": [
            "data.aws_availability_zones.available",
            "module.vpc.aws_vpc.this",
            "module.vpc.aws_vpc_ipv4_cidr_block_association.this"
          ]
        },
        {
          "index_key": 1,
          "schema_version": 1,
          "attributes": {
            "arn": "arn:aws:ec2:ap-south-1:954503069243:subnet/subnet-0e5d9aa283845e276",
            "assign_ipv6_address_on_creation": false,
            "availability_zone": "ap-south-1b",
            "availability_zone_id": "aps1-az3",
            "cidr_block": "10.107.160.224/27",
            "customer_owned_ipv4_pool": "",
            "enable_dns64": false,
            "enable_lni_at_device_index": 0,
            "enable_resource_name_dns_a_record_on_launch": false,
            "enable_resource_name_dns_aaaa_record_on_launch": false,
            "id": "subnet-0e5d9aa283845e276",
            "ipv6_cidr_block": "",
            "ipv6_cidr_block_association_id": "",
            "ipv6_native": false,
            "map_customer_owned_ip_on_launch": false,
            "map_public_ip_on_launch": false,
            "outpost_arn": "",
            "owner_id": "954503069243",
            "private_dns_hostname_type_on_launch": "ip-name",
            "tags": {
              "Businessunit": "testing",
              "Environment": "poc",
              "Managedby": "Terraform",
              "Name": "testing-innovation-vpc-poc-db-ap-south-1b",
              "TeamName": "RnD"
            },
            "tags_all": {
              "Businessunit": "testing",
              "Environment": "poc",
              "Managedby": "Terraform",
              "Name": "testing-innovation-vpc-poc-db-ap-south-1b",
              "TeamName": "RnD"
            },
            "timeouts": null,
            "vpc_id": "vpc-0f0a42726acd1d815"
          },
          "sensitive_attributes": [],
          "private": "eyJlMmJmYjczMC1lY2FhLTExZTYtOGY4OC0zNDM2M2JjN2M0YzAiOnsiY3JlYXRlIjo2MDAwMDAwMDAwMDAsImRlbGV0ZSI6MTIwMDAwMDAwMDAwMH0sInNjaGVtYV92ZXJzaW9uIjoiMSJ9",
          "dependencies": [
            "data.aws_availability_zones.available",
            "module.vpc.aws_vpc.this",
            "module.vpc.aws_vpc_ipv4_cidr_block_association.this"
          ]
        }
      ]
    },
    {
      "module": "module.vpc",
      "mode": "managed",
      "type": "aws_subnet",
      "name": "private",
      "provider": "provider[\"registry.terraform.io/hashicorp/aws\"]",
      "instances": [
        {
          "index_key": 0,
          "schema_version": 1,
          "attributes": {
            "arn": "arn:aws:ec2:ap-south-1:954503069243:subnet/subnet-0f1e5b323925b1ce7",
            "assign_ipv6_address_on_creation": false,
            "availability_zone": "ap-south-1a",
            "availability_zone_id": "aps1-az1",
            "cidr_block": "10.107.160.0/26",
            "customer_owned_ipv4_pool": "",
            "enable_dns64": false,
            "enable_lni_at_device_index": 0,
            "enable_resource_name_dns_a_record_on_launch": false,
            "enable_resource_name_dns_aaaa_record_on_launch": false,
            "id": "subnet-0f1e5b323925b1ce7",
            "ipv6_cidr_block": "",
            "ipv6_cidr_block_association_id": "",
            "ipv6_native": false,
            "map_customer_owned_ip_on_launch": false,
            "map_public_ip_on_launch": false,
            "outpost_arn": "",
            "owner_id": "954503069243",
            "private_dns_hostname_type_on_launch": "ip-name",
            "tags": {
              "Businessunit": "testing",
              "Environment": "poc",
              "Managedby": "Terraform",
              "Name": "testing-innovation-vpc-poc-private-ap-south-1a",
              "TeamName": "RnD",
              "kubernetes.io/cluster/testing-innovation-poc": "owned",
              "kubernetes.io/role/internal-elb": "1"
            },
            "tags_all": {
              "Businessunit": "testing",
              "Environment": "poc",
              "Managedby": "Terraform",
              "Name": "testing-innovation-vpc-poc-private-ap-south-1a",
              "TeamName": "RnD",
              "kubernetes.io/cluster/testing-innovation-poc": "owned",
              "kubernetes.io/role/internal-elb": "1"
            },
            "timeouts": null,
            "vpc_id": "vpc-0f0a42726acd1d815"
          },
          "sensitive_attributes": [],
          "private": "eyJlMmJmYjczMC1lY2FhLTExZTYtOGY4OC0zNDM2M2JjN2M0YzAiOnsiY3JlYXRlIjo2MDAwMDAwMDAwMDAsImRlbGV0ZSI6MTIwMDAwMDAwMDAwMH0sInNjaGVtYV92ZXJzaW9uIjoiMSJ9",
          "dependencies": [
            "data.aws_availability_zones.available",
            "module.vpc.aws_vpc.this",
            "module.vpc.aws_vpc_ipv4_cidr_block_association.this"
          ],
          "create_before_destroy": true
        },
        {
          "index_key": 1,
          "schema_version": 1,
          "attributes": {
            "arn": "arn:aws:ec2:ap-south-1:954503069243:subnet/subnet-03cd3a82701e4fa10",
            "assign_ipv6_address_on_creation": false,
            "availability_zone": "ap-south-1b",
            "availability_zone_id": "aps1-az3",
            "cidr_block": "10.107.160.64/26",
            "customer_owned_ipv4_pool": "",
            "enable_dns64": false,
            "enable_lni_at_device_index": 0,
            "enable_resource_name_dns_a_record_on_launch": false,
            "enable_resource_name_dns_aaaa_record_on_launch": false,
            "id": "subnet-03cd3a82701e4fa10",
            "ipv6_cidr_block": "",
            "ipv6_cidr_block_association_id": "",
            "ipv6_native": false,
            "map_customer_owned_ip_on_launch": false,
            "map_public_ip_on_launch": false,
            "outpost_arn": "",
            "owner_id": "954503069243",
            "private_dns_hostname_type_on_launch": "ip-name",
            "tags": {
              "Businessunit": "testing",
              "Environment": "poc",
              "Managedby": "Terraform",
              "Name": "testing-innovation-vpc-poc-private-ap-south-1b",
              "TeamName": "RnD",
              "kubernetes.io/cluster/testing-innovation-poc": "owned",
              "kubernetes.io/role/internal-elb": "1"
            },
            "tags_all": {
              "Businessunit": "testing",
              "Environment": "poc",
              "Managedby": "Terraform",
              "Name": "testing-innovation-vpc-poc-private-ap-south-1b",
              "TeamName": "RnD",
              "kubernetes.io/cluster/testing-innovation-poc": "owned",
              "kubernetes.io/role/internal-elb": "1"
            },
            "timeouts": null,
            "vpc_id": "vpc-0f0a42726acd1d815"
          },
          "sensitive_attributes": [],
          "private": "eyJlMmJmYjczMC1lY2FhLTExZTYtOGY4OC0zNDM2M2JjN2M0YzAiOnsiY3JlYXRlIjo2MDAwMDAwMDAwMDAsImRlbGV0ZSI6MTIwMDAwMDAwMDAwMH0sInNjaGVtYV92ZXJzaW9uIjoiMSJ9",
          "dependencies": [
            "data.aws_availability_zones.available",
            "module.vpc.aws_vpc.this",
            "module.vpc.aws_vpc_ipv4_cidr_block_association.this"
          ],
          "create_before_destroy": true
        }
      ]
    },
    {
      "module": "module.vpc",
      "mode": "managed",
      "type": "aws_subnet",
      "name": "public",
      "provider": "provider[\"registry.terraform.io/hashicorp/aws\"]",
      "instances": [
        {
          "index_key": 0,
          "schema_version": 1,
          "attributes": {
            "arn": "arn:aws:ec2:ap-south-1:954503069243:subnet/subnet-082901aa1d4027e5b",
            "assign_ipv6_address_on_creation": false,
            "availability_zone": "ap-south-1a",
            "availability_zone_id": "aps1-az1",
            "cidr_block": "10.107.160.128/27",
            "customer_owned_ipv4_pool": "",
            "enable_dns64": false,
            "enable_lni_at_device_index": 0,
            "enable_resource_name_dns_a_record_on_launch": false,
            "enable_resource_name_dns_aaaa_record_on_launch": false,
            "id": "subnet-082901aa1d4027e5b",
            "ipv6_cidr_block": "",
            "ipv6_cidr_block_association_id": "",
            "ipv6_native": false,
            "map_customer_owned_ip_on_launch": false,
            "map_public_ip_on_launch": false,
            "outpost_arn": "",
            "owner_id": "954503069243",
            "private_dns_hostname_type_on_launch": "ip-name",
            "tags": {
              "Businessunit": "testing",
              "Environment": "poc",
              "Managedby": "Terraform",
              "Name": "testing-innovation-vpc-poc-public-ap-south-1a",
              "TeamName": "RnD",
              "kubernetes.io/cluster/testing-innovation-poc": "owned",
              "kubernetes.io/role/elb": "1"
            },
            "tags_all": {
              "Businessunit": "testing",
              "Environment": "poc",
              "Managedby": "Terraform",
              "Name": "testing-innovation-vpc-poc-public-ap-south-1a",
              "TeamName": "RnD",
              "kubernetes.io/cluster/testing-innovation-poc": "owned",
              "kubernetes.io/role/elb": "1"
            },
            "timeouts": null,
            "vpc_id": "vpc-0f0a42726acd1d815"
          },
          "sensitive_attributes": [],
          "private": "eyJlMmJmYjczMC1lY2FhLTExZTYtOGY4OC0zNDM2M2JjN2M0YzAiOnsiY3JlYXRlIjo2MDAwMDAwMDAwMDAsImRlbGV0ZSI6MTIwMDAwMDAwMDAwMH0sInNjaGVtYV92ZXJzaW9uIjoiMSJ9",
          "dependencies": [
            "data.aws_availability_zones.available",
            "module.vpc.aws_vpc.this",
            "module.vpc.aws_vpc_ipv4_cidr_block_association.this"
          ]
        },
        {
          "index_key": 1,
          "schema_version": 1,
          "attributes": {
            "arn": "arn:aws:ec2:ap-south-1:954503069243:subnet/subnet-096b863cc8d8331e7",
            "assign_ipv6_address_on_creation": false,
            "availability_zone": "ap-south-1b",
            "availability_zone_id": "aps1-az3",
            "cidr_block": "10.107.160.160/27",
            "customer_owned_ipv4_pool": "",
            "enable_dns64": false,
            "enable_lni_at_device_index": 0,
            "enable_resource_name_dns_a_record_on_launch": false,
            "enable_resource_name_dns_aaaa_record_on_launch": false,
            "id": "subnet-096b863cc8d8331e7",
            "ipv6_cidr_block": "",
            "ipv6_cidr_block_association_id": "",
            "ipv6_native": false,
            "map_customer_owned_ip_on_launch": false,
            "map_public_ip_on_launch": false,
            "outpost_arn": "",
            "owner_id": "954503069243",
            "private_dns_hostname_type_on_launch": "ip-name",
            "tags": {
              "Businessunit": "testing",
              "Environment": "poc",
              "Managedby": "Terraform",
              "Name": "testing-innovation-vpc-poc-public-ap-south-1b",
              "TeamName": "RnD",
              "kubernetes.io/cluster/testing-innovation-poc": "owned",
              "kubernetes.io/role/elb": "1"
            },
            "tags_all": {
              "Businessunit": "testing",
              "Environment": "poc",
              "Managedby": "Terraform",
              "Name": "testing-innovation-vpc-poc-public-ap-south-1b",
              "TeamName": "RnD",
              "kubernetes.io/cluster/testing-innovation-poc": "owned",
              "kubernetes.io/role/elb": "1"
            },
            "timeouts": null,
            "vpc_id": "vpc-0f0a42726acd1d815"
          },
          "sensitive_attributes": [],
          "private": "eyJlMmJmYjczMC1lY2FhLTExZTYtOGY4OC0zNDM2M2JjN2M0YzAiOnsiY3JlYXRlIjo2MDAwMDAwMDAwMDAsImRlbGV0ZSI6MTIwMDAwMDAwMDAwMH0sInNjaGVtYV92ZXJzaW9uIjoiMSJ9",
          "dependencies": [
            "data.aws_availability_zones.available",
            "module.vpc.aws_vpc.this",
            "module.vpc.aws_vpc_ipv4_cidr_block_association.this"
          ]
        }
      ]
    },
    {
      "module": "module.vpc",
      "mode": "managed",
      "type": "aws_vpc",
      "name": "this",
      "provider": "provider[\"registry.terraform.io/hashicorp/aws\"]",
      "instances": [
        {
          "index_key": 0,
          "schema_version": 1,
          "attributes": {
            "arn": "arn:aws:ec2:ap-south-1:954503069243:vpc/vpc-0f0a42726acd1d815",
            "assign_generated_ipv6_cidr_block": false,
            "cidr_block": "10.107.160.0/24",
            "default_network_acl_id": "acl-0ddc2e6208daf03b0",
            "default_route_table_id": "rtb-07be61822efbd5093",
            "default_security_group_id": "sg-083ba46217fe3762a",
            "dhcp_options_id": "dopt-0c00e241762a4da44",
            "enable_dns_hostnames": true,
            "enable_dns_support": true,
            "enable_network_address_usage_metrics": false,
            "id": "vpc-0f0a42726acd1d815",
            "instance_tenancy": "default",
            "ipv4_ipam_pool_id": null,
            "ipv4_netmask_length": null,
            "ipv6_association_id": "",
            "ipv6_cidr_block": "",
            "ipv6_cidr_block_network_border_group": "",
            "ipv6_ipam_pool_id": "",
            "ipv6_netmask_length": 0,
            "main_route_table_id": "rtb-07be61822efbd5093",
            "owner_id": "954503069243",
            "tags": {
              "Businessunit": "testing",
              "Environment": "poc",
              "Managedby": "Terraform",
              "Name": "testing-innovation-vpc-poc",
              "TeamName": "RnD"
            },
            "tags_all": {
              "Businessunit": "testing",
              "Environment": "poc",
              "Managedby": "Terraform",
              "Name": "testing-innovation-vpc-poc",
              "TeamName": "RnD"
            }
          },
          "sensitive_attributes": [],
          "private": "eyJzY2hlbWFfdmVyc2lvbiI6IjEifQ==",
          "create_before_destroy": true
        }
      ]
    }
  ],
  "check_results": [
    {
      "object_kind": "resource",
      "config_addr": "module.eks.module.self_managed_node_group.module.user_data.null_resource.validate_cluster_service_cidr",
      "status": "pass",
      "objects": null
    },
    {
      "object_kind": "resource",
      "config_addr": "module.eks.module.eks_managed_node_group.module.user_data.null_resource.validate_cluster_service_cidr",
      "status": "pass",
      "objects": [
        {
          "object_addr": "module.eks.module.eks_managed_node_group[\"core_node_group\"].module.user_data.null_resource.validate_cluster_service_cidr",
          "status": "pass"
        }
      ]
    }
  ]
}
